{
  "version": 4,
  "terraform_version": "1.6.6",
  "serial": 512,
  "lineage": "6a2ecf68-6291-dd4d-76ce-d59768ab0f6f",
  "outputs": {},
  "resources": [
    {
      "mode": "data",
      "type": "rancher2_cluster",
      "name": "local",
      "provider": "provider[\"registry.terraform.io/rancher/rancher2\"]",
      "instances": [
        {
          "schema_version": 0,
          "attributes": {
            "aks_config": null,
            "annotations": {
              "authz.management.cattle.io/creator-role-bindings": "{\"created\":[],\"required\":[\"cluster-owner\"]}",
              "authz.management.cattle.io/initial-sync": "true",
              "lifecycle.cattle.io/create.cluster-agent-controller-cleanup": "true",
              "lifecycle.cattle.io/create.cluster-provisioner-controller": "true",
              "lifecycle.cattle.io/create.cluster-scoped-gc": "true",
              "lifecycle.cattle.io/create.mgmt-cluster-rbac-remove": "true",
              "management.cattle.io/current-cluster-controllers-version": "v1.27.4+k3s1",
              "provisioner.cattle.io/ke-driver-update": "updated"
            },
            "cluster_auth_endpoint": [
              {
                "ca_certs": "",
                "enabled": false,
                "fqdn": ""
              }
            ],
            "cluster_monitoring_input": [],
            "cluster_registration_token": [
              {
                "annotations": {},
                "cluster_id": "local",
                "command": "kubectl apply -f https://boss-polite-seasnail.ngrok-free.app/v3/import/l589tm2sxl45pb8q2g96qmc5hfdncv4zd5b7t5dlw2mtmvvpz8gw99_local.yaml",
                "id": "local:system",
                "insecure_command": "curl --insecure -sfL https://boss-polite-seasnail.ngrok-free.app/v3/import/l589tm2sxl45pb8q2g96qmc5hfdncv4zd5b7t5dlw2mtmvvpz8gw99_local.yaml | kubectl apply -f -",
                "labels": {
                  "cattle.io/creator": "norman"
                },
                "manifest_url": "https://boss-polite-seasnail.ngrok-free.app/v3/import/l589tm2sxl45pb8q2g96qmc5hfdncv4zd5b7t5dlw2mtmvvpz8gw99_local.yaml",
                "name": "system",
                "node_command": "sudo docker run -d --privileged --restart=unless-stopped --net=host -v /etc/kubernetes:/etc/kubernetes -v /var/run:/var/run  rancher/rancher-agent:v2.8-head --server https://boss-polite-seasnail.ngrok-free.app --token l589tm2sxl45pb8q2g96qmc5hfdncv4zd5b7t5dlw2mtmvvpz8gw99 --ca-checksum af62267ea1555fd1a858e13d579bf855f758ce620ed475ca908d4e160235d2f7",
                "token": "l589tm2sxl45pb8q2g96qmc5hfdncv4zd5b7t5dlw2mtmvvpz8gw99",
                "windows_node_command": "PowerShell -NoLogo -NonInteractive -Command \"\u0026 {docker run -v c:\\:c:\\host rancher/rancher-agent:v2.8-head bootstrap --server https://boss-polite-seasnail.ngrok-free.app --token l589tm2sxl45pb8q2g96qmc5hfdncv4zd5b7t5dlw2mtmvvpz8gw99 --ca-checksum af62267ea1555fd1a858e13d579bf855f758ce620ed475ca908d4e160235d2f7 | iex}\""
              }
            ],
            "cluster_template_answers": null,
            "cluster_template_id": null,
            "cluster_template_questions": null,
            "cluster_template_revision_id": null,
            "default_pod_security_policy_template_id": null,
            "default_project_id": "local:p-nzrpf",
            "description": "",
            "driver": "k3s",
            "eks_config": null,
            "eks_config_v2": null,
            "enable_cluster_alerting": false,
            "enable_cluster_monitoring": false,
            "enable_network_policy": null,
            "gke_config": null,
            "id": "local",
            "k3s_config": [
              {
                "upgrade_strategy": [
                  {
                    "drain_server_nodes": false,
                    "drain_worker_nodes": false,
                    "server_concurrency": 1,
                    "worker_concurrency": 1
                  }
                ],
                "version": "v1.27.4+k3s1"
              }
            ],
            "kube_config": "apiVersion: v1\nkind: Config\nclusters:\n- name: \"local\"\n  cluster:\n    server: \"https://boss-polite-seasnail.ngrok-free.app/k8s/clusters/local\"\n    certificate-authority-data: \"LS0tLS1CRUdJTiBDRVJUSUZJQ0FURS0tLS0tCk1JSUJ2VENDQ\\\n      VdPZ0F3SUJBZ0lCQURBS0JnZ3Foa2pPUFFRREFqQkdNUnd3R2dZRFZRUUtFeE5rZVc1aGJXbGoKY\\\n      kdsemRHVnVaWEl0YjNKbk1TWXdKQVlEVlFRRERCMWtlVzVoYldsamJHbHpkR1Z1WlhJdFkyRkFNV\\\n      GN3TXpBeQpPREkxTlRBZUZ3MHlNekV5TVRreU16STBNVFZhRncwek16RXlNVFl5TXpJME1UVmFNR\\\n      Vl4SERBYUJnTlZCQW9UCkUyUjVibUZ0YVdOc2FYTjBaVzVsY2kxdmNtY3hKakFrQmdOVkJBTU1IV\\\n      1I1Ym1GdGFXTnNhWE4wWlc1bGNpMWoKWVVBeE56QXpNREk0TWpVMU1Ga3dFd1lIS29aSXpqMENBU\\\n      VlJS29aSXpqMERBUWNEUWdBRUNTUHhSZkh6NjhVSgpWL2daL2kzOVROdDRHeU9kQkRpREpyaVR3Q\\\n      W5GOG5EU2Z5Q21TaGZic0pvQkhnQmpwQm1IdjBxUmloNEwzeGI1Ck1sNmt6YmxzZGFOQ01FQXdEZ\\\n      1lEVlIwUEFRSC9CQVFEQWdLa01BOEdBMVVkRXdFQi93UUZNQU1CQWY4d0hRWUQKVlIwT0JCWUVGT\\\n      2xxSzhSa25MMm96QkN5WlhMUzQzMDVvdXMwTUFvR0NDcUdTTTQ5QkFNQ0EwZ0FNRVVDSVFDUApiM\\\n      W9tbkxDVGdVNEh0S09TcW1pMU9kVHF3ZDVUb1FxWllNR1d0RE1GNVFJZ0ZWVEhsOFdDVURGWHNoS\\\n      XhxRFBJCjVUTEN2V0ZCWmRwM0MyZThwSU1GVU9VPQotLS0tLUVORCBDRVJUSUZJQ0FURS0tLS0t\"\n\nusers:\n- name: \"local\"\n  user:\n    token: \"kubeconfig-user-4fjlqmxf76:mg8s28vtmkx4wlq7bhp65nw4nbtlcm8pbbqcthmqhv7kxpjzr8p462\"\n\n\ncontexts:\n- name: \"local\"\n  context:\n    user: \"local\"\n    cluster: \"local\"\n\ncurrent-context: \"local\"\n",
            "labels": {
              "provider.cattle.io": "k3s"
            },
            "name": "local",
            "oke_config": null,
            "rke_config": [],
            "scheduled_cluster_scan": null,
            "system_project_id": "local:p-qfqz4"
          },
          "sensitive_attributes": []
        }
      ]
    },
    {
      "mode": "data",
      "type": "rancher2_cluster",
      "name": "workload1",
      "provider": "provider[\"registry.terraform.io/rancher/rancher2\"]",
      "instances": [
        {
          "schema_version": 0,
          "attributes": {
            "aks_config": null,
            "annotations": {
              "authz.management.cattle.io/creator-role-bindings": "{\"created\":[\"cluster-owner\"],\"required\":[\"cluster-owner\"]}",
              "authz.management.cattle.io/initial-sync": "true",
              "lifecycle.cattle.io/create.cluster-agent-controller-cleanup": "true",
              "lifecycle.cattle.io/create.cluster-provisioner-controller": "true",
              "lifecycle.cattle.io/create.cluster-scoped-gc": "true",
              "lifecycle.cattle.io/create.mgmt-cluster-rbac-remove": "true",
              "management.cattle.io/current-cluster-controllers-version": "v1.25.16",
              "provisioner.cattle.io/ke-driver-update": "updated"
            },
            "cluster_auth_endpoint": [
              {
                "ca_certs": "",
                "enabled": true,
                "fqdn": ""
              }
            ],
            "cluster_monitoring_input": [],
            "cluster_registration_token": [
              {
                "annotations": {},
                "cluster_id": "c-877gr",
                "command": "kubectl apply -f https://boss-polite-seasnail.ngrok-free.app/v3/import/9hmrkc96znfx4fh8slpx6vp88ldb4wrlczvvfh9qklfmg8nkmm7qlc_c-877gr.yaml",
                "id": "c-877gr:system",
                "insecure_command": "curl --insecure -sfL https://boss-polite-seasnail.ngrok-free.app/v3/import/9hmrkc96znfx4fh8slpx6vp88ldb4wrlczvvfh9qklfmg8nkmm7qlc_c-877gr.yaml | kubectl apply -f -",
                "labels": {
                  "cattle.io/creator": "norman"
                },
                "manifest_url": "https://boss-polite-seasnail.ngrok-free.app/v3/import/9hmrkc96znfx4fh8slpx6vp88ldb4wrlczvvfh9qklfmg8nkmm7qlc_c-877gr.yaml",
                "name": "system",
                "node_command": "sudo docker run -d --privileged --restart=unless-stopped --net=host -v /etc/kubernetes:/etc/kubernetes -v /var/run:/var/run  rancher/rancher-agent:v2.8-head --server https://boss-polite-seasnail.ngrok-free.app --token 9hmrkc96znfx4fh8slpx6vp88ldb4wrlczvvfh9qklfmg8nkmm7qlc --ca-checksum af62267ea1555fd1a858e13d579bf855f758ce620ed475ca908d4e160235d2f7",
                "token": "9hmrkc96znfx4fh8slpx6vp88ldb4wrlczvvfh9qklfmg8nkmm7qlc",
                "windows_node_command": "PowerShell -NoLogo -NonInteractive -Command \"\u0026 {docker run -v c:\\:c:\\host rancher/rancher-agent:v2.8-head bootstrap --server https://boss-polite-seasnail.ngrok-free.app --token 9hmrkc96znfx4fh8slpx6vp88ldb4wrlczvvfh9qklfmg8nkmm7qlc --ca-checksum af62267ea1555fd1a858e13d579bf855f758ce620ed475ca908d4e160235d2f7 | iex}\""
              }
            ],
            "cluster_template_answers": null,
            "cluster_template_id": null,
            "cluster_template_questions": null,
            "cluster_template_revision_id": null,
            "default_pod_security_policy_template_id": null,
            "default_project_id": "c-877gr:p-b5gmt",
            "description": "",
            "driver": "rancherKubernetesEngine",
            "eks_config": null,
            "eks_config_v2": null,
            "enable_cluster_alerting": false,
            "enable_cluster_monitoring": false,
            "enable_network_policy": false,
            "gke_config": null,
            "id": "c-877gr",
            "k3s_config": [],
            "kube_config": "apiVersion: v1\nkind: Config\nclusters:\n- name: \"workload1\"\n  cluster:\n    server: \"https://boss-polite-seasnail.ngrok-free.app/k8s/clusters/c-877gr\"\n    certificate-authority-data: \"LS0tLS1CRUdJTiBDRVJUSUZJQ0FURS0tLS0tCk1JSUJ2VENDQ\\\n      VdPZ0F3SUJBZ0lCQURBS0JnZ3Foa2pPUFFRREFqQkdNUnd3R2dZRFZRUUtFeE5rZVc1aGJXbGoKY\\\n      kdsemRHVnVaWEl0YjNKbk1TWXdKQVlEVlFRRERCMWtlVzVoYldsamJHbHpkR1Z1WlhJdFkyRkFNV\\\n      GN3TXpBeQpPREkxTlRBZUZ3MHlNekV5TVRreU16STBNVFZhRncwek16RXlNVFl5TXpJME1UVmFNR\\\n      Vl4SERBYUJnTlZCQW9UCkUyUjVibUZ0YVdOc2FYTjBaVzVsY2kxdmNtY3hKakFrQmdOVkJBTU1IV\\\n      1I1Ym1GdGFXTnNhWE4wWlc1bGNpMWoKWVVBeE56QXpNREk0TWpVMU1Ga3dFd1lIS29aSXpqMENBU\\\n      VlJS29aSXpqMERBUWNEUWdBRUNTUHhSZkh6NjhVSgpWL2daL2kzOVROdDRHeU9kQkRpREpyaVR3Q\\\n      W5GOG5EU2Z5Q21TaGZic0pvQkhnQmpwQm1IdjBxUmloNEwzeGI1Ck1sNmt6YmxzZGFOQ01FQXdEZ\\\n      1lEVlIwUEFRSC9CQVFEQWdLa01BOEdBMVVkRXdFQi93UUZNQU1CQWY4d0hRWUQKVlIwT0JCWUVGT\\\n      2xxSzhSa25MMm96QkN5WlhMUzQzMDVvdXMwTUFvR0NDcUdTTTQ5QkFNQ0EwZ0FNRVVDSVFDUApiM\\\n      W9tbkxDVGdVNEh0S09TcW1pMU9kVHF3ZDVUb1FxWllNR1d0RE1GNVFJZ0ZWVEhsOFdDVURGWHNoS\\\n      XhxRFBJCjVUTEN2V0ZCWmRwM0MyZThwSU1GVU9VPQotLS0tLUVORCBDRVJUSUZJQ0FURS0tLS0t\"\n- name: \"workload1-ip-10-0-0-225\"\n  cluster:\n    server: \"https://10.0.0.225:6443\"\n    certificate-authority-data: \"LS0tLS1CRUdJTiBDRVJUSUZJQ0FURS0tLS0tCk1JSUM0VENDQ\\\n      WNtZ0F3SUJBZ0lCQURBTkJna3Foa2lHOXcwQkFRc0ZBREFTTVJBd0RnWURWUVFERXdkcmRXSmwKT\\\n      FdOaE1CNFhEVEl6TVRJeE9USXpNek0wTlZvWERUTXpNVEl4TmpJek16TTBOVm93RWpFUU1BNEdBM\\\n      VVFQXhNSAphM1ZpWlMxallUQ0NBU0l3RFFZSktvWklodmNOQVFFQkJRQURnZ0VQQURDQ0FRb0NnZ\\\n      0VCQUtxK3JFNzhwWFpjCmRiVThvczd3UUNqRVBaa21IWm1FUWhkRnkxbFpsTlBpMVllYW5WdHpaQ\\\n      mRnREppRXFaNVYwdHpEZmZINWI4TFgKcnorT2xpTjU2K0F4cVIyTndzZnBaQlVWQ09GTlFVUDQwL\\\n      3JJYVp4a3NqWDVYMitnUUlzSmtybEh6ZWR5SGpSMgo1c0tLYSt5TE1EcU5jZE9lL2k4NHVRZEdpR\\\n      XNHMkgvMWxLend2WmFpZXNjRmszdnBBN1U0aXpLUHlxanpvKzNOCkJhTi8zZVBreTV4cFJodkdTZ\\\n      2VRUkZRTGs2eGtHd3pyVDFzdloybmM0V2tnRGVpZVV2L1VHNnpsalNZaVpLaFAKYXlreXZHQnRFS\\\n      S94TmR6c2pOQzF1SGFuVVRlSnl5SGwyd01YVkpBNThMZUp6YXBGWTd3OFo0U3RXYVJHbzR6SwpvT\\\n      3B6TEU2Zm01a0NBd0VBQWFOQ01FQXdEZ1lEVlIwUEFRSC9CQVFEQWdLa01BOEdBMVVkRXdFQi93U\\\n      UZNQU1CCkFmOHdIUVlEVlIwT0JCWUVGT2poYWxvMVEzL0E2cTkzeGQ0NW5HbVFTR0t6TUEwR0NTc\\\n      UdTSWIzRFFFQkN3VUEKQTRJQkFRQXBJK2t4RFZGeURNSEk3cTRMK0Y0cnh4VjkrM0JCRzFQQllSa\\\n      m1qZUVXZ2w4V2tEY2l4Qzk2cWxNOQpkU0RnL1dNWS9uZGp3eHJhdVNrNGkrYzF3a2ttV1cxNW5yZ\\\n      HJ4YlJSVkxYWWxXU0FndGhIWThMQ2YyeGF5SW5YCjEwcWpZS3B5OWtEamVkRlEvYzhDc29GRTZVU\\\n      zJJNnBxdUhjS2hnREt3MkhWc3pMQkk3eUpMTXh0MWJNMUlUVmkKVGlBQTBJWm1qblJEM1JwZ1lUO\\\n      UV4QVVsdVI0ZjNBb1hpb0hsdEc4ZUdNdHE3K2FRM1lWMCt1MGhLUThSSldmUgpQYjFHWkFTRHAvc\\\n      nJybFM3eVp0M3U0dFBzNTVUdUJTN2piZ2duOUlHY2xramRUOHB1Q1QxellyMU5ERHloUTZKCm5hY\\\n      U05a1hlSjErcG5KRlhmSy9xSnhyNFFzaGIKLS0tLS1FTkQgQ0VSVElGSUNBVEUtLS0tLQo=\"\n\nusers:\n- name: \"workload1\"\n  user:\n    token: \"kubeconfig-user-4fjlqjwpnv:mf7fk2mdrvpwkpjlpsdjj5svrxrslxjh5scs7wblgsbbm8z22x87mp\"\n\n\ncontexts:\n- name: \"workload1\"\n  context:\n    user: \"workload1\"\n    cluster: \"workload1\"\n- name: \"workload1-ip-10-0-0-225\"\n  context:\n    user: \"workload1\"\n    cluster: \"workload1-ip-10-0-0-225\"\n\ncurrent-context: \"workload1\"\n",
            "labels": {
              "cattle.io/creator": "norman",
              "provider.cattle.io": "rke"
            },
            "name": "workload1",
            "oke_config": null,
            "rke_config": [
              {
                "addon_job_timeout": 45,
                "addons": "",
                "addons_include": [],
                "authentication": [
                  {
                    "sans": [],
                    "strategy": "x509|webhook"
                  }
                ],
                "authorization": [
                  {
                    "mode": null,
                    "options": null
                  }
                ],
                "bastion_host": [
                  {
                    "address": "",
                    "port": "",
                    "ssh_agent_auth": false,
                    "ssh_key": "",
                    "ssh_key_path": "",
                    "user": ""
                  }
                ],
                "cloud_provider": [
                  {
                    "aws_cloud_provider": null,
                    "azure_cloud_provider": null,
                    "custom_cloud_provider": null,
                    "name": null,
                    "openstack_cloud_provider": null,
                    "vsphere_cloud_provider": null
                  }
                ],
                "dns": [
                  {
                    "node_selector": {},
                    "nodelocal": [
                      {
                        "ip_address": null,
                        "node_selector": null
                      }
                    ],
                    "provider": "",
                    "reverse_cidrs": [],
                    "upstream_nameservers": []
                  }
                ],
                "ignore_docker_version": true,
                "ingress": [
                  {
                    "dns_policy": "",
                    "extra_args": {},
                    "node_selector": {},
                    "options": {},
                    "provider": "nginx"
                  }
                ],
                "kubernetes_version": "v1.25.16-rancher2-1",
                "monitoring": [
                  {
                    "node_selector": {},
                    "options": {},
                    "provider": "metrics-server",
                    "replicas": 1,
                    "update_strategy": []
                  }
                ],
                "network": [
                  {
                    "calico_network_provider": [],
                    "canal_network_provider": [],
                    "flannel_network_provider": [],
                    "mtu": 0,
                    "options": {
                      "flannel_backend_type": "vxlan"
                    },
                    "plugin": "canal",
                    "weave_network_provider": []
                  }
                ],
                "nodes": [],
                "prefix_path": "",
                "private_registries": [],
                "services": [
                  {
                    "etcd": [
                      {
                        "backup_config": [
                          {
                            "enabled": true,
                            "interval_hours": 12,
                            "retention": 6,
                            "s3_backup_config": [],
                            "safe_timestamp": false
                          }
                        ],
                        "ca_cert": "",
                        "cert": "",
                        "creation": "12h",
                        "external_urls": [],
                        "extra_args": {
                          "election-timeout": "5000",
                          "heartbeat-interval": "500"
                        },
                        "extra_binds": [],
                        "extra_env": [],
                        "gid": 0,
                        "image": "",
                        "key": "",
                        "path": "",
                        "retention": "72h",
                        "snapshot": false,
                        "uid": 0
                      }
                    ],
                    "kube_api": [
                      {
                        "admission_configuration": {},
                        "always_pull_images": false,
                        "audit_log": [],
                        "event_rate_limit": [],
                        "extra_args": {},
                        "extra_binds": [],
                        "extra_env": [],
                        "image": "",
                        "pod_security_policy": false,
                        "secrets_encryption_config": [
                          {
                            "enabled": false
                          }
                        ],
                        "service_cluster_ip_range": "",
                        "service_node_port_range": "30000-32767"
                      }
                    ],
                    "kube_controller": [
                      {
                        "cluster_cidr": null,
                        "extra_args": null,
                        "extra_binds": null,
                        "extra_env": null,
                        "image": null,
                        "service_cluster_ip_range": null
                      }
                    ],
                    "kubelet": [
                      {
                        "cluster_dns_server": "",
                        "cluster_domain": "",
                        "extra_args": {},
                        "extra_binds": [],
                        "extra_env": [],
                        "fail_swap_on": false,
                        "generate_serving_certificate": false,
                        "image": "",
                        "infra_container_image": ""
                      }
                    ],
                    "kubeproxy": [
                      {
                        "extra_args": null,
                        "extra_binds": null,
                        "extra_env": null,
                        "image": null
                      }
                    ],
                    "scheduler": [
                      {
                        "extra_args": null,
                        "extra_binds": null,
                        "extra_env": null,
                        "image": null
                      }
                    ]
                  }
                ],
                "ssh_agent_auth": false,
                "ssh_cert_path": "",
                "ssh_key_path": "",
                "upgrade_strategy": [
                  {
                    "drain": false,
                    "drain_input": [
                      {
                        "delete_local_data": false,
                        "force": false,
                        "grace_period": -1,
                        "ignore_daemon_sets": true,
                        "timeout": 120
                      }
                    ],
                    "max_unavailable_controlplane": "1",
                    "max_unavailable_worker": "10%"
                  }
                ]
              }
            ],
            "scheduled_cluster_scan": null,
            "system_project_id": "c-877gr:p-zxclh"
          },
          "sensitive_attributes": []
        }
      ]
    },
    {
      "mode": "data",
      "type": "rancher2_cluster",
      "name": "workload2",
      "provider": "provider[\"registry.terraform.io/rancher/rancher2\"]",
      "instances": [
        {
          "schema_version": 0,
          "attributes": {
            "aks_config": null,
            "annotations": {
              "authz.management.cattle.io/creator-role-bindings": "{\"created\":[\"cluster-owner\"],\"required\":[\"cluster-owner\"]}",
              "authz.management.cattle.io/initial-sync": "true",
              "lifecycle.cattle.io/create.cluster-agent-controller-cleanup": "true",
              "lifecycle.cattle.io/create.cluster-provisioner-controller": "true",
              "lifecycle.cattle.io/create.cluster-scoped-gc": "true",
              "lifecycle.cattle.io/create.mgmt-cluster-rbac-remove": "true",
              "management.cattle.io/current-cluster-controllers-version": "v1.25.16",
              "provisioner.cattle.io/ke-driver-update": "updated"
            },
            "cluster_auth_endpoint": [
              {
                "ca_certs": "",
                "enabled": true,
                "fqdn": ""
              }
            ],
            "cluster_monitoring_input": [],
            "cluster_registration_token": [
              {
                "annotations": {},
                "cluster_id": "c-s5pvx",
                "command": "kubectl apply -f https://boss-polite-seasnail.ngrok-free.app/v3/import/2pcvq29bwqz985tl4qr8z7vgdpkfbb6dqfnl9xq6qkztgxt7thwsln_c-s5pvx.yaml",
                "id": "c-s5pvx:system",
                "insecure_command": "curl --insecure -sfL https://boss-polite-seasnail.ngrok-free.app/v3/import/2pcvq29bwqz985tl4qr8z7vgdpkfbb6dqfnl9xq6qkztgxt7thwsln_c-s5pvx.yaml | kubectl apply -f -",
                "labels": {
                  "cattle.io/creator": "norman"
                },
                "manifest_url": "https://boss-polite-seasnail.ngrok-free.app/v3/import/2pcvq29bwqz985tl4qr8z7vgdpkfbb6dqfnl9xq6qkztgxt7thwsln_c-s5pvx.yaml",
                "name": "system",
                "node_command": "sudo docker run -d --privileged --restart=unless-stopped --net=host -v /etc/kubernetes:/etc/kubernetes -v /var/run:/var/run  rancher/rancher-agent:v2.8-head --server https://boss-polite-seasnail.ngrok-free.app --token 2pcvq29bwqz985tl4qr8z7vgdpkfbb6dqfnl9xq6qkztgxt7thwsln --ca-checksum af62267ea1555fd1a858e13d579bf855f758ce620ed475ca908d4e160235d2f7",
                "token": "2pcvq29bwqz985tl4qr8z7vgdpkfbb6dqfnl9xq6qkztgxt7thwsln",
                "windows_node_command": "PowerShell -NoLogo -NonInteractive -Command \"\u0026 {docker run -v c:\\:c:\\host rancher/rancher-agent:v2.8-head bootstrap --server https://boss-polite-seasnail.ngrok-free.app --token 2pcvq29bwqz985tl4qr8z7vgdpkfbb6dqfnl9xq6qkztgxt7thwsln --ca-checksum af62267ea1555fd1a858e13d579bf855f758ce620ed475ca908d4e160235d2f7 | iex}\""
              }
            ],
            "cluster_template_answers": null,
            "cluster_template_id": null,
            "cluster_template_questions": null,
            "cluster_template_revision_id": null,
            "default_pod_security_policy_template_id": null,
            "default_project_id": "c-s5pvx:p-p6qmq",
            "description": "",
            "driver": "rancherKubernetesEngine",
            "eks_config": null,
            "eks_config_v2": null,
            "enable_cluster_alerting": false,
            "enable_cluster_monitoring": false,
            "enable_network_policy": false,
            "gke_config": null,
            "id": "c-s5pvx",
            "k3s_config": [],
            "kube_config": "apiVersion: v1\nkind: Config\nclusters:\n- name: \"workload2\"\n  cluster:\n    server: \"https://boss-polite-seasnail.ngrok-free.app/k8s/clusters/c-s5pvx\"\n    certificate-authority-data: \"LS0tLS1CRUdJTiBDRVJUSUZJQ0FURS0tLS0tCk1JSUJ2VENDQ\\\n      VdPZ0F3SUJBZ0lCQURBS0JnZ3Foa2pPUFFRREFqQkdNUnd3R2dZRFZRUUtFeE5rZVc1aGJXbGoKY\\\n      kdsemRHVnVaWEl0YjNKbk1TWXdKQVlEVlFRRERCMWtlVzVoYldsamJHbHpkR1Z1WlhJdFkyRkFNV\\\n      GN3TXpBeQpPREkxTlRBZUZ3MHlNekV5TVRreU16STBNVFZhRncwek16RXlNVFl5TXpJME1UVmFNR\\\n      Vl4SERBYUJnTlZCQW9UCkUyUjVibUZ0YVdOc2FYTjBaVzVsY2kxdmNtY3hKakFrQmdOVkJBTU1IV\\\n      1I1Ym1GdGFXTnNhWE4wWlc1bGNpMWoKWVVBeE56QXpNREk0TWpVMU1Ga3dFd1lIS29aSXpqMENBU\\\n      VlJS29aSXpqMERBUWNEUWdBRUNTUHhSZkh6NjhVSgpWL2daL2kzOVROdDRHeU9kQkRpREpyaVR3Q\\\n      W5GOG5EU2Z5Q21TaGZic0pvQkhnQmpwQm1IdjBxUmloNEwzeGI1Ck1sNmt6YmxzZGFOQ01FQXdEZ\\\n      1lEVlIwUEFRSC9CQVFEQWdLa01BOEdBMVVkRXdFQi93UUZNQU1CQWY4d0hRWUQKVlIwT0JCWUVGT\\\n      2xxSzhSa25MMm96QkN5WlhMUzQzMDVvdXMwTUFvR0NDcUdTTTQ5QkFNQ0EwZ0FNRVVDSVFDUApiM\\\n      W9tbkxDVGdVNEh0S09TcW1pMU9kVHF3ZDVUb1FxWllNR1d0RE1GNVFJZ0ZWVEhsOFdDVURGWHNoS\\\n      XhxRFBJCjVUTEN2V0ZCWmRwM0MyZThwSU1GVU9VPQotLS0tLUVORCBDRVJUSUZJQ0FURS0tLS0t\"\n- name: \"workload2-ip-10-0-0-97\"\n  cluster:\n    server: \"https://10.0.0.97:6443\"\n    certificate-authority-data: \"LS0tLS1CRUdJTiBDRVJUSUZJQ0FURS0tLS0tCk1JSUM0VENDQ\\\n      WNtZ0F3SUJBZ0lCQURBTkJna3Foa2lHOXcwQkFRc0ZBREFTTVJBd0RnWURWUVFERXdkcmRXSmwKT\\\n      FdOaE1CNFhEVEl6TVRJeE9USXpNelF6TUZvWERUTXpNVEl4TmpJek16UXpNRm93RWpFUU1BNEdBM\\\n      VVFQXhNSAphM1ZpWlMxallUQ0NBU0l3RFFZSktvWklodmNOQVFFQkJRQURnZ0VQQURDQ0FRb0NnZ\\\n      0VCQUsxV1hLMVU0OEw1CkJSRE92cUhNb1FHeWVlRHk5RkhiYVR3QkpGcEJBNW9UZnRtSllqcG1lN\\\n      FFaaU1rZklrdlpDNFQ2TzltOW9OckoKeFZ1b3VnUzlwazZtT3FhM2JaRnFDcjQvWlV6c3g5aWlVN\\\n      TUzWHI0TTZyc2p4QTB4K1YvTitLaXVWK2RXTVYwNwpuZFFzNVdmRTI4Zkl4cjM4T1ZmSXcxZEhwT\\\n      m1ZdWkxY0xkNHZwY21YNHB5S284YWFlNlRVaEdRR01SZlBXUENrCmkwVnAwUTZFMU5qUFF0UGNKU\\\n      HRyZStRUzZ4MjUzeEJNWVA3alRMMDNzTzd2RVdaWDFlbFpGSXFHazBsQVlhOEoKTndxL25XMmlvW\\\n      E5qUTlhM285SU5XaC84TEZSQXV4dlhoeW1HdUY3UG9sV1c1QUhDL2t1a3RBSE9FcE5BbkRiawp6Z\\\n      FJSQkYwelpsa0NBd0VBQWFOQ01FQXdEZ1lEVlIwUEFRSC9CQVFEQWdLa01BOEdBMVVkRXdFQi93U\\\n      UZNQU1CCkFmOHdIUVlEVlIwT0JCWUVGTCtJazBoUHpPS2N6d0xEa1Y2anVtZ0MyaE4yTUEwR0NTc\\\n      UdTSWIzRFFFQkN3VUEKQTRJQkFRQkxjSHR3MVhTUjYwVWhaSkZ4dnhYaU9IY05POU9mdHoyaDVRV\\\n      GFCQWJKUVBhaWpjbDdNQWhSNWNYTAowbkhtUmVzbEljMVJrVzdyY1VvZDhNYXczazh3VEI0L2VRM\\\n      045aU81M1lTYW5JeVRzN3M0a1M1Tm1QcGQyRGczCmVCMEhKTFBFNXZMcnNmcERReEN4Q21ZTnlKV\\\n      lFyM3J3K2xMck8wdk8vaXhJYjdvcEVsQ0s0Y25kZGdmU3dtbXgKSmFaSFNFS25EcTdicWNqWjRVY\\\n      TRFdU9YSk9PVnhtbENJUnJXRjhCc3VMejMxR2JJOVZxdjBkbWJYalhMekFhNQpFVitqcVFIL1Z5c\\\n      GFYWkpPb0dUUTBUeXBEc1pRQ21KeE1BS3JtWFNPZHlrYnhiSnN6U0p6RnJ3NkRWTjU3eno5Ckwya\\\n      DlmSkYyQWpwTVYxalpISzc5aGRpUm0xejgKLS0tLS1FTkQgQ0VSVElGSUNBVEUtLS0tLQo=\"\n\nusers:\n- name: \"workload2\"\n  user:\n    token: \"kubeconfig-user-4fjlqkf5px:sxc4hp8dp5dl4cl7qnvl9jtv7thrbxdr7kgpbdbl9bzrg9qh9jpx6l\"\n\n\ncontexts:\n- name: \"workload2\"\n  context:\n    user: \"workload2\"\n    cluster: \"workload2\"\n- name: \"workload2-ip-10-0-0-97\"\n  context:\n    user: \"workload2\"\n    cluster: \"workload2-ip-10-0-0-97\"\n\ncurrent-context: \"workload2\"\n",
            "labels": {
              "cattle.io/creator": "norman",
              "provider.cattle.io": "rke"
            },
            "name": "workload2",
            "oke_config": null,
            "rke_config": [
              {
                "addon_job_timeout": 45,
                "addons": "",
                "addons_include": [],
                "authentication": [
                  {
                    "sans": [],
                    "strategy": "x509|webhook"
                  }
                ],
                "authorization": [
                  {
                    "mode": null,
                    "options": null
                  }
                ],
                "bastion_host": [
                  {
                    "address": "",
                    "port": "",
                    "ssh_agent_auth": false,
                    "ssh_key": "",
                    "ssh_key_path": "",
                    "user": ""
                  }
                ],
                "cloud_provider": [
                  {
                    "aws_cloud_provider": null,
                    "azure_cloud_provider": null,
                    "custom_cloud_provider": null,
                    "name": null,
                    "openstack_cloud_provider": null,
                    "vsphere_cloud_provider": null
                  }
                ],
                "dns": [
                  {
                    "node_selector": {},
                    "nodelocal": [
                      {
                        "ip_address": null,
                        "node_selector": null
                      }
                    ],
                    "provider": "",
                    "reverse_cidrs": [],
                    "upstream_nameservers": []
                  }
                ],
                "ignore_docker_version": true,
                "ingress": [
                  {
                    "dns_policy": "",
                    "extra_args": {},
                    "node_selector": {},
                    "options": {},
                    "provider": "nginx"
                  }
                ],
                "kubernetes_version": "v1.25.16-rancher2-1",
                "monitoring": [
                  {
                    "node_selector": {},
                    "options": {},
                    "provider": "metrics-server",
                    "replicas": 1,
                    "update_strategy": []
                  }
                ],
                "network": [
                  {
                    "calico_network_provider": [],
                    "canal_network_provider": [],
                    "flannel_network_provider": [],
                    "mtu": 0,
                    "options": {
                      "flannel_backend_type": "vxlan"
                    },
                    "plugin": "canal",
                    "weave_network_provider": []
                  }
                ],
                "nodes": [],
                "prefix_path": "",
                "private_registries": [],
                "services": [
                  {
                    "etcd": [
                      {
                        "backup_config": [
                          {
                            "enabled": true,
                            "interval_hours": 12,
                            "retention": 6,
                            "s3_backup_config": [],
                            "safe_timestamp": false
                          }
                        ],
                        "ca_cert": "",
                        "cert": "",
                        "creation": "12h",
                        "external_urls": [],
                        "extra_args": {
                          "election-timeout": "5000",
                          "heartbeat-interval": "500"
                        },
                        "extra_binds": [],
                        "extra_env": [],
                        "gid": 0,
                        "image": "",
                        "key": "",
                        "path": "",
                        "retention": "72h",
                        "snapshot": false,
                        "uid": 0
                      }
                    ],
                    "kube_api": [
                      {
                        "admission_configuration": {},
                        "always_pull_images": false,
                        "audit_log": [],
                        "event_rate_limit": [],
                        "extra_args": {},
                        "extra_binds": [],
                        "extra_env": [],
                        "image": "",
                        "pod_security_policy": false,
                        "secrets_encryption_config": [
                          {
                            "enabled": false
                          }
                        ],
                        "service_cluster_ip_range": "",
                        "service_node_port_range": "30000-32767"
                      }
                    ],
                    "kube_controller": [
                      {
                        "cluster_cidr": null,
                        "extra_args": null,
                        "extra_binds": null,
                        "extra_env": null,
                        "image": null,
                        "service_cluster_ip_range": null
                      }
                    ],
                    "kubelet": [
                      {
                        "cluster_dns_server": "",
                        "cluster_domain": "",
                        "extra_args": {},
                        "extra_binds": [],
                        "extra_env": [],
                        "fail_swap_on": false,
                        "generate_serving_certificate": false,
                        "image": "",
                        "infra_container_image": ""
                      }
                    ],
                    "kubeproxy": [
                      {
                        "extra_args": null,
                        "extra_binds": null,
                        "extra_env": null,
                        "image": null
                      }
                    ],
                    "scheduler": [
                      {
                        "extra_args": null,
                        "extra_binds": null,
                        "extra_env": null,
                        "image": null
                      }
                    ]
                  }
                ],
                "ssh_agent_auth": false,
                "ssh_cert_path": "",
                "ssh_key_path": "",
                "upgrade_strategy": [
                  {
                    "drain": false,
                    "drain_input": [
                      {
                        "delete_local_data": false,
                        "force": false,
                        "grace_period": -1,
                        "ignore_daemon_sets": true,
                        "timeout": 120
                      }
                    ],
                    "max_unavailable_controlplane": "1",
                    "max_unavailable_worker": "10%"
                  }
                ]
              }
            ],
            "scheduled_cluster_scan": null,
            "system_project_id": "c-s5pvx:p-vmpk4"
          },
          "sensitive_attributes": []
        }
      ]
    },
    {
      "mode": "managed",
      "type": "rancher2_app_v2",
      "name": "installed-apps-local-default",
      "provider": "provider[\"registry.terraform.io/rancher/rancher2\"]",
      "instances": [
        {
          "index_key": "ch1",
          "schema_version": 0,
          "attributes": {
            "annotations": {
              "objectset.rio.cattle.io/applied": "H4sIAAAAAAAA/6RVQW/jNhP9K8Tk+FGyZDuOI+A7ZYs2W7RdNGkP7e5hRI0lbiiSIEdOA0P/vaDsTaJtt9lgfTDksfRm3pv3qAP0xNggI1QHQGsdI2tnY/rp6o+kOBLnQbtcIbOhXLuFbqCCjkyfofcgv3ifu7cUsnZ/BxUs9qUUP2rb/P+GVCB+8TGLPUEFsctTpzyQIYyU78ucKXKmOgzpu8z35VdhRY8qATa0w8EwjBJUoInsre4pMvYeKjsYI8FgTeY/JegwdlAB0vbicnmx2W7K5nK7bjZqW69WF+uyKct1TZdULpXablap24nQfHo41j8fTsI0+K+0o0BWUYTqzwOg179TiNpZqGCiXRun7n5Jt74hQzz9s0MTSYJyloMzhgJUHAaScKdtWtyj/q9TeJi2vtriRVEsm2yzxvNsfb7ZZPX5ucrKFTabCyyWzaqA8cMoIXpSScEJJl3MjDZjsgQJ6P1TpcyLvAAJDUUVtD/yAtWV4iqhiXvNnbi2baAYxf/Ez622fwm0jcCBXY+slfjoapFoaNuCBK0mhI7Zx2qxCHift5q7oR4ihaQUWc6V6xdWq84ZjDe/3Xy36NH7mE1GT1CL/km04+r2n008StijGWiyToJFbZP+B/AuibAtRwm6x5ZSLZB3UbMLD1CBTRxAAmM7wZXrfDm5ZqpXBzA6Mtl3TziBvNEKr9xgGapSQqSw14qet5PADz7Ne2WGyBSu38E4jnIK76PcKwna7lx6bi74tY2Mxgjlem+ICSTsdIj8hrxxD5T8sCyWq6xcZsvitiiq1WV1vv4DUoC+5i7rOEkFZ9/4gSQGNtNizsQtRRaPyXlv39sz8YO7z9il60y8HSKLVu9JoEjbnIyjT1SdFShAQmTkIU6JPLF4dYIDRTeEL2f3FMcrZ3e6/Qn9zFyZmso9+myff4rDvx9jr8eePPUtuDcnp81Q46z4Il7K1uI56NEvPVme4zaP9deOXCOrbtbjrav/IbMllfw+Rfy1HSzxvQt32rb53TamF8PzbqcTat5RH4svdfrw7HRJaf9kyPRKSkpT8z1ZCniMaiEhDn2P6Sg5jOP4dwAAAP//yGbMwdcHAAA",
              "objectset.rio.cattle.io/id": "helm-app",
              "objectset.rio.cattle.io/owner-gvk": "/v1, Kind=Secret",
              "objectset.rio.cattle.io/owner-name": "sh.helm.release.v1.test-chart-ch1.v1",
              "objectset.rio.cattle.io/owner-namespace": "default"
            },
            "chart_name": "ch1",
            "chart_version": "1.0.0",
            "cleanup_on_fail": false,
            "cluster_id": "local",
            "cluster_name": "local",
            "disable_hooks": false,
            "disable_open_api_validation": false,
            "force_upgrade": false,
            "id": "local.default/test-chart-ch1",
            "labels": {
              "objectset.rio.cattle.io/hash": "ae879276861d984d6c8b33741d114be9e12cc863"
            },
            "name": "test-chart-ch1",
            "namespace": "default",
            "project_id": null,
            "repo_name": "test-repo",
            "timeouts": null,
            "values": null,
            "wait": true
          },
          "sensitive_attributes": [],
          "private": "eyJlMmJmYjczMC1lY2FhLTExZTYtOGY4OC0zNDM2M2JjN2M0YzAiOnsiY3JlYXRlIjo2MDAwMDAwMDAwMDAsImRlbGV0ZSI6NjAwMDAwMDAwMDAwLCJ1cGRhdGUiOjYwMDAwMDAwMDAwMH19",
          "dependencies": [
            "data.rancher2_cluster.local",
            "rancher2_catalog_v2.mapps-helm-git-local"
          ]
        },
        {
          "index_key": "ch2",
          "schema_version": 0,
          "attributes": {
            "annotations": {
              "objectset.rio.cattle.io/applied": "H4sIAAAAAAAA/6RVQW/jNhP9K8Tk+FGyJTuJI+A7ZYs2W7RdNGkP7e5hRI0sbiiSIEdOA0P/vaDsTaJtt1ljfTDksfRm3pv3qD30xNggI1R7QGsdI2tnY/rp6o+kOBLnQbtcIbOhXLuFbqCCjkyfofcgv3ife7AUsu3uHipY7AopftS2+f8tqUD86mMWe4IKYpenTnkgQxgp3xU5U+RMdRjSd5nviq/Cih5VAmyoxcEwjBJUoInsne4pMvYeKjsYI8FgTeY/JegwdlCBuqDLpmjLc1xe0tXq/LKpN836YlNvVsUaVYPnq01bt23qdiQ0nx4O9c+HkzAN/iu1FMgqilD9uQf0+ncKUTsLFUy0a+PU/S/p1jdkiKd/WjSRJChnOThjKEDFYSAJ99qmxT3pf5rCw7T14qK8XK+wzdpmXWbrda2yqysss6uirJt2WV8sNy2MH0YJ0ZNKCk4w6WJmtBmTpAJ6/1wp8mW+BAkNRRW0P/AC1RXiOqGJB82duLHbQDGK/4mft9r+JdA2Agd2PbJW4qOrRaKh7RYkaDUhdMw+VotFwId8q7kb6iFSSEqR5Vy5fmG16pzBePvb7XeLHr2P2WT0BLXon0U7rG732cSjhB2agSbrJFjUNum/B++SCJtilKB73FKqBfIuanbhESqwiQNIYNxOcMU6LyfXTPVqD0ZHJvvuGSeQN1rhtRssQ1VIiBR2WtHLdhL40ad5r80QmcLNOxjHUU7hfZJ7JUHb1qXn5oLf2MhojFCu94aYQEKrQ+Q35I17pOSHclmusqLMyuXdclmtrqrz9R+QAvQ1d1nHSSo4+8YPJDGwmRZzJu4osnhKznv73p6JH9xDxi5dZ+LtEFls9Y4EirTNyTj6SNVZgQIkREYe4pTII4uTExwouiF8ObvHOF472+rtT+hn5srUVO7RZ7v8Uxz+/Rg7HXvy1Lfg3h6dNkONs+KreClbi5egB7/0ZHmO2zzVTx25RlbdrMdbV/9DZksq+X2K+KkdLPGDC/fabvP7TUwvhpfdjifUvKM+FF/r9OHF6ZLS/smQ6ZWUlKbme7IU8BDVpYQ49D2mo2Q/juPfAQAA//9t4Hfo1wcAAA",
              "objectset.rio.cattle.io/id": "helm-app",
              "objectset.rio.cattle.io/owner-gvk": "/v1, Kind=Secret",
              "objectset.rio.cattle.io/owner-name": "sh.helm.release.v1.test-chart-ch2.v1",
              "objectset.rio.cattle.io/owner-namespace": "default"
            },
            "chart_name": "ch2",
            "chart_version": "1.0.0",
            "cleanup_on_fail": false,
            "cluster_id": "local",
            "cluster_name": "local",
            "disable_hooks": false,
            "disable_open_api_validation": false,
            "force_upgrade": false,
            "id": "local.default/test-chart-ch2",
            "labels": {
              "objectset.rio.cattle.io/hash": "c6e7d1f25a07e9357db8d468b8314acda538fbff"
            },
            "name": "test-chart-ch2",
            "namespace": "default",
            "project_id": null,
            "repo_name": "test-repo",
            "timeouts": null,
            "values": null,
            "wait": true
          },
          "sensitive_attributes": [],
          "private": "eyJlMmJmYjczMC1lY2FhLTExZTYtOGY4OC0zNDM2M2JjN2M0YzAiOnsiY3JlYXRlIjo2MDAwMDAwMDAwMDAsImRlbGV0ZSI6NjAwMDAwMDAwMDAwLCJ1cGRhdGUiOjYwMDAwMDAwMDAwMH19",
          "dependencies": [
            "data.rancher2_cluster.local",
            "rancher2_catalog_v2.mapps-helm-git-local"
          ]
        },
        {
          "index_key": "ch3",
          "schema_version": 0,
          "attributes": {
            "annotations": {
              "objectset.rio.cattle.io/applied": "H4sIAAAAAAAA/6RVQW/jNhP9K8Tk+FGyZDuOLeA7ZYs2W7RdNGkP7e5hRI0tbiiSIEdOA0P/vaDsTaJtt1ljfTDksfRm3pv3qAN0xNggI1QHQGsdI2tnY/rp6o+kOBLnQbtcIbOhXLuZbqCClkyXofcgv3ife7AUst3+HiqY7UspftS2+f8tqUD86mMWO4IKYpunTnkgQxgp35c5U+RMtRjS9yLfl1+FFT2qBNjQFnvDMEhQgUayd7qjyNh5qGxvjASDNZn/lKDF2EIFl5v1othurjabZoVXNeGirLcbwvlmvl4U640qVg01l5i6nQhNp4dj/fPhJIyD/0pbCmQVRaj+PAB6/TuFqJ2FCkbatXHq/pd06xsyxOM/WzSRJChnOThjKEDFoScJ99qmxT3pf57C/bj11dWyWSwv19mqxEW2pHKZbepyma2LVVHUxdVqoWoYPgwSoieVFBxh0sXEaBMmc5CA3j9XyrzIC5DQUFRB+yMvUG0prhOaeNDcihu7CxSj+J/4eaftXwJtI7Bn1yFrJT66WiQa2u5AglYjQsvsYzWbBXzId5rbvu4jhaQUWc6V62ZWq9YZjLe/3X4369D7mI1GT1Cz7lm04+r2n008SNij6Wm0ToJFbZP+B/AuibAuBwm6wx2lWiDvomYXHqECmziABMbdCFcu8/nomrFeHcDoyGTfPeME8kYrvHa9ZahKCZHCXit62U4CP/o077XpI1O4eQfDMMgxvE9yLyRou3XpuangNzYyGiOU67whJpCw1SHyG/LGPVLyw7yYL7Jyns2Lu6KoFpvqcvkHpAB9zV3WcZIKLr7xA0kMbMbFXIg7iiyekvPevrcX4gf3kLFL15l420cWO70ngSJtczSOPlF1VqAACZGR+zgm8sTi7AQHiq4PX87uKY7Xzm717if0E3Nlaix36LN9/ikO/36MnY89eupbcG9PTpugxknxVbyUrdlL0KNfOrI8xW2e6ueOXCOrdtLjrav/IbMllfw+RvzcDpb4wYV7bXf5/TqmF8PLbqcTatpRH4uvdfrw4nRJaf9kyPRKSkpT8z1ZCniMaiEh9l2H6Sg5DMPwdwAAAP//oZnKx9cHAAA",
              "objectset.rio.cattle.io/id": "helm-app",
              "objectset.rio.cattle.io/owner-gvk": "/v1, Kind=Secret",
              "objectset.rio.cattle.io/owner-name": "sh.helm.release.v1.test-chart-ch3.v1",
              "objectset.rio.cattle.io/owner-namespace": "default"
            },
            "chart_name": "ch3",
            "chart_version": "1.0.0",
            "cleanup_on_fail": false,
            "cluster_id": "local",
            "cluster_name": "local",
            "disable_hooks": false,
            "disable_open_api_validation": false,
            "force_upgrade": false,
            "id": "local.default/test-chart-ch3",
            "labels": {
              "objectset.rio.cattle.io/hash": "59830f9799d6a7bea31bf9ea29283089c06ded5a"
            },
            "name": "test-chart-ch3",
            "namespace": "default",
            "project_id": null,
            "repo_name": "test-repo",
            "timeouts": null,
            "values": null,
            "wait": true
          },
          "sensitive_attributes": [],
          "private": "eyJlMmJmYjczMC1lY2FhLTExZTYtOGY4OC0zNDM2M2JjN2M0YzAiOnsiY3JlYXRlIjo2MDAwMDAwMDAwMDAsImRlbGV0ZSI6NjAwMDAwMDAwMDAwLCJ1cGRhdGUiOjYwMDAwMDAwMDAwMH19",
          "dependencies": [
            "data.rancher2_cluster.local",
            "rancher2_catalog_v2.mapps-helm-git-local"
          ]
        },
        {
          "index_key": "ch4",
          "schema_version": 0,
          "attributes": {
            "annotations": {
              "objectset.rio.cattle.io/applied": "H4sIAAAAAAAA/6RVT2/jthP9KsTk+KNk/XHsRMDvlC3abNF20aQ9tLuHETW2uKFIghw5DQx994KyN4m33WaD9cGQx9KbeW/eo/YwEGOHjNDsAa11jKydjemnaz+S4kicB+1yhcyGcu0WuoMGejJDht6D/OJ97t5SyLa7O2hgsSul+FHb7v83pALxi49ZHAgaiH2eOuWBDGGkfFfmTJEz1WNI38t8V34VVvSoEmBHGxwNwyRBBZrJ3uqBIuPgobGjMRIMtmT+U4IeYw8NbOqWzjcVXqxxtS6Li6LdXKwrrOquXS1VUVU1YV2v1qnbkdDp9HCofz6chHnwX2lDgayiCM2fe0Cvf6cQtbPQwEy7NU7d/ZJufUOGeP5ngyaSBOUsB2cMBWg4jCThTtu0uEf9X6fwOG99XdNyhWuVnS+7y2xZl6sMFdZZe75adQqLbo2XMH2YJERPKik4w6SLE6OdMKlAAnr/VCnzIi9AQkdRBe0PvED1pbhKaOJecy+u7TZQjOJ/4uettn8JtJ3Akd2ArJX46FqRaGi7BQlazQg9s4/NYhHwPt9q7sd2jBSSUmQ5V25YWK16ZzDe/Hbz3WJA72M2Gz1BLYYn0Q6r23028SRhh2ak2ToJFrVN+u/BuyTCRTlJ0ANuKdUCeRc1u/AADdjEASQwbme4cplXs2vmerMHoyOTffeEE8gbrfDKjZahKSVECjut6Hk7Cfzg07xXZoxM4fodTNMk5/A+yl1L0Hbj0nOngl/byGiMUG7whphAwkaHyG/IG/dAyQ9VUdVZWWVVcVsUTX3ZnC//gBSgr7nLOk5Swdk3fiCJgd28mDNxS5HFY3Le2/f2TPzg7jN26ToTb8fIYqt3JFCkbc7G0UeqzgoUICEy8hjnRB5ZvDrBgaIbw5eze4zjlbMbvf0J/Ym5MjWXB/TZLv8Uh38/xl6PPXvqW3Bvjk47QY0nxRfxUrYWz0EPfhnI8ilu91h/7cgtsupPerx17T9ktqSS3+eIv7aDJb534U7bbX53EdOL4Xm34wl12lEfii91+vDsdElp/2TI9EpKSlP3PVkKeIhqISGOw4DpKNlP0/R3AAAA//9c+muC1wcAAA",
              "objectset.rio.cattle.io/id": "helm-app",
              "objectset.rio.cattle.io/owner-gvk": "/v1, Kind=Secret",
              "objectset.rio.cattle.io/owner-name": "sh.helm.release.v1.test-chart-ch4.v1",
              "objectset.rio.cattle.io/owner-namespace": "default"
            },
            "chart_name": "ch4",
            "chart_version": "1.0.0",
            "cleanup_on_fail": false,
            "cluster_id": "local",
            "cluster_name": "local",
            "disable_hooks": false,
            "disable_open_api_validation": false,
            "force_upgrade": false,
            "id": "local.default/test-chart-ch4",
            "labels": {
              "objectset.rio.cattle.io/hash": "f3be5f2a87a671080bf872a23db64c0223ea3367"
            },
            "name": "test-chart-ch4",
            "namespace": "default",
            "project_id": null,
            "repo_name": "test-repo",
            "timeouts": null,
            "values": null,
            "wait": true
          },
          "sensitive_attributes": [],
          "private": "eyJlMmJmYjczMC1lY2FhLTExZTYtOGY4OC0zNDM2M2JjN2M0YzAiOnsiY3JlYXRlIjo2MDAwMDAwMDAwMDAsImRlbGV0ZSI6NjAwMDAwMDAwMDAwLCJ1cGRhdGUiOjYwMDAwMDAwMDAwMH19",
          "dependencies": [
            "data.rancher2_cluster.local",
            "rancher2_catalog_v2.mapps-helm-git-local"
          ]
        },
        {
          "index_key": "ch5",
          "schema_version": 0,
          "attributes": {
            "annotations": {
              "objectset.rio.cattle.io/applied": "H4sIAAAAAAAA/6RVQW/jNhP9K8Tk+FGy5MSJLeA7ZYs2W7RdNGkP7e5hRI0sbiiSIEdOA0P/vaDsTaJtt1ljfTDksfRm3pv3qD30xNggI1R7QGsdI2tnY/rp6o+kOBLnQbtcIbOhXLuFbqCCjkyfofcgv3ife7AUsu3uHipY7EopftS2+f8tqUD86mMWe4IKYpenTnkgQxgp35U5U+RMdRjS9yrflV+FFT2qBNhQi4NhGCWoQBPZO91TZOw9VHYwRoLBmsx/StBh7KCCq3pdrtqSCqLNZn1VtOvVctMsz5vm4hLXqlhj0V62l3XqdiQ0nx4O9c+HkzAN/iu1FMgqilD9uQf0+ncKUTsLFUy0a+PU/S/p1jdkiKd/WjSRJChnOThjKEDFYSAJ99qmxT3pf5rCw7T1si7aq7qkTJWbVXaxVqtss9xsMnWlmk1TF1eIGxg/jBKiJ5UUnGDSxcxoMyZLkIDeP1fKvMgLkNBQVEH7Ay9QXSmuE5p40NyJG7sNFKP4n/h5q+1fAm0jcGDXI2slPrpaJBrabkGCVhNCx+xjtVgEfMi3mruhHiKFpBRZzpXrF1arzhmMt7/dfrfo0fuYTUZPUIv+WbTD6nafTTxK2KEZaLJOgkVtk/578C6JsC5HCbrHLaVaIO+iZhceoQKbOIAExu0EV17ky8k1U73ag9GRyb57xgnkjVZ47QbLUJUSIoWdVvSynQR+9GneazNEpnDzDsZxlFN4n+Q+l6Bt69Jzc8FvbGQ0RijXe0NMIKHVIfIb8sY9UvLDslieZ+UyWxZ3RVGdb6rV6g9IAfqau6zjJBWcfeMHkhjYTIs5E3cUWTwl5719b8/ED+4hY5euM/F2iCy2ekcCRdrmZBx9pOqsQAESIiMPcUrkkcXJCQ4U3RC+nN1jHK+dbfX2J/Qzc2VqKvfos13+KQ7/foydjj156ltwb49Om6HGWfFVvJStxUvQg196sjzHbZ7qp45cI6tu1uOtq/8hsyWV/D5F/NQOlvjBhXttt/n9OqYXw8tuxxNq3lEfiq91+vDidElp/2TI9EpKSlPzPVkKeIhqISEOfY/pKNmP4/h3AAAA//9P2vGJ1wcAAA",
              "objectset.rio.cattle.io/id": "helm-app",
              "objectset.rio.cattle.io/owner-gvk": "/v1, Kind=Secret",
              "objectset.rio.cattle.io/owner-name": "sh.helm.release.v1.test-chart-ch5.v1",
              "objectset.rio.cattle.io/owner-namespace": "default"
            },
            "chart_name": "ch5",
            "chart_version": "1.0.0",
            "cleanup_on_fail": false,
            "cluster_id": "local",
            "cluster_name": "local",
            "disable_hooks": false,
            "disable_open_api_validation": false,
            "force_upgrade": false,
            "id": "local.default/test-chart-ch5",
            "labels": {
              "objectset.rio.cattle.io/hash": "7b815f1e0ee99870f8529d23dd46a8c08a0f6f6b"
            },
            "name": "test-chart-ch5",
            "namespace": "default",
            "project_id": null,
            "repo_name": "test-repo",
            "timeouts": null,
            "values": null,
            "wait": true
          },
          "sensitive_attributes": [],
          "private": "eyJlMmJmYjczMC1lY2FhLTExZTYtOGY4OC0zNDM2M2JjN2M0YzAiOnsiY3JlYXRlIjo2MDAwMDAwMDAwMDAsImRlbGV0ZSI6NjAwMDAwMDAwMDAwLCJ1cGRhdGUiOjYwMDAwMDAwMDAwMH19",
          "dependencies": [
            "data.rancher2_cluster.local",
            "rancher2_catalog_v2.mapps-helm-git-local"
          ]
        },
        {
          "index_key": "ch6",
          "schema_version": 0,
          "attributes": {
            "annotations": {
              "objectset.rio.cattle.io/applied": "H4sIAAAAAAAA/6RVUW/bNhD+K8TlcZQsKXaqCNhTOmzpsK1Ysj1s7cOZOltsKJIgT84CQ/99oOwmUbc2NeoHQz5L39333fdRe+iJsUVGaPaA1jpG1s7G9NOtP5DiSJwH7XKFzIZy7Ra6hQY6Mn2G3oP87H3u3lLItrs7aGCxK6X4Wdv2+xtSgfjFxyz2BA3ELk+d8kCGMFK+K3OmyJnqMKTvi3xXfhVW9KgSYEsbHAzDKEEFmsje6p4iY++hsYMxEgyuyXxRgg5jBw3U1aquNyu1WdNquVKrqq6XbVkVNS2r5Uq153R5UWzqInU7EppPD4f6p8NJmAb/nTYUyCqK0Py9B/T6TwpROwsNTLTXxqm739Ktr8kQT/9s0ESSoJzl4IyhAA2HgSTcaZsW96j/aQoP09YvV+26XNeYraqLIluukLLLV3SRlctXyyVuarq4rGB8P0qInlRScIJJFzOjzZhUIAG9f6qUeZEXIKGlqIL2B16gulJcJTRxr7kT13YbKEbxnfh1q+0/Am0rcGDXI2slPri1SDS03YIErSaEjtnHZrEIeJ9vNXfDeogUklJkOVeuX1itOmcw3vxx88OiR+9jNhk9QS36J9EOq9t9MvEoYYdmoMk6CRa1TfrvwbskQl2OEnSPW0q1QN5FzS48QAM2cQAJjNsJrlzm1eSaqd7swejIZN8+4QTyRiu8coNlaEoJkcJOK3reTgI/+DTvlRkiU7h+C+M4yim8j3KfS9B249Jzc8GvbWQ0RijXe0NMIGGjQ+TX5I17oOSHqqjOs7LKquK2KJrzy2a1/AtSgL7mLus4SQVn3/iBJAa202LOxC1FFo/JeWff2TPxk7vP2KXrTLwZIout3pFAkbY5GUcfqTorUICEyMhDnBJ5ZHFyggNFN4TPZ/cYxytnN3r7C/qZuTI1lXv02S7/GIf/P8ZOx5489S24N0enzVDjrPgiXsrW4jnowS89WZ7jto/1U0deI6tu1uONW/9HZksq+X2K+KkdLPG9C3fabvO7OqYXw/NuxxNq3lEfii91ev/sdElp/2jI9EpKSlP7I1kKeIhqISEOfY/pKNmP4/hvAAAA//+J1myg1wcAAA",
              "objectset.rio.cattle.io/id": "helm-app",
              "objectset.rio.cattle.io/owner-gvk": "/v1, Kind=Secret",
              "objectset.rio.cattle.io/owner-name": "sh.helm.release.v1.test-chart-ch6.v1",
              "objectset.rio.cattle.io/owner-namespace": "default"
            },
            "chart_name": "ch6",
            "chart_version": "1.0.0",
            "cleanup_on_fail": false,
            "cluster_id": "local",
            "cluster_name": "local",
            "disable_hooks": false,
            "disable_open_api_validation": false,
            "force_upgrade": false,
            "id": "local.default/test-chart-ch6",
            "labels": {
              "objectset.rio.cattle.io/hash": "82588f5cfbe545c52884d1208e4245cd3e960f80"
            },
            "name": "test-chart-ch6",
            "namespace": "default",
            "project_id": null,
            "repo_name": "test-repo",
            "timeouts": null,
            "values": null,
            "wait": true
          },
          "sensitive_attributes": [],
          "private": "eyJlMmJmYjczMC1lY2FhLTExZTYtOGY4OC0zNDM2M2JjN2M0YzAiOnsiY3JlYXRlIjo2MDAwMDAwMDAwMDAsImRlbGV0ZSI6NjAwMDAwMDAwMDAwLCJ1cGRhdGUiOjYwMDAwMDAwMDAwMH19",
          "dependencies": [
            "data.rancher2_cluster.local",
            "rancher2_catalog_v2.mapps-helm-git-local"
          ]
        },
        {
          "index_key": "ch7",
          "schema_version": 0,
          "attributes": {
            "annotations": {
              "objectset.rio.cattle.io/applied": "H4sIAAAAAAAA/6RVQW/jNhP9K8Tk+FGyJDuOLeA7ZYs2W7RdNGkP7e5hRI0tbiiSIEdOA0P/vaDsTeJtt1ljfTDksfRm3pv3qD30xNgiI9R7QGsdI2tnY/rpmo+kOBLnQbtcIbOhXLuZbqGGjkyfofcgv3ife7AUsu3uHmqY7UopftS2/f8tqUD86mMWe4IaYpenTnkgQxgp35U5U+RMdRjS91W+K78KK3pUCbClDQ6GYZSgAk1k73RPkbH3UNvBGAkGGzL/KUGHsYMaqvaqXa1WzaZYFvNq3i7WxbJsUZVqva7my7ZctpfLEsvU7UjodHo41D8fTsI0+K+0oUBWUYT6zz2g179TiNpZqGGi3Rin7n9Jt74hQzz9s0ETSYJyloMzhgLUHAaScK9tWtyT/ucpPExbX1yu52ozv8ro8rLJFk1TZKslUbauVriel1gtrhSMH0YJ0ZNKCk4w6eLEaCdMKpCA3j9XyrzIC5DQUlRB+wMvUF0prhOaeNDciRu7DRSj+J/4eavtXwJtK3Bg1yNrJT66RiQa2m5BglYTQsfsYz2bBXzIt5q7oRkihaQUWc6V62dWq84ZjLe/3X4369H7mE1GT1Cz/lm0w+p2n008StihGWiyToJFbZP+e/AuibAqRwm6xy2lWiDvomYXHqEGmziABMbtBFcu8mpyzVSv92B0ZLLvnnECeaMVXrvBMtSlhEhhpxW9bCeBH32a99oMkSncvINxHOUU3ie55xK03bj03KngNzYyGiOU670hJpCw0SHyG/LGPVLyQ1VU86yssqq4K4p6vq4vF39ACtDX3GUdJ6ng4hs/kMTAdlrMhbijyOIpOe/te3shfnAPGbt0nYm3Q2Sx1TsSKNI2J+PoI1VnBQqQEBl5iFMijyzOTnCg6Ibw5ewe43jt7EZvf0J/Yq5MTeUefbbLP8Xh34+x87EnT30L7u3RaSeo8aT4Kl7K1uwl6MEvPVk+xW2f6ueO3CCr7qTHW9f8Q2ZLKvl9ivi5HSzxgwv32m7z+1VML4aX3Y4n1GlHfSi+1unDi9Mlpf2TIdMrKSlN7fdkKeAhqoWEOPQ9pqNkP47j3wEAAP//WYIk1tcHAAA",
              "objectset.rio.cattle.io/id": "helm-app",
              "objectset.rio.cattle.io/owner-gvk": "/v1, Kind=Secret",
              "objectset.rio.cattle.io/owner-name": "sh.helm.release.v1.test-chart-ch7.v1",
              "objectset.rio.cattle.io/owner-namespace": "default"
            },
            "chart_name": "ch7",
            "chart_version": "1.0.0",
            "cleanup_on_fail": false,
            "cluster_id": "local",
            "cluster_name": "local",
            "disable_hooks": false,
            "disable_open_api_validation": false,
            "force_upgrade": false,
            "id": "local.default/test-chart-ch7",
            "labels": {
              "objectset.rio.cattle.io/hash": "2d7d888bf060323d49061dac1c99236d16d561a1"
            },
            "name": "test-chart-ch7",
            "namespace": "default",
            "project_id": null,
            "repo_name": "test-repo",
            "timeouts": null,
            "values": null,
            "wait": true
          },
          "sensitive_attributes": [],
          "private": "eyJlMmJmYjczMC1lY2FhLTExZTYtOGY4OC0zNDM2M2JjN2M0YzAiOnsiY3JlYXRlIjo2MDAwMDAwMDAwMDAsImRlbGV0ZSI6NjAwMDAwMDAwMDAwLCJ1cGRhdGUiOjYwMDAwMDAwMDAwMH19",
          "dependencies": [
            "data.rancher2_cluster.local",
            "rancher2_catalog_v2.mapps-helm-git-local"
          ]
        },
        {
          "index_key": "ch8",
          "schema_version": 0,
          "attributes": {
            "annotations": {
              "objectset.rio.cattle.io/applied": "H4sIAAAAAAAA/6RVUW/bNhD+K8TlcZRsOY5rC9hTOmzpsK1Ysj1s7cOJOklsKJIgT84CQ/99oOwmUbc2DeoHQz5L39333fdRB+iJsUZGKA+A1jpG1s7G9NNVH0hxJM6DdrlCZkO5dgtdQwkdmT5D70F+9j53Zylk7f4WSljsCyl+1rb+/ppUIH72MYs9QQmxy1OnPJAhjJTvi5wpcqY6DOl7m++Lr8KKHlUCrKnBwTCMElSgieyN7iky9h5KOxgjwWBF5osSdBg7KGFTY1PV27pAtVwWr4iKi2qz22y2m1VV7y5Wq+ai3q2qOnU7EZpPD8f6p8NJmAb/nRoKZBVFKP8+AHr9J4WonYUSJtqVcer2t3TrazLE0z8NmkgSlLMcnDEUoOQwkIRbbdPiHvR/mcLDtPVmUzTn2FTZtio22VqpOtstX60zta1pvd7hdrurYHw/SoieVFJwgkkXM6PNmKxAAnr/WCnyZb4ECTVFFbQ/8gLVFeIyoYk7zZ24sm2gGMV34tdW238E2lrgwK5H1kp8cJVINLRtQYJWE0LH7GO5WAS8y1vN3VANkUJSiiznyvULq1XnDMbrP65/WPTofcwmoyeoRf8o2nF1+08mHiXs0Qw0WSfBorZJ/wN4l0TYFqME3WNLqRbIu6jZhXsowSYOIIGxneCKdb6aXDPVywMYHZns20ecQN5ohZdusAxlISFS2GtFT9tJ4Huf5r00Q2QKV29hHEc5hfdB7nMJ2jYuPTcX/MpGRmOEcr03xAQSGh0ivyZv3D0lP6yWq/OsWGWr5c1yWZ7vyov1X5AC9DV3WcdJKjj7xg8kMbCeFnMmbiiyeEjOO/vOnomf3F3GLl1n4s0QWbR6TwJF2uZkHH2i6qxAARIiIw9xSuSJxYsTHCi6IXw+u6c4Xjrb6PYX9DNzZWoq9+izff4xDv9/jL0ce/LUt+Ben5w2Q42z4rN4KVuLp6BHv/RkeY5bP9RfOnKFrLpZjzeu+o/MllTy+xTxl3awxHcu3Grb5rfbmF4MT7udTqh5R30sPtfp/ZPTJaX9oyHTKykpTfWPZCngMapLCXHoe0xHyWEcx38DAAD//yfawhnXBwAA",
              "objectset.rio.cattle.io/id": "helm-app",
              "objectset.rio.cattle.io/owner-gvk": "/v1, Kind=Secret",
              "objectset.rio.cattle.io/owner-name": "sh.helm.release.v1.test-chart-ch8.v1",
              "objectset.rio.cattle.io/owner-namespace": "default"
            },
            "chart_name": "ch8",
            "chart_version": "1.0.0",
            "cleanup_on_fail": false,
            "cluster_id": "local",
            "cluster_name": "local",
            "disable_hooks": false,
            "disable_open_api_validation": false,
            "force_upgrade": false,
            "id": "local.default/test-chart-ch8",
            "labels": {
              "objectset.rio.cattle.io/hash": "6dafbd8d1ac0017ee15b6966862bd9522f5d92bd"
            },
            "name": "test-chart-ch8",
            "namespace": "default",
            "project_id": null,
            "repo_name": "test-repo",
            "timeouts": null,
            "values": null,
            "wait": true
          },
          "sensitive_attributes": [],
          "private": "eyJlMmJmYjczMC1lY2FhLTExZTYtOGY4OC0zNDM2M2JjN2M0YzAiOnsiY3JlYXRlIjo2MDAwMDAwMDAwMDAsImRlbGV0ZSI6NjAwMDAwMDAwMDAwLCJ1cGRhdGUiOjYwMDAwMDAwMDAwMH19",
          "dependencies": [
            "data.rancher2_cluster.local",
            "rancher2_catalog_v2.mapps-helm-git-local"
          ]
        },
        {
          "index_key": "ch9",
          "schema_version": 0,
          "attributes": {
            "annotations": {
              "objectset.rio.cattle.io/applied": "H4sIAAAAAAAA/6RVwW7bRhD9FWJ87JIiKSmSCPTkFK1TtA1qt4c2OQyXQ3Hj5e5idyjXEPjvxVKKbaZNHCM6CNSIfDPvzXvLI/TE2CAjVEdAYywjK2tC/GnrDyQ5EGde2Uwis6ZM2YVqoIKOdJ+icyA+e5+9M+TT/eEWKlgcCpH8rEzz/TVJT/zsYwZ7ggpCl8VOmSdNGCg7FBlT4FR26OP3LjsUX4UVHMoI2FCLg2YYBUhPE9kb1VNg7B1UZtBagMaa9Bcl6DB0UMG6yVdFUex2bUnrbZ0vabPerMvVq13ZLnGDmxzLul5i7HYmNJ8eTvVPhxMwDf47teTJSApQ/X0EdOpP8kFZAxVMtGtt5e1v8dbXpImnf1rUgQRIa9hbrclDxX4gAbfKxMU96P8yhYdp61ta7zZYNGnbSExX5epVWhfbZZqvlmVL2yZvN0sY348CgiMZFZxg4sXMaDMmJQhA5x4rRZZnOQhoKEiv3IkXyK5ILiNacqe4S67M3lMIyXfJr3tl/knQNAkObHtkJZMPtk4iDWX2IEDJCaFjdqFaLDzeZXvF3VAPgXxUigxn0vYLo2RnNYbrP65/WPToXEgno0eoRf8o2ml1h08mHgUcUA80WSfCojJR/yM4G0XYFqMA1eOeYs2Ts0Gx9fdQgYkcQADjfoIrVlk5uWaqV0fQKjCZt484npxWEi/tYBiqQkAgf1CSnrYTwPcuznuph8Dkr97COI5iCu+D3EsByrQ2PjcX/MoERq0TaXuniQkEtMoHfk1O23uKfijzcpkWZVrmN3leLXfVevUXxAB9zV3GcpQKLr7xA1EMbKbFXCQ3FDh5SM47885cJD/Zu5RtvE6TN0PgZK8OlGAStzkZR52pWpNgAgICIw9hSuSZxYsT7CnYwX8+u+c4XlrTqv0v6GbmSuVU7tGlh+xjHP7/GHs59uSpb8G9PjtthhpmxWfxYrYWT0FPfunJ8By3eai/dOQaWXazHm9s/R+ZDcno9yniL+1giO+sv1Vmn91uQ3wxPO12PqHmHdWp+Fyn909Ol5j2j4aMr6SoNDU/kiGPp6jmAsLQ9xiPkuM4jv8GAAD//4lu0EDXBwAA",
              "objectset.rio.cattle.io/id": "helm-app",
              "objectset.rio.cattle.io/owner-gvk": "/v1, Kind=Secret",
              "objectset.rio.cattle.io/owner-name": "sh.helm.release.v1.test-chart-ch9.v1",
              "objectset.rio.cattle.io/owner-namespace": "default"
            },
            "chart_name": "ch9",
            "chart_version": "1.0.0",
            "cleanup_on_fail": false,
            "cluster_id": "local",
            "cluster_name": "local",
            "disable_hooks": false,
            "disable_open_api_validation": false,
            "force_upgrade": false,
            "id": "local.default/test-chart-ch9",
            "labels": {
              "objectset.rio.cattle.io/hash": "5d0411199f2e58b03e757524692f3a7a70a2bb3a"
            },
            "name": "test-chart-ch9",
            "namespace": "default",
            "project_id": null,
            "repo_name": "test-repo",
            "timeouts": null,
            "values": null,
            "wait": true
          },
          "sensitive_attributes": [],
          "private": "eyJlMmJmYjczMC1lY2FhLTExZTYtOGY4OC0zNDM2M2JjN2M0YzAiOnsiY3JlYXRlIjo2MDAwMDAwMDAwMDAsImRlbGV0ZSI6NjAwMDAwMDAwMDAwLCJ1cGRhdGUiOjYwMDAwMDAwMDAwMH19",
          "dependencies": [
            "data.rancher2_cluster.local",
            "rancher2_catalog_v2.mapps-helm-git-local"
          ]
        }
      ]
    },
    {
      "mode": "managed",
      "type": "rancher2_app_v2",
      "name": "installed-apps-local-project",
      "provider": "provider[\"registry.terraform.io/rancher/rancher2\"]",
      "instances": [
        {
          "index_key": "ch10",
          "schema_version": 0,
          "attributes": {
            "annotations": {
              "objectset.rio.cattle.io/applied": "H4sIAAAAAAAA/6xVTW/jNhD9K8TkWEqWZCdOBPSULdps0XbRpD20u4cRNZa4oUiCHDkNDP33gorz4RSbpunmEMgj6T2+N29GOxiIsUVGqHeA1jpG1s7G9NM1n0lxJM6DdrlCZkO5dgvdQg09mSFD70F+8Tl3Yylk3fYaalhsSyl+1Lb99pJUIP7X1ywOBDXEPk9MeSBDGCnfljlT5Ez1GNL/ssi35avAokeVEB+uM+MUGpgkqECz6is9UGQcPNR2NEaCwYbMi170GHuo4bjanKyrploX6+PTRp2UZ22xOlm16gyb9XJ5um5Us1LLVWLbK3smAyS8dEoJs5JfaUOBrKII9Z87QK9/pxC1s1DD7ENjnLr+JT36jgzxfGeDJpIE5SwHZwwFqDmMJOFa29TKh478R8/HOQjH1WpVUlNkx2dYZqs1FdmpwmV2VhTLk/W6OVuXCNOnSUL0pJKXM066OMjegZQKJKD3j5UyL/LkUUtRBe3vhIHqS3Ge0MSN5l5c2C5QjOIb8XOn7V8CbStwZDcgayU+u0YkHdp2IEGrGaFn9rFeLALe5J3mfmzGSCFZRZZz5YaF1ap3BuPlb5ffLQb0PmZz9hPUYnh0bd/E7bMjTxK2aEaaU5RwUdvUgR14l1w4LScJesCOUi2Qd1GzC7cpA0kESGDsZrhylVdzgOZ6vQOjI5P98IgTyBut8NyNlqEuJUQKW63oKZ0EvvXpwOdmjEzh4gNM0yTngX7weylB241L7x06fmEjozFCucEbYgIJGx0ivyNv3C2lQFRFtczKKquKq6KoV0VdHf8BaZZe85R1nKyCo//5B8kMbOfOHIkriiweZuej/WiPxA/uJmOXrjPxfowsOr0lgSK1c06O3kt1VqAACZGRx3S29l7F24c5UHRj+PIY7yfz3NmN7n5CfxizTM31AX22ze8n4+Ud9waSOWZfg+ByH8JD+HhQfTVwGsDFU/S7TA1k+RlB+3DjrSIaZNUfkL13zT9bYUml6Zg3wlupLPGNC9fadvn1aUxflqe0+8X2jFrfVV9L+enJckrL4j7P6eOWmkHt92Qp4N2kFxLiOAyYNtFumqa/AwAA//8nZTIwKggAAA",
              "objectset.rio.cattle.io/id": "helm-app",
              "objectset.rio.cattle.io/owner-gvk": "/v1, Kind=Secret",
              "objectset.rio.cattle.io/owner-name": "sh.helm.release.v1.test-chart-ch10.v1",
              "objectset.rio.cattle.io/owner-namespace": "namespace-local"
            },
            "chart_name": "ch10",
            "chart_version": "1.0.0",
            "cleanup_on_fail": false,
            "cluster_id": "local",
            "cluster_name": "local",
            "disable_hooks": false,
            "disable_open_api_validation": false,
            "force_upgrade": false,
            "id": "local.namespace-local/test-chart-ch10",
            "labels": {
              "objectset.rio.cattle.io/hash": "52f672b270758bc619d0464dc9ab73387bcb4c34"
            },
            "name": "test-chart-ch10",
            "namespace": "namespace-local",
            "project_id": null,
            "repo_name": "test-repo",
            "timeouts": null,
            "values": null,
            "wait": true
          },
          "sensitive_attributes": [],
          "private": "eyJlMmJmYjczMC1lY2FhLTExZTYtOGY4OC0zNDM2M2JjN2M0YzAiOnsiY3JlYXRlIjo2MDAwMDAwMDAwMDAsImRlbGV0ZSI6NjAwMDAwMDAwMDAwLCJ1cGRhdGUiOjYwMDAwMDAwMDAwMH19",
          "dependencies": [
            "data.rancher2_cluster.local",
            "rancher2_catalog_v2.mapps-helm-git-local",
            "rancher2_namespace.namespace-local",
            "rancher2_project.project-local"
          ]
        },
        {
          "index_key": "ch11",
          "schema_version": 0,
          "attributes": {
            "annotations": {
              "objectset.rio.cattle.io/applied": "H4sIAAAAAAAA/6xVwW7jNhD9FWL2WEqWZKfxCugpW7TZou2iSXtodw8jaixxQ5EEObIbGPr3gorjxCk2TdPmEMgj6T2+N29GexiIsUVGqPeA1jpG1s7G9NM1n0lxJM6DdrlCZkO5dgvdQg09mSFD70F+8Tm3sxSybnsDNSy2pRQ/aNt+c0UqEP/jaxYHghpinyemPJAhjJRvy5wpcqZ6DOl/Webb8kVg0aNKiMfrzDiFBiYJKtCs+loPFBkHD7UdjZFgsCHzrBc9xh5qUFW7VE3RrldEZ6uNUmpVnm2qYv32nJZV0a5Uq75+2y4T20HZExkg4blTSpiV/EIbCmQVRaj/2AN6/RuFqJ2FGmYfGuPUzc/p0XdkiOc7GzSRJChnOThjKEDNYSQJN9qmVh478i89H+cglO26XJ4vm+y8XG2yVVNssqZcqqxaL8+rRpW0UmcwfZokRE8qeTnjpIuT7J1IqUACev9QKfMiL0BCS1EF7e+EgepLcZHQxE5zLy5tFyhG8ZX4qdP2T4G2FTiyG5C1Ep9dI5IObTuQoNWM0DP7WC8WAXd5p7kfmzFSSFaR5Vy5YWG16p3BePXr1beLAb2P2Zz9BLUYHlw7NHH75MiThC2akeYUJVzUNnVgD94lF9blJEEP2FGqBfIuanbhNmUgiQAJjN0MV67yag7QXK/3YHRksh8ecAJ5oxVeuNEy1KWESGGrFT2mk8C3Ph34woyRKVx+gGma5DzQR7+XErTduPTeqeOXNjIaI5QbvCEmkLDRIfI78sbdUgpEVVTLrKyyqrguinpV1EX1O6RZeslT1nGyCt78xz9IZmA7d+aNuKbI4jg7H+1H+0Z873YZu3SdifdjZNHpLQkUqZ1zcvRBqrMCBUiIjDyms7X3Kl4/zIGiG8OXx/gwmRfObnT3I/rTmGVqrg/os21+PxnP77hXkMwx+z8Irg4hPIWPJ9UXA6cBXDxGv8vUQJafELTHG68V0SCr/oTsvWv+3gpLKk3HvBFeS2WJdy7caNvlN+uYviyPaQ+L7Qm1vqu+lPLTo+WUlsV9ntPHLTWD2u/IUsC7SS8kxHEYMG2i/TRNfwUAAP//D9NqSioIAAA",
              "objectset.rio.cattle.io/id": "helm-app",
              "objectset.rio.cattle.io/owner-gvk": "/v1, Kind=Secret",
              "objectset.rio.cattle.io/owner-name": "sh.helm.release.v1.test-chart-ch11.v1",
              "objectset.rio.cattle.io/owner-namespace": "namespace-local"
            },
            "chart_name": "ch11",
            "chart_version": "1.0.0",
            "cleanup_on_fail": false,
            "cluster_id": "local",
            "cluster_name": "local",
            "disable_hooks": false,
            "disable_open_api_validation": false,
            "force_upgrade": false,
            "id": "local.namespace-local/test-chart-ch11",
            "labels": {
              "objectset.rio.cattle.io/hash": "c2d3cb0d84ee54fccc415f20897e320d4cdc69d3"
            },
            "name": "test-chart-ch11",
            "namespace": "namespace-local",
            "project_id": null,
            "repo_name": "test-repo",
            "timeouts": null,
            "values": null,
            "wait": true
          },
          "sensitive_attributes": [],
          "private": "eyJlMmJmYjczMC1lY2FhLTExZTYtOGY4OC0zNDM2M2JjN2M0YzAiOnsiY3JlYXRlIjo2MDAwMDAwMDAwMDAsImRlbGV0ZSI6NjAwMDAwMDAwMDAwLCJ1cGRhdGUiOjYwMDAwMDAwMDAwMH19",
          "dependencies": [
            "data.rancher2_cluster.local",
            "rancher2_catalog_v2.mapps-helm-git-local",
            "rancher2_namespace.namespace-local",
            "rancher2_project.project-local"
          ]
        },
        {
          "index_key": "ch12",
          "schema_version": 0,
          "attributes": {
            "annotations": {
              "objectset.rio.cattle.io/applied": "H4sIAAAAAAAA/6xVTW/jNhD9K8TkWEqWFOfDAnrKFm22aLto0h7a3cOIGkvcUCRBjpwGhv57QcVx4hSbpunmEMgj6T2+N29GWxiIsUVGqLeA1jpG1s7G9NM1n0lxJM6DdrlCZkO5dgvdQg09mSFD70F+8Tl3aylk3eYGalhsSil+1Lb99opUIP7X1ywOBDXEPk9MeSBDGCnflDlT5Ez1GNL/sso35avAokeVEPfXmXEKDUwSVKBZ9bUeKDIOHmo7GiPBYEPmRS96jD3UcLxenqrlabUuCVeqOqezhlZtq8qmXNFJcbKszpbnWK0S207ZMxkg4aVTSpiV/EprCmQVRaj/3AJ6/TuFqJ2FGmYfGuPUzS/p0XdkiOc7azSRJChnOThjKEDNYSQJN9qmVu478h89H+cgqLOT1TEt20ytVk22rNQ6wxMsstNmdVISLk+XqwKmT5OE6EklL2ecdHGQvQMpyQ70/rFS5kVegISWogra3wsD1ZfiIqGJW829uLRdoBjFN+LnTtu/BNpW4MhuQNZKfHaNSDq07UCCVjNCz+xjvVgEvM07zf3YjJFCsoos58oNC6tV7wzGq9+uvlsM6H3M5uwnqMXw6NquiZtnR54kbNCMNKco4aK2qQNb8C65cF5OEvSAHaVaIO+iZhfuUgaSCJDA2M1w5TKv5gDN9XoLRkcm++ERJ5A3WuGFGy1DXUqIFDZa0VM6CXzn04EvzBiZwuUHmKZJzgO99/tYgrZrl947dPzSRkZjhHKDN8QEEtY6RH5H3rg7SoGoiuo4K6usKq6Lol4Wdbn6A9IsveYp6zhZBUf/8w+SGdjOnTkS1xRZ7Gfno/1oj8QP7jZjl64z8X6MLDq9IYEitXNOjt5JdVagAAmRkcd0tvZBxduHOVB0Y/jyGO8m88LZte5+Qn8Ys0zN9QF9tskfJuPlHfcGkjlmX4PgahfCQ/h4UH01cBrAxVP0+0wNZPkZQbu/8VYRDbLqD8jeu+afrbCk0nTMG+GtVJb41oUbbbv85jymL8tT2t1ie0at76uvpfz0ZDmlZfGQ5/RxS82g9nuyFPB+0gsJcRwGTJtoO03T3wEAAP//xZu4ASoIAAA",
              "objectset.rio.cattle.io/id": "helm-app",
              "objectset.rio.cattle.io/owner-gvk": "/v1, Kind=Secret",
              "objectset.rio.cattle.io/owner-name": "sh.helm.release.v1.test-chart-ch12.v1",
              "objectset.rio.cattle.io/owner-namespace": "namespace-local"
            },
            "chart_name": "ch12",
            "chart_version": "1.0.0",
            "cleanup_on_fail": false,
            "cluster_id": "local",
            "cluster_name": "local",
            "disable_hooks": false,
            "disable_open_api_validation": false,
            "force_upgrade": false,
            "id": "local.namespace-local/test-chart-ch12",
            "labels": {
              "objectset.rio.cattle.io/hash": "3f46c462f1ea9c28e7be9ddc1b19e50542748a29"
            },
            "name": "test-chart-ch12",
            "namespace": "namespace-local",
            "project_id": null,
            "repo_name": "test-repo",
            "timeouts": null,
            "values": null,
            "wait": true
          },
          "sensitive_attributes": [],
          "private": "eyJlMmJmYjczMC1lY2FhLTExZTYtOGY4OC0zNDM2M2JjN2M0YzAiOnsiY3JlYXRlIjo2MDAwMDAwMDAwMDAsImRlbGV0ZSI6NjAwMDAwMDAwMDAwLCJ1cGRhdGUiOjYwMDAwMDAwMDAwMH19",
          "dependencies": [
            "data.rancher2_cluster.local",
            "rancher2_catalog_v2.mapps-helm-git-local",
            "rancher2_namespace.namespace-local",
            "rancher2_project.project-local"
          ]
        },
        {
          "index_key": "ch13",
          "schema_version": 0,
          "attributes": {
            "annotations": {
              "objectset.rio.cattle.io/applied": "H4sIAAAAAAAA/6xVTW/jNhD9K8TkWEqWFDsfAnrKFm22aLto0h7a3cOYGkncUCRBjpwGhv57QcVx4hSbpunmEMgj6T2+N29GWxiIsUFGqLeA1jpG1s7G9NOtP5PiSJwH7XKFzIZy7Ra6gRp6MkOG3oP84nPu1lLIus0N1LDYlFL8qG3z7RWpQPyvr1kcCGqIfZ6Y8kCGMFK+KXOmyJnqMaT/5XG+KV8FFj2qhLi/zoxTaGCSoALNqq/1QJFx8FDb0RgJBtdkXvSix9hDDaogVBU1Da6wOW+LVVEdV7QslmfLk7bC6mzdltVJ1SS2nbJnMkDCS6eUMCv5lVoKZBVFqP/cAnr9O4WonYUaZh/WxqmbX9Kj78gQz3daNJEkKGc5OGMoQM1hJAk32qZW7jvyHz0f5yC0bXG6ouokQzpV2bJctdnZ+UpllVqdI562ZXtCMH2aJERPKnk546SLg+wdSKlAAnr/WCnzIi9AQkNRBe3vhYHqS3GR0MSt5l5c2i5QjOIb8XOn7V8CbSNwZDcgayU+u7VIOrTtQIJWM0LP7GO9WAS8zTvN/bgeI4VkFVnOlRsWVqveGYxXv119txjQ+5jN2U9Qi+HRtV0TN8+OPEnYoBlpTlHCRW1TB7bgXXLhrJwk6AE7SrVA3kXNLtylDCQRIIGxm+HKZV7NAZrr9RaMjkz2wyNOIG+0wgs3Woa6lBApbLSip3QS+M6nA1+YMTKFyw8wTZOcB3rv97EEbVuX3jt0/NJGRmOEcoM3xAQSWh0ivyNv3B2lQFRFdZyVVVYV10VRL4u6qv6ANEuveco6TlbB0f/8g2QGNnNnjsQ1RRb72floP9oj8YO7zdil60y8HyOLTm9IoEjtnJOjd1KdFShAQmTkMZ2teVDx9mEOFN0YvjzGu8m8cLbV3U/oD2OWqbk+oM82+cNkvLzj3kAyx+xrEFztQngIHw+qrwZOA7h4in6fqYEsPyNo9jfeKmKNrPoDsvdu/c9WWFJpOuaN8FYqS3zrwo22XX5zFtOX5SntbrE9o9b31ddSfnqynNKyeMhz+rilZlDzPVkKeD/phYQ4DgOmTbSdpunvAAAA//+IkPzUKggAAA",
              "objectset.rio.cattle.io/id": "helm-app",
              "objectset.rio.cattle.io/owner-gvk": "/v1, Kind=Secret",
              "objectset.rio.cattle.io/owner-name": "sh.helm.release.v1.test-chart-ch13.v1",
              "objectset.rio.cattle.io/owner-namespace": "namespace-local"
            },
            "chart_name": "ch13",
            "chart_version": "1.0.0",
            "cleanup_on_fail": false,
            "cluster_id": "local",
            "cluster_name": "local",
            "disable_hooks": false,
            "disable_open_api_validation": false,
            "force_upgrade": false,
            "id": "local.namespace-local/test-chart-ch13",
            "labels": {
              "objectset.rio.cattle.io/hash": "c0eac2edda5ad9f050232e404846f2a28bf1262d"
            },
            "name": "test-chart-ch13",
            "namespace": "namespace-local",
            "project_id": null,
            "repo_name": "test-repo",
            "timeouts": null,
            "values": null,
            "wait": true
          },
          "sensitive_attributes": [],
          "private": "eyJlMmJmYjczMC1lY2FhLTExZTYtOGY4OC0zNDM2M2JjN2M0YzAiOnsiY3JlYXRlIjo2MDAwMDAwMDAwMDAsImRlbGV0ZSI6NjAwMDAwMDAwMDAwLCJ1cGRhdGUiOjYwMDAwMDAwMDAwMH19",
          "dependencies": [
            "data.rancher2_cluster.local",
            "rancher2_catalog_v2.mapps-helm-git-local",
            "rancher2_namespace.namespace-local",
            "rancher2_project.project-local"
          ]
        },
        {
          "index_key": "ch14",
          "schema_version": 0,
          "attributes": {
            "annotations": {
              "objectset.rio.cattle.io/applied": "H4sIAAAAAAAA/6xVTW/jNhD9K8TkWEqWHMVxBPSULdps0XbRpD20u4cRNZa4oUiCHDkNDP33gorz4RSbpunmEMgj6T2+N29GOxiIsUVGqHeA1jpG1s7G9NM1n0lxJM6DdrlCZkO5dgvdQg09mSFD70F+8Tl3Yylk3fYaalhsSyl+1Lb99pJUIP7X1ywOBDXEPk9MeSBDGCnfljlT5Ez1GNL/ssq35avAokeVEB+uM+MUGpgkqECz6is9UGQcPNR2NEaCwYbMi170GHuoQVVnx0VBp6ptq5OVIrVaravN8eaUzpqz5eZ0VbVVc1KWiW2v7JkMkPDSKSXMSn6lDQWyiiLUf+4Avf6dQtTOQg2zD41x6vqX9Og7MsTznQ2aSBKUsxycMRSg5jCShGttUysfOvIfPR/nIGxaalaFqrKmWFNWnbQn2dnmuMxo3ZBaY7mulgVMnyYJ0ZNKXs446eIgewdSliABvX+slHmRFyChpaiC9nfCQPWlOE9o4kZzLy5sFyhG8Y34udP2L4G2FTiyG5C1Ep9dI5IObTuQoNWM0DP7WC8WAW/yTnM/NmOkkKwiy7lyw8Jq1TuD8fK3y+8WA3ofszn7CWoxPLq2b+L22ZEnCVs0I80pSrioberADrxLLqzLSYIesKNUC+Rd1OzCbcpAEgESGLsZrqzy5RyguV7vwOjIZD884gTyRis8d6NlqEsJkcJWK3pKJ4FvfTrwuRkjU7j4ANM0yXmgH/w+lqDtxqX3Dh2/sJHRGKHc4A0xgYSNDpHfkTfullIglsXyOCuX2bK4Koq6Kupi9QekWXrNU9ZxsgqO/ucfJDOwnTtzJK4osniYnY/2oz0SP7ibjF26zsT7MbLo9JYEitTOOTl6L9VZgQIkREYe09naexVvH+ZA0Y3hy2O8n8xzZze6+wn9YcwyNdcH9Nk2v5+Ml3fcG0jmmH0Ngst9CA/h40H11cBpABdP0e8yNZDlZwTtw423imiQVX9A9t41/2yFJZWmY94Ib6WyxDcuXGvb5dfrmL4sT2n3i+0Ztb6rvpby05PllJbFfZ7Txy01g9rvyVLAu0kvJMRxGDBtot00TX8HAAD//xSBvU0qCAAA",
              "objectset.rio.cattle.io/id": "helm-app",
              "objectset.rio.cattle.io/owner-gvk": "/v1, Kind=Secret",
              "objectset.rio.cattle.io/owner-name": "sh.helm.release.v1.test-chart-ch14.v1",
              "objectset.rio.cattle.io/owner-namespace": "namespace-local"
            },
            "chart_name": "ch14",
            "chart_version": "1.0.0",
            "cleanup_on_fail": false,
            "cluster_id": "local",
            "cluster_name": "local",
            "disable_hooks": false,
            "disable_open_api_validation": false,
            "force_upgrade": false,
            "id": "local.namespace-local/test-chart-ch14",
            "labels": {
              "objectset.rio.cattle.io/hash": "c49300e7cdd456cec6684f3f7e9b92f764d4b511"
            },
            "name": "test-chart-ch14",
            "namespace": "namespace-local",
            "project_id": null,
            "repo_name": "test-repo",
            "timeouts": null,
            "values": null,
            "wait": true
          },
          "sensitive_attributes": [],
          "private": "eyJlMmJmYjczMC1lY2FhLTExZTYtOGY4OC0zNDM2M2JjN2M0YzAiOnsiY3JlYXRlIjo2MDAwMDAwMDAwMDAsImRlbGV0ZSI6NjAwMDAwMDAwMDAwLCJ1cGRhdGUiOjYwMDAwMDAwMDAwMH19",
          "dependencies": [
            "data.rancher2_cluster.local",
            "rancher2_catalog_v2.mapps-helm-git-local",
            "rancher2_namespace.namespace-local",
            "rancher2_project.project-local"
          ]
        },
        {
          "index_key": "ch15",
          "schema_version": 0,
          "attributes": {
            "annotations": {
              "objectset.rio.cattle.io/applied": "H4sIAAAAAAAA/6xVwW7jNhD9FWJyLCVLthM7AnrKFm22aLto0h7a3cOIGkvcUCRBjpwGhv69oOI4cYpN03RzCOSR9B7fmzejHfTE2CAjVDtAax0ja2dj+unqz6Q4EudBu1whs6Fcu5luoIKOTJ+h9yC/+Jy7tRSydnsDFcy2pRQ/att8e0UqEP/raxZ7ggpilyemPJAhjJRvy5wpcqY6DOl/eZpvy1eBRY8qIR6uM+MUGhglqECT6mvdU2TsPVR2MEaCwZrMi150GDuooFjWZ2p93mwWq+KcFut6flquT9frxapZbebr5myFVCyxTGx7Zc9kgISXTilhUvIrbSiQVRSh+nMH6PXvFKJ2FiqYfKiNUze/pEffkSGe7mzQRJKgnOXgjKEAFYeBJNxom1p56Mh/9HyYglDPG7VqTtfZ6YJUtsRVka1xuck2ZyWd14jULOcwfholRE8qeTnhpIuj7B1JmYME9P6xUuZFXoCEhqIK2t8LA9WV4iKhiVvNnbi0baAYxTfi51bbvwTaRuDArkfWSnx2tUg6tG1BglYTQsfsYzWbBbzNW83dUA+RQrKKLOfK9TOrVecMxqvfrr6b9eh9zKbsJ6hZ/+javonbZ0ceJWzRDDSlKOGitqkDO/AuubAuRwm6x5ZSLZB3UbMLdykDSQRIYGwnuHKZz6cATfVqB0ZHJvvhESeQN1rhhRssQ1VKiBS2WtFTOgl859OBL8wQmcLlBxjHUU4DffB7IUHbjUvvHTt+aSOjMUK53htiAgkbHSK/I2/cHaVAzIv5Iivn2by4LopqWVTl8g9Is/Sap6zjZBWc/M8/SGZgM3XmRFxTZHGYnY/2oz0RP7jbjF26zsT7IbJo9ZYEitTOKTl6L9VZgQIkREYe0tmaBxVvH+ZA0Q3hy2O8n8wLZze6/Qn9ccwyNdV79Nk2f5iMl3fcG0immH0Ngqt9CI/h41H11cBpAGdP0e8z1ZPlZwTN4cZbRdTIqjsie+/qf7bCkkrTMW2Et1JZ4lsXbrRt85t1TF+Wp7T7xfaMWt9XX0v56clySsviIc/p45aaQc33ZCng/aQXEuLQ95g20W4cx78DAAD//wigphsqCAAA",
              "objectset.rio.cattle.io/id": "helm-app",
              "objectset.rio.cattle.io/owner-gvk": "/v1, Kind=Secret",
              "objectset.rio.cattle.io/owner-name": "sh.helm.release.v1.test-chart-ch15.v1",
              "objectset.rio.cattle.io/owner-namespace": "namespace-local"
            },
            "chart_name": "ch15",
            "chart_version": "1.0.0",
            "cleanup_on_fail": false,
            "cluster_id": "local",
            "cluster_name": "local",
            "disable_hooks": false,
            "disable_open_api_validation": false,
            "force_upgrade": false,
            "id": "local.namespace-local/test-chart-ch15",
            "labels": {
              "objectset.rio.cattle.io/hash": "04b6c89df3709e38b251858837d7f28d67ae04a1"
            },
            "name": "test-chart-ch15",
            "namespace": "namespace-local",
            "project_id": null,
            "repo_name": "test-repo",
            "timeouts": null,
            "values": null,
            "wait": true
          },
          "sensitive_attributes": [],
          "private": "eyJlMmJmYjczMC1lY2FhLTExZTYtOGY4OC0zNDM2M2JjN2M0YzAiOnsiY3JlYXRlIjo2MDAwMDAwMDAwMDAsImRlbGV0ZSI6NjAwMDAwMDAwMDAwLCJ1cGRhdGUiOjYwMDAwMDAwMDAwMH19",
          "dependencies": [
            "data.rancher2_cluster.local",
            "rancher2_catalog_v2.mapps-helm-git-local",
            "rancher2_namespace.namespace-local",
            "rancher2_project.project-local"
          ]
        },
        {
          "index_key": "ch16",
          "schema_version": 0,
          "attributes": {
            "annotations": {
              "objectset.rio.cattle.io/applied": "H4sIAAAAAAAA/6xVTW/jNhD9K8TkWEqW/JHYAnrKFm22aLto0h7a3cOIGlncUCRBjpwGhv57QcX5cIpN03RzCOSR9B7fmzejPfTE2CAjVHtAax0ja2dj+unqz6Q4EudBu1whs6Fcu5luoIKOTJ+h9yC/+Jy7sRSy7e4aKpjtSil+1Lb59pJUIP7X1yz2BBXELk9MeSBDGCnflTlT5Ex1GNL/8jTfla8Cix5VQny4zoxTaGCUoAJNqq90T5Gx91DZwRgJBmsyL3rRYeyggmXTLNb1oj1t1+0GC8JGrdbLzdmmXlIxp2VTr+t21cwT20HZMxkg4aVTSpiU/EotBbKKIlR/7gG9/p1C1M5CBZMPtXHq+pf06DsyxNOdFk0kCcpZDs4YClBxGEjCtbaplQ8d+Y+eD1MQNvOy2czXq+xUbc6yZbNaZIirs6xom3WzXmC7olMYP40SoieVvJxw0sVR9o6kzEECev9YKfMiL0BCQ1EF7e+EgepKcZ7QxI3mTlzYbaAYxTfi5622fwm0jcCBXY+slfjsapF0aLsFCVpNCB2zj9VsFvAm32ruhnqIFJJVZDlXrp9ZrTpnMF7+dvndrEfvYzZlP0HN+kfXDk3cPTvyKGGHZqApRQkXtU0d2IN3yYV1OUrQPW4p1QJ5FzW7cJsykESABMbtBFcu87sATfVqD0ZHJvvhESeQN1rhuRssQ1VKiBR2WtFTOgl869OBz80QmcLFBxjHUU4D/eD3QoK2rUvvHTt+YSOjMUK53htiAgmtDpHfkTfullIg5sV8kZXzbF5cFUW1LKpy9QekWXrNU9ZxsgpO/ucfJDOwmTpzIq4osniYnY/2oz0RP7ibjF26zsT7IbLY6h0JFKmdU3L0QaqzAgVIiIw8pLM19yrePsyBohvCl8f4MJnnzrZ6+xP645hlaqr36LNdfj8ZL++4N5BMMfsaBJeHEB7Dx6Pqq4HTAM6eot9lqifLzwiahxtvFVEjq+6I7L2r/9kKSypNx7QR3kpliW9cuNZ2m1+vY/qyPKU9LLZn1Pqu+lrKT0+WU1oW93lOH7fUDGq+J0sB7ya9kBCHvse0ifbjOP4dAAD//3hxq7MqCAAA",
              "objectset.rio.cattle.io/id": "helm-app",
              "objectset.rio.cattle.io/owner-gvk": "/v1, Kind=Secret",
              "objectset.rio.cattle.io/owner-name": "sh.helm.release.v1.test-chart-ch16.v1",
              "objectset.rio.cattle.io/owner-namespace": "namespace-local"
            },
            "chart_name": "ch16",
            "chart_version": "1.0.0",
            "cleanup_on_fail": false,
            "cluster_id": "local",
            "cluster_name": "local",
            "disable_hooks": false,
            "disable_open_api_validation": false,
            "force_upgrade": false,
            "id": "local.namespace-local/test-chart-ch16",
            "labels": {
              "objectset.rio.cattle.io/hash": "4dd38b3f6f8f9a0eadc584979b4e02e4db8bf5d2"
            },
            "name": "test-chart-ch16",
            "namespace": "namespace-local",
            "project_id": null,
            "repo_name": "test-repo",
            "timeouts": null,
            "values": null,
            "wait": true
          },
          "sensitive_attributes": [],
          "private": "eyJlMmJmYjczMC1lY2FhLTExZTYtOGY4OC0zNDM2M2JjN2M0YzAiOnsiY3JlYXRlIjo2MDAwMDAwMDAwMDAsImRlbGV0ZSI6NjAwMDAwMDAwMDAwLCJ1cGRhdGUiOjYwMDAwMDAwMDAwMH19",
          "dependencies": [
            "data.rancher2_cluster.local",
            "rancher2_catalog_v2.mapps-helm-git-local",
            "rancher2_namespace.namespace-local",
            "rancher2_project.project-local"
          ]
        },
        {
          "index_key": "ch17",
          "schema_version": 0,
          "attributes": {
            "annotations": {
              "objectset.rio.cattle.io/applied": "H4sIAAAAAAAA/6xVTW/jNhD9K8TkWEqWFCV2BPSULdps0XbRpD20u4cxNZa4oUiCHDkNDP33gorz4RSbpunmEMgj6T2+N29GOxiIsUVGaHaA1jpG1s7G9NOtP5PiSJwH7XKFzIZy7Ra6hQZ6MkOG3oP84nPuxlLIuu01NLDYllL8qG377SWpQPyvr1kcCBqIfZ6Y8kCGMFK+LXOmyJnqMaT/5TLflq8Cix5VQny4zoxTaGCSoALNqq/0QJFx8NDY0RgJBtdkXvSix9hDAyeVKo5XxSm1q/qkKNu2rk9bXNYVtat1uyEsi02t6jKx7ZU9kwESXjqlhFnJr7ShQFZRhObPHaDXv1OI2lloYPZhbZy6/iU9+o4M8XxngyaSBOUsB2cMBWg4jCThWtvUyoeO/EfPxzkIJ1itl9XZMqvqus3q5XGVnW1OVtl6dVasNm21pOIUpk+ThOhJJS9nnHRxkL0DKRVIQO8fK2Ve5AVIaCmqoP2dMFB9Kc4TmrjR3IsL2wWKUXwjfu60/UugbQWO7AZkrcRntxZJh7YdSNBqRuiZfWwWi4A3eae5H9djpJCsIsu5csPCatU7g/Hyt8vvFgN6H7M5+wlqMTy6tm/i9tmRJwlbNCPNKUq4qG3qwA68Sy6sykmCHrCjVAvkXdTswm3KQBIBEhi7Ga6s82oO0FxvdmB0ZLIfHnECeaMVnrvRMjSlhEhhqxU9pZPAtz4d+NyMkSlcfIBpmuQ80A9+H0vQduPSe4eOX9jIaIxQbvCGmEDCRofI78gbd0spEFVRHWdllVXFVVE0ddGUxR+QZuk1T1nHySo4+p9/kMzAdu7MkbiiyOJhdj7aj/ZI/OBuMnbpOhPvx8ii01sSKFI75+TovVRnBQqQEBl5TGdr71W8fZgDRTeGL4/xfjLPnd3o7if0hzHL1Fwf0Gfb/H4yXt5xbyCZY/Y1CC73ITyEjwfVVwOnAVw8Rb/L1ECWnxG0DzfeKmKNrPoDsvdu/c9WWFJpOuaN8FYqS3zjwrW2XX69iunL8pR2v9ieUeu76mspPz1ZTmlZ3Oc5fdxSM6j9niwFvJv0QkIchwHTJtpN0/R3AAAA///kcrqbKggAAA",
              "objectset.rio.cattle.io/id": "helm-app",
              "objectset.rio.cattle.io/owner-gvk": "/v1, Kind=Secret",
              "objectset.rio.cattle.io/owner-name": "sh.helm.release.v1.test-chart-ch17.v1",
              "objectset.rio.cattle.io/owner-namespace": "namespace-local"
            },
            "chart_name": "ch17",
            "chart_version": "1.0.0",
            "cleanup_on_fail": false,
            "cluster_id": "local",
            "cluster_name": "local",
            "disable_hooks": false,
            "disable_open_api_validation": false,
            "force_upgrade": false,
            "id": "local.namespace-local/test-chart-ch17",
            "labels": {
              "objectset.rio.cattle.io/hash": "52c03806ed84501dd446da742ed8bdfea10f4c41"
            },
            "name": "test-chart-ch17",
            "namespace": "namespace-local",
            "project_id": null,
            "repo_name": "test-repo",
            "timeouts": null,
            "values": null,
            "wait": true
          },
          "sensitive_attributes": [],
          "private": "eyJlMmJmYjczMC1lY2FhLTExZTYtOGY4OC0zNDM2M2JjN2M0YzAiOnsiY3JlYXRlIjo2MDAwMDAwMDAwMDAsImRlbGV0ZSI6NjAwMDAwMDAwMDAwLCJ1cGRhdGUiOjYwMDAwMDAwMDAwMH19",
          "dependencies": [
            "data.rancher2_cluster.local",
            "rancher2_catalog_v2.mapps-helm-git-local",
            "rancher2_namespace.namespace-local",
            "rancher2_project.project-local"
          ]
        },
        {
          "index_key": "ch18",
          "schema_version": 0,
          "attributes": {
            "annotations": {
              "objectset.rio.cattle.io/applied": "H4sIAAAAAAAA/6xVwW7jNhD9FWJyLCVbtpPYAnrKFm22aLto0h7a3cOIGkncUCRBjpwGhv69oOI4cYpN03RzCOSR9B7fmzejHfTEWCMjlDtAax0ja2dj+umqz6Q4EudBu1whs6Fcu5muoYSOTJ+h9yC/+Jy7tRSydnsDJcy2hRQ/alt/e0UqEP/raxZ7ghJilyemPJAhjJRvi5wpcqY6DOl/sc63xavAokeVEA/XmXEKDYwSVKBJ9bXuKTL2Hko7GCPBYEXmRS86jB2UsDzDxTmpaoOb03V1ulHNsj5f1cVms2mas7pYnOK6Pl01iW2v7JkMkPDSKSVMSn6lhgJZRRHKP3eAXv9OIWpnoYTJh8o4dfNLevQdGeLpToMmkgTlLAdnDAUoOQwk4Ubb1MpDR/6j58MUhGJDp3hWrLNmtVhmq2Wjss18VWT1eVOs6ppqrFYwfholRE8qeTnhpIuj7B1JWYAE9P6xUuTzfA4SaooqaH8vDFRXiIuEJm41d+LStoFiFN+In1tt/xJoa4EDux5ZK/HZVSLp0LYFCVpNCB2zj+VsFvA2bzV3QzVECskqspwr18+sVp0zGK9+u/pu1qP3MZuyn6Bm/aNr+yZunx15lLBFM9CUooSL2qYO7MC75MK6GCXoHltKtUDeRc0u3KUMJBEggbGd4IpVvpgCNNXLHRgdmeyHR5xA3miFF26wDGUhIVLYakVP6STwnU8HvjBDZAqXH2AcRzkN9MHvpQRtG5feO3b80kZGY4RyvTfEBBIaHSK/I2/cHaVALOaLZVYsssX8ej4vV/NyvvkD0iy95inrOFkFJ//zD5IZWE+dORHXFFkcZuej/WhPxA/uNmOXrjPxfogsWr0lgSK1c0qO3kt1VqAACZGRh3S2+kHF24c5UHRD+PIY7yfzwtlGtz+hP45ZpqZ6jz7b5g+T8fKOewPJFLOvQXC1D+ExfDyqvho4DeDsKfp9pnqy/IygPtx4q4gKWXVHZO9d9c9WWFJpOqaN8FYqS3zrwo22bX6zjunL8pR2v9ieUev76mspPz1ZTmlZPOQ5fdxSM6j+niwFvJ/0uYQ49D2mTbQbx/HvAAAA//9b4/hjKggAAA",
              "objectset.rio.cattle.io/id": "helm-app",
              "objectset.rio.cattle.io/owner-gvk": "/v1, Kind=Secret",
              "objectset.rio.cattle.io/owner-name": "sh.helm.release.v1.test-chart-ch18.v1",
              "objectset.rio.cattle.io/owner-namespace": "namespace-local"
            },
            "chart_name": "ch18",
            "chart_version": "1.0.0",
            "cleanup_on_fail": false,
            "cluster_id": "local",
            "cluster_name": "local",
            "disable_hooks": false,
            "disable_open_api_validation": false,
            "force_upgrade": false,
            "id": "local.namespace-local/test-chart-ch18",
            "labels": {
              "objectset.rio.cattle.io/hash": "36a27ecb9a958b59cf3d74d1999ff6d125a8d54f"
            },
            "name": "test-chart-ch18",
            "namespace": "namespace-local",
            "project_id": null,
            "repo_name": "test-repo",
            "timeouts": null,
            "values": null,
            "wait": true
          },
          "sensitive_attributes": [],
          "private": "eyJlMmJmYjczMC1lY2FhLTExZTYtOGY4OC0zNDM2M2JjN2M0YzAiOnsiY3JlYXRlIjo2MDAwMDAwMDAwMDAsImRlbGV0ZSI6NjAwMDAwMDAwMDAwLCJ1cGRhdGUiOjYwMDAwMDAwMDAwMH19",
          "dependencies": [
            "data.rancher2_cluster.local",
            "rancher2_catalog_v2.mapps-helm-git-local",
            "rancher2_namespace.namespace-local",
            "rancher2_project.project-local"
          ]
        },
        {
          "index_key": "ch19",
          "schema_version": 0,
          "attributes": {
            "annotations": {
              "objectset.rio.cattle.io/applied": "H4sIAAAAAAAA/6xVwW7jNhD9FWJyLCVLip3YAnrKFm22aLto0h7a3cOIGlvcUCRBjpwGhv69oOI4cYpN03RzCOSR9B7fmzejHfTE2CIj1DtAax0ja2dj+umaz6Q4EudBu1whs6Fcu5luoYaOTJ+h9yC/+Jy7tRSyzfYGaphtSyl+1Lb99opUIP7X1yz2BDXELk9MeSBDGCnfljlT5Ex1GNL/cpVvy1eBRY8qIR6uM+MUGhglqECT6mvdU2TsPdR2MEaCwYbMi150GDuoQVW0PF0089N1tWgUqvOzxXx5VlSLaoHrZXFWrto14Uoltr2yZzJAwkunlDAp+ZXWFMgqilD/uQP0+ncKUTsLNUw+NMapm1/So+/IEE931mgiSVDOcnDGUICaw0ASbrRNrTx05D96PkxBWLVnBTXz82yxXK2yuTpX2aotm6yqVlTM2+W8WhCMn0YJ0ZNKXk446eIoe0dSKpCA3j9WyrzIC5DQUlRB+3thoLpSXCQ0cau5E5d2EyhG8Y34eaPtXwJtK3Bg1yNrJT67RiQd2m5AglYTQsfsYz2bBbzNN5q7oRkihWQVWc6V62dWq84ZjFe/XX0369H7mE3ZT1Cz/tG1fRO3z448StiiGWhKUcJFbVMHduBdcmFZjhJ0jxtKtUDeRc0u3KUMJBEggXEzwZXzvJoCNNXrHRgdmeyHR5xA3miFF26wDHUpIVLYakVP6STwnU8HvjBDZAqXH2AcRzkN9MHvUwnarl1679jxSxsZjRHK9d4QE0hY6xD5HXnj7igFoiqq06yssqq4Lop6XtRF9QekWXrNU9ZxsgpO/ucfJDOwnTpzIq4psjjMzkf70Z6IH9xtxi5dZ+L9EFls9JYEitTOKTl6L9VZgQIkREYe0tnaBxVvH+ZA0Q3hy2O8n8wLZ9d68xP645hlaqr36LNt/jAZL++4N5BMMfsaBFf7EB7Dx6Pqq4HTAM6eot9nqifLzwjaw423imiQVXdE9t41/2yFJZWmY9oIb6WyxLcu3Gi7yW+WMX1ZntLuF9szan1ffS3lpyfLKS2Lhzynj1tqBrXfk6WA95NeSIhD32PaRLtxHP8OAAD//xY+1g8qCAAA",
              "objectset.rio.cattle.io/id": "helm-app",
              "objectset.rio.cattle.io/owner-gvk": "/v1, Kind=Secret",
              "objectset.rio.cattle.io/owner-name": "sh.helm.release.v1.test-chart-ch19.v1",
              "objectset.rio.cattle.io/owner-namespace": "namespace-local"
            },
            "chart_name": "ch19",
            "chart_version": "1.0.0",
            "cleanup_on_fail": false,
            "cluster_id": "local",
            "cluster_name": "local",
            "disable_hooks": false,
            "disable_open_api_validation": false,
            "force_upgrade": false,
            "id": "local.namespace-local/test-chart-ch19",
            "labels": {
              "objectset.rio.cattle.io/hash": "c2e835b43f25bcac76548602525af80619dfea9c"
            },
            "name": "test-chart-ch19",
            "namespace": "namespace-local",
            "project_id": null,
            "repo_name": "test-repo",
            "timeouts": null,
            "values": null,
            "wait": true
          },
          "sensitive_attributes": [],
          "private": "eyJlMmJmYjczMC1lY2FhLTExZTYtOGY4OC0zNDM2M2JjN2M0YzAiOnsiY3JlYXRlIjo2MDAwMDAwMDAwMDAsImRlbGV0ZSI6NjAwMDAwMDAwMDAwLCJ1cGRhdGUiOjYwMDAwMDAwMDAwMH19",
          "dependencies": [
            "data.rancher2_cluster.local",
            "rancher2_catalog_v2.mapps-helm-git-local",
            "rancher2_namespace.namespace-local",
            "rancher2_project.project-local"
          ]
        },
        {
          "index_key": "ch20",
          "schema_version": 0,
          "attributes": {
            "annotations": {
              "objectset.rio.cattle.io/applied": "H4sIAAAAAAAA/6xVTW/jNhD9K8TkWEqWZMdJBPSULdps0XbRpD20u4cRNZa4oUiCHDkNDP33gorz4RSbpunmEMgj6T2+N29GOxiIsUVGqHeA1jpG1s7G9NM1n0lxJM6DdrlCZkO5dgvdQg09mSFD70F+8Tl3Yylk3fYaalhsSyl+1Lb99pJUIP7X1ywOBDXEPk9MeSBDGCnfljlT5Ez1GNL/qsi35avAokeVEB+uM+MUGpgkqECz6is9UGQcPNR2NEaCwYbMi170GHuo4bhanaxXWLa4PC0Vnp2ctssz2hyvjwusluv18XrVLk/adWLbK3smAyS8dEoJs5JfaUOBrKII9Z87QK9/pxC1s1DD7ENjnLr+JT36jgzxfGeDJpIE5SwHZwwFqDmMJOFa29TKh478R8/HOQhFc1Yul+Uqa8qzKlsVm9OswXWRNdV6tS7KhjZtAdOnSUL0pJKXM066OMjegZQKJKD3j5UyL/LkUUtRBe3vhIHqS3Ge0MSN5l5c2C5QjOIb8XOn7V8CbStwZDcgayU+u0YkHdp2IEGrGaFn9rFeLALe5J3mfmzGSCFZRZZz5YaF1ap3BuPlb5ffLQb0PmZz9hPUYnh0bd/E7bMjTxK2aEaaU5RwUdvUgR14l1w4LScJesCOUi2Qd1GzC7cpA0kESGDsZrhylVdzgOZ6vQOjI5P98IgTyBut8NyNlqEuJUQKW63oKZ0EvvXpwOdmjEzh4gNM0yTngX7weylB241L7x06fmEjozFCucEbYgIJGx0ivyNv3C2lQFRFtczKKquKq6KoV0VdVH9AmqXXPGUdJ6vg6H/+QTID27kzR+KKIouH2floP9oj8YO7ydil60y8HyOLTm9JoEjtnJOj91KdFShAQmTkMZ2tvVfx9mEOFN0YvjzG+8k8d3aju5/QH8YsU3N9QJ9t8/vJeHnHvYFkjtnXILjch/AQPh5UXw2cBnDxFP0uUwNZfkbQPtx4q4gGWfUHZO9d889WWFJpOuaN8FYqS3zjwrW2XX59GtOX5SntfrE9o9Z31ddSfnqynNKyuM9z+rilZlD7PVkKeDfphYQ4DgOmTbSbpunvAAAA//+yu14HKggAAA",
              "objectset.rio.cattle.io/id": "helm-app",
              "objectset.rio.cattle.io/owner-gvk": "/v1, Kind=Secret",
              "objectset.rio.cattle.io/owner-name": "sh.helm.release.v1.test-chart-ch20.v1",
              "objectset.rio.cattle.io/owner-namespace": "namespace-local"
            },
            "chart_name": "ch20",
            "chart_version": "1.0.0",
            "cleanup_on_fail": false,
            "cluster_id": "local",
            "cluster_name": "local",
            "disable_hooks": false,
            "disable_open_api_validation": false,
            "force_upgrade": false,
            "id": "local.namespace-local/test-chart-ch20",
            "labels": {
              "objectset.rio.cattle.io/hash": "524764a1da381ca978d39ef5650a2366564d37d6"
            },
            "name": "test-chart-ch20",
            "namespace": "namespace-local",
            "project_id": null,
            "repo_name": "test-repo",
            "timeouts": null,
            "values": null,
            "wait": true
          },
          "sensitive_attributes": [],
          "private": "eyJlMmJmYjczMC1lY2FhLTExZTYtOGY4OC0zNDM2M2JjN2M0YzAiOnsiY3JlYXRlIjo2MDAwMDAwMDAwMDAsImRlbGV0ZSI6NjAwMDAwMDAwMDAwLCJ1cGRhdGUiOjYwMDAwMDAwMDAwMH19",
          "dependencies": [
            "data.rancher2_cluster.local",
            "rancher2_catalog_v2.mapps-helm-git-local",
            "rancher2_namespace.namespace-local",
            "rancher2_project.project-local"
          ]
        },
        {
          "index_key": "ch21",
          "schema_version": 0,
          "attributes": {
            "annotations": {
              "objectset.rio.cattle.io/applied": "H4sIAAAAAAAA/6xVUU/kNhD+K9bwWCebZIGFSH3iqpar2p4K7UN79zBxZhMfjm3Zk6Volf9eOSwLS3WU0uMBZSfJ9/n75pvJFgZibJER6i2gtY6RtbMx/XTNZ1IcifOgXa6Q2VCu3UK3UENPZsjQe5BffM7dWgpZt7mBGhabUooftW2/vSIViP/1NYsDQQ2xzxNTHsgQRso3Zc4UOVM9hvS/KvNN+Sqw6FElxP11ZpxCA5MEFWhWfa0HioyDh9qOxkgw2JB50YseYw81lM1xscYCm1XVFqvT9UmrzkmVp6o5WZ6dF4VCwnJdLhPbTtkzGSDhpVNKmJX8SmsKZBVFqP/cAnr9O4WonYUaZh8a49TNL+nRd2SI5ztrNJEkKGc5OGMoQM1hJAk32qZW7jvyHz0f5yC01XGzPi2KrFidrLLjVVNluDxps6pdLc+XJ6vq9Pwcpk+ThOhJJS9nnHRxkL0DKRVIQO8fK2Ve5AVIaCmqoP29MFB9KS4SmrjV3ItL2wWKUXwjfu60/UugbQWO7AZkrcRn14ikQ9sOJGg1I/TMPtaLRcDbvNPcj80YKSSryHKu3LCwWvXOYLz67eq7xYDex2zOfoJaDI+u7Zq4eXbkScIGzUhzihIuaps6sAXvkgtn5SRBD9hRqgXyLmp24S5lIIkACYzdDFce59UcoLleb8HoyGQ/POIE8kYrvHCjZahLCZHCRit6SieB73w68IUZI1O4/ADTNMl5oPd+LyVou3bpvUPHL21kNEYoN3hDTCBhrUPkd+SNu6MUiKqolllZZVVxXRT1cVEX1R+QZuk1T1nHySo4+p9/kMzAdu7MkbimyGI/Ox/tR3skfnC3Gbt0nYn3Y2TR6Q0JFKmdc3L0TqqzAgVIiIw8prO1DyrePsyBohvDl8d4N5kXzq519xP6w5hlaq4P6LNN/jAZL++4N5DMMfsaBFe7EB7Cx4Pqq4HTAC6eot9naiDLzwja/Y23imiQVX9A9t41/2yFJZWmY94Ib6WyxLcu3Gjb5TdnMX1ZntLuFtszan1ffS3lpyfLKS2Lhzynj1tqBrXfk6WA95NeSIjjMGDaRNtpmv4OAAD//zowMHUqCAAA",
              "objectset.rio.cattle.io/id": "helm-app",
              "objectset.rio.cattle.io/owner-gvk": "/v1, Kind=Secret",
              "objectset.rio.cattle.io/owner-name": "sh.helm.release.v1.test-chart-ch21.v1",
              "objectset.rio.cattle.io/owner-namespace": "namespace-local"
            },
            "chart_name": "ch21",
            "chart_version": "1.0.0",
            "cleanup_on_fail": false,
            "cluster_id": "local",
            "cluster_name": "local",
            "disable_hooks": false,
            "disable_open_api_validation": false,
            "force_upgrade": false,
            "id": "local.namespace-local/test-chart-ch21",
            "labels": {
              "objectset.rio.cattle.io/hash": "1b40fa0ab72d076f5dc9ec16cb538900caea1f13"
            },
            "name": "test-chart-ch21",
            "namespace": "namespace-local",
            "project_id": null,
            "repo_name": "test-repo",
            "timeouts": null,
            "values": null,
            "wait": true
          },
          "sensitive_attributes": [],
          "private": "eyJlMmJmYjczMC1lY2FhLTExZTYtOGY4OC0zNDM2M2JjN2M0YzAiOnsiY3JlYXRlIjo2MDAwMDAwMDAwMDAsImRlbGV0ZSI6NjAwMDAwMDAwMDAwLCJ1cGRhdGUiOjYwMDAwMDAwMDAwMH19",
          "dependencies": [
            "data.rancher2_cluster.local",
            "rancher2_catalog_v2.mapps-helm-git-local",
            "rancher2_namespace.namespace-local",
            "rancher2_project.project-local"
          ]
        },
        {
          "index_key": "ch22",
          "schema_version": 0,
          "attributes": {
            "annotations": {
              "objectset.rio.cattle.io/applied": "H4sIAAAAAAAA/6xVTW/jNhD9K8TkWEqW5DhyBfSULdps0XbRpD20u4cRNba4oUiCHDkNDP33gorz4RSbpmlzCOSR9B7fmzejPQzE2CEjNHtAax0ja2dj+unaz6Q4EudBu1whs6Fcu4XuoIGezJCh9yC/+Jy7sRSy7e4aGljsSil+0Lb75pJUIP7H1ywOBA3EPk9MeSBDGCnflTlT5Ez1GNL/qsp35avAokeVEB+uM+MUGpgkqECz6is9UGQcPDR2NEaCwZbMi170GHtoYFPUdUfVZkVV162K1WlXr1Z1TVhXbV1Uq6Uq12q92SS2g7JnMkDCS6eUMCv5hTYUyCqK0PyxB/T6NwpROwsNzD60xqnrn9Oj78gQz3c2aCJJUM5ycMZQgIbDSBKutU2tfOjIv/R8nIOAS1zWZy1ly2W7zk6/ruusXZ+tsvVZvT47XRIVdQnTp0lC9KSSlzNOujjK3pGUZAd6/1gp8yIvQEJHUQXt74SB6ktxntDEjeZeXNhtoBjFV+KnrbZ/CrSdwJHdgKyV+OxakXRouwUJWs0IPbOPzWIR8Cbfau7HdowUklVkOVduWFitemcwXv56+e1iQO9jNmc/QS2GR9cOTdw9O/IkYYdmpDlFCRe1TR3Yg3fJhXU5SdADbinVAnkXNbtwmzKQRIAExu0MV57m1Rygud7swejIZD884gTyRis8d6NlaEoJkcJOK3pKJ4FvfTrwuRkjU7j4ANM0yXmgH/xeStB249J7x45f2MhojFBu8IaYQMJGh8jvyBt3SykQVVEts7LKquKqKJrToqnK3yHN0mueso6TVXDyH/8gmYHd3JkTcUWRxcPsfLQf7Yn43t1k7NJ1Jt6PkcVW70igSO2ck6MPUp0VKEBCZOQxna27V/H2YQ4U3Ri+PMaHyTx3dqO3P6I/jlmm5vqAPtvl95Px8o57A8kcs/+D4PIQwmP4eFR9NXAawMVT9LtMDWT5GUH3cOOtIlpk1R+RvXft31thSaXpmDfCW6ks8Y0L19pu8+t1TF+Wp7SHxfaMWt9VX0v56clySsviPs/p45aaQd13ZCng3aQXEuI4DJg20X6apr8CAAD//wYIz/EqCAAA",
              "objectset.rio.cattle.io/id": "helm-app",
              "objectset.rio.cattle.io/owner-gvk": "/v1, Kind=Secret",
              "objectset.rio.cattle.io/owner-name": "sh.helm.release.v1.test-chart-ch22.v1",
              "objectset.rio.cattle.io/owner-namespace": "namespace-local"
            },
            "chart_name": "ch22",
            "chart_version": "1.0.0",
            "cleanup_on_fail": false,
            "cluster_id": "local",
            "cluster_name": "local",
            "disable_hooks": false,
            "disable_open_api_validation": false,
            "force_upgrade": false,
            "id": "local.namespace-local/test-chart-ch22",
            "labels": {
              "objectset.rio.cattle.io/hash": "f077de2f5e2dd5054d75577ea72b70253c18c8ff"
            },
            "name": "test-chart-ch22",
            "namespace": "namespace-local",
            "project_id": null,
            "repo_name": "test-repo",
            "timeouts": null,
            "values": null,
            "wait": true
          },
          "sensitive_attributes": [],
          "private": "eyJlMmJmYjczMC1lY2FhLTExZTYtOGY4OC0zNDM2M2JjN2M0YzAiOnsiY3JlYXRlIjo2MDAwMDAwMDAwMDAsImRlbGV0ZSI6NjAwMDAwMDAwMDAwLCJ1cGRhdGUiOjYwMDAwMDAwMDAwMH19",
          "dependencies": [
            "data.rancher2_cluster.local",
            "rancher2_catalog_v2.mapps-helm-git-local",
            "rancher2_namespace.namespace-local",
            "rancher2_project.project-local"
          ]
        },
        {
          "index_key": "ch23",
          "schema_version": 0,
          "attributes": {
            "annotations": {
              "objectset.rio.cattle.io/applied": "H4sIAAAAAAAA/6xVwW7jNhD9FWJyLCVLspPYAnrKFm22aLto0h7a3cOYGkvcUCRBjpwGhv69oOI4cYpN03RzCOSR9B7fmzejHfTE2CAj1DtAax0ja2dj+unWn0lxJM6DdrlCZkO5djPdQA0dmT5D70F+8Tl3aylk7fYGaphtSyl+1Lb59opUIP7X1yz2BDXELk9MeSBDGCnfljlT5Ex1GNL/ap5vy1eBRY8qIR6uM+MUGhglqECT6mvdU2TsPdR2MEaCwTWZF73oMHZQw2q1ODtfnp6r09NqvTlv5oszWiyXVTWnsiyLsipw0SzLeWLbK3smAyS8dEoJk5JfaUOBrKII9Z87QK9/pxC1s1DD5MPaOHXzS3r0HRni6c4GTSQJylkOzhgKUHMYSMKNtqmVh478R8+HKQgFzRtS81XWbNan2eJsvcpweb7JiBZFs1qeK1otYfw0SoieVPJywkkXR9k7klKBBPT+sVLmRV6AhIaiCtrfCwPVleIioYlbzZ24tG2gGMU34udW278E2kbgwK5H1kp8dmuRdGjbggStJoSO2cd6Ngt4m7eau2E9RArJKrKcK9fPrFadMxivfrv6btaj9zGbsp+gZv2ja/smbp8deZSwRTPQlKKEi9qmDuzAu+TCshwl6B5bSrVA3kXNLtylDCQRIIGxneDKRV5NAZrq9Q6Mjkz2wyNOIG+0wgs3WIa6lBApbLWip3QS+M6nA1+YITKFyw8wjqOcBvrg91yCthuX3jt2/NJGRmOEcr03xAQSNjpEfkfeuDtKgaiKap6VVVYV10VRL4q6LP6ANEuveco6TlbByf/8g2QGNlNnTsQ1RRaH2floP9oT8YO7zdil60y8HyKLVm9JoEjtnJKj91KdFShAQmTkIZ2teVDx9mEOFN0QvjzG+8m8cHaj25/QH8csU1O9R59t84fJeHnHvYFkitnXILjah/AYPh5VXw2cBnD2FP0+Uz1ZfkbQHG68VcQaWXVHZO/d+p+tsKTSdEwb4a1UlvjWhRtt2/xmGdOX5SntfrE9o9b31ddSfnqynNKyeMhz+rilZlDzPVkKeD/phYQ49D2mTbQbx/HvAAAA//8xKrAZKggAAA",
              "objectset.rio.cattle.io/id": "helm-app",
              "objectset.rio.cattle.io/owner-gvk": "/v1, Kind=Secret",
              "objectset.rio.cattle.io/owner-name": "sh.helm.release.v1.test-chart-ch23.v1",
              "objectset.rio.cattle.io/owner-namespace": "namespace-local"
            },
            "chart_name": "ch23",
            "chart_version": "1.0.0",
            "cleanup_on_fail": false,
            "cluster_id": "local",
            "cluster_name": "local",
            "disable_hooks": false,
            "disable_open_api_validation": false,
            "force_upgrade": false,
            "id": "local.namespace-local/test-chart-ch23",
            "labels": {
              "objectset.rio.cattle.io/hash": "99467857c552bf7d346e488223e1110120a4d813"
            },
            "name": "test-chart-ch23",
            "namespace": "namespace-local",
            "project_id": null,
            "repo_name": "test-repo",
            "timeouts": null,
            "values": null,
            "wait": true
          },
          "sensitive_attributes": [],
          "private": "eyJlMmJmYjczMC1lY2FhLTExZTYtOGY4OC0zNDM2M2JjN2M0YzAiOnsiY3JlYXRlIjo2MDAwMDAwMDAwMDAsImRlbGV0ZSI6NjAwMDAwMDAwMDAwLCJ1cGRhdGUiOjYwMDAwMDAwMDAwMH19",
          "dependencies": [
            "data.rancher2_cluster.local",
            "rancher2_catalog_v2.mapps-helm-git-local",
            "rancher2_namespace.namespace-local",
            "rancher2_project.project-local"
          ]
        },
        {
          "index_key": "ch24",
          "schema_version": 0,
          "attributes": {
            "annotations": {
              "objectset.rio.cattle.io/applied": "H4sIAAAAAAAA/6xVwW7jNhD9FWJyLCVLspvEAnrKFm22aLto0h7a3cOIGlncUCRBjpwGhv69oOI4cYpN07Q5BPJIeo/vzZvRDgZibJER6h2gtY6RtbMx/XTNZ1IcifOgXa6Q2VCu3UK3UENPZsjQe5BffM7dWgrZZnsDNSy2pRQ/aNt+c0UqEP/jaxYHghpinyemPJAhjJRvy5wpcqZ6DOl/tcq35avAokeVEA/XmXEKDUwSVKBZ9bUeKDIOHmo7GiPBYEPmRS96jD3U0JTV+Wm37Kqv19Vq2Z6tm45USVWn1DmenWJTdMVKdSqx7ZU9kwESXjqlhFnJL9RRIKsoQv3HDtDr3yhE7SzUMPvQGKdufk6PviNDPN/p0ESSoJzl4IyhADWHkSTcaJtaeejIv/R8nIOwXuNpi8UyWy9XXbYq15Q1HS6zpqjO6fSsQlyvYfo0SYieVPJyxkkXR9k7klKBBPT+sVLmRV6AhJaiCtrfCwPVl+IioYlbzb24tJtAMYqvxE8bbf8UaFuBI7sBWSvx2TUi6dB2AxK0mhF6Zh/rxSLgbb7R3I/NGCkkq8hyrtywsFr1zmC8+vXq28WA3sdszn6CWgyPru2buH125EnCFs1Ic4oSLmqbOrAD75IL5+UkQQ+4oVQL5F3U7MJdykASARIYNzNcucqrOUBzvd6B0ZHJfnjECeSNVnjhRstQlxIiha1W9JROAt/5dOALM0amcPkBpmmS80Af/F5K0LZz6b1jxy9tZDRGKDd4Q0wgodMh8jvyxt1RCkRVVMusrLKquC6KelXURfU7pFl6zVPWcbIKTv7jHyQzsJ07cyKuKbI4zM5H+9GeiO/dbcYuXWfi/RhZbPSWBIrUzjk5ei/VWYECJERGHtPZ2gcVbx/mQNGN4ctjvJ/MC2c7vfkR/XHMMjXXB/TZNn+YjJd33BtI5pj9HwRX+xAew8ej6quB0wAunqLfZ2ogy88I2sONt4pokFV/RPbeNX9vhSWVpmPeCG+lssS3Ltxou8lvzmP6sjyl3S+2Z9T6vvpayk9PllNaFg95Th+31AxqvyNLAe8nvZAQx2HAtIl20zT9FQAA//+Z5AJfKggAAA",
              "objectset.rio.cattle.io/id": "helm-app",
              "objectset.rio.cattle.io/owner-gvk": "/v1, Kind=Secret",
              "objectset.rio.cattle.io/owner-name": "sh.helm.release.v1.test-chart-ch24.v1",
              "objectset.rio.cattle.io/owner-namespace": "namespace-local"
            },
            "chart_name": "ch24",
            "chart_version": "1.0.0",
            "cleanup_on_fail": false,
            "cluster_id": "local",
            "cluster_name": "local",
            "disable_hooks": false,
            "disable_open_api_validation": false,
            "force_upgrade": false,
            "id": "local.namespace-local/test-chart-ch24",
            "labels": {
              "objectset.rio.cattle.io/hash": "b1286f3f259243d79bfec1e2fcc8a76ab0f04cfc"
            },
            "name": "test-chart-ch24",
            "namespace": "namespace-local",
            "project_id": null,
            "repo_name": "test-repo",
            "timeouts": null,
            "values": null,
            "wait": true
          },
          "sensitive_attributes": [],
          "private": "eyJlMmJmYjczMC1lY2FhLTExZTYtOGY4OC0zNDM2M2JjN2M0YzAiOnsiY3JlYXRlIjo2MDAwMDAwMDAwMDAsImRlbGV0ZSI6NjAwMDAwMDAwMDAwLCJ1cGRhdGUiOjYwMDAwMDAwMDAwMH19",
          "dependencies": [
            "data.rancher2_cluster.local",
            "rancher2_catalog_v2.mapps-helm-git-local",
            "rancher2_namespace.namespace-local",
            "rancher2_project.project-local"
          ]
        },
        {
          "index_key": "ch25",
          "schema_version": 0,
          "attributes": {
            "annotations": {
              "objectset.rio.cattle.io/applied": "H4sIAAAAAAAA/6xVwW7jNhD9FWJyLCVbshM7AnrKFm22aLto0h7a3cOYGktcUyRBjuwGhv69oOI4cYpN03RzCOSR9B7fmzejPXTEWCMjVHtAax0ja2dj+ulWn0lxJM6DdrlCZkO5dhNdQwUtmS5D70F+8Tm3sxSyZruBCibbQoofta2/vSEViP/1NYsdQQWxzRNTHsgQRsq3Rc4UOVMthvS/PM+3xavAokeVEI/XmXEKDQwSVKBR9a3uKDJ2HirbGyPB4IrMi160GFuo4HKuqFzWF7NygVgoWl4s6gJnuLo4n02pVnSJ9Xm9niW2g7JnMkDCS6eUMCr5ldYUyCqKUP25B/T6dwpROwsVjD6sjFObX9Kj78gQj3fWaCJJUM5ycMZQgIpDTxI22qZWHjvyHz3vxyCU5eXiYk7zbHFZlNl8iatsWeMiu5gvzstyUZaLZQ3Dp0FC9KSSlyNOujjJ3omUEiSg94+VIp/mU5BQU1RB+3thoNpCXCU0sdPcimvbBIpRfCN+brT9S6CtBfbsOmStxGe3EkmHtg1I0GpEaJl9rCaTgLu80dz2qz5SSFaR5Vy5bmK1ap3BePPbzXeTDr2P2Zj9BDXpHl07NHH77MiDhC2ansYUJVzUNnVgD94lF5bFIEF32FCqBfIuanbhLmUgiQAJjM0IV8zzcgzQWK/2YHRksh8ecQJ5oxVeud4yVIWESGGrFT2lk8B3Ph34yvSRKVx/gGEY5DjQR79nErRdu/TeqePXNjIaI5TrvCEmkLDWIfI78sbd0RiIaTnLijIrp7fTaTWfVsXiD0iz9JqnrONkFZz9zz9IZmA9duZM3FJkcZydj/ajPRM/uF3GLl1n4n0fWTR6SwJFaueYHH2Q6qxAARIiI/fpbPWDircPc6Do+vDlMT5M5pWza938hP40Zpka6x36bJs/TMbLO+4NJGPMvgbBzSGEp/DxpPpq4DSAk6fo95nqyPIzgvp4460iVsiqPSF771b/bIUllaZj3AhvpbLEOxc22jb5ZhnTl+Up7WGxPaPW99XXUn56spzSsnjIc/q4pWZQ/T1ZCng/6VMJse86TJtoPwzD3wEAAP//3GU4xSoIAAA",
              "objectset.rio.cattle.io/id": "helm-app",
              "objectset.rio.cattle.io/owner-gvk": "/v1, Kind=Secret",
              "objectset.rio.cattle.io/owner-name": "sh.helm.release.v1.test-chart-ch25.v1",
              "objectset.rio.cattle.io/owner-namespace": "namespace-local"
            },
            "chart_name": "ch25",
            "chart_version": "1.0.0",
            "cleanup_on_fail": false,
            "cluster_id": "local",
            "cluster_name": "local",
            "disable_hooks": false,
            "disable_open_api_validation": false,
            "force_upgrade": false,
            "id": "local.namespace-local/test-chart-ch25",
            "labels": {
              "objectset.rio.cattle.io/hash": "94ce28d6327aa1ce867d1a3ab6530edce9ad5df3"
            },
            "name": "test-chart-ch25",
            "namespace": "namespace-local",
            "project_id": null,
            "repo_name": "test-repo",
            "timeouts": null,
            "values": null,
            "wait": true
          },
          "sensitive_attributes": [],
          "private": "eyJlMmJmYjczMC1lY2FhLTExZTYtOGY4OC0zNDM2M2JjN2M0YzAiOnsiY3JlYXRlIjo2MDAwMDAwMDAwMDAsImRlbGV0ZSI6NjAwMDAwMDAwMDAwLCJ1cGRhdGUiOjYwMDAwMDAwMDAwMH19",
          "dependencies": [
            "data.rancher2_cluster.local",
            "rancher2_catalog_v2.mapps-helm-git-local",
            "rancher2_namespace.namespace-local",
            "rancher2_project.project-local"
          ]
        },
        {
          "index_key": "ch26",
          "schema_version": 0,
          "attributes": {
            "annotations": {
              "objectset.rio.cattle.io/applied": "H4sIAAAAAAAA/6xVwW7jNhD9FWJyLCVLSmI7AnrKFm22aLto0h7a3cOYGkvcUCRBjuwGhv69oOI4cYpN03RzCOSR9B7fmzejHfTE2CAj1DtAax0ja2dj+ulWn0lxJM6DdrlCZkO5djPdQA0dmT5D70F+8Tm3tRSydnMLNcw2pRQ/att8e00qEP/raxZ7ghpilyemPJAhjJRvypwpcqY6DOl/Nc835avAokeVEA/XmXEKDYwSVKBJ9Y3uKTL2Hmo7GCPB4IrMi150GDuogUpSZbVYluWcFgtc0oLm82p5vmwWuJyv8LyqqvlFeZHY9sqeyQAJL51SwqTkV1pTIKsoQv3nDtDr3ylE7SzUMPmwMk7d/pIefUeGeLqzRhNJgnKWgzOGAtQcBpJwq21q5aEj/9HzYQpC06wW69NzzObr4iw7u1Cn2RLPzrPiAkt1SsuibBSMn0YJ0ZNKXk446eIoe0dSKpCA3j9WyrzIC5DQUFRB+3thoLpSXCY0sdXciSvbBopRfCN+brX9S6BtBA7semStxGe3EkmHti1I0GpC6Jh9rGezgNu81dwNqyFSSFaR5Vy5fma16pzBeP3b9XezHr2P2ZT9BDXrH13bN3Hz7MijhA2agaYUJVzUNnVgB94lF5blKEH32FKqBfIuanbhLmUgiQAJjO0EV57l1RSgqV7vwOjIZD884gTyRiu8dINlqEsJkcJGK3pKJ4HvfDrwpRkiU7j6AOM4ymmgD36fStB27dJ7x45f2chojFCu94aYQMJah8jvyBt3RykQVVGdZmWVVcVNUdRnRV0s/oA0S695yjpOVsHJ//yDZAY2U2dOxA1FFofZ+Wg/2hPxg9tm7NJ1Jt4PkUWrNyRQpHZOydF7qc4KFCAhMvKQztY8qHj7MAeKbghfHuP9ZF46u9btT+iPY5apqd6jzzb5w2S8vOPeQDLF7GsQXO9DeAwfj6qvBk4DOHuKfp+pniw/I2gON94qYoWsuiOy9271z1ZYUmk6po3wVipLvHXhVts2v13G9GV5SrtfbM+o9X31tZSfniyntCwe8pw+bqkZ1HxPlgLeT3ohIQ59j2kT7cZx/DsAAP//qEmVhCoIAAA",
              "objectset.rio.cattle.io/id": "helm-app",
              "objectset.rio.cattle.io/owner-gvk": "/v1, Kind=Secret",
              "objectset.rio.cattle.io/owner-name": "sh.helm.release.v1.test-chart-ch26.v1",
              "objectset.rio.cattle.io/owner-namespace": "namespace-local"
            },
            "chart_name": "ch26",
            "chart_version": "1.0.0",
            "cleanup_on_fail": false,
            "cluster_id": "local",
            "cluster_name": "local",
            "disable_hooks": false,
            "disable_open_api_validation": false,
            "force_upgrade": false,
            "id": "local.namespace-local/test-chart-ch26",
            "labels": {
              "objectset.rio.cattle.io/hash": "e1ec1278116e77a8e7e662858d7a86ba52226919"
            },
            "name": "test-chart-ch26",
            "namespace": "namespace-local",
            "project_id": null,
            "repo_name": "test-repo",
            "timeouts": null,
            "values": null,
            "wait": true
          },
          "sensitive_attributes": [],
          "private": "eyJlMmJmYjczMC1lY2FhLTExZTYtOGY4OC0zNDM2M2JjN2M0YzAiOnsiY3JlYXRlIjo2MDAwMDAwMDAwMDAsImRlbGV0ZSI6NjAwMDAwMDAwMDAwLCJ1cGRhdGUiOjYwMDAwMDAwMDAwMH19",
          "dependencies": [
            "data.rancher2_cluster.local",
            "rancher2_catalog_v2.mapps-helm-git-local",
            "rancher2_namespace.namespace-local",
            "rancher2_project.project-local"
          ]
        },
        {
          "index_key": "ch27",
          "schema_version": 0,
          "attributes": {
            "annotations": {
              "objectset.rio.cattle.io/applied": "H4sIAAAAAAAA/6xVwW7jNhD9FWJyLCVLshM7AnrKFm22aLto0h7a3cOIHkvcUCRBjpwGhv69oOI4cYpN03RzCOSR9B7fmzejHfTEuEZGqHeA1jpG1s7G9NM1n0lxJM6DdrlCZkO5djO9hho6Mn2G3oP84nPu1lLI2u0N1DDbllL8qO362ytSgfhfX7PYE9QQuzwx5YEMYaR8W+ZMkTPVYUj/q2W+LV8FFj2qhHi4zoxTaGCUoAJNqq91T5Gx91DbwRgJBhsyL3rRYeyghuVZdY6Lppov1XlBq83qfLPAebVQp+uC8LSiedlUK7VJbHtlz2SAhJdOKWFS8ittKJBVFKH+cwfo9e8UonYWaph8aIxTN7+kR9+RIZ7ubNBEkqCc5eCMoQA1h4Ek3GibWnnoyH/0fJiCMFfnC6zKKiuXzTJbFMvTDM9WZ1mzVKclna9Wm7MVjJ9GCdGTSl5OOOniKHtHUiqQgN4/Vsq8yAuQsKaogvb3wkB1pbhIaOJWcycubRsoRvGN+LnV9i+Bdi1wYNcjayU+u0YkHdq2IEGrCaFj9rGezQLe5q3mbmiGSCFZRZZz5fqZ1apzBuPVb1ffzXr0PmZT9hPUrH90bd/E7bMjjxK2aAaaUpRwUdvUgR14l1xYlaME3WNLqRbIu6jZhbuUgSQCJDC2E1y5yKspQFO93oHRkcl+eMQJ5I1WeOEGy1CXEiKFrVb0lE4C3/l04AszRKZw+QHGcZTTQB/8nkvQduPSe8eOX9rIaIxQrveGmEDCRofI78gbd0cpEFVRzbOyyqriuijqRVEXZ39AmqXXPGUdJ6vg5H/+QTID11NnTsQ1RRaH2floP9oT8YO7zdil60y8HyKLVm9JoEjtnJKj91KdFShAQmTkIZ1t/aDi7cMcKLohfHmM95N54exGtz+hP45ZpqZ6jz7b5g+T8fKOewPJFLOvQXC1D+ExfDyqvho4DeDsKfp9pnqy/IxgfbjxVhENsuqOyN675p+tsKTSdEwb4a1UlvjWhRtt2/xmFdOX5SntfrE9o9b31ddSfnqynNKyeMhz+rilZtD6e7IU8H7SCwlx6HtMm2g3juPfAQAA//8ngEVfKggAAA",
              "objectset.rio.cattle.io/id": "helm-app",
              "objectset.rio.cattle.io/owner-gvk": "/v1, Kind=Secret",
              "objectset.rio.cattle.io/owner-name": "sh.helm.release.v1.test-chart-ch27.v1",
              "objectset.rio.cattle.io/owner-namespace": "namespace-local"
            },
            "chart_name": "ch27",
            "chart_version": "1.0.0",
            "cleanup_on_fail": false,
            "cluster_id": "local",
            "cluster_name": "local",
            "disable_hooks": false,
            "disable_open_api_validation": false,
            "force_upgrade": false,
            "id": "local.namespace-local/test-chart-ch27",
            "labels": {
              "objectset.rio.cattle.io/hash": "7629a4b237c90e8f89f4a324c5d0ea52e31b28cf"
            },
            "name": "test-chart-ch27",
            "namespace": "namespace-local",
            "project_id": null,
            "repo_name": "test-repo",
            "timeouts": null,
            "values": null,
            "wait": true
          },
          "sensitive_attributes": [],
          "private": "eyJlMmJmYjczMC1lY2FhLTExZTYtOGY4OC0zNDM2M2JjN2M0YzAiOnsiY3JlYXRlIjo2MDAwMDAwMDAwMDAsImRlbGV0ZSI6NjAwMDAwMDAwMDAwLCJ1cGRhdGUiOjYwMDAwMDAwMDAwMH19",
          "dependencies": [
            "data.rancher2_cluster.local",
            "rancher2_catalog_v2.mapps-helm-git-local",
            "rancher2_namespace.namespace-local",
            "rancher2_project.project-local"
          ]
        },
        {
          "index_key": "ch28",
          "schema_version": 0,
          "attributes": {
            "annotations": {
              "objectset.rio.cattle.io/applied": "H4sIAAAAAAAA/6xVTW/jNhD9K8TkWEqWFOfDAnrKFm22aLto0h7a3cOIGkvcUCRBjpwGhv57QcVx4hSbpunmEMgj6T2+N29GWxiIsUVGqLeA1jpG1s7G9NM1n0lxJM6DdrlCZkO5dgvdQg09mSFD70F+8Tl3aylk3eYGalhsSil+1Lb99opUIP7X1ywOBDXEPk9MeSBDGCnflDlT5Ez1GNL/6jzflK8Cix5VQtxfZ8YpNDBJUIFm1dd6oMg4eKjtaIwEgw2ZF73oMfZQw2l5sirWal0c42lLeFIU67Zplqe0LKg9a1ZVcbbChk4S207ZMxkg4aVTSpiV/EprCmQVRaj/3AJ6/TuFqJ2FGmYfGuPUzS/p0XdkiOc7azSRJChnOThjKEDNYSQJN9qmVu478h89H+cgrBtSbXt2nqmVWmXL8qTIVk2xzFps8ez8dHVSVS1MnyYJ0ZNKXs446eIgewdSKpCA3j9WyrzIC5DQUlRB+3thoPpSXCQ0cau5F5e2CxSj+Eb83Gn7l0DbChzZDchaic+uEUmHth1I0GpG6Jl9rBeLgLd5p7kfmzFSSFaR5Vy5YWG16p3BePXb1XeLAb2P2Zz9BLUYHl3bNXHz7MiThA2akeYUJVzUNnVgC94lF87LSYIesKNUC+Rd1OzCXcpAEgESGLsZrlzm1RyguV5vwejIZD884gTyRiu8cKNlqEsJkcJGK3pKJ4HvfDrwhRkjU7j8ANM0yXmg934fS9B27dJ7h45f2shojFBu8IaYQMJah8jvyBt3RykQVVEdZ2WVVcV1UdTLoq6qPyDN0mueso6TVXD0P/8gmYHt3JkjcU2RxX52PtqP9kj84G4zduk6E+/HyKLTGxIoUjvn5OidVGcFCpAQGXlMZ2sfVLx9mANFN4Yvj/FuMi+cXevuJ/SHMcvUXB/QZ5v8YTJe3nFvIJlj9jUIrnYhPISPB9VXA6cBXDxFv8/UQJafEbT7G28V0SCr/oDsvWv+2QpLKk3HvBHeSmWJb1240bbLb85j+rI8pd0ttmfU+r76WspPT5ZTWhYPeU4ft9QMar8nSwHvJ72QEMdhwLSJttM0/R0AAP//L3NTGyoIAAA",
              "objectset.rio.cattle.io/id": "helm-app",
              "objectset.rio.cattle.io/owner-gvk": "/v1, Kind=Secret",
              "objectset.rio.cattle.io/owner-name": "sh.helm.release.v1.test-chart-ch28.v1",
              "objectset.rio.cattle.io/owner-namespace": "namespace-local"
            },
            "chart_name": "ch28",
            "chart_version": "1.0.0",
            "cleanup_on_fail": false,
            "cluster_id": "local",
            "cluster_name": "local",
            "disable_hooks": false,
            "disable_open_api_validation": false,
            "force_upgrade": false,
            "id": "local.namespace-local/test-chart-ch28",
            "labels": {
              "objectset.rio.cattle.io/hash": "61590fcf03a6dea500fdbb46e40ed7b92079abe5"
            },
            "name": "test-chart-ch28",
            "namespace": "namespace-local",
            "project_id": null,
            "repo_name": "test-repo",
            "timeouts": null,
            "values": null,
            "wait": true
          },
          "sensitive_attributes": [],
          "private": "eyJlMmJmYjczMC1lY2FhLTExZTYtOGY4OC0zNDM2M2JjN2M0YzAiOnsiY3JlYXRlIjo2MDAwMDAwMDAwMDAsImRlbGV0ZSI6NjAwMDAwMDAwMDAwLCJ1cGRhdGUiOjYwMDAwMDAwMDAwMH19",
          "dependencies": [
            "data.rancher2_cluster.local",
            "rancher2_catalog_v2.mapps-helm-git-local",
            "rancher2_namespace.namespace-local",
            "rancher2_project.project-local"
          ]
        },
        {
          "index_key": "ch29",
          "schema_version": 0,
          "attributes": {
            "annotations": {
              "objectset.rio.cattle.io/applied": "H4sIAAAAAAAA/6xVy27kNhD8FaJ9DKWRNH4KyMkbJN4gySJ2ckh2Dy2qJXFNkQTZGscY6N8DyuPHOFjHcdYHQ9OSqljV1a0tjMTYIiPUW0BrHSNrZ2P66ZrPpDgS50G7XCGzoVy7lW6hhoHMmKH3IL/4nLuxFLJ+cw01rDalFD9q2357SSoQ/+trFkeCGuKQJ6Y8kCGMlG/KnClypgYM6X91lm/KV4FFjyohPlxnxik0MEtQgRbVV3qkyDh6qO1kjASDDZkXvRgwDlDDWXPSqtN1S3R0WqyPjtVadU1xUipq1mVTVN1Z0zXVWZfYdsqeyQAJL51SwqLkV+ookFUUof5zC+j17xSidhZqWHxojFPXv6RH35EhXu50aCJJUM5ycMZQgJrDRBKutU2tfOjIf/R8WoJw3FZHx406zE7XbZEdHhdl1hx3ZVYVVXNyVhR4dFjB/GmWED2p5OWCky72srcnpQIJ6P1jpcyLvAAJLUUVtL8TBmooxXlCEzeaB3Fh+0Axim/Ez722fwm0rcCJ3YislfjsGpF0aNuDBK0WhIHZx3q1CniT95qHqZkihWQVWc6VG1dWq8EZjJe/XX63GtH7mC3ZT1Cr8dG1XRM3z448S9igmWhJUcJFbVMHtuBdcuG0nCXoEXtKtUDeRc0u3KYMJBEggbFf4MrDvFoCtNTrLRgdmeyHR5xA3miF526yDHUpIVLYaEVP6STwrU8HPjdTZAoXH2CeZ7kM9IPfawnadi69t+/4hY2MxgjlRm+ICSR0OkR+R964W0qBqIpqnZVVVhVXRVEfFnV58gekWXrNU9ZxsgoO/ucfJDOwXTpzIK4osniYnY/2oz0QP7ibjF26zsT7KbLo9YYEitTOJTl6J9VZgQIkREae0tnaexVvH+ZA0U3hy2O8m8xzZzvd/4R+P2aZWuoj+myT30/GyzvuDSRLzL4GweUuhPvwca/6auA0gKun6HeZGsnyM4L24cZbRTTIatgje++af7bCkkrTsWyEt1JZ4hsXrrXt8+vTmL4sT2l3i+0Ztb6rvpby05PllJbFfZ7Txy01g9rvyVLAu0kvJMRpHDFtou08z38HAAD//09+HuoqCAAA",
              "objectset.rio.cattle.io/id": "helm-app",
              "objectset.rio.cattle.io/owner-gvk": "/v1, Kind=Secret",
              "objectset.rio.cattle.io/owner-name": "sh.helm.release.v1.test-chart-ch29.v1",
              "objectset.rio.cattle.io/owner-namespace": "namespace-local"
            },
            "chart_name": "ch29",
            "chart_version": "1.0.0",
            "cleanup_on_fail": false,
            "cluster_id": "local",
            "cluster_name": "local",
            "disable_hooks": false,
            "disable_open_api_validation": false,
            "force_upgrade": false,
            "id": "local.namespace-local/test-chart-ch29",
            "labels": {
              "objectset.rio.cattle.io/hash": "9b7dc83dee580356c3cfb071ceb31b02f9bfb29f"
            },
            "name": "test-chart-ch29",
            "namespace": "namespace-local",
            "project_id": null,
            "repo_name": "test-repo",
            "timeouts": null,
            "values": null,
            "wait": true
          },
          "sensitive_attributes": [],
          "private": "eyJlMmJmYjczMC1lY2FhLTExZTYtOGY4OC0zNDM2M2JjN2M0YzAiOnsiY3JlYXRlIjo2MDAwMDAwMDAwMDAsImRlbGV0ZSI6NjAwMDAwMDAwMDAwLCJ1cGRhdGUiOjYwMDAwMDAwMDAwMH19",
          "dependencies": [
            "data.rancher2_cluster.local",
            "rancher2_catalog_v2.mapps-helm-git-local",
            "rancher2_namespace.namespace-local",
            "rancher2_project.project-local"
          ]
        },
        {
          "index_key": "ch30",
          "schema_version": 0,
          "attributes": {
            "annotations": {
              "objectset.rio.cattle.io/applied": "H4sIAAAAAAAA/6xVQW/jNhP9K8Tk+FGyJCdZR8B3yhZttmi7aNIe2t3DmBpJ3FAkQY7sBob+e0HFceIUm6ZpcwjkkfQe35s3ox0MxNggI9Q7QGsdI2tnY/rp1l9IcSTOg3a5QmZDuXYL3UANPZkhQ+9BfvU5t7UUsm5zCzUsNqUU32vb/P+aVCD+29csDgQ1xD5PTHkgQxgp35Q5U+RM9RjS/2WRb8pXgUWPKiEerjPjFBqYJKhAs+obPVBkHDzUdjRGgsE1mRe96DH2UMOyUcV5e3barJsC1+3y4l2LZ3RRqPN2pVpc0cXZcrWqKLHtlT2TARJeOqWEWcnP1FIgqyhC/fsO0OtfKUTtLNQw+7A2Tt3+lB59T4Z4vtOiiSRBOcvBGUMBag4jSbjVNrXy0JF/6Pk4B6GkcllUF01WrVZVdqoUZojleaZOq1K16l1ZrBqYPk8SoieVvJxx0sVR9o6kVCABvX+slHmRJ48aiipofy8MVF+Ky4Qmtpp7cWW7QDGK/4kfO23/EGgbgSO7AVkr8cWtRdKhbQcStJoRemYf68Ui4DbvNPfjeowUklVkOVduWFitemcwXv9y/c1iQO9jNmc/QS2GR9f2Tdw8O/IkYYNmpDlFCRe1TR3YgXfJhVU5SdADdpRqgbyLml24SxlIIkACYzfDlad5NQdortc7MDoy2Y+POIG80Qov3WgZ6lJCpLDRip7SSeA7nw58acbIFK4+wjRNch7og99LCdq2Lr137PiVjYzGCOUGb4gJJLQ6RH5P3rg7SoGoimqZlVVWFTdFUZ8WdVX9BmmWXvOUdZysgpN/+QfJDGzmzpyIG4osDrPzyX6yJ+I7t83YpetMfBgji05vSKBI7ZyTo/dSnRUoQEJk5DGdrXlQ8fZhDhTdGL4+xvvJvHS21d0P6I9jlqm5PqDPNvnDZLy8495AMsfsvyC43ofwGD4eVV8NnAZw8RT9PlMDWX5G0BxuvFXEGln1R2Qf3PqvrbCk0nTMG+GtVJZ468Kttl1+u4rpy/KUdr/YnlHr++prKT8/WU5pWTzkOX3cUjOo+ZYsBbyf9EJCHIcB0ybaTdP0ZwAAAP//y2r3wioIAAA",
              "objectset.rio.cattle.io/id": "helm-app",
              "objectset.rio.cattle.io/owner-gvk": "/v1, Kind=Secret",
              "objectset.rio.cattle.io/owner-name": "sh.helm.release.v1.test-chart-ch30.v1",
              "objectset.rio.cattle.io/owner-namespace": "namespace-local"
            },
            "chart_name": "ch30",
            "chart_version": "1.0.0",
            "cleanup_on_fail": false,
            "cluster_id": "local",
            "cluster_name": "local",
            "disable_hooks": false,
            "disable_open_api_validation": false,
            "force_upgrade": false,
            "id": "local.namespace-local/test-chart-ch30",
            "labels": {
              "objectset.rio.cattle.io/hash": "3dc06f54dbd0abf397fa5e90c6f8cfa8e953882e"
            },
            "name": "test-chart-ch30",
            "namespace": "namespace-local",
            "project_id": null,
            "repo_name": "test-repo",
            "timeouts": null,
            "values": null,
            "wait": true
          },
          "sensitive_attributes": [],
          "private": "eyJlMmJmYjczMC1lY2FhLTExZTYtOGY4OC0zNDM2M2JjN2M0YzAiOnsiY3JlYXRlIjo2MDAwMDAwMDAwMDAsImRlbGV0ZSI6NjAwMDAwMDAwMDAwLCJ1cGRhdGUiOjYwMDAwMDAwMDAwMH19",
          "dependencies": [
            "data.rancher2_cluster.local",
            "rancher2_catalog_v2.mapps-helm-git-local",
            "rancher2_namespace.namespace-local",
            "rancher2_project.project-local"
          ]
        },
        {
          "index_key": "ch31",
          "schema_version": 0,
          "attributes": {
            "annotations": {
              "objectset.rio.cattle.io/applied": "H4sIAAAAAAAA/6xVTW/jNhD9K8TkWEqW5MROBPSULdps0XbRpD20u4cRNbK4oUiCHDkNDP33gorz4RSbpunmEMgj6T2+N29GOxiIsUVGqHeA1jpG1s7G9NM1n0lxJM6DdrlCZkO5dgvdQg09mSFD70F+8Tl3Yylkm+011LDYllL8qG377SWpQPyvr1kcCGqIfZ6Y8kCGMFK+LXOmyJnqMaT/yzLflq8Cix5VQny4zoxTaGCSoALNqq/0QJFx8FDb0RgJBhsyL3rRY+yhhpOqbU7WZVmcFsvTVdGtuuJstTyrqmVxgt1quVp363W7rBLbXtkzGSDhpVNKmJX8Sh0Fsooi1H/uAL3+nULUzkINsw+Ncer6l/ToOzLE850OTSQJylkOzhgKUHMYScK1tqmVDx35j56PcxBWx+XZqjihrOuUyo6r07OsWa4xUw01bdW0VByvYfo0SYieVPJyxkkXB9k7kFKBBPT+sVLmRV6AhJaiCtrfCQPVl+I8oYkbzb24sJtAMYpvxM8bbf8SaFuBI7sBWSvx2TUi6dB2AxK0mhF6Zh/rxSLgTb7R3I/NGCkkq8hyrtywsFr1zmC8/O3yu8WA3sdszn6CWgyPru2buH125EnCFs1Ic4oSLmqbOrAD75ILp+UkQQ+4oVQL5F3U7MJtykASARIYNzNceZzfBWiu1zswOjLZD484gbzRCs/daBnqUkKksNWKntJJ4FufDnxuxsgULj7ANE1yHugHv5cStO1ceu/Q8QsbGY0Ryg3eEBNI6HSI/I68cbeUAlEV1TIrq6wqroqiPi7qqvoD0iy95inrOFkFR//zD5IZ2M6dORJXFFk8zM5H+9EeiR/cTcYuXWfi/RhZbPSWBIrUzjk5ei/VWYECJERGHtPZ2nsVbx/mQNGN4ctjvJ/Mc2c7vfkJ/WHMMjXXB/TZNr+fjJd33BtI5ph9DYLLfQgP4eNB9dXAaQAXT9HvMjWQ5WcE7cONt4pokFV/QPbeNf9shSWVpmPeCG+lssQ3Llxru8mvT2P6sjyl3S+2Z9T6rvpayk9PllNaFvd5Th+31AxqvydLAe8mvZAQx2HAtIl20zT9HQAA//8pvNHQKggAAA",
              "objectset.rio.cattle.io/id": "helm-app",
              "objectset.rio.cattle.io/owner-gvk": "/v1, Kind=Secret",
              "objectset.rio.cattle.io/owner-name": "sh.helm.release.v1.test-chart-ch31.v1",
              "objectset.rio.cattle.io/owner-namespace": "namespace-local"
            },
            "chart_name": "ch31",
            "chart_version": "1.0.0",
            "cleanup_on_fail": false,
            "cluster_id": "local",
            "cluster_name": "local",
            "disable_hooks": false,
            "disable_open_api_validation": false,
            "force_upgrade": false,
            "id": "local.namespace-local/test-chart-ch31",
            "labels": {
              "objectset.rio.cattle.io/hash": "52db57110803860f6f0963922305af6367f77d32"
            },
            "name": "test-chart-ch31",
            "namespace": "namespace-local",
            "project_id": null,
            "repo_name": "test-repo",
            "timeouts": null,
            "values": null,
            "wait": true
          },
          "sensitive_attributes": [],
          "private": "eyJlMmJmYjczMC1lY2FhLTExZTYtOGY4OC0zNDM2M2JjN2M0YzAiOnsiY3JlYXRlIjo2MDAwMDAwMDAwMDAsImRlbGV0ZSI6NjAwMDAwMDAwMDAwLCJ1cGRhdGUiOjYwMDAwMDAwMDAwMH19",
          "dependencies": [
            "data.rancher2_cluster.local",
            "rancher2_catalog_v2.mapps-helm-git-local",
            "rancher2_namespace.namespace-local",
            "rancher2_project.project-local"
          ]
        },
        {
          "index_key": "ch32",
          "schema_version": 0,
          "attributes": {
            "annotations": {
              "objectset.rio.cattle.io/applied": "H4sIAAAAAAAA/6xVTXPkNBD9K6reI7LH9kzIrKs4ZSnIUsAWCRxg99CW27Y2sqSS2hNSU/7vlJzJx4TaEAI5pDxt+z2916/bexiJsUVGqPeA1jpG1s7G9NM1n0lxJM6DdrlCZkO5divdQg0DmTFD70F+8Tl3bSlk/e4KaljtSil+0Lb95oJUIP7H1yyOBDXEIU9MeSBDGCnflTlT5EwNGNL/dZXvyheBRY8qId5fZ8YpNDBLUIEW1Zd6pMg4eqjtZIwEgw2ZZ70YMA5QQ9tS0VZtV50oOsG2a75WRUfF6cm6waJrujWut1XRdYntoOyJDJDw3CklLEp+oY4CWUUR6j/2gF7/RiFqZ6GGxYfGOHX1c3r0HRni5U6HJpIE5SwHZwwFqDlMJOFK29TK+478S8+nJQhqU6y329NtVr5tT7JNu62y5uTtabZpC4Wb8nTdtATzp1lC9KSSlwtOujjK3pGUZAd6/1Ap8yIvQEJLUQXtb4WBGkpxltDEteZBnNs+UIziK/FTr+2fAm0rcGI3ImslPrtGJB3a9iBBqwVhYPaxXq0CXue95mFqpkghWUWWc+XGldVqcAbjxa8X365G9D5mS/YT1Gp8cO3QxN2TI88SdmgmWlKUcFHb1IE9eJdc2JazBD1iT6kWyLuo2YWblIEkAiQw9gtcucmrJUBLvd6D0ZHJfnjACeSNVnjmJstQlxIihZ1W9JhOAt/4dOAzM0WmcP4B5nmWy0Df+72WoG3n0nvHjp/byGiMUG70hphAQqdD5HfkjbuhFIiqqNZZWWVVcVkU9aaoq/J3SLP0kqes42QVvPmPf5DMwHbpzBtxSZHF/ex8tB/tG/G9u87YpetMvJ8ii17vSKBI7VySow9SnRUoQEJk5Cmdrb1T8fphDhTdFL48xofJPHO20/2P6I9jlqmlPqLPdvndZDy/415BssTs/yC4OITwGD4eVV8MnAZw9Rj9NlMjWX5C0N7feK2IBlkNR2TvXfP3VlhSaTqWjfBaKkt87cKVtn1+tY3py/KY9rDYnlDr2+pLKT89Wk5pWdzlOX3cUjOo/Y4sBbyd9EJCnMYR0ybaz/P8VwAAAP//dM1CzioIAAA",
              "objectset.rio.cattle.io/id": "helm-app",
              "objectset.rio.cattle.io/owner-gvk": "/v1, Kind=Secret",
              "objectset.rio.cattle.io/owner-name": "sh.helm.release.v1.test-chart-ch32.v1",
              "objectset.rio.cattle.io/owner-namespace": "namespace-local"
            },
            "chart_name": "ch32",
            "chart_version": "1.0.0",
            "cleanup_on_fail": false,
            "cluster_id": "local",
            "cluster_name": "local",
            "disable_hooks": false,
            "disable_open_api_validation": false,
            "force_upgrade": false,
            "id": "local.namespace-local/test-chart-ch32",
            "labels": {
              "objectset.rio.cattle.io/hash": "dde0d2df25ce5adfb6c0fe0753ba0fbf3a3820ff"
            },
            "name": "test-chart-ch32",
            "namespace": "namespace-local",
            "project_id": null,
            "repo_name": "test-repo",
            "timeouts": null,
            "values": null,
            "wait": true
          },
          "sensitive_attributes": [],
          "private": "eyJlMmJmYjczMC1lY2FhLTExZTYtOGY4OC0zNDM2M2JjN2M0YzAiOnsiY3JlYXRlIjo2MDAwMDAwMDAwMDAsImRlbGV0ZSI6NjAwMDAwMDAwMDAwLCJ1cGRhdGUiOjYwMDAwMDAwMDAwMH19",
          "dependencies": [
            "data.rancher2_cluster.local",
            "rancher2_catalog_v2.mapps-helm-git-local",
            "rancher2_namespace.namespace-local",
            "rancher2_project.project-local"
          ]
        },
        {
          "index_key": "ch33",
          "schema_version": 0,
          "attributes": {
            "annotations": {
              "objectset.rio.cattle.io/applied": "H4sIAAAAAAAA/6xVwW7jNhD9FWL2WEqWZNXxCugpW7TZou2iSXtodw8jamxxQ5EEOXIaGPr3gorjxCk2TdPmEMgj6T2+N29GexiIsUNGaPaA1jpG1s7G9NO1n0lxJM6DdrlCZkO5dgvdQQM9mSFD70F+8Tl3Yylk2901NLDYlVL8oG33zSWpQPyPr1kcCBqIfZ6Y8kCGMFK+K3OmyJnqMaT/y2W+K18EFj2qhHi8zoxTaGCSoALNqq/0QJFx8NDY0RgJBlsyz3rRY+yhAVzVZ8XXVC1Xbb2sN4RnK1XUq3r9tiuKVVd2Z6po20oltoOyJzJAwnOnlDAr+YU2FMgqitD8sQf0+jcKUTsLDcw+tMap65/To+/IEM93NmgiSVDOcnDGUICGw0gSrrVNrTx25F96Ps5BUGeqKtVyla3r1Sarq3WZtd0ZZQqpXq9Wdb1+W8L0aZIQPank5YyTLk6ydyKlAgno/UOlzIu8AAkdRRW0vxMGqi/FeUITN5p7cWG3gWIUX4mfttr+KdB2Akd2A7JW4rNrRdKh7RYkaDUj9Mw+NotFwJt8q7kf2zFSSFaR5Vy5YWG16p3BePnr5beLAb2P2Zz9BLUYHlw7NHH35MiThB2akeYUJVzUNnVgD94lF9blJEEPuKVUC+Rd1OzCbcpAEgESGLczXFnn1Rygud7swejIZD884ATyRis8d6NlaEoJkcJOK3pMJ4FvfTrwuRkjU7j4ANM0yXmgj34vJWi7cem9U8cvbGQ0Rig3eENMIGGjQ+R35I27pRSIqqiWWVllVXFVFE1dNEX1O6RZeslT1nGyCt78xz9IZmA3d+aNuKLI4jg7H+1H+0Z8724yduk6E+/HyGKrdyRQpHbOydEHqc4KFCAhMvKYztbdq3j9MAeKbgxfHuPDZJ47u9HbH9GfxixTc31An+3y+8l4fse9gmSO2f9BcHkI4Sl8PKm+GDgN4OIx+l2mBrL8hKA73nitiBZZ9Sdk713791ZYUmk65o3wWipLfOPCtbbb/Hod05flMe1hsT2h1nfVl1J+erSc0rK4z3P6uKVmUPcdWQp4N+mFhDgOA6ZNtJ+m6a8AAAD//284o88qCAAA",
              "objectset.rio.cattle.io/id": "helm-app",
              "objectset.rio.cattle.io/owner-gvk": "/v1, Kind=Secret",
              "objectset.rio.cattle.io/owner-name": "sh.helm.release.v1.test-chart-ch33.v1",
              "objectset.rio.cattle.io/owner-namespace": "namespace-local"
            },
            "chart_name": "ch33",
            "chart_version": "1.0.0",
            "cleanup_on_fail": false,
            "cluster_id": "local",
            "cluster_name": "local",
            "disable_hooks": false,
            "disable_open_api_validation": false,
            "force_upgrade": false,
            "id": "local.namespace-local/test-chart-ch33",
            "labels": {
              "objectset.rio.cattle.io/hash": "a64705e236b434fea76c046489d006d1d7c0bb2c"
            },
            "name": "test-chart-ch33",
            "namespace": "namespace-local",
            "project_id": null,
            "repo_name": "test-repo",
            "timeouts": null,
            "values": null,
            "wait": true
          },
          "sensitive_attributes": [],
          "private": "eyJlMmJmYjczMC1lY2FhLTExZTYtOGY4OC0zNDM2M2JjN2M0YzAiOnsiY3JlYXRlIjo2MDAwMDAwMDAwMDAsImRlbGV0ZSI6NjAwMDAwMDAwMDAwLCJ1cGRhdGUiOjYwMDAwMDAwMDAwMH19",
          "dependencies": [
            "data.rancher2_cluster.local",
            "rancher2_catalog_v2.mapps-helm-git-local",
            "rancher2_namespace.namespace-local",
            "rancher2_project.project-local"
          ]
        },
        {
          "index_key": "ch34",
          "schema_version": 0,
          "attributes": {
            "annotations": {
              "objectset.rio.cattle.io/applied": "H4sIAAAAAAAA/6xVwW7jNhD9FWJyLCVLtoy4AnrKFm22aLto0h7a3cOIGkvcUCRBjpwGhv69oOI4cYpN07Q5BPJIeo/vzZvRHgZibJER6j2gtY6RtbMx/XTNZ1IcifOgXa6Q2VCu3UK3UENPZsjQe5BffM7dWgpZt7uBGha7UooftG2/uSIViP/xNYsDQQ2xzxNTHsgQRsp3Zc4UOVM9hvR/VeW78lVg0aNKiMfrzDiFBiYJKtCs+loPFBkHD7UdjZFgsCHzohc9xh5qqMpVtSEslptVu1qdb9r1qmzW9PW6Ot+eq1a1qqk2bdkktoOyZzJAwkunlDAr+YW2FMgqilD/sQf0+jcKUTsLNcw+NMapm5/To+/IEM93tmgiSVDOcnDGUICaw0gSbrRNrTx25F96Ps5BWKt1q8r1JmuLrcqqdUNZU9Aqa9W2UufVdonrDUyfJgnRk0pezjjp4iR7J1KWIAG9f6yUeZEXIKGlqIL298JA9aW4SGjiVnMvLm0XKEbxlfip0/ZPgbYVOLIbkLUSn10jkg5tO5Cg1YzQM/tYLxYBb/NOcz82Y6SQrCLLuXLDwmrVO4Px6terbxcDeh+zOfsJajE8unZo4u7ZkScJOzQjzSlKuKht6sAevEsubMpJgh6wo1QL5F3U7MJdykASARIYuxmurPLlHKC5Xu/B6MhkPzziBPJGK7xwo2WoSwmRwk4rekonge98OvCFGSNTuPwA0zTJeaCPfq8kaLt16b1Txy9tZDRGKDd4Q0wgYatD5HfkjbujFIhlsVxl5TJbFtdFUVdFXVa/Q5ql1zxlHSer4Ow//kEyA9u5M2fimiKL4+x8tB/tmfje3Wbs0nUm3o+RRad3JFCkds7J0QepzgoUICEy8pjO1j6oePswB4puDF8e48NkXji71d2P6E9jlqm5PqDPdvnDZLy8495AMsfs/yC4OoTwFD6eVF8NnAZw8RT9PlMDWX5G0B5vvFVEg6z6E7L3rvl7KyypNB3zRngrlSW+deFG2y6/2cT0ZXlKe1hsz6j1ffW1lJ+eLKe0LB7ynD5uqRnUfkeWAt5PeiEhjsOAaRPtp2n6KwAA//9NVLdFKggAAA",
              "objectset.rio.cattle.io/id": "helm-app",
              "objectset.rio.cattle.io/owner-gvk": "/v1, Kind=Secret",
              "objectset.rio.cattle.io/owner-name": "sh.helm.release.v1.test-chart-ch34.v1",
              "objectset.rio.cattle.io/owner-namespace": "namespace-local"
            },
            "chart_name": "ch34",
            "chart_version": "1.0.0",
            "cleanup_on_fail": false,
            "cluster_id": "local",
            "cluster_name": "local",
            "disable_hooks": false,
            "disable_open_api_validation": false,
            "force_upgrade": false,
            "id": "local.namespace-local/test-chart-ch34",
            "labels": {
              "objectset.rio.cattle.io/hash": "41348ea0283d3378d531b5e9547f7cdcdcb48d1b"
            },
            "name": "test-chart-ch34",
            "namespace": "namespace-local",
            "project_id": null,
            "repo_name": "test-repo",
            "timeouts": null,
            "values": null,
            "wait": true
          },
          "sensitive_attributes": [],
          "private": "eyJlMmJmYjczMC1lY2FhLTExZTYtOGY4OC0zNDM2M2JjN2M0YzAiOnsiY3JlYXRlIjo2MDAwMDAwMDAwMDAsImRlbGV0ZSI6NjAwMDAwMDAwMDAwLCJ1cGRhdGUiOjYwMDAwMDAwMDAwMH19",
          "dependencies": [
            "data.rancher2_cluster.local",
            "rancher2_catalog_v2.mapps-helm-git-local",
            "rancher2_namespace.namespace-local",
            "rancher2_project.project-local"
          ]
        },
        {
          "index_key": "ch35",
          "schema_version": 0,
          "attributes": {
            "annotations": {
              "objectset.rio.cattle.io/applied": "H4sIAAAAAAAA/6xVTW/jNhD9K8TkWEq2ZDt2BPSULdps0XbRpD20u4cRNZa4oUiCHDkNDP33gorz4RSbpunmEMgj6T2+N29Ge+iJsUFGqPaA1jpG1s7G9NPVn0lxJM6DdrlCZkO5djPdQAUdmT5D70F+8Tl3Yylk7e4aKpjtCil+1Lb59pJUIP7X1yz2BBXELk9MeSBDGCnfFTlT5Ex1GNL/xSrfFa8Cix5VQny4zoxTaGCUoAJNqq90T5Gx91DZwRgJBmsyL3rRYeygArVc1uvtplzMN8V6ReuiWC2bTUlNfbaiRXG2abZqu26KxHZQ9kwGSHjplBImJb/SlgJZRRGqP/eAXv9OIWpnoYLJh9o4df1LevQdGeLpzhZNJAnKWQ7OGApQcRhIwrW2qZUPHfmPng9TEFaLel1vFGaLU0XZ8nRTZnW5bLLyTNXrs+XpenVaw/hplBA9qeTlhJMujrJ3JKUECej9Y6XI5/kcJDQUVdD+ThiorhDnCU3caO7EhW0DxSi+ET+32v4l0DYCB3Y9slbis6tF0qFtCxK0mhA6Zh+r2SzgTd5q7oZ6iBSSVWQ5V66fWa06ZzBe/nb53axH72M2ZT9BzfpH1w5N3D078ihhh2agKUUJF7VNHdiDd8mFTTFK0D22lGqBvIuaXbhNGUgiQAJjO8EVy7ycAjTVqz0YHZnsh0ecQN5ohedusAxVISFS2GlFT+kk8K1PBz43Q2QKFx9gHEc5DfSD3wsJ2m5deu/Y8QsbGY0RyvXeEBNI2OoQ+R15424pBaKcl4usKLNyfjWfV8t5Vaz+gDRLr3nKOk5Wwcn//INkBjZTZ07EFUUWD7Pz0X60J+IHd5OxS9eZeD9EFq3ekUCR2jklRx+kOitQgITIyEM6W3Ov4u3DHCi6IXx5jA+Tee7sVrc/oT+OWaameo8+2+X3k/HyjnsDyRSzr0FweQjhMXw8qr4aOA3g7Cn6XaZ6svyMoHm48VYRNbLqjsjeu/qfrbCk0nRMG+GtVJb4xoVrbdv8ehPTl+Up7WGxPaPWd9XXUn56spzSsrjPc/q4pWZQ8z1ZCng36XMJceh7TJtoP47j3wEAAP//64CY5CoIAAA",
              "objectset.rio.cattle.io/id": "helm-app",
              "objectset.rio.cattle.io/owner-gvk": "/v1, Kind=Secret",
              "objectset.rio.cattle.io/owner-name": "sh.helm.release.v1.test-chart-ch35.v1",
              "objectset.rio.cattle.io/owner-namespace": "namespace-local"
            },
            "chart_name": "ch35",
            "chart_version": "1.0.0",
            "cleanup_on_fail": false,
            "cluster_id": "local",
            "cluster_name": "local",
            "disable_hooks": false,
            "disable_open_api_validation": false,
            "force_upgrade": false,
            "id": "local.namespace-local/test-chart-ch35",
            "labels": {
              "objectset.rio.cattle.io/hash": "c44b7f82308175e71154d82edb95e3198dfcf7d1"
            },
            "name": "test-chart-ch35",
            "namespace": "namespace-local",
            "project_id": null,
            "repo_name": "test-repo",
            "timeouts": null,
            "values": null,
            "wait": true
          },
          "sensitive_attributes": [],
          "private": "eyJlMmJmYjczMC1lY2FhLTExZTYtOGY4OC0zNDM2M2JjN2M0YzAiOnsiY3JlYXRlIjo2MDAwMDAwMDAwMDAsImRlbGV0ZSI6NjAwMDAwMDAwMDAwLCJ1cGRhdGUiOjYwMDAwMDAwMDAwMH19",
          "dependencies": [
            "data.rancher2_cluster.local",
            "rancher2_catalog_v2.mapps-helm-git-local",
            "rancher2_namespace.namespace-local",
            "rancher2_project.project-local"
          ]
        },
        {
          "index_key": "ch36",
          "schema_version": 0,
          "attributes": {
            "annotations": {
              "objectset.rio.cattle.io/applied": "H4sIAAAAAAAA/6xVT2/jthP9KsTk+KNkyVa8sYDfKVu02aLtokl7aHcPI2pkcUORBDlyGhj67gUV549TbJqmzSGQR9J7fG/ejPYwEGOLjFDvAa11jKydjemna76Q4kicB+1yhcyGcu0WuoUaejJDht6D/Opz7sZSyLa7a6hhsSul+F7b9v+XpALx375mcSCoIfZ5YsoDGcJI+a7MmSJnqseQ/q/W+a58FVj0qBLiw3VmnEIDkwQVaFZ9pQeKjIOH2o7GSDDYkHnRix5jDzUUZ9iddpuy6dYd0tkSVVe9U+2mKlblek1n3aY6rZaoEttB2TMZIOGlU0qYlfxMHQWyiiLUv+8Bvf6VQtTOQg2zD41x6vqn9Oh7MsTznQ5NJAnKWQ7OGApQcxhJwrW2qZUPHfmHno9zEJoWu826arJ3qsWsWnZV1pSnXbbB1ZqKalWUqoLp8yQhelLJyxknXRxl70jKEiSg94+VMi/yAiS0FFXQ/k4YqL4U5wlN3GjuxYXdBopR/E/8uNX2D4G2FTiyG5C1El9cI5IObbcgQasZoWf2sV4sAt7kW8392IyRQrKKLOfKDQurVe8MxstfLr9ZDOh9zObsJ6jF8OjaoYm7Z0eeJOzQjDSnKOGitqkDe/AuuXBWThL0gFtKtUDeRc0u3KYMJBEggXE7w5VVvpwDNNfrPRgdmezHR5xA3miF5260DHUpIVLYaUVP6STwrU8HPjdjZAoXH2GaJjkP9IPfKwnadi69d+z4hY2MxgjlBm+ICSR0OkR+T964W0qBWBbLVVYus2VxVRR1VdTF5jdIs/Sap6zjZBWc/Ms/SGZgO3fmRFxRZPEwO5/sJ3sivnM3Gbt0nYkPY2Sx1TsSKFI75+Tog1RnBQqQEBl5TGdr71W8fZgDRTeGr4/xYTLPne309gf0xzHL1Fwf0Ge7/H4yXt5xbyCZY/ZfEFweQngMH4+qrwZOA7h4in6XqYEsPyNoH268VUSDrPojsg+u+WsrLKk0HfNGeCuVJb5x4VrbbX59FtOX5SntYbE9o9Z31ddSfn6ynNKyuM9z+rilZlD7LVkKeDfphYQ4DgOmTbSfpunPAAAA///HbCw8KggAAA",
              "objectset.rio.cattle.io/id": "helm-app",
              "objectset.rio.cattle.io/owner-gvk": "/v1, Kind=Secret",
              "objectset.rio.cattle.io/owner-name": "sh.helm.release.v1.test-chart-ch36.v1",
              "objectset.rio.cattle.io/owner-namespace": "namespace-local"
            },
            "chart_name": "ch36",
            "chart_version": "1.0.0",
            "cleanup_on_fail": false,
            "cluster_id": "local",
            "cluster_name": "local",
            "disable_hooks": false,
            "disable_open_api_validation": false,
            "force_upgrade": false,
            "id": "local.namespace-local/test-chart-ch36",
            "labels": {
              "objectset.rio.cattle.io/hash": "08af5f91bf6fae82acf47cd9403166e8f94542ac"
            },
            "name": "test-chart-ch36",
            "namespace": "namespace-local",
            "project_id": null,
            "repo_name": "test-repo",
            "timeouts": null,
            "values": null,
            "wait": true
          },
          "sensitive_attributes": [],
          "private": "eyJlMmJmYjczMC1lY2FhLTExZTYtOGY4OC0zNDM2M2JjN2M0YzAiOnsiY3JlYXRlIjo2MDAwMDAwMDAwMDAsImRlbGV0ZSI6NjAwMDAwMDAwMDAwLCJ1cGRhdGUiOjYwMDAwMDAwMDAwMH19",
          "dependencies": [
            "data.rancher2_cluster.local",
            "rancher2_catalog_v2.mapps-helm-git-local",
            "rancher2_namespace.namespace-local",
            "rancher2_project.project-local"
          ]
        },
        {
          "index_key": "ch37",
          "schema_version": 0,
          "attributes": {
            "annotations": {
              "objectset.rio.cattle.io/applied": "H4sIAAAAAAAA/6xVQW/jNhP9K8Tk+FGyJCcbW8B3yhZttmi7aNIe2t3DiBpZ3FAkQY6cBob+e0HFceIUm6ZpcwjkkfQe35s3ox0MxNgiI9Q7QGsdI2tnY/rpmi+kOBLnQbtcIbOhXLuFbqGGnsyQofcgv/qcu7UUss32BmpYbEspvte2/f8VqUD8t69ZHAhqiH2emPJAhjBSvi1zpsiZ6jGk/8vzfFu+Cix6VAnxcJ0Zp9DAJEEFmlVf64Ei4+ChtqMxEgw2ZF70osfYQw3rpm27TnVVW5Fana6aDts1lt07tTxbVao7XZ+pCpfrxLZX9kwGSHjplBJmJT9TR4Gsogj17ztAr3+lELWzUMPsQ2OcuvkpPfqeDPF8p0MTSYJyloMzhgLUHEaScKNtauWhI//Q83EOwjs8K9XqrMmq9fo8O1VtkTUrWmbrVYXtquuK5TnC9HmSED2p5OWMky6OsnckpQIJ6P1jpcyLvAAJLUUVtL8XBqovxUVCE7eae3FpN4FiFP8TP260/UOgbQWO7AZkrcQX14ikQ9sNSNBqRuiZfawXi4C3+UZzPzZjpJCsIsu5csPCatU7g/Hql6tvFgN6H7M5+wlqMTy6tm/i9tmRJwlbNCPNKUq4qG3qwA68Sy6sykmCHnBDqRbIu6jZhbuUgSQCJDBuZrjyNK/mAM31egdGRyb78REnkDda4YUbLUNdSogUtlrRUzoJfOfTgS/MGJnC5UeYpknOA33weylB286l944dv7SR0Rih3OANMYGETofI78kbd0cpEFVRLbOyyqriuijq06Iuqt8gzdJrnrKOk1Vw8i//IJmB7dyZE3FNkcVhdj7ZT/ZEfOduM3bpOhMfxshio7ckUKR2zsnRe6nOChQgITLymM7WPqh4+zAHim4MXx/j/WReONvpzQ/oj2OWqbk+oM+2+cNkvLzj3kAyx+y/ILjah/AYPh5VXw2cBnDxFP0+UwNZfkbQHm68VUSDrPojsg+u+WsrLKk0HfNGeCuVJb514UbbTX6ziunL8pR2v9ieUev76mspPz9ZTmlZPOQ5fdxSM6j9liwFvJ/0QkIchwHTJtpN0/RnAAAA//9nQBSTKggAAA",
              "objectset.rio.cattle.io/id": "helm-app",
              "objectset.rio.cattle.io/owner-gvk": "/v1, Kind=Secret",
              "objectset.rio.cattle.io/owner-name": "sh.helm.release.v1.test-chart-ch37.v1",
              "objectset.rio.cattle.io/owner-namespace": "namespace-local"
            },
            "chart_name": "ch37",
            "chart_version": "1.0.0",
            "cleanup_on_fail": false,
            "cluster_id": "local",
            "cluster_name": "local",
            "disable_hooks": false,
            "disable_open_api_validation": false,
            "force_upgrade": false,
            "id": "local.namespace-local/test-chart-ch37",
            "labels": {
              "objectset.rio.cattle.io/hash": "9bddffcf2d2ec848bfad9a1f6c3582cf495c2a39"
            },
            "name": "test-chart-ch37",
            "namespace": "namespace-local",
            "project_id": null,
            "repo_name": "test-repo",
            "timeouts": null,
            "values": null,
            "wait": true
          },
          "sensitive_attributes": [],
          "private": "eyJlMmJmYjczMC1lY2FhLTExZTYtOGY4OC0zNDM2M2JjN2M0YzAiOnsiY3JlYXRlIjo2MDAwMDAwMDAwMDAsImRlbGV0ZSI6NjAwMDAwMDAwMDAwLCJ1cGRhdGUiOjYwMDAwMDAwMDAwMH19",
          "dependencies": [
            "data.rancher2_cluster.local",
            "rancher2_catalog_v2.mapps-helm-git-local",
            "rancher2_namespace.namespace-local",
            "rancher2_project.project-local"
          ]
        },
        {
          "index_key": "ch38",
          "schema_version": 0,
          "attributes": {
            "annotations": {
              "objectset.rio.cattle.io/applied": "H4sIAAAAAAAA/6xVwW7jNhD9FWJyLCVLthPHAnrKFm22aLto0h7a3cOIGlncUCRBjpwGhv69oOI4cYpN03RzCOSR9B7fmzejHfTE2CAjVDtAax0ja2dj+unqz6Q4EudBu1whs6Fcu5luoIKOTJ+h9yC/+Jy7tRSyzfYGKphtSyl+1Lb59opUIP7X1yz2BBXELk9MeSBDGCnfljlT5Ex1GNL/xXm+LV8FFj2qhHi4zoxTaGCUoAJNqq91T5Gx91DZwRgJBmsyL3rRYeygguVifaZWilZ41tbLVbnAdn4+V6dYIC6Xc1ormpers2Vi2yt7JgMkvHRKCZOSX6mlQFZRhOrPHaDXv1OI2lmoYPKhNk7d/JIefUeGeLrTookkQTnLwRlDASoOA0m40Ta18tCR/+j5MAWhXq+aZavqrG1xnS2Xq2W2LqjM2uJsVS/qolyfNjB+GiVETyp5OeGki6PsHUmZgwT0/rFS5kVegISGogra3wsD1ZXiIqGJW82duLSbQDGKb8TPG23/EmgbgQO7Hlkr8dnVIunQdgMStJoQOmYfq9ks4G2+0dwN9RApJKvIcq5cP7Nadc5gvPrt6rtZj97HbMp+gpr1j67tm7h9duRRwhbNQFOKEi5qmzqwA++SC+flKEH3uKFUC+Rd1OzCXcpAEgESGDcTXLnM51OApnq1A6Mjk/3wiBPIG63wwg2WoSolRApbregpnQS+8+nAF2aITOHyA4zjKKeBPvi9kKBt69J7x45f2shojFCu94aYQEKrQ+R35I27oxSIeTFfZOU8mxfXRVEt1tXp+g9Is/Sap6zjZBWc/M8/SGZgM3XmRFxTZHGYnY/2oz0RP7jbjF26zsT7IbLY6C0JFKmdU3L0XqqzAgVIiIw8pLM1DyrePsyBohvCl8d4P5kXzrZ68xP645hlaqr36LNt/jAZL++4N5BMMfsaBFf7EB7Dx6Pqq4HTAM6eot9nqifLzwiaw423iqiRVXdE9t7V/2yFJZWmY9oIb6WyxLcu3Gi7yW/OY/qyPKXdL7Zn1Pq++lrKT0+WU1oWD3lOH7fUDGq+J0sB7ye9kBCHvse0iXbjOP4dAAD//xjH5xMqCAAA",
              "objectset.rio.cattle.io/id": "helm-app",
              "objectset.rio.cattle.io/owner-gvk": "/v1, Kind=Secret",
              "objectset.rio.cattle.io/owner-name": "sh.helm.release.v1.test-chart-ch38.v1",
              "objectset.rio.cattle.io/owner-namespace": "namespace-local"
            },
            "chart_name": "ch38",
            "chart_version": "1.0.0",
            "cleanup_on_fail": false,
            "cluster_id": "local",
            "cluster_name": "local",
            "disable_hooks": false,
            "disable_open_api_validation": false,
            "force_upgrade": false,
            "id": "local.namespace-local/test-chart-ch38",
            "labels": {
              "objectset.rio.cattle.io/hash": "4396c7ce7a6fb4713af282c5a0aa442e9ce21764"
            },
            "name": "test-chart-ch38",
            "namespace": "namespace-local",
            "project_id": null,
            "repo_name": "test-repo",
            "timeouts": null,
            "values": null,
            "wait": true
          },
          "sensitive_attributes": [],
          "private": "eyJlMmJmYjczMC1lY2FhLTExZTYtOGY4OC0zNDM2M2JjN2M0YzAiOnsiY3JlYXRlIjo2MDAwMDAwMDAwMDAsImRlbGV0ZSI6NjAwMDAwMDAwMDAwLCJ1cGRhdGUiOjYwMDAwMDAwMDAwMH19",
          "dependencies": [
            "data.rancher2_cluster.local",
            "rancher2_catalog_v2.mapps-helm-git-local",
            "rancher2_namespace.namespace-local",
            "rancher2_project.project-local"
          ]
        },
        {
          "index_key": "ch39",
          "schema_version": 0,
          "attributes": {
            "annotations": {
              "objectset.rio.cattle.io/applied": "H4sIAAAAAAAA/6xVT2/jthP9KsTk+KNkyXY2toDfKVu02aLtokl7aHcPI2okcUORBDlyGhj67gUV549TbJqmzSGQR9J7fG/ejPYwEGODjFDtAa11jKydjemnq7+Q4kicB+1yhcyGcu0WuoEKejJDht6D/Opz7sZSyLrdNVSw2JVSfK9t8/9LUoH4b1+zOBBUEPs8MeWBDGGkfFfmTJEz1WNI/1fbfFe+Cix6VAnx4TozTqGBSYIKNKu+0gNFxsFDZUdjJBisybzoRY+xhwqWp+VKndXLrTotUJ2elgUt202zfVeerep23Zwhbgq13Ca2g7JnMkDCS6eUMCv5mVoKZBVFqH7fA3r9K4WonYUKZh9q49T1T+nR92SI5zstmkgSlLMcnDEUoOIwkoRrbVMrHzryDz0f5yAscdXUm2aTlVv1LlvX6zbD5rTMVuXZWVG027ZYb2H6PEmInlTycsZJF0fZO5KyBAno/WOlzIu8AAkNRRW0vxMGqi/FeUITN5p7cWG7QDGK/4kfO23/EGgbgSO7AVkr8cXVIunQtgMJWs0IPbOP1WIR8CbvNPdjPUYKySqynCs3LKxWvTMYL3+5/GYxoPcxm7OfoBbDo2uHJu6eHXmSsEMz0pyihIvapg7swbvkwqacJOgBO0q1QN5FzS7cpgwkESCBsZvhynW+nAM016s9GB2Z7MdHnEDeaIXnbrQMVSkhUthpRU/pJPCtTwc+N2NkChcfYZomOQ/0g98rCdq2Lr137PiFjYzGCOUGb4gJJLQ6RH5P3rhbmgNRLFdZucyWxVVRVOuiKle/QZql1zxlHSer4ORf/kEyA5u5MyfiiiKLh9n5ZD/ZE/Gdu8nYpetMfBgji07vSKBI7ZyTow9SnRUoQEJk5DGdrblX8fZhDhTdGL4+xofJPHe21d0P6I9jlqm5PqDPdvn9ZLy8495AMsfsvyC4PITwGD4eVV8NnAZw8RT9LlMDWX5G0DzceKuIGln1R2QfXP3XVlhSaTrmjfBWKkt848K1tl1+vYnpy/KU9rDYnlHru+prKT8/WU5pWdznOX3cUjOo+ZYsBbyb9EJCHIcB0ybaT9P0ZwAAAP//ssc3nyoIAAA",
              "objectset.rio.cattle.io/id": "helm-app",
              "objectset.rio.cattle.io/owner-gvk": "/v1, Kind=Secret",
              "objectset.rio.cattle.io/owner-name": "sh.helm.release.v1.test-chart-ch39.v1",
              "objectset.rio.cattle.io/owner-namespace": "namespace-local"
            },
            "chart_name": "ch39",
            "chart_version": "1.0.0",
            "cleanup_on_fail": false,
            "cluster_id": "local",
            "cluster_name": "local",
            "disable_hooks": false,
            "disable_open_api_validation": false,
            "force_upgrade": false,
            "id": "local.namespace-local/test-chart-ch39",
            "labels": {
              "objectset.rio.cattle.io/hash": "2513c7b29c50ac5510e2f8d96173bf4d7aa80c29"
            },
            "name": "test-chart-ch39",
            "namespace": "namespace-local",
            "project_id": null,
            "repo_name": "test-repo",
            "timeouts": null,
            "values": null,
            "wait": true
          },
          "sensitive_attributes": [],
          "private": "eyJlMmJmYjczMC1lY2FhLTExZTYtOGY4OC0zNDM2M2JjN2M0YzAiOnsiY3JlYXRlIjo2MDAwMDAwMDAwMDAsImRlbGV0ZSI6NjAwMDAwMDAwMDAwLCJ1cGRhdGUiOjYwMDAwMDAwMDAwMH19",
          "dependencies": [
            "data.rancher2_cluster.local",
            "rancher2_catalog_v2.mapps-helm-git-local",
            "rancher2_namespace.namespace-local",
            "rancher2_project.project-local"
          ]
        }
      ]
    },
    {
      "mode": "managed",
      "type": "rancher2_app_v2",
      "name": "installed-apps-workload1-default",
      "provider": "provider[\"registry.terraform.io/rancher/rancher2\"]",
      "instances": [
        {
          "index_key": "ch1",
          "schema_version": 0,
          "attributes": {
            "annotations": {
              "objectset.rio.cattle.io/applied": "H4sIAAAAAAAA/6RVUW/bNhD+K8TlcZQs2a7tCNhTOmzpsK1Ysj1s7cOJOltsKJIgT84CQ/99oOwmUbc2NeoHQz5L39333fdRB+iIsUFGqA6A1jpG1s7G9NPVH0hxJM6DdrlCZkO5djPdQAUtmS5D70F+9j53bylku/0dVDDbl1L8rG3z/Q2pQPziYxY7ggpim6dOeSBDGCnflzlT5Ey1GNJ3me/Lr8KKHlUCbGiLvWEYJKhAI9lb3VFk7DxUtjdGgsGazBclaDG2UAHSZn05X682q7K53CybldrUi8V6WTZluazpksq5UpvVInU7EZpOD8f6p8NJGAf/nbYUyCqKUP19APT6TwpROwsVjLRr49Tdb+nW12SIx3+2aCJJUM5ycMZQgIpDTxLutE2Le9T/PIX7ceuLjSprwiIrNnWRLRtcZvVqXWfFarul1apZvtqsYXg/SIieVFJwhEkXE6NNmMxBAnr/VCnzIi9AQkNRBe2PvEC1pbhKaOJecyuu7S5QjOI78etO238E2kZgz65D1kp8cLVINLTdgQStRoSW2cdqNgt4n+80t33dRwpJKbKcK9fNrFatMxhv/rj5Ydah9zEbjZ6gZt2TaMfV7T+ZeJCwR9PTaJ0Ei9om/Q/gXRJhUw4SdIc7SrVA3kXNLjxABTZxAAmMuxGuXObz0TVjvTqA0ZHJvn3CCeSNVnjlestQlRIihb1W9LydBH7wad4r00emcP0WhmGQY3gf5V5I0Hbr0nNTwa9tZDRGKNd5Q0wgYatD5NfkjXug5Id5MV9k5TybF7dFUS2L6tX6L0gB+pq7rOMkFVx84weSGNiMi7kQtxRZPCbnnX1nL8RP7j5jl64z8aaPLHZ6TwJF2uZoHH2i6qxAARIiI/dxTOSJxdkJDhRdHz6f3VMcr5zd6t0v6CfmytRY7tBn+/xjHP7/GDsfe/TUt+DenJw2QY2T4ot4KVuz56BHv3RkeYrbPNbPHblGVu2kxxtX/0dmSyr5fYz4uR0s8b0Ld9ru8rtNTC+G591OJ9S0oz4WX+r0/tnpktL+0ZDplZSUpuZHshTwGNVCQuy7DtNRchiG4d8AAAD//54uEMTXBwAA",
              "objectset.rio.cattle.io/id": "helm-app",
              "objectset.rio.cattle.io/owner-gvk": "/v1, Kind=Secret",
              "objectset.rio.cattle.io/owner-name": "sh.helm.release.v1.test-chart-ch1.v1",
              "objectset.rio.cattle.io/owner-namespace": "default"
            },
            "chart_name": "ch1",
            "chart_version": "1.0.0",
            "cleanup_on_fail": false,
            "cluster_id": "c-877gr",
            "cluster_name": "workload1",
            "disable_hooks": false,
            "disable_open_api_validation": false,
            "force_upgrade": false,
            "id": "c-877gr.default/test-chart-ch1",
            "labels": {
              "objectset.rio.cattle.io/hash": "ae879276861d984d6c8b33741d114be9e12cc863"
            },
            "name": "test-chart-ch1",
            "namespace": "default",
            "project_id": null,
            "repo_name": "test-repo",
            "timeouts": null,
            "values": null,
            "wait": true
          },
          "sensitive_attributes": [],
          "private": "eyJlMmJmYjczMC1lY2FhLTExZTYtOGY4OC0zNDM2M2JjN2M0YzAiOnsiY3JlYXRlIjo2MDAwMDAwMDAwMDAsImRlbGV0ZSI6NjAwMDAwMDAwMDAwLCJ1cGRhdGUiOjYwMDAwMDAwMDAwMH19",
          "dependencies": [
            "data.rancher2_cluster.local",
            "data.rancher2_cluster.workload1",
            "rancher2_catalog_v2.mapps-helm-git-local",
            "rancher2_catalog_v2.mapps-helm-git-workload1"
          ]
        },
        {
          "index_key": "ch2",
          "schema_version": 0,
          "attributes": {
            "annotations": {
              "objectset.rio.cattle.io/applied": "H4sIAAAAAAAA/6RVQW/jNhP9K8Tk+FGyZDuJI+A7ZYs2W7RdNGkP7e5hRI0sbiiSIEdOA0P/vaDsTaJtt1ljfTDksfRm3pv3qD30xNggI1R7QGsdI2tnY/rp6o+kOBLnQbtcIbOhXLuFbqCCjkyfofcgv3ife7AUsu3uHipY7EopftS2+f8tqUD86mMWe4IKYpenTnkgQxgp35U5U+RMdRjS9zLflV+FFT2qBNhQi4NhGCWoQBPZO91TZOw9VHYwRoLBmsx/StBh7KACdUGXTdkuz7G4pKvV+WVTb5r1xaberMo1qgbPV5u2btvU7UhoPj0c6p8PJ2Ea/FdqKZBVFKH6cw/o9e8UonYWKpho18ap+1/SrW/IEE//tGgiSVDOcnDGUICKw0AS7rVNi3vS/zSFh2nra6xXV5fnF9lGLa+ytWqbbLNqz7PlplRlWaw2qrmA8cMoIXpSScEJJl3MjDZjklRA758rZV7kBUhoKKqg/YEXqK4U1wlNPGjuxI3dBopR/E/8vNX2L4G2ETiw65G1Eh9dLRINbbcgQasJoWP2sVosAj7kW83dUA+RQlKKLOfK9QurVecMxtvfbr9b9Oh9zCajJ6hF/yzaYXW7zyYeJezQDDRZJ8Gitkn/PXiXRNiUowTd45ZSLZB3UbMLj1CBTRxAAuN2givX+XJyzVSv9mB0ZLLvnnECeaMVXrvBMlSlhEhhpxW9bCeBH32a99oMkSncvINxHOUU3ie5VxK0bV16bi74jY2Mxgjlem+ICSS0OkR+Q964R0p+WBbLVVYus2VxVxTVuqhWxR+QAvQ1d1nHSSo4+8YPJDGwmRZzJu4osnhKznv73p6JH9xDxi5dZ+LtEFls9Y4EirTNyTj6SNVZgQIkREYe4pTII4uTExwouiF8ObvHOF472+rtT+hn5srUVO7RZ7v8Uxz+/Rg7HXvy1Lfg3h6dNkONs+KreClbi5egB7/0ZHmO2zzVTx25RlbdrMdbV/9DZksq+X2K+KkdLPGDC/fabvP7TUwvhpfdjifUvKM+FF/r9OHF6ZLS/smQ6ZWUlKbme7IU8BDVQkIc+h7TUbIfx/HvAAAA//8Rzdml1wcAAA",
              "objectset.rio.cattle.io/id": "helm-app",
              "objectset.rio.cattle.io/owner-gvk": "/v1, Kind=Secret",
              "objectset.rio.cattle.io/owner-name": "sh.helm.release.v1.test-chart-ch2.v1",
              "objectset.rio.cattle.io/owner-namespace": "default"
            },
            "chart_name": "ch2",
            "chart_version": "1.0.0",
            "cleanup_on_fail": false,
            "cluster_id": "c-877gr",
            "cluster_name": "workload1",
            "disable_hooks": false,
            "disable_open_api_validation": false,
            "force_upgrade": false,
            "id": "c-877gr.default/test-chart-ch2",
            "labels": {
              "objectset.rio.cattle.io/hash": "c6e7d1f25a07e9357db8d468b8314acda538fbff"
            },
            "name": "test-chart-ch2",
            "namespace": "default",
            "project_id": null,
            "repo_name": "test-repo",
            "timeouts": null,
            "values": null,
            "wait": true
          },
          "sensitive_attributes": [],
          "private": "eyJlMmJmYjczMC1lY2FhLTExZTYtOGY4OC0zNDM2M2JjN2M0YzAiOnsiY3JlYXRlIjo2MDAwMDAwMDAwMDAsImRlbGV0ZSI6NjAwMDAwMDAwMDAwLCJ1cGRhdGUiOjYwMDAwMDAwMDAwMH19",
          "dependencies": [
            "data.rancher2_cluster.local",
            "data.rancher2_cluster.workload1",
            "rancher2_catalog_v2.mapps-helm-git-local",
            "rancher2_catalog_v2.mapps-helm-git-workload1"
          ]
        },
        {
          "index_key": "ch3",
          "schema_version": 0,
          "attributes": {
            "annotations": {
              "objectset.rio.cattle.io/applied": "H4sIAAAAAAAA/6RVUW/bNhD+K8TlcZQsy0lqCdhTOmzpsK1Ysj1s7cOJOltsKJIgT84CQ/99oOwmUbc2NeoHQz5L39333fdRe+iJsUVGqPeA1jpG1s7G9NM1H0hxJM6DdrlCZkO5dgvdQg0dmT5D70F+9j53bylk290d1LDYLaX4Wdv2+xtSgfjFxyz2BDXELk+d8kCGMFK+W+ZMkTPVYUjfq3y3/Cqs6FElwJY2OBiGUYIKNJG91T1Fxt5DbQdjJBhsyHxRgg5jBzVcVOtVsaleVVV7ia8awtWy2VSEZVWuV8W6UsVlS+0Fpm5HQvPp4VD/dDgJ0+C/04YCWUUR6r/3gF7/SSFqZ6GGiXZjnLr7Ld36mgzx9M8GTSQJylkOzhgKUHMYSMKdtmlxj/qfpvAwbb2iqsTqoszKan2enavLTdasqya7aHGFq6JR1BQwvh8lRE8qKTjBpIuZ0WZMSpCA3j9VlnmRFyChpaiC9gdeoLqluEpo4l5zJ67tNlCM4jvx61bbfwTaVuDArkfWSnxwjUg0tN2CBK0mhI7Zx3qxCHifbzV3QzNECkkpspwr1y+sVp0zGG/+uPlh0aP3MZuMnqAW/ZNoh9XtPpl4lLBDM9BknQSL2ib99+BdEmG9HCXoHreUaoG8i5pdeIAabOIAEhi3E9zyPC8n10z1eg9GRyb79gknkDda4ZUbLEO9lBAp7LSi5+0k8INP816ZITKF67cwjqOcwvso90qCthuXnpsLfm0jozFCud4bYgIJGx0ivyZv3AMlP5RFucqWZVYWt0VRnxf1qvgLUoC+5i7rOEkFZ9/4gSQGttNizsQtRRaPyXln39kz8ZO7z9il60y8GSKLrd6RQJG2ORlHH6k6K1CAhMjIQ5wSeWRxcoIDRTeEz2f3GMcrZzd6+wv6mbkyNZV79Nku/xiH/z/GTseePPUtuDdHp81Q46z4Il7K1uI56MEvPVme47aP9VNHbpBVN+vxxjX/kdmSSn6fIn5qB0t878Kdttv8bh3Ti+F5t+MJNe+oD8WXOr1/drqktH80ZHolJaWp/ZEsBTxEtZAQh77HdJTsx3H8NwAA///2iio61wcAAA",
              "objectset.rio.cattle.io/id": "helm-app",
              "objectset.rio.cattle.io/owner-gvk": "/v1, Kind=Secret",
              "objectset.rio.cattle.io/owner-name": "sh.helm.release.v1.test-chart-ch3.v1",
              "objectset.rio.cattle.io/owner-namespace": "default"
            },
            "chart_name": "ch3",
            "chart_version": "1.0.0",
            "cleanup_on_fail": false,
            "cluster_id": "c-877gr",
            "cluster_name": "workload1",
            "disable_hooks": false,
            "disable_open_api_validation": false,
            "force_upgrade": false,
            "id": "c-877gr.default/test-chart-ch3",
            "labels": {
              "objectset.rio.cattle.io/hash": "59830f9799d6a7bea31bf9ea29283089c06ded5a"
            },
            "name": "test-chart-ch3",
            "namespace": "default",
            "project_id": null,
            "repo_name": "test-repo",
            "timeouts": null,
            "values": null,
            "wait": true
          },
          "sensitive_attributes": [],
          "private": "eyJlMmJmYjczMC1lY2FhLTExZTYtOGY4OC0zNDM2M2JjN2M0YzAiOnsiY3JlYXRlIjo2MDAwMDAwMDAwMDAsImRlbGV0ZSI6NjAwMDAwMDAwMDAwLCJ1cGRhdGUiOjYwMDAwMDAwMDAwMH19",
          "dependencies": [
            "data.rancher2_cluster.local",
            "data.rancher2_cluster.workload1",
            "rancher2_catalog_v2.mapps-helm-git-local",
            "rancher2_catalog_v2.mapps-helm-git-workload1"
          ]
        },
        {
          "index_key": "ch4",
          "schema_version": 0,
          "attributes": {
            "annotations": {
              "objectset.rio.cattle.io/applied": "H4sIAAAAAAAA/6RVQW/jNhP9K8Tk+FGyJDuxI+A7ZYs2W7RdNGkP7e5hRI0sbiiSIEdOA0P/vaDsTeJtt9lgfTDksfRm3pv3qD0MxNgiI9R7QGsdI2tnY/rpmo+kOBLnQbtcIbOhXLuFbqGGnsyQofcgv3ifu7cUsu3uDmpY7EopftS2/f8NqUD84mMWB4IaYp+nTnkgQxgp35U5U+RM9RjS9yrflV+FFT2qBNhSh6NhmCSoQDPZWz1QZBw81HY0RoLBhsx/StBj7KGGbtnQeVfhZo0X67LYFE23WVdYLdvmYqWKqloSLpcX69TtSOh0ejjUPx9Owjz4r9RRIKsoQv3nHtDr3ylE7SzUMNNujFN3v6Rb35Ahnv/p0ESSoJzl4IyhADWHkSTcaZsW96j/6xQe562X5eq8w/Iy684vi2xVXajscn1ZZS0163W3apflZg3Th0lC9KSSgjNMujgx2gmTCiSg90+VMi/yAiS0FFXQ/sALVF+Kq4Qm7jX34tpuA8Uo/id+3mr7l0DbChzZDchaiY+uEYmGtluQoNWM0DP7WC8WAe/zreZ+bMZIISlFlnPlhoXVqncG481vN98tBvQ+ZrPRE9RieBLtsLrdZxNPEnZoRpqtk2BR26T/HrxLImzKSYIecEupFsi7qNmFB6jBJg4ggXE7w5WrvJpdM9frPRgdmey7J5xA3miFV260DHUpIVLYaUXP20ngB5/mvTJjZArX72CaJjmH91HupQRtO5eeOxX82kZGY4RygzfEBBI6HSK/IW/cAyU/VEW1zMoqq4rboqhXRX1+8QekAH3NXdZxkgrOvvEDSQxs58WciVuKLB6T896+t2fiB3efsUvXmXg7RhZbvSOBIm1zNo4+UnVWoAAJkZHHOCfyyOLVCQ4U3Ri+nN1jHK+c7fT2J/Qn5srUXB7QZ7v8Uxz+/Rh7PfbsqW/BvTk67QQ1nhRfxEvZWjwHPfhlIMunuO1j/bUjN8iqP+nx1jX/kNmSSn6fI/7aDpb43oU7bbf53SamF8PzbscT6rSjPhRf6vTh2emS0v7JkOmVlJSm9nuyFPAQ1UJCHIcB01Gyn6bp7wAAAP//a/u479cHAAA",
              "objectset.rio.cattle.io/id": "helm-app",
              "objectset.rio.cattle.io/owner-gvk": "/v1, Kind=Secret",
              "objectset.rio.cattle.io/owner-name": "sh.helm.release.v1.test-chart-ch4.v1",
              "objectset.rio.cattle.io/owner-namespace": "default"
            },
            "chart_name": "ch4",
            "chart_version": "1.0.0",
            "cleanup_on_fail": false,
            "cluster_id": "c-877gr",
            "cluster_name": "workload1",
            "disable_hooks": false,
            "disable_open_api_validation": false,
            "force_upgrade": false,
            "id": "c-877gr.default/test-chart-ch4",
            "labels": {
              "objectset.rio.cattle.io/hash": "f3be5f2a87a671080bf872a23db64c0223ea3367"
            },
            "name": "test-chart-ch4",
            "namespace": "default",
            "project_id": null,
            "repo_name": "test-repo",
            "timeouts": null,
            "values": null,
            "wait": true
          },
          "sensitive_attributes": [],
          "private": "eyJlMmJmYjczMC1lY2FhLTExZTYtOGY4OC0zNDM2M2JjN2M0YzAiOnsiY3JlYXRlIjo2MDAwMDAwMDAwMDAsImRlbGV0ZSI6NjAwMDAwMDAwMDAwLCJ1cGRhdGUiOjYwMDAwMDAwMDAwMH19",
          "dependencies": [
            "data.rancher2_cluster.local",
            "data.rancher2_cluster.workload1",
            "rancher2_catalog_v2.mapps-helm-git-local",
            "rancher2_catalog_v2.mapps-helm-git-workload1"
          ]
        },
        {
          "index_key": "ch5",
          "schema_version": 0,
          "attributes": {
            "annotations": {
              "objectset.rio.cattle.io/applied": "H4sIAAAAAAAA/6RVT2/jthP9KsLk+KNkyX8SR8DvlC3abNF20aQ9tLuHETWyuKFIghw5DQx994K0N4m23WaD9cGQx9KbeW/eow4wEGOLjFAfAI2xjKysCfGnbT6S5EBceGULicyaCmUXqoUaetJDjs6B+OJ99t6Qz3f7O6hhsa9E9qMy7f9vSHriFx8zOBDUEPoidio8acJAxb4qmALnskcfvzfFvvoqrOBQRsCWOhw1wyRAekpkb9VAgXFwUJtRawEaG9L/KUGPoYcaLppttekqKokuL7cXZbfdLC/b5apt1+e4leUWy+68O29itxOh+fRwrH8+nIA0+K/UkScjKUD95wHQqd/JB2UN1JBoN9rKu1/irW9IE6d/OtSBBEhr2FutyUPNfiQBd8rExT3q/zqFx7T15WbbbrDscrnsuny9vVzmzapZ57iqLqncrEu6KGH6MAkIjmRUMMHEi5nRZkyWIACde6pURVmUIKClIL1yR14g+yq7imjZveI+uzY7TyFk/8t+3inzV4amzXBkOyArmX20TRZpKLMDAUomhJ7ZhXqx8Hhf7BT3YzMG8lEpMlxIOyyMkr3VGG5+u/luMaBzIU9Gj1CL4Um04+r2n008CdijHilZJ8KiMlH/AzgbRdhWkwA14I5izZOzQbH1D1CDiRxAAOMuwVXrYplck+r1AbQKTObdE44np5XEKzsahroSEMjvlaTn7QTwg4vzXukxMPnrdzBNk0jhfZR7JUCZzsbn5oJfm8CodSbt4DQxgYBO+cBvyGn7QMkP5XKVV8t8Wd6WZb0u69X5HxAD9DV3GctRKjj7xg9EMbBNiznLbilw9pic9+a9Oct+sPc523idZ2/HwNlO7SnDLG4zGUedqFqTYQYCAiOPISXyxOLVCfYU7Oi/nN1THK+s6dTuJ3Qzc+UylQd0+b74FId/P8Zej5089S24NyenzVDDrPgiXszW4jno0S8DGZ7jto/1147cIMt+1uOtbf4hsyEZ/Z4i/toOhvje+jtldsXdNsQXw/NupxNq3lEdiy91+vDsdIlp/2TI+EqKSlP7PRnyeIxqKSCMw4DxKDlM0/R3AAAA//9jK5a51wcAAA",
              "objectset.rio.cattle.io/id": "helm-app",
              "objectset.rio.cattle.io/owner-gvk": "/v1, Kind=Secret",
              "objectset.rio.cattle.io/owner-name": "sh.helm.release.v1.test-chart-ch5.v1",
              "objectset.rio.cattle.io/owner-namespace": "default"
            },
            "chart_name": "ch5",
            "chart_version": "1.0.0",
            "cleanup_on_fail": false,
            "cluster_id": "c-877gr",
            "cluster_name": "workload1",
            "disable_hooks": false,
            "disable_open_api_validation": false,
            "force_upgrade": false,
            "id": "c-877gr.default/test-chart-ch5",
            "labels": {
              "objectset.rio.cattle.io/hash": "7b815f1e0ee99870f8529d23dd46a8c08a0f6f6b"
            },
            "name": "test-chart-ch5",
            "namespace": "default",
            "project_id": null,
            "repo_name": "test-repo",
            "timeouts": null,
            "values": null,
            "wait": true
          },
          "sensitive_attributes": [],
          "private": "eyJlMmJmYjczMC1lY2FhLTExZTYtOGY4OC0zNDM2M2JjN2M0YzAiOnsiY3JlYXRlIjo2MDAwMDAwMDAwMDAsImRlbGV0ZSI6NjAwMDAwMDAwMDAwLCJ1cGRhdGUiOjYwMDAwMDAwMDAwMH19",
          "dependencies": [
            "data.rancher2_cluster.local",
            "data.rancher2_cluster.workload1",
            "rancher2_catalog_v2.mapps-helm-git-local",
            "rancher2_catalog_v2.mapps-helm-git-workload1"
          ]
        },
        {
          "index_key": "ch6",
          "schema_version": 0,
          "attributes": {
            "annotations": {
              "objectset.rio.cattle.io/applied": "H4sIAAAAAAAA/6RVQW/jNhP9K8Tk+FGyJNuJIuA7ZYs2W7RdNGkP7e5hTI0sbiiSIEdOA0P/vaDsTeJtt9lgfTDksfRm3pv3qD0MxNgiIzR7QGsdI2tnY/rpNh9JcSTOg3a5QmZDuXYL3UIDPZkhQ+9BfvE+d28pZNvdHTSw2JVS/Kht+/8bUoH4xccsDgQNxD5PnfJAhjBSvitzpsiZ6jGk7/N8V34VVvSoEmBLHY6GYZKgAs1kb/VAkXHw0NjRGAkGN2T+U4IeYw8N1NW6rru16ja0Xq3VuqrrVVtWRU2rarVW7ZIuz4uuLlK3I6HT6eFQ/3w4CfPgv1JHgayiCM2fe0Cvf6cQtbPQwEx7Y5y6+yXd+oYM8fxPhyaSBOUsB2cMBWg4jCThTtu0uEf9X6fwOG/94rI8r8/VJivW3Spb1asyu1x3Zda2FRbny3K5vGhh+jBJiJ5UUnCGSRcnRjthUoEE9P6pUuZFXoCElqIK2h94gepLcZXQxL3mXlzbbaAYxf/Ez1tt/xJoW4EjuwFZK/HRbUSioe0WJGg1I/TMPjaLRcD7fKu5HzdjpJCUIsu5csPCatU7g/Hmt5vvFgN6H7PZ6AlqMTyJdljd7rOJJwk7NCPN1kmwqG3Sfw/eJRHqcpKgB9xSqgXyLmp24QEasIkDSGDcznDlKq9m18z1Zg9GRyb77gknkDda4ZUbLUNTSogUdlrR83YS+MGnea/MGJnC9TuYpknO4X2UeylB286l504Fv7aR0Rih3OANMYGETofIb8gb90DJD1VRLbOyyqritiiaVdGsL/6AFKCvucs6TlLB2Td+IImB7byYM3FLkcVjct7b9/ZM/ODuM3bpOhNvx8hiq3ckUKRtzsbRR6rOChQgITLyGOdEHlm8OsGBohvDl7N7jOOVs53e/oT+xFyZmssD+myXf4rDvx9jr8eePfUtuDdHp52gxpPii3gpW4vnoAe/DGT5FLd9rL925A2y6k96vHWbf8hsSSW/zxF/bQdLfO/Cnbbb/K6O6cXwvNvxhDrtqA/Flzp9eHa6pLR/MmR6JSWlqf2eLAU8RLWQEMdhwHSU7Kdp+jsAAP//WchnItcHAAA",
              "objectset.rio.cattle.io/id": "helm-app",
              "objectset.rio.cattle.io/owner-gvk": "/v1, Kind=Secret",
              "objectset.rio.cattle.io/owner-name": "sh.helm.release.v1.test-chart-ch6.v1",
              "objectset.rio.cattle.io/owner-namespace": "default"
            },
            "chart_name": "ch6",
            "chart_version": "1.0.0",
            "cleanup_on_fail": false,
            "cluster_id": "c-877gr",
            "cluster_name": "workload1",
            "disable_hooks": false,
            "disable_open_api_validation": false,
            "force_upgrade": false,
            "id": "c-877gr.default/test-chart-ch6",
            "labels": {
              "objectset.rio.cattle.io/hash": "82588f5cfbe545c52884d1208e4245cd3e960f80"
            },
            "name": "test-chart-ch6",
            "namespace": "default",
            "project_id": null,
            "repo_name": "test-repo",
            "timeouts": null,
            "values": null,
            "wait": true
          },
          "sensitive_attributes": [],
          "private": "eyJlMmJmYjczMC1lY2FhLTExZTYtOGY4OC0zNDM2M2JjN2M0YzAiOnsiY3JlYXRlIjo2MDAwMDAwMDAwMDAsImRlbGV0ZSI6NjAwMDAwMDAwMDAwLCJ1cGRhdGUiOjYwMDAwMDAwMDAwMH19",
          "dependencies": [
            "data.rancher2_cluster.local",
            "data.rancher2_cluster.workload1",
            "rancher2_catalog_v2.mapps-helm-git-local",
            "rancher2_catalog_v2.mapps-helm-git-workload1"
          ]
        },
        {
          "index_key": "ch7",
          "schema_version": 0,
          "attributes": {
            "annotations": {
              "objectset.rio.cattle.io/applied": "H4sIAAAAAAAA/6RVQW/jNhP9K8Tk+FGyJDuOI+A7ZYs2W7RdNGkP7e5hTI0lbiiSIEdOA0P/vaDsTaJtt9lgfTDksfRm3pv3qAP0xNggI9QHQGsdI2tnY/rpth9JcSTOg3a5QmZDuXYL3UANHZk+Q+9BfvE+d28pZO3+DmpY7EspftS2+f8NqUD84mMWe4IaYpenTnkgQxgp35c5U+RMdRjS90W+L78KK3pUCbChHQ6GYZSgAk1kb3VPkbH3UNvBGAkGt2T+U4IOYwc1VM1Fs9lstrtiXSyrZbO6LNZlg6pUl5fVct2U6+Z8XWKZup0IzaeHY/3z4SRMg/9KOwpkFUWo/zwAev07haidhRom2lvj1N0v6dY3ZIinf3ZoIklQznJwxlCAmsNAEu60TYt71P91Cg/T1huFuEK1y1bn62W2UsUu26wu1tkFqnW1IrrYVA2MH0YJ0ZNKCk4w6WJmtBmTCiSg90+VMi/yAiQ0FFXQ/sgLVFeKq4Qm7jV34tq2gWIU/xM/t9r+JdA2Agd2PbJW4qPbikRD2xYkaDUhdMw+1otFwPu81dwN2yFSSEqR5Vy5fmG16pzBePPbzXeLHr2P2WT0BLXon0Q7rm7/2cSjhD2agSbrJFjUNul/AO+SCJtylKB7bCnVAnkXNbvwADXYxAEkMLYTXLnKq8k1U70+gNGRyb57wgnkjVZ45QbLUJcSIoW9VvS8nQR+8GneKzNEpnD9DsZxlFN4H+VeStB259Jzc8GvbWQ0RijXe0NMIGGnQ+Q35I17oOSHqqiWWVllVXFbFPWqqM+Xf0AK0NfcZR0nqeDsGz+QxMBmWsyZuKXI4jE57+17eyZ+cPcZu3SdibdDZNHqPQkUaZuTcfSJqrMCBUiIjDzEKZEnFq9OcKDohvDl7J7ieOXsTrc/oZ+ZK1NTuUef7fNPcfj3Y+z12JOnvgX35uS0GWqcFV/ES9laPAc9+qUny3Pc5rH+2pG3yKqb9Xjrtv+Q2ZJKfp8i/toOlvjehTtt2/xuE9OL4Xm30wk176iPxZc6fXh2uqS0fzJkeiUlpan5niwFPEa1kBCHvsd0lBzGcfw7AAD//7ibsg/XBwAA",
              "objectset.rio.cattle.io/id": "helm-app",
              "objectset.rio.cattle.io/owner-gvk": "/v1, Kind=Secret",
              "objectset.rio.cattle.io/owner-name": "sh.helm.release.v1.test-chart-ch7.v1",
              "objectset.rio.cattle.io/owner-namespace": "default"
            },
            "chart_name": "ch7",
            "chart_version": "1.0.0",
            "cleanup_on_fail": false,
            "cluster_id": "c-877gr",
            "cluster_name": "workload1",
            "disable_hooks": false,
            "disable_open_api_validation": false,
            "force_upgrade": false,
            "id": "c-877gr.default/test-chart-ch7",
            "labels": {
              "objectset.rio.cattle.io/hash": "2d7d888bf060323d49061dac1c99236d16d561a1"
            },
            "name": "test-chart-ch7",
            "namespace": "default",
            "project_id": null,
            "repo_name": "test-repo",
            "timeouts": null,
            "values": null,
            "wait": true
          },
          "sensitive_attributes": [],
          "private": "eyJlMmJmYjczMC1lY2FhLTExZTYtOGY4OC0zNDM2M2JjN2M0YzAiOnsiY3JlYXRlIjo2MDAwMDAwMDAwMDAsImRlbGV0ZSI6NjAwMDAwMDAwMDAwLCJ1cGRhdGUiOjYwMDAwMDAwMDAwMH19",
          "dependencies": [
            "data.rancher2_cluster.local",
            "data.rancher2_cluster.workload1",
            "rancher2_catalog_v2.mapps-helm-git-local",
            "rancher2_catalog_v2.mapps-helm-git-workload1"
          ]
        },
        {
          "index_key": "ch8",
          "schema_version": 0,
          "attributes": {
            "annotations": {
              "objectset.rio.cattle.io/applied": "H4sIAAAAAAAA/6RVQW/jNhP9K8Tk+FGypSSOI+A7ZYs2W7RdNGkP7e5hRI0kbiiSIEdOA0P/vaDsTaJtt9lgfTDksfRm3pv3qD0MxNggI1R7QGsdI2tnY/rp6o+kOBLnQbtcIbOhXLuVbqCCnsyQofcgv3ifu7cUsm53BxWsdoUUP2rb/P+GVCB+8TGLA0EFsc9TpzyQIYyU74qcKXKmegzpe5vviq/Cih5VAmyoxdEwTBJUoJnsrR4oMg4eKjsaI8FgTeY/Jegx9lDBpsG2brZNgWq9Li6IivN6c7nZbDdl3Vyel2V73lyWdZO6HQktp4dD/fPhJMyD/0otBbKKIlR/7gG9/p1C1M5CBTPt2jh190u69Q0Z4vmfFk0kCcpZDs4YClBxGEnCnbZpcY/6v07hcd46tmV5eUoqK4oNZWfYFNm2UUV2cVEjtZcFloWC6cMkIXpSScEZJl0sjLZgUoIE9P6pUuTrfA0SGooqaH/gBaovxFVCE/eae3Ftu0Axiv+Jnztt/xJoG4EjuwFZK/HR1SLR0LYDCVrNCD2zj9VqFfA+7zT3Yz1GCkkpspwrN6ysVr0zGG9+u/luNaD3MZuNnqBWw5Noh9XtPpt4krBDM9JsnQSL2ib99+BdEmFbTBL0gB2lWiDvomYXHqACmziABMZuhivO8nJ2zVyv9mB0ZLLvnnACeaMVXrnRMlSFhEhhpxU9byeBH3ya98qMkSlcv4NpmuQc3ke5TyVo27r03FLwaxsZjRHKDd4QE0hodYj8hrxxD5T8UK7L06wos3J9u15XZ+vq7PwPSAH6mrus4yQVnHzjB5IY2MyLORG3FFk8Jue9fW9PxA/uPmOXrjPxdowsOr0jgSJtczaOPlJ1VqAACZGRxzgn8sji1QkOFN0YvpzdYxyvnG119xP6hbkyNZcH9Nku/xSHfz/GXo89e+pbcG+OTlugxkXxRbyUrdVz0INfBrK8xG0e668duUZW/aLHW1f/Q2ZLKvl9jvhrO1jiexfutO3yu21ML4bn3Y4n1LKjPhRf6vTh2emS0v7JkOmVlJSm5nuyFPAQ1bWEOA4DpqNkP03T3wEAAP//rDAYNdcHAAA",
              "objectset.rio.cattle.io/id": "helm-app",
              "objectset.rio.cattle.io/owner-gvk": "/v1, Kind=Secret",
              "objectset.rio.cattle.io/owner-name": "sh.helm.release.v1.test-chart-ch8.v1",
              "objectset.rio.cattle.io/owner-namespace": "default"
            },
            "chart_name": "ch8",
            "chart_version": "1.0.0",
            "cleanup_on_fail": false,
            "cluster_id": "c-877gr",
            "cluster_name": "workload1",
            "disable_hooks": false,
            "disable_open_api_validation": false,
            "force_upgrade": false,
            "id": "c-877gr.default/test-chart-ch8",
            "labels": {
              "objectset.rio.cattle.io/hash": "6dafbd8d1ac0017ee15b6966862bd9522f5d92bd"
            },
            "name": "test-chart-ch8",
            "namespace": "default",
            "project_id": null,
            "repo_name": "test-repo",
            "timeouts": null,
            "values": null,
            "wait": true
          },
          "sensitive_attributes": [],
          "private": "eyJlMmJmYjczMC1lY2FhLTExZTYtOGY4OC0zNDM2M2JjN2M0YzAiOnsiY3JlYXRlIjo2MDAwMDAwMDAwMDAsImRlbGV0ZSI6NjAwMDAwMDAwMDAwLCJ1cGRhdGUiOjYwMDAwMDAwMDAwMH19",
          "dependencies": [
            "data.rancher2_cluster.local",
            "data.rancher2_cluster.workload1",
            "rancher2_catalog_v2.mapps-helm-git-local",
            "rancher2_catalog_v2.mapps-helm-git-workload1"
          ]
        },
        {
          "index_key": "ch9",
          "schema_version": 0,
          "attributes": {
            "annotations": {
              "objectset.rio.cattle.io/applied": "H4sIAAAAAAAA/6RVQW/jNhP9K8Tk+FGyJDtxLOA7ZYs2W7RdNGkP7e5hRI0tbiiSIEdOA0P/vaDsTaJtt9lgfTDksfRm3pv3qAP0xNgiI9QHQGsdI2tnY/rpmo+kOBLnQbtcIbOhXLuFbqGGjkyfofcgv3ifu7cUst3+DmpY7EspftS2/f8NqUD84mMWe4IaYpenTnkgQxgp35c5U+RMdRjS9ybfl1+FFT2qBNjSFgfDMEpQgSayt7qnyNh7qO1gjASDDZn/lKDD2EEN522xKstys9lWdH7ZFEtan6/Pq9XFptoucY3rAqumWWLqdiI0nx6O9c+HkzAN/ittKZBVFKH+8wDo9e8UonYWaphoN8apu1/SrW/IEE//bNFEkqCc5eCMoQA1h4Ek3GmbFveo/+sUHqat0/r8otxclNllucFspdZlhuuyzUgV1GyqVVmtEMYPo4ToSSUFJ5h0MTPajEkFEtD7p0qZF3kBElqKKmh/5AWqK8VVQhP3mjtxbXeBYhT/Ez/vtP1LoG0FDux6ZK3ER9eIREPbHUjQakLomH2sF4uA9/lOczc0Q6SQlCLLuXL9wmrVOYPx5reb7xY9eh+zyegJatE/iXZc3f6ziUcJezQDTdZJsKht0v8A3iURLstRgu5xR6kWyLuo2YUHqMEmDiCBcTfBlau8mlwz1esDGB2Z7LsnnEDeaIVXbrAMdSkhUthrRc/bSeAHn+a9MkNkCtfvYBxHOYX3Ue6lBG23Lj03F/zaRkZjhHK9N8QEErY6RH5D3rgHSn6oimqZlVVWFbdFUa+Kern8A1KAvuYu6zhJBWff+IEkBrbTYs7ELUUWj8l5b9/bM/GDu8/YpetMvB0ii53ek0CRtjkZR5+oOitQgITIyEOcEnli8eoEB4puCF/O7imOV85u9e4n9DNzZWoq9+izff4pDv9+jL0ee/LUt+DenJw2Q42z4ot4KVuL56BHv/RkeY7bPtZfO3KDrLpZj7eu+YfMllTy+xTx13awxPcu3Gm7y+8uY3oxPO92OqHmHfWx+FKnD89Ol5T2T4ZMr6SkNLXfk6WAx6gWEuLQ95iOksM4jn8HAAD//wp1HbzXBwAA",
              "objectset.rio.cattle.io/id": "helm-app",
              "objectset.rio.cattle.io/owner-gvk": "/v1, Kind=Secret",
              "objectset.rio.cattle.io/owner-name": "sh.helm.release.v1.test-chart-ch9.v1",
              "objectset.rio.cattle.io/owner-namespace": "default"
            },
            "chart_name": "ch9",
            "chart_version": "1.0.0",
            "cleanup_on_fail": false,
            "cluster_id": "c-877gr",
            "cluster_name": "workload1",
            "disable_hooks": false,
            "disable_open_api_validation": false,
            "force_upgrade": false,
            "id": "c-877gr.default/test-chart-ch9",
            "labels": {
              "objectset.rio.cattle.io/hash": "5d0411199f2e58b03e757524692f3a7a70a2bb3a"
            },
            "name": "test-chart-ch9",
            "namespace": "default",
            "project_id": null,
            "repo_name": "test-repo",
            "timeouts": null,
            "values": null,
            "wait": true
          },
          "sensitive_attributes": [],
          "private": "eyJlMmJmYjczMC1lY2FhLTExZTYtOGY4OC0zNDM2M2JjN2M0YzAiOnsiY3JlYXRlIjo2MDAwMDAwMDAwMDAsImRlbGV0ZSI6NjAwMDAwMDAwMDAwLCJ1cGRhdGUiOjYwMDAwMDAwMDAwMH19",
          "dependencies": [
            "data.rancher2_cluster.local",
            "data.rancher2_cluster.workload1",
            "rancher2_catalog_v2.mapps-helm-git-local",
            "rancher2_catalog_v2.mapps-helm-git-workload1"
          ]
        }
      ]
    },
    {
      "mode": "managed",
      "type": "rancher2_app_v2",
      "name": "installed-apps-workload1-project",
      "provider": "provider[\"registry.terraform.io/rancher/rancher2\"]",
      "instances": [
        {
          "index_key": "ch10",
          "schema_version": 0,
          "attributes": {
            "annotations": {
              "objectset.rio.cattle.io/applied": "H4sIAAAAAAAA/6RVTW/jNhD9K8TssZRsKVrbFdBTtmizRdtFk/bQ7h5G1MjihiIJcmQ3MPTfCyrOh1Nkm2Z9MKgR9YbvzZvhAQZibJER6gOgtY6RtbMxPbrmMymOxHnQLlfIbCjXbqFbqKEnM2ToPchn97m9pZBtd9dQw2JXSPGTtu13l6QC8X9+ZnEgqCH2ecqUBzKEkfJdkTNFzlSPIf0Xy3xXvAgselQJ8X6d7dsCJgkq0Mz5Sg8UGQcPtR2NkWCwIfNFJXqMPdTQrDZKYdetW1pWbbfCTVmdNeVyVTRdu1qeFW1Vlev125TtyOsJCZDw/BklzCx+o44CWUUR6r8OgF7/QSFqZ6GGWYPGOHX9a9r6jgzx/KZDE0mCcpaDM4YC1BxGknCtbSrjfTX+p97jbIJNtaKiqdZZ821XZdXbcpNhtS6ys3K9LtbdqtxQB9OnSUL0pJKSM05anPjuhEoJEtD7h0iRL/OkUEtRBe1viYHqC3Ge0MRecy8u7DZQjOIb8ctW278F2lbgyG5A1kp8do1IPLTdggStZoSe2cd6sQi4z7ea+7EZI4UkFVnOlRsWVqveGYyXv19+vxjQ+5jNvk9Qi+FBtWMJd0+OPEnYoRlp9lDCRW1TBQ7gXVJhU0wS9IBbSrFA3kXNLtwkByQSIIFxO8MVVV7O9pnj9QGMjkz2wwNOIG+0wnM3Woa6kBAp7LSix+kk8I1PBz43Y2QKFx9gmiY5N/O93mcStO1c+u5U8QsbGY0Ryg3eEBNI6HSI/I68cTeUDFEuy7OsKLNyebVc1lVVV8WfkDrpJbus4yQVvPnKHyQxsJ0r80ZcUWRx3zsf7Uf7Rvzo9hm7tM7E+zGy2OodCRSpnLNz9JGqswIFSIiMPKaztXcsXtvKgaIbw/NNfOzLc2c7vf0Z/anJMjXHB/TZLr/riy9Nt1ekmC329fCXR/udgseT6AthU+MtHmPfemkgy0/g2/sXryPQIKv+JNV71/y7BJZU6ol5DrwukSXeu3Ct7Ta/3sR0lzxOehxmTxLr2+jLEn56NI7SeLhzcLrMUhGo/YEsBbzt7aWEOA4DptlzmKbpnwAAAP//HDBBoRgIAAA",
              "objectset.rio.cattle.io/id": "helm-app",
              "objectset.rio.cattle.io/owner-gvk": "/v1, Kind=Secret",
              "objectset.rio.cattle.io/owner-name": "sh.helm.release.v1.test-chart-ch10.v1",
              "objectset.rio.cattle.io/owner-namespace": "namespace-wd1"
            },
            "chart_name": "ch10",
            "chart_version": "1.0.0",
            "cleanup_on_fail": false,
            "cluster_id": "c-877gr",
            "cluster_name": "workload1",
            "disable_hooks": false,
            "disable_open_api_validation": false,
            "force_upgrade": false,
            "id": "c-877gr.namespace-wd1/test-chart-ch10",
            "labels": {
              "objectset.rio.cattle.io/hash": "b68ccaff7de04df6a8243b2061bfd6031d442775"
            },
            "name": "test-chart-ch10",
            "namespace": "namespace-wd1",
            "project_id": null,
            "repo_name": "test-repo",
            "timeouts": null,
            "values": null,
            "wait": true
          },
          "sensitive_attributes": [],
          "private": "eyJlMmJmYjczMC1lY2FhLTExZTYtOGY4OC0zNDM2M2JjN2M0YzAiOnsiY3JlYXRlIjo2MDAwMDAwMDAwMDAsImRlbGV0ZSI6NjAwMDAwMDAwMDAwLCJ1cGRhdGUiOjYwMDAwMDAwMDAwMH19",
          "dependencies": [
            "data.rancher2_cluster.local",
            "data.rancher2_cluster.workload1",
            "rancher2_catalog_v2.mapps-helm-git-local",
            "rancher2_catalog_v2.mapps-helm-git-workload1",
            "rancher2_namespace.namespace-wd1",
            "rancher2_project.project-wd1"
          ]
        },
        {
          "index_key": "ch11",
          "schema_version": 0,
          "attributes": {
            "annotations": {
              "objectset.rio.cattle.io/applied": "H4sIAAAAAAAA/6RVT2/jthP9KsTk+KNkSVEcr4DfKVu02aLtokl7aHcPY2oscUORBDmyGxj67gUV549TZJtmfTCoEfWG782b4R4GYmyREZo9oLWOkbWzMT269RdSHInzoF2ukNlQrt1Ct9BAT2bI0HuQL+5zO0sh67Y30MBiW0rxo7bt/69IBeJ//cziQNBA7POUKQ9kCCPl2zJnipypHkP6L8t8W74KLHpUCfFhne3aEiYJKtDM+VoPFBkHD40djZFgcE3mq0r0GHtoYLlR9bJerpbLSp2ruq43y4LOablGRRtcr5ZnBVVUrFK2A69nJEDCy2eUMLP4lTYUyCqK0Py5B/T6dwpROwsNzBqsjVM3v6St78kQz282aCJJUM5ycMZQgIbDSBJutE1lfKjGf9R7nE2A76itquIsq8/PTrO6PH+XrcpzlW3qulhVbdueniFMnycJ0ZNKSs44aXHkuyMqFUhA7x8jZV7kBUhoKaqg/R0xUH0pLhKa2GnuxaXtAsUo/id+7rT9S6BtBY7sBmStxBe3FomHth1I0GpG6Jl9bBaLgLu809yP6zFSSFKR5Vy5YWG16p3BePXb1XeLAb2P2ez7BLUYHlU7lHD77MiThC2akWYPJVzUNlVgD94lFVblJEEP2FGKBfIuanbhNjkgkQAJjN0MV9Z5Ndtnjjd7MDoy2Y+POIG80Qov3GgZmlJCpLDVip6mk8C3Ph34woyRKVx+hGma5NzMD3qfStB249J3x4pf2shojFBu8IaYQMJGh8jvyRt3S8kQVVGdZmWVVcV1UTR13RSnf0DqpNfsso6TVHDyjT9IYmA7V+ZEXFNk8dA7n+wneyJ+cLuMXVpn4sMYWXR6SwJFKufsHH2g6qxAARIiI4/pbO09i7e2cqDoxvByEx/68sLZje5+Qn9sskzN8QF9ts3v++Jr0+0NKWaLfTv81cF+x+DxKPpK2NR4i6fYd14ayPIz+PbhxdsIrJFVf5Tqg1v/swSWVOqJeQ68LZEl3rlwo22X36xiukueJj0Ms2eJ9V30dQk/PxlHaTzcOzhdZqkI1H5PlgLe9XYhIY7DgGn27Kdp+jsAAP//0iVTaBgIAAA",
              "objectset.rio.cattle.io/id": "helm-app",
              "objectset.rio.cattle.io/owner-gvk": "/v1, Kind=Secret",
              "objectset.rio.cattle.io/owner-name": "sh.helm.release.v1.test-chart-ch11.v1",
              "objectset.rio.cattle.io/owner-namespace": "namespace-wd1"
            },
            "chart_name": "ch11",
            "chart_version": "1.0.0",
            "cleanup_on_fail": false,
            "cluster_id": "c-877gr",
            "cluster_name": "workload1",
            "disable_hooks": false,
            "disable_open_api_validation": false,
            "force_upgrade": false,
            "id": "c-877gr.namespace-wd1/test-chart-ch11",
            "labels": {
              "objectset.rio.cattle.io/hash": "6fc46468662c7c444f60e7e6bacefab8650e2e08"
            },
            "name": "test-chart-ch11",
            "namespace": "namespace-wd1",
            "project_id": null,
            "repo_name": "test-repo",
            "timeouts": null,
            "values": null,
            "wait": true
          },
          "sensitive_attributes": [],
          "private": "eyJlMmJmYjczMC1lY2FhLTExZTYtOGY4OC0zNDM2M2JjN2M0YzAiOnsiY3JlYXRlIjo2MDAwMDAwMDAwMDAsImRlbGV0ZSI6NjAwMDAwMDAwMDAwLCJ1cGRhdGUiOjYwMDAwMDAwMDAwMH19",
          "dependencies": [
            "data.rancher2_cluster.local",
            "data.rancher2_cluster.workload1",
            "rancher2_catalog_v2.mapps-helm-git-local",
            "rancher2_catalog_v2.mapps-helm-git-workload1",
            "rancher2_namespace.namespace-wd1",
            "rancher2_project.project-wd1"
          ]
        },
        {
          "index_key": "ch12",
          "schema_version": 0,
          "attributes": {
            "annotations": {
              "objectset.rio.cattle.io/applied": "H4sIAAAAAAAA/6RVTW/jNhD9K8TkWEqWFCe1BfSULdps0XbRpD20u4cRNbK4oUiCHNkNDP33gorz4RTZplkfDGpEveF782a4h4EYW2SEeg9orWNk7WxMj675TIojcR60yxUyG8q1W+gWaujJDBl6D/LFfW5nKWSb7Q3UsNiWUvykbfvdFalA/J+fWRwIaoh9njLlgQxhpHxb5kyRM9VjSP9llW/LV4FFjyohPqyzXVvCJEEFmjlf64Ei4+ChtqMxEgw2ZL6oRI+xhxrO16fFerUulqqjM7VcVkV33naIhKv18hRV1axOV137bcp24PWMBEh4+YwSZha/UUeBrKII9V97QK//oBC1s1DDrEFjnLr5NW19R4Z4ftOhiSRBOcvBGUMBag4jSbjRNpXxoRr/U+9xNkHZrcrV+myVqaJqsuW6wqw5O28yVZ2d03rZYbPqYPo0SYieVFJyxkmLI98dUUlioPePkTIv8gIktBRV0P6OGKi+FBcJTew09+LSbgLFKL4Rv2y0/VugbQWO7AZkrcRn14jEQ9sNSNBqRuiZfawXi4C7fKO5H5sxUkhSkeVcuWFhteqdwXj1+9X3iwG9j9ns+wS1GB5VO5Rw++zIk4QtmpFmDyVc1DZVYA/eJRVW5SRBD7ihFAvkXdTswm1yQCIBEhg3M1y5zKvZPnO83oPRkcl+eMQJ5I1WeOFGy1CXEiKFrVb0NJ0EvvXpwBdmjEzh8gNM0yTnZn7Q+1SCtp1L3x0rfmkjozFCucEbYgIJnQ6R35E37paSIaqiOs3KKquK66Kol8u6KP+E1Emv2WUdJ6ng5Ct/kMTAdq7MibimyOKhdz7aj/ZE/Oh2Gbu0zsT7MbLY6C0JFKmcs3P0gaqzAgVIiIw8prO19yze2sqBohvDy0186MsLZzu9+Rn9sckyNccH9Nk2v++LL023N6SYLfb18FcH+x2Dx6PoK2FT4y2eYt95aSDLz+DbhxdvI9Agq/4o1XvX/LsEllTqiXkOvC2RJd65cKPtJr9ZxXSXPE16GGbPEuu76OsSfnoyjtJ4uHdwusxSEaj9gSwFvOvtQkIchwHT7NlP0/RPAAAA///XNJB/GAgAAA",
              "objectset.rio.cattle.io/id": "helm-app",
              "objectset.rio.cattle.io/owner-gvk": "/v1, Kind=Secret",
              "objectset.rio.cattle.io/owner-name": "sh.helm.release.v1.test-chart-ch12.v1",
              "objectset.rio.cattle.io/owner-namespace": "namespace-wd1"
            },
            "chart_name": "ch12",
            "chart_version": "1.0.0",
            "cleanup_on_fail": false,
            "cluster_id": "c-877gr",
            "cluster_name": "workload1",
            "disable_hooks": false,
            "disable_open_api_validation": false,
            "force_upgrade": false,
            "id": "c-877gr.namespace-wd1/test-chart-ch12",
            "labels": {
              "objectset.rio.cattle.io/hash": "693098904cfe5c4420f6dfaaea8943ac2b838fd7"
            },
            "name": "test-chart-ch12",
            "namespace": "namespace-wd1",
            "project_id": null,
            "repo_name": "test-repo",
            "timeouts": null,
            "values": null,
            "wait": true
          },
          "sensitive_attributes": [],
          "private": "eyJlMmJmYjczMC1lY2FhLTExZTYtOGY4OC0zNDM2M2JjN2M0YzAiOnsiY3JlYXRlIjo2MDAwMDAwMDAwMDAsImRlbGV0ZSI6NjAwMDAwMDAwMDAwLCJ1cGRhdGUiOjYwMDAwMDAwMDAwMH19",
          "dependencies": [
            "data.rancher2_cluster.local",
            "data.rancher2_cluster.workload1",
            "rancher2_catalog_v2.mapps-helm-git-local",
            "rancher2_catalog_v2.mapps-helm-git-workload1",
            "rancher2_namespace.namespace-wd1",
            "rancher2_project.project-wd1"
          ]
        },
        {
          "index_key": "ch13",
          "schema_version": 0,
          "attributes": {
            "annotations": {
              "objectset.rio.cattle.io/applied": "H4sIAAAAAAAA/6RVQW/jNhP9K8Tk+FGyJWXjRMB3yhZttmi7aNIe2t3DiBpL3FAkQY7sBob+e0HFceIU2aZZHwxqRL3he/NmuIOBGFtkhHoHaK1jZO1sTI+u+UKKI3EetMsVMhvKtVvoFmroyQwZeg/yxX1uaylk3eYWalhsCil+1Lb9/zWpQPyvn1kcCGqIfZ4y5YEMYaR8U+RMkTPVY0j/RZVvileBRY8qIR7W2bYtYJKgAs2cb/RAkXHwUNvRGAkGGzJfVaLH2EMNF4gFXRQXq/NqVRXtWXtWYaVW79oWm3VDKzormtMVUsq25/WMBEh4+YwSZha/0poCWUUR6j93gF7/TiFqZ6GGWYPGOHX7S9r6ngzx/GaNJpIE5SwHZwwFqDmMJOFW21TGQzX+o97jbIKLFa3focKsOV9Sdto2Fxk2bZM1ZVm2VbVWy2YJ0+dJQvSkkpIzTloc+e6ISgkS0PvHSJEv8yVIaCmqoP09MVB9IS4Tmthq7sWV7QLFKP4nfu60/UugbQWO7AZkrcQX14jEQ9sOJGg1I/TMPtaLRcBt3mnux2aMFJJUZDlXblhYrXpnMF7/dv3dYkDvYzb7PkEthkfV9iXcPDvyJGGDZqTZQwkXtU0V2IF3SYXzYpKgB+woxQJ5FzW7cJcckEiABMZuhitO83K2zxyvd2B0ZLIfH3ECeaMVXrrRMtSFhEhhoxU9TSeB73w68KUZI1O4+gjTNMm5mQ96VxK0Xbv03bHiVzYyGiOUG7whJpCw1iHye/LG3VEyRLksq6wos3J5s1zWp2Vdnf4BqZNes8s6TlLByTf+IImB7VyZE3FDkcWhdz7ZT/ZE/OC2Gbu0zsSHMbLo9IYEilTO2Tl6T9VZgQIkREYe09naBxZvbeVA0Y3h5Sbe9+Wls2vd/YT+2GSZmuMD+myTP/TF16bbG1LMFvt2+Ou9/Y7B41H0lbCp8RZPse+9NJDlZ/Dt4cXbCDTIqj9K9cE1/yyBJZV6Yp4Db0tkibcu3Grb5bfnMd0lT5Puh9mzxPo++rqEn5+MozQeHhycLrNUBGq/J0sB73t7KSGOw4Bp9uymafo7AAD//y4cKp4YCAAA",
              "objectset.rio.cattle.io/id": "helm-app",
              "objectset.rio.cattle.io/owner-gvk": "/v1, Kind=Secret",
              "objectset.rio.cattle.io/owner-name": "sh.helm.release.v1.test-chart-ch13.v1",
              "objectset.rio.cattle.io/owner-namespace": "namespace-wd1"
            },
            "chart_name": "ch13",
            "chart_version": "1.0.0",
            "cleanup_on_fail": false,
            "cluster_id": "c-877gr",
            "cluster_name": "workload1",
            "disable_hooks": false,
            "disable_open_api_validation": false,
            "force_upgrade": false,
            "id": "c-877gr.namespace-wd1/test-chart-ch13",
            "labels": {
              "objectset.rio.cattle.io/hash": "9aa1e919783731d6d63a3c75ddabfbe7e61b47ae"
            },
            "name": "test-chart-ch13",
            "namespace": "namespace-wd1",
            "project_id": null,
            "repo_name": "test-repo",
            "timeouts": null,
            "values": null,
            "wait": true
          },
          "sensitive_attributes": [],
          "private": "eyJlMmJmYjczMC1lY2FhLTExZTYtOGY4OC0zNDM2M2JjN2M0YzAiOnsiY3JlYXRlIjo2MDAwMDAwMDAwMDAsImRlbGV0ZSI6NjAwMDAwMDAwMDAwLCJ1cGRhdGUiOjYwMDAwMDAwMDAwMH19",
          "dependencies": [
            "data.rancher2_cluster.local",
            "data.rancher2_cluster.workload1",
            "rancher2_catalog_v2.mapps-helm-git-local",
            "rancher2_catalog_v2.mapps-helm-git-workload1",
            "rancher2_namespace.namespace-wd1",
            "rancher2_project.project-wd1"
          ]
        },
        {
          "index_key": "ch14",
          "schema_version": 0,
          "attributes": {
            "annotations": {
              "objectset.rio.cattle.io/applied": "H4sIAAAAAAAA/6RVQW/jNhP9K8Lk+FGyJMtZR8B3yhZttmi7aNIe2t3DiBpL3FAkQY7sBob+e0HFceIU2aZZHwxqRL3he/NmuIeBGFtkhHoPaIxlZGVNiI+2+UKSA3Hmlc0kMmvKlF2oFmroSQ8pOgfixX12Z8in3fYWalhsC5H8qEz7/2uSnvhfPzM4ENQQ+ixmyjxpwkDZtsiYAqeyRx//iyrbFq8CCw5lRDyu011bwCRAepo536iBAuPgoDaj1gI0NqS/qkSPoYca2nbdVKtKNmVxvpbvMK+Ktq2qvN0s26WszrFaLVE265jtwOsZCRDw8hkFzCx+pQ15MpIC1H/uAZ36nXxQ1kANswaNtvL2l7j1PWni+c0GdSAB0hr2VmvyULMfScCtMrGMx2r8R73H2QQXq6a8WMkm3Vw0ZVqd5+sUz8s8LcrVuli3Fy2+W8L0eRIQHMmo5IwTFye+O6FSggB07jFSZHmWg4CWgvTK3RMD2RfJZURLdor75Mp0nkJI/pf83CnzV4KmTXBkOyArmXyxTRJ5KNOBACVnhJ7ZhXqx8LjLOsX92IyBfJSKDGfSDgujZG81huvfrr9bDOhcSGffR6jF8KjaoYTbZ0eeBGxRjzR7KOKiMrECe3A2qrAuJgFqwI5izJOzQbH1d9EBkQQIYOxmuKLKytk+c7zeg1aByXx8xPHktJJ4aUfDUBcCAvmtkvQ0nQC+c/HAl3oMTP7qI0zTJOZmPuq9FKDMxsbvThW/MoFR60TawWliAgEb5QO/J6ftHUVDlHm5TIsyLfObPK+rql6t/4DYSa/ZZSxHqeDsG38QxcB2rsxZckOBk2PvfDKfzFnyg92lbOM6TT6MgZNObSnBJJZzdo46ULUmwQQEBEYe49naBxZvbWVPwY7+5SY+9OWlNRvV/YTu1GSpnOMDunSbPfTF16bbG1LMFvt2+OuD/U7Bw0n0lbCx8RZPse+9NJDhZ/Dt8cXbCDTIsj9J9cE2/yyBIRl7Yp4Db0tkiHfW3yrTZbfrEO+Sp0kPw+xZYnUffV3Cz0/GURwPDw6Ol1ksArXfkyGP972dCwjjMGCcPftpmv4OAAD//yr6OYUYCAAA",
              "objectset.rio.cattle.io/id": "helm-app",
              "objectset.rio.cattle.io/owner-gvk": "/v1, Kind=Secret",
              "objectset.rio.cattle.io/owner-name": "sh.helm.release.v1.test-chart-ch14.v1",
              "objectset.rio.cattle.io/owner-namespace": "namespace-wd1"
            },
            "chart_name": "ch14",
            "chart_version": "1.0.0",
            "cleanup_on_fail": false,
            "cluster_id": "c-877gr",
            "cluster_name": "workload1",
            "disable_hooks": false,
            "disable_open_api_validation": false,
            "force_upgrade": false,
            "id": "c-877gr.namespace-wd1/test-chart-ch14",
            "labels": {
              "objectset.rio.cattle.io/hash": "dd8b454cb2168c7a041dd440df3d3c46a453acb8"
            },
            "name": "test-chart-ch14",
            "namespace": "namespace-wd1",
            "project_id": null,
            "repo_name": "test-repo",
            "timeouts": null,
            "values": null,
            "wait": true
          },
          "sensitive_attributes": [],
          "private": "eyJlMmJmYjczMC1lY2FhLTExZTYtOGY4OC0zNDM2M2JjN2M0YzAiOnsiY3JlYXRlIjo2MDAwMDAwMDAwMDAsImRlbGV0ZSI6NjAwMDAwMDAwMDAwLCJ1cGRhdGUiOjYwMDAwMDAwMDAwMH19",
          "dependencies": [
            "data.rancher2_cluster.local",
            "data.rancher2_cluster.workload1",
            "rancher2_catalog_v2.mapps-helm-git-local",
            "rancher2_catalog_v2.mapps-helm-git-workload1",
            "rancher2_namespace.namespace-wd1",
            "rancher2_project.project-wd1"
          ]
        },
        {
          "index_key": "ch15",
          "schema_version": 0,
          "attributes": {
            "annotations": {
              "objectset.rio.cattle.io/applied": "H4sIAAAAAAAA/6RVTW/jNhD9K8TkWEqWrDh2BPSULdps0XbRpD20u4cxNbK4oUiCHNkNDP33gorz4RTZZrM+GNSIesP35s1wDz0xNsgI9R7QWsfI2tmYHt36MymOxHnQLlfIbCjXbqYbqKEj02foPcgX97mdpZBttjdQw2xbSvGzts33V6QC8f9+ZrEnqCF2ecqUBzKEkfJtmTNFzlSHIf2Xi3xbvgoselQJ8WGd7ZoSRgkq0MT5WvcUGXsPtR2MkWBwTeaLSnQYO6hhMa+QluX5osDVolycnS4X5XnRnp8tF61q27MWT5eqUJiyHXg9IwESXj6jhInF79RSIKsoQv33HtDrPylE7SzUMGmwNk7d/Ja2viNDPL1p0USSoJzl4IyhADWHgSTcaJvK+FCNr9R7mEywXKizdkVVdr6uzrLT1bLKcL4osmVVETZFdV5VJYyfRgnRk0pKTjhpceS7IypzkIDeP0bKvMgLkNBQVEH7O2KgulJcJDSx09yJS7sJFKP4Tvy60fYfgbYROLDrkbUSn91aJB7abkCCVhNCx+xjPZsF3OUbzd2wHiKFJBVZzpXrZ1arzhmMV39c/TDr0fuYTb5PULP+UbVDCbfPjjxK2KIZaPJQwkVtUwX24F1SYVWOEnSPG0qxQN5FzS7cJgckEiCBcTPBlaf5fLLPFK/3YHRksh8ecQJ5oxVeuMEy1KWESGGrFT1NJ4FvfTrwhRkiU7j8AOM4yqmZH/SuJGjbuvTdseKXNjIaI5TrvSEmkNDqEPkdeeNuKRliXsyrrJxn8+K6KOrTol6s/oLUSa/ZZR0nqeDkG3+QxMBmqsyJuKbI4qF3PtqP9kT85HYZu7TOxPshstjoLQkUqZyTc/SBqrMCBUiIjDykszX3LN7ayoGiG8LLTXzoywtnW735Bf2xyTI1xXv02Ta/74svTbc3pJgs9u3wVwf7HYPHo+grYVPjzZ5i33mpJ8vP4JuHF28jsEZW3VGq92793xJYUqknpjnwtkSWeOfCjbab/GYV013yNOlhmD1LrO+ir0v46ck4SuPh3sHpMktFoOZHshTwrrcLCXHoe0yzZz+O478BAAD///s08NQYCAAA",
              "objectset.rio.cattle.io/id": "helm-app",
              "objectset.rio.cattle.io/owner-gvk": "/v1, Kind=Secret",
              "objectset.rio.cattle.io/owner-name": "sh.helm.release.v1.test-chart-ch15.v1",
              "objectset.rio.cattle.io/owner-namespace": "namespace-wd1"
            },
            "chart_name": "ch15",
            "chart_version": "1.0.0",
            "cleanup_on_fail": false,
            "cluster_id": "c-877gr",
            "cluster_name": "workload1",
            "disable_hooks": false,
            "disable_open_api_validation": false,
            "force_upgrade": false,
            "id": "c-877gr.namespace-wd1/test-chart-ch15",
            "labels": {
              "objectset.rio.cattle.io/hash": "523ae71950a85156475190f9675fcff6fa47c0ca"
            },
            "name": "test-chart-ch15",
            "namespace": "namespace-wd1",
            "project_id": null,
            "repo_name": "test-repo",
            "timeouts": null,
            "values": null,
            "wait": true
          },
          "sensitive_attributes": [],
          "private": "eyJlMmJmYjczMC1lY2FhLTExZTYtOGY4OC0zNDM2M2JjN2M0YzAiOnsiY3JlYXRlIjo2MDAwMDAwMDAwMDAsImRlbGV0ZSI6NjAwMDAwMDAwMDAwLCJ1cGRhdGUiOjYwMDAwMDAwMDAwMH19",
          "dependencies": [
            "data.rancher2_cluster.local",
            "data.rancher2_cluster.workload1",
            "rancher2_catalog_v2.mapps-helm-git-local",
            "rancher2_catalog_v2.mapps-helm-git-workload1",
            "rancher2_namespace.namespace-wd1",
            "rancher2_project.project-wd1"
          ]
        },
        {
          "index_key": "ch16",
          "schema_version": 0,
          "attributes": {
            "annotations": {
              "objectset.rio.cattle.io/applied": "H4sIAAAAAAAA/6RVQW/jNhP9K8Tk+FGypXgdW8B3yhZttmi7aNIe2t3DiBpL3FAkQY7sBob+e0HFceIU2aZZHwxqRL3he/NmuIeeGBtkhGoPaK1jZO1sTI+u/kKKI3EetMsVMhvKtZvpBiroyPQZeg/yxX1uZylk7fYWKphtCyl+1Lb5/zWpQPyvn1nsCSqIXZ4y5YEMYaR8W+RMkTPVYUj/xTLfFq8Cix5VQjyus11TwChBBZo43+ieImPvobKDMRIM1mS+qkSHsYMKSqzP310sFK0XJa4vVgWeN2qtmvLdispls1yWy8W6qTcp24HXMxIg4eUzSphY/EobCmQVRaj+3AN6/TuFqJ2FCiYNauPU7S9p63syxNObDZpIEpSzHJwxFKDiMJCEW21TGY/V+I96D5MJigLrktZ1doHrMlsoVFldbuqsXDSLcrVUF+erFYyfRwnRk0pKTjhpceK7EyolSEDvHyNFPs/nIKGhqIL298RAdYW4TGhip7kTV7YNFKP4n/i51fYvgbYROLDrkbUSX1wtEg9tW5Cg1YTQMftYzWYBd3mruRvqIVJIUpHlXLl+ZrXqnMF4/dv1d7MevY/Z5PsENesfVTuUcPvsyKOELZqBJg8lXNQ2VWAP3iUVVsUoQffYUooF8i5qduEuOSCRAAmM7QRXLPJyss8Ur/ZgdGSyHx9xAnmjFV66wTJUhYRIYasVPU0nge98OvClGSJTuPoI4zjKqZmPep9L0Hbj0nenil/ZyGiMUK73hphAwkaHyO/JG3dHyRDlvDzPijIr5zfzebUoqnL5B6ROes0u6zhJBWff+IMkBjZTZc7EDUUWx975ZD/ZM/GD22Xs0joTH4bIotVbEihSOSfn6ANVZwUKkBAZeUhnax5YvLWVA0U3hJeb+NCXl85udPsT+lOTZWqK9+izbf7QF1+bbm9IMVns2+GvD/Y7BY8n0VfCpsabPcW+91JPlp/BN8cXbyNQI6vuJNUHV/+zBJZU6olpDrwtkSXeuXCrbZvfrmK6S54mPQyzZ4n1ffR1CT8/GUdpPDw4OF1mqQjUfE+WAt739lxCHPoe0+zZj+P4dwAAAP//pbb81BgIAAA",
              "objectset.rio.cattle.io/id": "helm-app",
              "objectset.rio.cattle.io/owner-gvk": "/v1, Kind=Secret",
              "objectset.rio.cattle.io/owner-name": "sh.helm.release.v1.test-chart-ch16.v1",
              "objectset.rio.cattle.io/owner-namespace": "namespace-wd1"
            },
            "chart_name": "ch16",
            "chart_version": "1.0.0",
            "cleanup_on_fail": false,
            "cluster_id": "c-877gr",
            "cluster_name": "workload1",
            "disable_hooks": false,
            "disable_open_api_validation": false,
            "force_upgrade": false,
            "id": "c-877gr.namespace-wd1/test-chart-ch16",
            "labels": {
              "objectset.rio.cattle.io/hash": "2ab3574ce942a9781a3dc9cd258e26d662649dbf"
            },
            "name": "test-chart-ch16",
            "namespace": "namespace-wd1",
            "project_id": null,
            "repo_name": "test-repo",
            "timeouts": null,
            "values": null,
            "wait": true
          },
          "sensitive_attributes": [],
          "private": "eyJlMmJmYjczMC1lY2FhLTExZTYtOGY4OC0zNDM2M2JjN2M0YzAiOnsiY3JlYXRlIjo2MDAwMDAwMDAwMDAsImRlbGV0ZSI6NjAwMDAwMDAwMDAwLCJ1cGRhdGUiOjYwMDAwMDAwMDAwMH19",
          "dependencies": [
            "data.rancher2_cluster.local",
            "data.rancher2_cluster.workload1",
            "rancher2_catalog_v2.mapps-helm-git-local",
            "rancher2_catalog_v2.mapps-helm-git-workload1",
            "rancher2_namespace.namespace-wd1",
            "rancher2_project.project-wd1"
          ]
        },
        {
          "index_key": "ch17",
          "schema_version": 0,
          "attributes": {
            "annotations": {
              "objectset.rio.cattle.io/applied": "H4sIAAAAAAAA/6RVTW/jNhD9K8TkWEqWHCdRBPSULdps0XbRpD20u4cRNZa4oUiCHNkNDP33gorz4RTZZrM+GNSIesP35s1wBwMxtsgI9Q7QWsfI2tmYHl3zmRRH4jxolytkNpRrt9At1NCTGTL0HuSL+9zWUsi6zQ3UsNiUUvysbfv9FalA/L+fWRwIaoh9njLlgQxhpHxT5kyRM9VjSP/lWb4pXwUWPaqE+LDOtm0JkwQVaOZ8rQeKjIOH2o7GSDDYkPmiEj3GHmo4rdRqWVRV2ZZLtTormjWhOjulsmqLCtt1ed4U7Xl1mrLteT0jARJePqOEmcXvtKZAVlGE+u8doNd/UojaWahh1qAxTt38lra+I0M8v1mjiSRBOcvBGUMBag4jSbjRNpXxoRpfqfc4m0Cd4XHVospQlVW2Oqcmq9bVKls3ZyeqaE5P2/MTmD5NEqInlZSccdLiwHcHVJYgAb1/jJR5kRcgoaWogvZ3xED1pbhIaGKruReXtgsUo/hO/Npp+49A2woc2Q3IWonPrhGJh7YdSNBqRuiZfawXi4DbvNPcj80YKSSpyHKu3LCwWvXOYLz64+qHxYDex2z2fYJaDI+q7Uu4eXbkScIGzUizhxIuapsqsAPvkgpVOUnQA3aUYoG8i5pduE0OSCRAAmM3w5WrfDnbZ47XOzA6MtkPjziBvNEKL9xoGepSQqSw0YqeppPAtz4d+MKMkSlcfoBpmuTczA96H0vQdu3Sd4eKX9rIaIxQbvCGmEDCWofI78gbd0vJEMtieZyVy2xZXBdFvSrrk/O/IHXSa3ZZx0kqOPrGHyQxsJ0rcySuKbJ46J2P9qM9Ej+5bcYurTPxfowsOr0hgSKVc3aO3lN1VqAACZGRx3S29p7FW1s5UHRjeLmJ93154exad7+gPzRZpub4gD7b5Pd98aXp9oYUs8W+Hf5qb79D8HgQfSVsarzFU+w7Lw1k+Rl8+/DibQQaZNUfpHrvmv+WwJJKPTHPgbclssRbF2607fKbKqa75GnS/TB7lljfRV+X8NOTcZTGw72D02WWikDtj2Qp4F1vFxLiOAyYZs9umqZ/AwAA///KTl0KGAgAAA",
              "objectset.rio.cattle.io/id": "helm-app",
              "objectset.rio.cattle.io/owner-gvk": "/v1, Kind=Secret",
              "objectset.rio.cattle.io/owner-name": "sh.helm.release.v1.test-chart-ch17.v1",
              "objectset.rio.cattle.io/owner-namespace": "namespace-wd1"
            },
            "chart_name": "ch17",
            "chart_version": "1.0.0",
            "cleanup_on_fail": false,
            "cluster_id": "c-877gr",
            "cluster_name": "workload1",
            "disable_hooks": false,
            "disable_open_api_validation": false,
            "force_upgrade": false,
            "id": "c-877gr.namespace-wd1/test-chart-ch17",
            "labels": {
              "objectset.rio.cattle.io/hash": "68c420881d12c470bfeac76e18d08adf19b0d986"
            },
            "name": "test-chart-ch17",
            "namespace": "namespace-wd1",
            "project_id": null,
            "repo_name": "test-repo",
            "timeouts": null,
            "values": null,
            "wait": true
          },
          "sensitive_attributes": [],
          "private": "eyJlMmJmYjczMC1lY2FhLTExZTYtOGY4OC0zNDM2M2JjN2M0YzAiOnsiY3JlYXRlIjo2MDAwMDAwMDAwMDAsImRlbGV0ZSI6NjAwMDAwMDAwMDAwLCJ1cGRhdGUiOjYwMDAwMDAwMDAwMH19",
          "dependencies": [
            "data.rancher2_cluster.local",
            "data.rancher2_cluster.workload1",
            "rancher2_catalog_v2.mapps-helm-git-local",
            "rancher2_catalog_v2.mapps-helm-git-workload1",
            "rancher2_namespace.namespace-wd1",
            "rancher2_project.project-wd1"
          ]
        },
        {
          "index_key": "ch18",
          "schema_version": 0,
          "attributes": {
            "annotations": {
              "objectset.rio.cattle.io/applied": "H4sIAAAAAAAA/6RVwW7jNhD9FWJyLCVbcuwkAnrKFm22aLto0h7a3cOIGkvcUCRBjuwGhv69oOI4cYpss1kfDGpEveF782a4g54YG2SEagdorWNk7WxMj67+TIojcR60yxUyG8q1m+kGKujI9Bl6D/LFfW5rKWTt5hYqmG0KKX7Wtvn+mlQg/t/PLPYEFcQuT5nyQIYwUr4pcqbImeowpP/iPN8UrwKLHlVCPKyzbVPAKEEFmjjf6J4iY++hsoMxEgzWZL6oRIexgwpWTUGLpcL6rC6bYnW+qs+wXuMZLdZNc9os1qtanTZqyrbn9YwESHj5jBImFr/TmgJZRRGqv3eAXv9JIWpnoYJJg9o4dftb2vqODPH0Zo0mkgTlLAdnDAWoOAwk4VbbVMZDNb5S72EyQTOni+WyKbPlajnPTueLJrug1SJTq1W9WuP5xUVRwvhplBA9qaTkhJMWR747olKCBPT+MVLk83wOEhqKKmh/TwxUV4jLhCa2mjtxZdtAMYrvxK+ttv8ItI3AgV2PrJX47GqReGjbggStJoSO2cdqNgu4zVvN3VAPkUKSiiznyvUzq1XnDMbrP65/mPXofcwm3yeoWf+o2r6Em2dHHiVs0Aw0eSjhorapAjvwLqlwXowSdI8tpVgg76JmF+6SAxIJkMDYTnDFaV5O9pni1Q6Mjkz2wyNOIG+0wks3WIaqkBApbLSip+kk8J1PB740Q2QKVx9gHEc5NfNB74UEbdcufXes+JWNjMYI5XpviAkkrHWI/I68cXeUDFHOy0VWlFk5v5nPq9OyWiz/gtRJr9llHSep4OQbf5DEwGaqzIm4ocji0Dsf7Ud7In5y24xdWmfi/RBZtHpDAkUq5+QcvafqrEABEiIjD+lszQOLt7ZyoOiG8HIT7/vy0tm1bn9Bf2yyTE3xHn22yR/64kvT7Q0pJot9O/z13n7H4PEo+krY1Hizp9j3XurJ8jP45vDibQRqZNUdpXrv6v+WwJJKPTHNgbclssRbF261bfPb85jukqdJ98PsWWJ9H31dwk9PxlEaDw8OTpdZKgI1P5KlgPe9PZcQh77HNHt24zj+GwAA///L7BGlGAgAAA",
              "objectset.rio.cattle.io/id": "helm-app",
              "objectset.rio.cattle.io/owner-gvk": "/v1, Kind=Secret",
              "objectset.rio.cattle.io/owner-name": "sh.helm.release.v1.test-chart-ch18.v1",
              "objectset.rio.cattle.io/owner-namespace": "namespace-wd1"
            },
            "chart_name": "ch18",
            "chart_version": "1.0.0",
            "cleanup_on_fail": false,
            "cluster_id": "c-877gr",
            "cluster_name": "workload1",
            "disable_hooks": false,
            "disable_open_api_validation": false,
            "force_upgrade": false,
            "id": "c-877gr.namespace-wd1/test-chart-ch18",
            "labels": {
              "objectset.rio.cattle.io/hash": "6d1e35cab7b2d1686b7abfa7e3fdd4d3f6bc4dc1"
            },
            "name": "test-chart-ch18",
            "namespace": "namespace-wd1",
            "project_id": null,
            "repo_name": "test-repo",
            "timeouts": null,
            "values": null,
            "wait": true
          },
          "sensitive_attributes": [],
          "private": "eyJlMmJmYjczMC1lY2FhLTExZTYtOGY4OC0zNDM2M2JjN2M0YzAiOnsiY3JlYXRlIjo2MDAwMDAwMDAwMDAsImRlbGV0ZSI6NjAwMDAwMDAwMDAwLCJ1cGRhdGUiOjYwMDAwMDAwMDAwMH19",
          "dependencies": [
            "data.rancher2_cluster.local",
            "data.rancher2_cluster.workload1",
            "rancher2_catalog_v2.mapps-helm-git-local",
            "rancher2_catalog_v2.mapps-helm-git-workload1",
            "rancher2_namespace.namespace-wd1",
            "rancher2_project.project-wd1"
          ]
        },
        {
          "index_key": "ch19",
          "schema_version": 0,
          "attributes": {
            "annotations": {
              "objectset.rio.cattle.io/applied": "H4sIAAAAAAAA/6RVTW/jNhD9K8LkWEqWZDlxBPSULdps0XbRpD20u4cRNZa4oUiCHNkNDP33gorz4RTZZrM+GNSIesP35s1wDwMxtsgI9R7QGMvIypoQH23zmSQH4swrm0lk1pQpu1At1NCTHlJ0DsSL++zOkE+77Q3UsNgWIvlZmfb7K5Ke+H8/MzgQ1BD6LGbKPGnCQNm2yJgCp7JHH/+L82xbvAosOJQR8WGd7toCJgHS08z5Wg0UGAcHtRm1FqCxIf1FJXoMPdSQn5XLFZbVitbV+ZpOm81GrptTWWJRVauzRm6WWMpiznbg9YwECHj5jAJmFr/ThjwZSQHqv/eATv1JPihroIZZg0ZbefNb3PqONPH8ZoM6kABpDXurNXmo2Y8k4EaZWMaHanyl3uNsgqKkU1xVy5Q2ZZ5W62WenldUpiu5ovMzkk1bVTB9mgQERzIqOePExZHvjqiUIACde4wUWZ7lIKClIL1yd8RA9kVyEdGSneI+uTSdpxCS75JfO2X+SdC0CY5sB2Qlk8+2SSIPZToQoOSM0DO7UC8WHndZp7gfmzGQj1KR4UzaYWGU7K3GcPXH1Q+LAZ0L6ez7CLUYHlU7lHD77MiTgC3qkWYPRVxUJlZgD85GFdbFJEAN2FGMeXI2KLb+NjogkgABjN0MV1RZOdtnjtd70CowmQ+POJ6cVhIv7GgY6kJAIL9Vkp6mE8C3Lh74Qo+ByV9+gGmaxNzMD3ovBSizsfG7Y8UvTWDUOpF2cJqYQMBG+cDvyGl7S9EQZV4u06JMy/w6z+uqqvPlXxA76TW7jOUoFZx84w+iGNjOlTlJrilw8tA7H81Hc5L8ZHcp27hOk/dj4KRTW0owieWcnaMOVK1JMAEBgZHHeLb2nsVbW9lTsKN/uYkPfXlhzUZ1v6A7Nlkq5/iALt1m933xpen2hhSzxb4d/upgv2PwcBR9JWxsvMVT7DsvDWT4GXz78OJtBBpk2R+lem+b/5bAkIw9Mc+BtyUyxDvrb5Tpspt1iHfJ06SHYfYssbqLvi7hpyfjKI6HewfHyywWgdofyZDHu97OBYRxGDDOnv00Tf8GAAD//0psi/IYCAAA",
              "objectset.rio.cattle.io/id": "helm-app",
              "objectset.rio.cattle.io/owner-gvk": "/v1, Kind=Secret",
              "objectset.rio.cattle.io/owner-name": "sh.helm.release.v1.test-chart-ch19.v1",
              "objectset.rio.cattle.io/owner-namespace": "namespace-wd1"
            },
            "chart_name": "ch19",
            "chart_version": "1.0.0",
            "cleanup_on_fail": false,
            "cluster_id": "c-877gr",
            "cluster_name": "workload1",
            "disable_hooks": false,
            "disable_open_api_validation": false,
            "force_upgrade": false,
            "id": "c-877gr.namespace-wd1/test-chart-ch19",
            "labels": {
              "objectset.rio.cattle.io/hash": "07235a245e8498e6bffc8b6c2a14457bcf3a2c11"
            },
            "name": "test-chart-ch19",
            "namespace": "namespace-wd1",
            "project_id": null,
            "repo_name": "test-repo",
            "timeouts": null,
            "values": null,
            "wait": true
          },
          "sensitive_attributes": [],
          "private": "eyJlMmJmYjczMC1lY2FhLTExZTYtOGY4OC0zNDM2M2JjN2M0YzAiOnsiY3JlYXRlIjo2MDAwMDAwMDAwMDAsImRlbGV0ZSI6NjAwMDAwMDAwMDAwLCJ1cGRhdGUiOjYwMDAwMDAwMDAwMH19",
          "dependencies": [
            "data.rancher2_cluster.local",
            "data.rancher2_cluster.workload1",
            "rancher2_catalog_v2.mapps-helm-git-local",
            "rancher2_catalog_v2.mapps-helm-git-workload1",
            "rancher2_namespace.namespace-wd1",
            "rancher2_project.project-wd1"
          ]
        },
        {
          "index_key": "ch20",
          "schema_version": 0,
          "attributes": {
            "annotations": {
              "objectset.rio.cattle.io/applied": "H4sIAAAAAAAA/6RVwW7jNhD9FWJyLCVLspM4AnrKFm22aLto0h7a3cOIGlvcUCRBjuwGhv69oOI4cYpss1kfDGpEveF782a4g54YW2SEegdorWNk7WxMj675TIojcR60yxUyG8q1m+kWaujI9Bl6D/LFfW5rKWTrzS3UMNuUUvysbfv9NalA/L+fWewJaohdnjLlgQxhpHxT5kyRM9VhSP9VkW/KV4FFjyohHtbZti1hlKACTZxvdE+RsfdQ28EYCQYbMl9UosPYQQ3qtJlflBfV+dmyKavmvFjMl2enS1ytzqkoL5qzYl6erU7blG3P6xkJkPDyGSVMLH6nFQWyiiLUf+8Avf6TQtTOQg2TBo1x6va3tPUdGeLpzQpNJAnKWQ7OGApQcxhIwq22qYyHanyl3sNkgobKxbxdXGQFNU22WFGbLavFMivnTXnenp81zVzB+GmUED2ppOSEkxZHvjuiUoEE9P4xUuZFnhRqKaqg/T0xUF0pLhOa2GruxJVdB4pRfCd+XWv7j0DbChzY9chaic+uEYmHtmuQoNWE0DH7WM9mAbf5WnM3NEOkkKQiy7ly/cxq1TmD8fqP6x9mPXofs8n3CWrWP6q2L+Hm2ZFHCRs0A00eSriobarADrxLKizLUYLucU0pFsi7qNmFu+SARAIkMK4nuHKRV5N9pni9A6Mjk/3wiBPIG63w0g2WoS4lRAobrehpOgl859OBL80QmcLVBxjHUU7NfNB7LkHblUvfHSt+ZSOjMUK53htiAgkrHSK/I2/cHSVDVEU1z8oqq4qboqgX87oq/4LUSa/ZZR0nqeDkG3+QxMB2qsyJuKHI4tA7H+1HeyJ+ctuMXVpn4v0QWaz1hgSKVM7JOXpP1VmBAiRERh7S2doHFm9t5UDRDeHlJt735aWzK73+Bf2xyTI1xXv02SZ/6IsvTbc3pJgs9u3w13v7HYPHo+grYVPjzZ5i33upJ8vP4NvDi7cRaJBVd5TqvWv+WwJLKvXENAfelsgSb1241Xad3y5jukueJt0Ps2eJ9X30dQk/PRlHaTw8ODhdZqkI1P5IlgLe93YhIQ59j2n27MZx/DcAAP//89HanRgIAAA",
              "objectset.rio.cattle.io/id": "helm-app",
              "objectset.rio.cattle.io/owner-gvk": "/v1, Kind=Secret",
              "objectset.rio.cattle.io/owner-name": "sh.helm.release.v1.test-chart-ch20.v1",
              "objectset.rio.cattle.io/owner-namespace": "namespace-wd1"
            },
            "chart_name": "ch20",
            "chart_version": "1.0.0",
            "cleanup_on_fail": false,
            "cluster_id": "c-877gr",
            "cluster_name": "workload1",
            "disable_hooks": false,
            "disable_open_api_validation": false,
            "force_upgrade": false,
            "id": "c-877gr.namespace-wd1/test-chart-ch20",
            "labels": {
              "objectset.rio.cattle.io/hash": "c5b39192768b12b70438658aff7e019b60316f5d"
            },
            "name": "test-chart-ch20",
            "namespace": "namespace-wd1",
            "project_id": null,
            "repo_name": "test-repo",
            "timeouts": null,
            "values": null,
            "wait": true
          },
          "sensitive_attributes": [],
          "private": "eyJlMmJmYjczMC1lY2FhLTExZTYtOGY4OC0zNDM2M2JjN2M0YzAiOnsiY3JlYXRlIjo2MDAwMDAwMDAwMDAsImRlbGV0ZSI6NjAwMDAwMDAwMDAwLCJ1cGRhdGUiOjYwMDAwMDAwMDAwMH19",
          "dependencies": [
            "data.rancher2_cluster.local",
            "data.rancher2_cluster.workload1",
            "rancher2_catalog_v2.mapps-helm-git-local",
            "rancher2_catalog_v2.mapps-helm-git-workload1",
            "rancher2_namespace.namespace-wd1",
            "rancher2_project.project-wd1"
          ]
        },
        {
          "index_key": "ch21",
          "schema_version": 0,
          "attributes": {
            "annotations": {
              "objectset.rio.cattle.io/applied": "H4sIAAAAAAAA/6RVTW/jNhD9K8TkWEqWFCe2BfSULdps0XbRpD20u4cRNba4oUiCHNkNDP33gorz4RTZZrM+GNSIesP35s1wDz0xtsgI9R7QWsfI2tmYHl3zmRRH4jxolytkNpRrN9Mt1NCR6TP0HuSL+9zOUsg22xuoYbYtpfhZ2/b7K1KB+H8/s9gT1BC7PGXKAxnCSPm2zJkiZ6rDkP6rMt+WrwKLHlVCfFhnu7aEUYIKNHG+1j1Fxt5DbQdjJBhsyHxRiQ5jBzUsaL06X86L5RmezReLtsSmOl0ini6XqxWez0+beaGoOUvZDryekQAJL59RwsTid1pTIKsoQv33HtDrPylE7SzUMGnQGKdufktb35Ehnt6s0USSoJzl4IyhADWHgSTcaJvK+FCNr9R7mExQqHLdVOtVtmiKJptjQdnynKqsLZeLdtGsWnVewPhplBA9qaTkhJMWR747olKBBPT+MVLmRV6AhJaiCtrfEQPVleIioYmd5k5c2k2gGMV34teNtv8ItK3AgV2PrJX47BqReGi7AQlaTQgds4/1bBZwl280d0MzRApJKrKcK9fPrFadMxiv/rj6Ydaj9zGbfJ+gZv2jaocSbp8deZSwRTPQ5KGEi9qmCuzBu6TCshwl6B43lGKBvIuaXbhNDkgkQALjZoIr53k12WeK13swOjLZD484gbzRCi/cYBnqUkKksNWKnqaTwLc+HfjCDJEpXH6AcRzl1MwPep9K0Hbt0nfHil/ayGiMUK73hphAwlqHyO/IG3dLyRBVUZ1mZZVVxXVR1POyrlZ/Qeqk1+yyjpNUcPKNP0hiYDtV5kRcU2Tx0Dsf7Ud7In5yu4xdWmfi/RBZbPSWBIpUzsk5+kDVWYECJERGHtLZ2nsWb23lQNEN4eUmPvTlhbNrvfkF/bHJMjXFe/TZNr/viy9NtzekmCz27fBXB/sdg8ej6CthU+PNnmLfeakny8/g24cXbyPQIKvuKNV71/y3BJZU6olpDrwtkSXeuXCj7Sa/WcZ0lzxNehhmzxLru+jrEn56Mo7SeLh3cLrMUhGo/ZEsBbzr7UJCHPoe0+zZj+P4bwAAAP//FUzptxgIAAA",
              "objectset.rio.cattle.io/id": "helm-app",
              "objectset.rio.cattle.io/owner-gvk": "/v1, Kind=Secret",
              "objectset.rio.cattle.io/owner-name": "sh.helm.release.v1.test-chart-ch21.v1",
              "objectset.rio.cattle.io/owner-namespace": "namespace-wd1"
            },
            "chart_name": "ch21",
            "chart_version": "1.0.0",
            "cleanup_on_fail": false,
            "cluster_id": "c-877gr",
            "cluster_name": "workload1",
            "disable_hooks": false,
            "disable_open_api_validation": false,
            "force_upgrade": false,
            "id": "c-877gr.namespace-wd1/test-chart-ch21",
            "labels": {
              "objectset.rio.cattle.io/hash": "7ef9684085a5477d1ab238aa38899a643b40ceb5"
            },
            "name": "test-chart-ch21",
            "namespace": "namespace-wd1",
            "project_id": null,
            "repo_name": "test-repo",
            "timeouts": null,
            "values": null,
            "wait": true
          },
          "sensitive_attributes": [],
          "private": "eyJlMmJmYjczMC1lY2FhLTExZTYtOGY4OC0zNDM2M2JjN2M0YzAiOnsiY3JlYXRlIjo2MDAwMDAwMDAwMDAsImRlbGV0ZSI6NjAwMDAwMDAwMDAwLCJ1cGRhdGUiOjYwMDAwMDAwMDAwMH19",
          "dependencies": [
            "data.rancher2_cluster.local",
            "data.rancher2_cluster.workload1",
            "rancher2_catalog_v2.mapps-helm-git-local",
            "rancher2_catalog_v2.mapps-helm-git-workload1",
            "rancher2_namespace.namespace-wd1",
            "rancher2_project.project-wd1"
          ]
        },
        {
          "index_key": "ch22",
          "schema_version": 0,
          "attributes": {
            "annotations": {
              "objectset.rio.cattle.io/applied": "H4sIAAAAAAAA/6RVwW7jNhD9FWFyLCVLsuMkAnrKFm22aLto0h7a3cOIGkncUCRBjuwGhv69oOI4cYpss1kfDGpEveF782a4g4EYG2SEagdojGVkZU2Ij7b+TJIDceaVzSQya8qUXagGKuhJDyk6B+LFfXZryKfd5hYqWGwKkfysTPP9NUlP/L+fGRwIKgh9FjNlnjRhoGxTZEyBU9mjj/9lmW2KV4EFhzIiHtbptilgEiA9zZxv1ECBcXBQmVFrARpr0l9UosfQQwWnq3JZ1/X5kpp13pzW6+VFuyzyfJ2fna7OV+t62eZ02l7EbHtez0iAgJfPKGBm8Tu15MlIClD9vQN06k/yQVkDFcwa1NrK29/i1nekiec3LepAAqQ17K3W5KFiP5KAW2ViGQ/V+Eq9x9kEdVnmEvOLtMaiTVerNaXYnq7Ts3Z5dnZRUN7KJUyfJgHBkYxKzjhxceS7IypRDHTuMVJkeZaDgIaC9MrdEwPZF8llREu2ivvkynSeQki+S37tlPknQdMkOLIdkJVMPts6iTyU6UCAkjNCz+xCtVh43Gad4n6sx0A+SkWGM2mHhVGytxrD9R/XPywGdC6ks+8j1GJ4VG1fws2zI08CNqhHmj0UcVGZWIEdOBtVOC8mAWrAjmLMk7NBsfV30QGRBAhg7Ga4YpWVs33meLUDrQKT+fCI48lpJfHSjoahKgQE8hsl6Wk6AXzn4oEv9RiY/NUHmKZJzM180HspQJnWxu+OFb8ygVHrRNrBaWICAa3ygd+R0/aOoiHKvFymRZmW+U2eV6uyys//gthJr9llLEep4OQbfxDFwGauzElyQ4GTQ+98NB/NSfKT3aZs4zpN3o+Bk05tKMEklnN2jtpTtSbBBAQERh7j2ZoHFm9tZU/Bjv7lJt735aU1rep+QXdsslTO8QFduske+uJL0+0NKWaLfTv89d5+x+DhKPpK2Nh4i6fY914ayPAz+Obw4m0EamTZH6V6b+v/lsCQjD0xz4G3JTLEW+tvlemy2/MQ75KnSffD7FlidR99XcJPT8ZRHA8PDo6XWSwCNT+SIY/3vZ0LCOMwYJw9u2ma/g0AAP//Myjm1xgIAAA",
              "objectset.rio.cattle.io/id": "helm-app",
              "objectset.rio.cattle.io/owner-gvk": "/v1, Kind=Secret",
              "objectset.rio.cattle.io/owner-name": "sh.helm.release.v1.test-chart-ch22.v1",
              "objectset.rio.cattle.io/owner-namespace": "namespace-wd1"
            },
            "chart_name": "ch22",
            "chart_version": "1.0.0",
            "cleanup_on_fail": false,
            "cluster_id": "c-877gr",
            "cluster_name": "workload1",
            "disable_hooks": false,
            "disable_open_api_validation": false,
            "force_upgrade": false,
            "id": "c-877gr.namespace-wd1/test-chart-ch22",
            "labels": {
              "objectset.rio.cattle.io/hash": "5423bbb83ed60d5b639f310060754846b3f0e5f9"
            },
            "name": "test-chart-ch22",
            "namespace": "namespace-wd1",
            "project_id": null,
            "repo_name": "test-repo",
            "timeouts": null,
            "values": null,
            "wait": true
          },
          "sensitive_attributes": [],
          "private": "eyJlMmJmYjczMC1lY2FhLTExZTYtOGY4OC0zNDM2M2JjN2M0YzAiOnsiY3JlYXRlIjo2MDAwMDAwMDAwMDAsImRlbGV0ZSI6NjAwMDAwMDAwMDAwLCJ1cGRhdGUiOjYwMDAwMDAwMDAwMH19",
          "dependencies": [
            "data.rancher2_cluster.local",
            "data.rancher2_cluster.workload1",
            "rancher2_catalog_v2.mapps-helm-git-local",
            "rancher2_catalog_v2.mapps-helm-git-workload1",
            "rancher2_namespace.namespace-wd1",
            "rancher2_project.project-wd1"
          ]
        },
        {
          "index_key": "ch23",
          "schema_version": 0,
          "attributes": {
            "annotations": {
              "objectset.rio.cattle.io/applied": "H4sIAAAAAAAA/6RVTW/jNhD9K8TkWEq2bEdxBPSULdps0XbRpD20u4cRNZa4oUiCHNkNDP33gorz4RTZZrM+GNSIesP35s1wDz0xNsgI1R7QWsfI2tmYHl39mRRH4jxolytkNpRrN9MNVNCR6TP0HuSL+9zOUsja7Q1UMNsWUvysbfP9FalA/L+fWewJKohdnjLlgQxhpHxb5EyRM9VhSP+LZb4tXgUWPaqE+LDOdk0BowQVaOJ8rXuKjL2Hyg7GSDBYk/miEh3GDio4O1dloc4bbM7KTbkpVL3CelWeLc6XtCjL1elSbZrTpUrZDryekQAJL59RwsTid9pQIKsoQvX3HtDrPylE7SxUMGlQG6dufktb35Ehnt5s0ESSoJzl4IyhABWHgSTcaJvK+FCNr9R7mEywrNdlodZldn5anmUrVZ5meL5RGa6LeU3lfH3WnML4aZQQPamk5ISTFke+O6KyAAno/WOkyOf5HCQ0FFXQ/o4YqK4QFwlN7DR34tK2gWIU34lfW23/EWgbgQO7Hlkr8dnVIvHQtgUJWk0IHbOP1WwWcJe3mruhHiKFJBVZzpXrZ1arzhmMV39c/TDr0fuYTb5PULP+UbVDCbfPjjxK2KIZaPJQwkVtUwX24F1SYV2MEnSPLaVYIO+iZhdukwMSCZDA2E5wxSpfTPaZ4tUejI5M9sMjTiBvtMILN1iGqpAQKWy1oqfpJPCtTwe+MENkCpcfYBxHOTXzg95LCdpuXPruWPFLGxmNEcr13hATSNjoEPkdeeNuKRliMV8ss2KRLebX83m1WlaL4i9InfSaXdZxkgpOvvEHSQxspsqciGuKLB5656P9aE/ET26XsUvrTLwfIotWb0mgSOWcnKMPVJ0VKEBCZOQhna25Z/HWVg4U3RBebuJDX144u9HtL+iPTZapKd6jz7b5fV98abq9IcVksW+HvzrY7xg8HkVfCZsab/YU+85LPVl+Bt88vHgbgRpZdUep3rv6vyWwpFJPTHPgbYks8c6FG23b/GYd013yNOlhmD1LrO+ir0v46ck4SuPh3sHpMktFoOZHshTwrrfnEuLQ95hmz34cx38DAAD//8FQarkYCAAA",
              "objectset.rio.cattle.io/id": "helm-app",
              "objectset.rio.cattle.io/owner-gvk": "/v1, Kind=Secret",
              "objectset.rio.cattle.io/owner-name": "sh.helm.release.v1.test-chart-ch23.v1",
              "objectset.rio.cattle.io/owner-namespace": "namespace-wd1"
            },
            "chart_name": "ch23",
            "chart_version": "1.0.0",
            "cleanup_on_fail": false,
            "cluster_id": "c-877gr",
            "cluster_name": "workload1",
            "disable_hooks": false,
            "disable_open_api_validation": false,
            "force_upgrade": false,
            "id": "c-877gr.namespace-wd1/test-chart-ch23",
            "labels": {
              "objectset.rio.cattle.io/hash": "79c61c9dad76f6f1cb4ab467293e266453cfd53c"
            },
            "name": "test-chart-ch23",
            "namespace": "namespace-wd1",
            "project_id": null,
            "repo_name": "test-repo",
            "timeouts": null,
            "values": null,
            "wait": true
          },
          "sensitive_attributes": [],
          "private": "eyJlMmJmYjczMC1lY2FhLTExZTYtOGY4OC0zNDM2M2JjN2M0YzAiOnsiY3JlYXRlIjo2MDAwMDAwMDAwMDAsImRlbGV0ZSI6NjAwMDAwMDAwMDAwLCJ1cGRhdGUiOjYwMDAwMDAwMDAwMH19",
          "dependencies": [
            "data.rancher2_cluster.local",
            "data.rancher2_cluster.workload1",
            "rancher2_catalog_v2.mapps-helm-git-local",
            "rancher2_catalog_v2.mapps-helm-git-workload1",
            "rancher2_namespace.namespace-wd1",
            "rancher2_project.project-wd1"
          ]
        },
        {
          "index_key": "ch24",
          "schema_version": 0,
          "attributes": {
            "annotations": {
              "objectset.rio.cattle.io/applied": "H4sIAAAAAAAA/6RVTW/jNhD9K8TkWEqWFK/XEdBTtmizRdtFk/bQ7h5G1FjihiIJcmQ3MPTfCyrOh1Nkm836YFAj6g3fmzfDPQzE2CIj1HtAax0ja2djenTNZ1IcifOgXa6Q2VCu3UK3UENPZsjQe5DP7nM7SyHrttdQw2JbSvGztu33l6QC8f9+ZnEgqCH2ecqUBzKEkfJtmTNFzlSPIf1Xy3xbvggselQJ8X6d7doSJgkq0Mz5Sg8UGQcPtR2NkWCwIfNFJXqMPdTQnG1WxZtl+Wa5rpqiKtqmaFoqzvBsjadvV6uqXLUr1axStgOvJyRAwvNnlDCz+J02FMgqilD/vQf0+k8KUTsLNcwaNMap69/S1ndkiOc3GzSRJChnOThjKEDNYSQJ19qmMt5X4yv1HmcTFEgrQmyzEk/X2RLXb7OmbMpso6qmKM422J61MH2aJERPKik546TFke+OqFQgAb1/iJR5kRcgoaWogva3xED1pThPaGKnuRcXtgsUo/hO/Npp+49A2woc2Q3IWonPrhGJh7YdSNBqRuiZfawXi4C7vNPcj80YKSSpyHKu3LCwWvXOYLz84/KHxYDex2z2fYJaDA+qHUq4fXLkScIWzUizhxIuapsqsAfvkgrrcpKgB+woxQJ5FzW7cJMckEiABMZuhiuXeTXbZ47XezA6MtkPDziBvNEKz91oGepSQqSw1Yoep5PANz4d+NyMkSlcfIBpmuTczPd6n0rQduPSd8eKX9jIaIxQbvCGmEDCRofI78gbd0PJEFVRnWZllVXFVVHUy7I+Xf8FqZNesss6TlLByTf+IImB7VyZE3FFkcV973y0H+2J+MntMnZpnYn3Y2TR6S0JFKmcs3P0gaqzAgVIiIw8prO1dyxe28qBohvD80186MtzZze6+wX9sckyNccH9Nk2v+uLL023V6SYLfbt8JcH+x2Dx6PoC2FT4y0eY996aSDLT+Db+xevI9Agq/4o1XvX/LcEllTqiXkOvC6RJd65cK1tl1+vY7pLHic9DLMnifVt9GUJPz0aR2k83Dk4XWapCNT+SJYC3vZ2ISGOw4Bp9uynafo3AAD//4rTl9oYCAAA",
              "objectset.rio.cattle.io/id": "helm-app",
              "objectset.rio.cattle.io/owner-gvk": "/v1, Kind=Secret",
              "objectset.rio.cattle.io/owner-name": "sh.helm.release.v1.test-chart-ch24.v1",
              "objectset.rio.cattle.io/owner-namespace": "namespace-wd1"
            },
            "chart_name": "ch24",
            "chart_version": "1.0.0",
            "cleanup_on_fail": false,
            "cluster_id": "c-877gr",
            "cluster_name": "workload1",
            "disable_hooks": false,
            "disable_open_api_validation": false,
            "force_upgrade": false,
            "id": "c-877gr.namespace-wd1/test-chart-ch24",
            "labels": {
              "objectset.rio.cattle.io/hash": "b9f605415482b020db0bde09a98a3766216d6cb6"
            },
            "name": "test-chart-ch24",
            "namespace": "namespace-wd1",
            "project_id": null,
            "repo_name": "test-repo",
            "timeouts": null,
            "values": null,
            "wait": true
          },
          "sensitive_attributes": [],
          "private": "eyJlMmJmYjczMC1lY2FhLTExZTYtOGY4OC0zNDM2M2JjN2M0YzAiOnsiY3JlYXRlIjo2MDAwMDAwMDAwMDAsImRlbGV0ZSI6NjAwMDAwMDAwMDAwLCJ1cGRhdGUiOjYwMDAwMDAwMDAwMH19",
          "dependencies": [
            "data.rancher2_cluster.local",
            "data.rancher2_cluster.workload1",
            "rancher2_catalog_v2.mapps-helm-git-local",
            "rancher2_catalog_v2.mapps-helm-git-workload1",
            "rancher2_namespace.namespace-wd1",
            "rancher2_project.project-wd1"
          ]
        },
        {
          "index_key": "ch25",
          "schema_version": 0,
          "attributes": {
            "annotations": {
              "objectset.rio.cattle.io/applied": "H4sIAAAAAAAA/6RVwW7jNhD9FWJyLCVbshMYAnrKFm22aLto0h7a3cOIGkncUCRBjuwGhv69oOI4cYpss1kfDGpEveF782a4h4EYG2SEag9orWNk7WxMj67+TIojcR60yxUyG8q1W+gGKujJDBl6D/LFfW5nKWTd9hYqWGwLKX7Wtvn+mlQg/t/PLA4EFcQ+T5nyQIYwUr4tcqbImeoxpP/yPN8WrwKLHlVCPK6zXVPAJEEFmjnf6IEi4+ChsqMxEgzWZL6oRI+xhwrq9fnFplm3pWpXTVGrptwsW1y3VJDatJvVsqXzui7KlO3A6xkJkPDyGSXMLH6nlgJZRRGqv/eAXv9JIWpnoYJZg9o4dftb2vqODPH8pkUTSYJyloMzhgJUHEaScKttKuOxGl+p9ziboC03tCLVZHhxvszWm4t1Vjer86y8wPVmNZMuYPo0SYieVFJyxkmLE9+dUClBAnr/GCnyZb4ECQ1FFbS/JwaqL8RlQhM7zb24sl2gGMV34tdO238E2kbgyG5A1kp8drVIPLTtQIJWM0LP7GO1WATc5Z3mfqzHSCFJRZZz5YaF1ap3BuP1H9c/LAb0Pmaz7xPUYnhU7VDC7bMjTxK2aEaaPZRwUdtUgT14l1TYFJMEPWBHKRbIu6jZhbvkgEQCJDB2M1yxzu/tM8erPRgdmeyHR5xA3miFl260DFUhIVLYakVP00ngO58OfGnGyBSuPsA0TXJu5qPeKwnati59d6r4lY2MxgjlBm+ICSS0OkR+R964O0qGKJflKivKrFzeLJfVuqzWm78gddJrdlnHSSo4+8YfJDGwmStzJm4osjj2zkf70Z6Jn9wuY5fWmXg/Rhad3pJAkco5O0cfqDorUICEyMhjOlvzwOKtrRwoujG83MSHvrx0ttXdL+hPTZapOT6gz7b5Q198abq9IcVssW+Hvz7Y7xQ8nkRfCZsab/EU+95LA1l+Bt8cX7yNQI2s+pNU71393xJYUqkn5jnwtkSWeOfCrbZdfruJ6S55mvQwzJ4l1vfR1yX89GQcpfHw4OB0maUiUPMjWQp439tLCXEcBkyzZz9N078BAAD//67A/zkYCAAA",
              "objectset.rio.cattle.io/id": "helm-app",
              "objectset.rio.cattle.io/owner-gvk": "/v1, Kind=Secret",
              "objectset.rio.cattle.io/owner-name": "sh.helm.release.v1.test-chart-ch25.v1",
              "objectset.rio.cattle.io/owner-namespace": "namespace-wd1"
            },
            "chart_name": "ch25",
            "chart_version": "1.0.0",
            "cleanup_on_fail": false,
            "cluster_id": "c-877gr",
            "cluster_name": "workload1",
            "disable_hooks": false,
            "disable_open_api_validation": false,
            "force_upgrade": false,
            "id": "c-877gr.namespace-wd1/test-chart-ch25",
            "labels": {
              "objectset.rio.cattle.io/hash": "b4568d4f2cf3d1bcd280fa4fe1ec8f830fe5bb12"
            },
            "name": "test-chart-ch25",
            "namespace": "namespace-wd1",
            "project_id": null,
            "repo_name": "test-repo",
            "timeouts": null,
            "values": null,
            "wait": true
          },
          "sensitive_attributes": [],
          "private": "eyJlMmJmYjczMC1lY2FhLTExZTYtOGY4OC0zNDM2M2JjN2M0YzAiOnsiY3JlYXRlIjo2MDAwMDAwMDAwMDAsImRlbGV0ZSI6NjAwMDAwMDAwMDAwLCJ1cGRhdGUiOjYwMDAwMDAwMDAwMH19",
          "dependencies": [
            "data.rancher2_cluster.local",
            "data.rancher2_cluster.workload1",
            "rancher2_catalog_v2.mapps-helm-git-local",
            "rancher2_catalog_v2.mapps-helm-git-workload1",
            "rancher2_namespace.namespace-wd1",
            "rancher2_project.project-wd1"
          ]
        },
        {
          "index_key": "ch26",
          "schema_version": 0,
          "attributes": {
            "annotations": {
              "objectset.rio.cattle.io/applied": "H4sIAAAAAAAA/6RVwW7jNhD9FWJyLCVbsmM7AnrKFm22aLto0h7a3cOIGlvcUCRBjuwGhv69oOI4cYpss1kfDGpEveF782a4h44YG2SEag9orWNk7WxMj67+TIojcR60yxUyG8q1m+gGKmjJdBl6D/LFfW5nKWSb7S1UMNkWUvysbfP9NalA/L+fWewIKohtnjLlgQxhpHxb5EyRM9ViSP/lIt8WrwKLHlVCPK6zXVPAIEEFGjnf6I4iY+ehsr0xEgzWZL6oRIuxhQpwVS6Xc7Uuz2fF+WIxXzS0UvNitpyXtcKyWUwXyws6X6RsB17PSICEl88oYWTxO60pkFUUofp7D+j1nxSidhYqGDWojVO3v6Wt78gQj2/WaCJJUM5ycMZQgIpDTxJutU1lPFbjK/XuRxPQgi6oQMpUsV5m89k5ZqsV1tmqni3r2WJ6gYslDJ8GCdGTSkqOOGlx4rsTKiVIQO8fI0U+zacgoaGogvb3xEC1hbhMaGKnuRVXdhMoRvGd+HWj7T8CbSOwZ9chayU+u1okHtpuQIJWI0LL7GM1mQTc5RvNbV/3kUKSiiznynUTq1XrDMbrP65/mHTofcxG3yeoSfeo2qGE22dHHiRs0fQ0eijhorapAnvwLqmwKgYJusMNpVgg76JmF+6SAxIJkMC4GeGKeV6O9hnj1R6Mjkz2wyNOIG+0wkvXW4aqkBApbLWip+kk8J1PB740fWQKVx9gGAY5NvNR75kEbdcufXeq+JWNjMYI5TpviAkkrHWI/I68cXeUDFFOy1lWlFk5vZlOq/m8mpZ/Qeqk1+yyjpNUcPaNP0hiYDNW5kzcUGRx7J2P9qM9Ez+5XcYurTPxvo8sNnpLAkUq5+gcfaDqrEABEiIj9+lszQOLt7ZyoOj68HITH/ry0tm13vyC/tRkmRrjHfpsmz/0xZem2xtSjBb7dvjrg/1OweNJ9JWwqfEmT7HvvdSR5WfwzfHF2wjUyKo9SfXe1f8tgSWVemKcA29LZIl3Ltxqu8lvVzHdJU+THobZs8T6Pvq6hJ+ejKM0Hh4cnC6zVARqfiRLAe97eyoh9l2Hafbsh2H4NwAA//84VKxfGAgAAA",
              "objectset.rio.cattle.io/id": "helm-app",
              "objectset.rio.cattle.io/owner-gvk": "/v1, Kind=Secret",
              "objectset.rio.cattle.io/owner-name": "sh.helm.release.v1.test-chart-ch26.v1",
              "objectset.rio.cattle.io/owner-namespace": "namespace-wd1"
            },
            "chart_name": "ch26",
            "chart_version": "1.0.0",
            "cleanup_on_fail": false,
            "cluster_id": "c-877gr",
            "cluster_name": "workload1",
            "disable_hooks": false,
            "disable_open_api_validation": false,
            "force_upgrade": false,
            "id": "c-877gr.namespace-wd1/test-chart-ch26",
            "labels": {
              "objectset.rio.cattle.io/hash": "a82774cf253156646de8c413742bca2d60679e56"
            },
            "name": "test-chart-ch26",
            "namespace": "namespace-wd1",
            "project_id": null,
            "repo_name": "test-repo",
            "timeouts": null,
            "values": null,
            "wait": true
          },
          "sensitive_attributes": [],
          "private": "eyJlMmJmYjczMC1lY2FhLTExZTYtOGY4OC0zNDM2M2JjN2M0YzAiOnsiY3JlYXRlIjo2MDAwMDAwMDAwMDAsImRlbGV0ZSI6NjAwMDAwMDAwMDAwLCJ1cGRhdGUiOjYwMDAwMDAwMDAwMH19",
          "dependencies": [
            "data.rancher2_cluster.local",
            "data.rancher2_cluster.workload1",
            "rancher2_catalog_v2.mapps-helm-git-local",
            "rancher2_catalog_v2.mapps-helm-git-workload1",
            "rancher2_namespace.namespace-wd1",
            "rancher2_project.project-wd1"
          ]
        },
        {
          "index_key": "ch27",
          "schema_version": 0,
          "attributes": {
            "annotations": {
              "objectset.rio.cattle.io/applied": "H4sIAAAAAAAA/6RVTW/jNhD9K8TkWEqWZDt2BfSULdps0XbRpD20u4cxNbK4oUiCHNkNDP33gorz4RTZplkfDGpEveF782Z4gJ4YG2SE+gBorWNk7WxMj27zmRRH4jxolytkNpRrN9MN1NCR6TP0HuSL+9zeUsi2uxuoYbYrpfhJ2+a7K1KB+D8/s9gT1BC7PGXKAxnCSPmuzJkiZ6rDkP6rVb4rXwUWPaqE+LDO9k0JowQVaOJ8rXuKjL2H2g7GSDC4IfNFJTqMHdSwOJ8rKhUphdV5pZp2s1w3C7Vs6Vukdr4qV8tWzddTtiOvZyRAwstnlDCx+I1aCmQVRaj/OgB6/QeFqJ2FGiYNNsapm1/T1ndkiKc3LZpIEpSzHJwxFKDmMJCEG21TGR+q8T/1HiYTqGWxKRZNm62q5TxbtOt1ti6aIluqZt4UxWpRna9g/DRKiJ5UUnLCSYsT351QqUACev8YKfMiL0BCQ1EF7e+IgepKcZHQxF5zJy7tNlCM4hvxy1bbvwXaRuDArkfWSnx2G5F4aLsFCVpNCB2zj/VsFnCfbzV3w2aIFJJUZDlXrp9ZrTpnMF79fvX9rEfvYzb5PkHN+kfVjiXcPTvyKGGHZqDJQwkXtU0VOIB3SYV1OUrQPW4pxQJ5FzW7cJsckEiABMbtBFcu8mqyzxSvD2B0ZLIfHnECeaMVXrjBMtSlhEhhpxU9TSeBb3068IUZIlO4/ADjOMqpmR/0nkvQtnXpu1PFL21kNEYo13tDTCCh1SHyO/LG3VIyRFVU86yssqq4Lop6Ma+LxZ+QOuk1u6zjJBWcfeUPkhjYTJU5E9cUWTz0zkf70Z6JH90+Y5fWmXg/RBZbvSOBIpVzco4+UnVWoAAJkZGHdLbmnsVbWzlQdEN4uYmPfXnhbKu3P6M/NVmmpniPPtvl933xpen2hhSTxb4e/upov1PweBJ9JWxqvNlT7Dsv9WT5GXzz8OJtBDbIqjtJ9d5t/l0CSyr1xDQH3pbIEu9duNF2m9+sY7pLniY9DrNnifVd9HUJPz0ZR2k83Ds4XWapCNT8QJYC3vV2ISEOfY9p9hzGcfwnAAD//7o+aGgYCAAA",
              "objectset.rio.cattle.io/id": "helm-app",
              "objectset.rio.cattle.io/owner-gvk": "/v1, Kind=Secret",
              "objectset.rio.cattle.io/owner-name": "sh.helm.release.v1.test-chart-ch27.v1",
              "objectset.rio.cattle.io/owner-namespace": "namespace-wd1"
            },
            "chart_name": "ch27",
            "chart_version": "1.0.0",
            "cleanup_on_fail": false,
            "cluster_id": "c-877gr",
            "cluster_name": "workload1",
            "disable_hooks": false,
            "disable_open_api_validation": false,
            "force_upgrade": false,
            "id": "c-877gr.namespace-wd1/test-chart-ch27",
            "labels": {
              "objectset.rio.cattle.io/hash": "463ce1cecca262cdfb58d4c5fe9aef37175fc381"
            },
            "name": "test-chart-ch27",
            "namespace": "namespace-wd1",
            "project_id": null,
            "repo_name": "test-repo",
            "timeouts": null,
            "values": null,
            "wait": true
          },
          "sensitive_attributes": [],
          "private": "eyJlMmJmYjczMC1lY2FhLTExZTYtOGY4OC0zNDM2M2JjN2M0YzAiOnsiY3JlYXRlIjo2MDAwMDAwMDAwMDAsImRlbGV0ZSI6NjAwMDAwMDAwMDAwLCJ1cGRhdGUiOjYwMDAwMDAwMDAwMH19",
          "dependencies": [
            "data.rancher2_cluster.local",
            "data.rancher2_cluster.workload1",
            "rancher2_catalog_v2.mapps-helm-git-local",
            "rancher2_catalog_v2.mapps-helm-git-workload1",
            "rancher2_namespace.namespace-wd1",
            "rancher2_project.project-wd1"
          ]
        },
        {
          "index_key": "ch28",
          "schema_version": 0,
          "attributes": {
            "annotations": {
              "objectset.rio.cattle.io/applied": "H4sIAAAAAAAA/6RVT2/jthP9KsTk+KNkyfY6soDfKVu02aLtokl7aHcPI2pscUORBDmyGxj67gUV549TZJtmfTCoEfWG782b4QF6YmyREeoDoLWOkbWzMT265gspjsR50C5XyGwo126mW6ihI9Nn6D3IF/e5vaWQbXc3UMNsV0rxo7bt/69IBeJ//cxiT1BD7PKUKQ9kCCPluzJnipypDkP6n1f5rnwVWPSoEuLDOtu3JYwSVKCJ87XuKTL2Hmo7GCPBYEPmq0p0GDuoYYXrqlo0OF8sq/PFsmrWqlkV7bpdbc5LXLVN1W6qpm1TtiOvZyRAwstnlDCx+JU2FMgqilD/eQD0+ncKUTsLNUwaNMapm1/S1vdkiKc3GzSRJChnOThjKEDNYSAJN9qmMj5U4z/qPUwmOCcqyqVSWVVURbZcrs4zrNYqa5bvaH1eLYsFrmD8PEqInlRScsJJixPfnVCZgwT0/jFS5kVegISWogra3xED1ZXiIqGJveZOXNptoBjF/8TPW23/EmhbgQO7Hlkr8cU1IvHQdgsStJoQOmYf69ks4D7fau6GZogUklRkOVeun1mtOmcwXv129d2sR+9jNvk+Qc36R9WOJdw9O/IoYYdmoMlDCRe1TRU4gHdJhaocJeget5RigbyLml24TQ5IJEAC43aCK5f5fLLPFK8PYHRksh8fcQJ5oxVeuMEy1KWESGGnFT1NJ4FvfTrwhRkiU7j8COM4yqmZH/ReSNB249J3p4pf2shojFCu94aYQMJGh8jvyRt3S8kQ82K+yMp5Ni+ui6JelvW79R+QOuk1u6zjJBWcfeMPkhjYTpU5E9cUWTz0zif7yZ6JH9w+Y5fWmfgwRBZbvSOBIpVzco4+UnVWoAAJkZGHdLb2nsVbWzlQdEN4uYmPfXnh7EZvf0J/arJMTfEefbbL7/via9PtDSkmi307/NXRfqfg8ST6StjUeLOn2Hde6snyM/j24cXbCDTIqjtJ9cE1/yyBJZV6YpoDb0tkifcu3Gi7zW+qmO6Sp0mPw+xZYn0XfV3Cz0/GURoP9w5Ol1kqArXfk6WAd71dSIhD32OaPYdxHP8OAAD//5wKz9AYCAAA",
              "objectset.rio.cattle.io/id": "helm-app",
              "objectset.rio.cattle.io/owner-gvk": "/v1, Kind=Secret",
              "objectset.rio.cattle.io/owner-name": "sh.helm.release.v1.test-chart-ch28.v1",
              "objectset.rio.cattle.io/owner-namespace": "namespace-wd1"
            },
            "chart_name": "ch28",
            "chart_version": "1.0.0",
            "cleanup_on_fail": false,
            "cluster_id": "c-877gr",
            "cluster_name": "workload1",
            "disable_hooks": false,
            "disable_open_api_validation": false,
            "force_upgrade": false,
            "id": "c-877gr.namespace-wd1/test-chart-ch28",
            "labels": {
              "objectset.rio.cattle.io/hash": "6a9883ba23487348b9cb60d9d6f71a6db8df8bdd"
            },
            "name": "test-chart-ch28",
            "namespace": "namespace-wd1",
            "project_id": null,
            "repo_name": "test-repo",
            "timeouts": null,
            "values": null,
            "wait": true
          },
          "sensitive_attributes": [],
          "private": "eyJlMmJmYjczMC1lY2FhLTExZTYtOGY4OC0zNDM2M2JjN2M0YzAiOnsiY3JlYXRlIjo2MDAwMDAwMDAwMDAsImRlbGV0ZSI6NjAwMDAwMDAwMDAwLCJ1cGRhdGUiOjYwMDAwMDAwMDAwMH19",
          "dependencies": [
            "data.rancher2_cluster.local",
            "data.rancher2_cluster.workload1",
            "rancher2_catalog_v2.mapps-helm-git-local",
            "rancher2_catalog_v2.mapps-helm-git-workload1",
            "rancher2_namespace.namespace-wd1",
            "rancher2_project.project-wd1"
          ]
        },
        {
          "index_key": "ch29",
          "schema_version": 0,
          "attributes": {
            "annotations": {
              "objectset.rio.cattle.io/applied": "H4sIAAAAAAAA/6RVTW/jNhD9K8TkWEqWZMeJBfSULdps0XbRpD20u4cxNbK4oUiCHNkNDP33gorz4RTZZrM+GNSIesP35s1wDz0xNsgI9R7QWsfI2tmYHt36MymOxHnQLlfIbCjXbqYbqKEj02foPcgX97mdpZBttjdQw2xbSvGzts33V6QC8f9+ZrEnqCF2ecqUBzKEkfJtmTNFzlSHIf1Xq3xbvgoselQJ8WGd7ZoSRgkq0MT5WvcUGXsPtR2MkWBwTeaLSnQYO6hhtTxrq/VyPsdyeVaummK9WjWr5emiLdv56bxoaYXYVKcp24HXMxIg4eUzSphY/E4tBbKKItR/7wG9/pNC1M5CDZMGa+PUzW9p6zsyxNObFk0kCcpZDs4YClBzGEjCjbapjA/V+Eq9h8kElVpUS1wssnZRLLMFrebZuSqX2Wmxas/O1lSczxHGT6OE6EklJSectDjy3RGVCiSg94+RMi/yAiQ0FFXQ/o4YqK4UFwlN7DR34tJuAsUovhO/brT9R6BtBA7semStxGe3FomHthuQoNWE0DH7WM9mAXf5RnM3rIdIIUlFlnPl+pnVqnMG49UfVz/MevQ+ZpPvE9Ssf1TtUMLtsyOPErZoBpo8lHBR21SBPXiXVDgvRwm6xw2lWCDvomYXbpMDEgmQwLiZ4MpFXk32meL1HoyOTPbDI04gb7TCCzdYhrqUEClstaKn6STwrU8HvjBDZAqXH2AcRzk184Pecwnati59d6z4pY2Mxgjlem+ICSS0OkR+R964W5oMUVTzrKyyqrguinoxr6vVX5A66TW7rOMkFZx84w+SGNhMlTkR1xRZPPTOR/vRnoif3C5jl9aZeD9EFhu9JYEilXNyjj5QdVagAAmRkYd0tuaexVtbOVB0Q3i5iQ99eeFsqze/oD82WaameI8+2+b3ffGl6faGFJPFvh3+6mC/Y/B4FH0lbGq82VPsOy/1ZPkZfPPw4m0E1siqO0r13q3/WwJLKvXENAfelsgS71y40XaT35zHdJc8TXoYZs8S67vo6xJ+ejKO0ni4d3C6zFIRqPmRLAW86+1CQhz6HtPs2Y/j+G8AAAD//y4dT1kYCAAA",
              "objectset.rio.cattle.io/id": "helm-app",
              "objectset.rio.cattle.io/owner-gvk": "/v1, Kind=Secret",
              "objectset.rio.cattle.io/owner-name": "sh.helm.release.v1.test-chart-ch29.v1",
              "objectset.rio.cattle.io/owner-namespace": "namespace-wd1"
            },
            "chart_name": "ch29",
            "chart_version": "1.0.0",
            "cleanup_on_fail": false,
            "cluster_id": "c-877gr",
            "cluster_name": "workload1",
            "disable_hooks": false,
            "disable_open_api_validation": false,
            "force_upgrade": false,
            "id": "c-877gr.namespace-wd1/test-chart-ch29",
            "labels": {
              "objectset.rio.cattle.io/hash": "967f2b633a16719d0b99d9654f1f3530fe9aad25"
            },
            "name": "test-chart-ch29",
            "namespace": "namespace-wd1",
            "project_id": null,
            "repo_name": "test-repo",
            "timeouts": null,
            "values": null,
            "wait": true
          },
          "sensitive_attributes": [],
          "private": "eyJlMmJmYjczMC1lY2FhLTExZTYtOGY4OC0zNDM2M2JjN2M0YzAiOnsiY3JlYXRlIjo2MDAwMDAwMDAwMDAsImRlbGV0ZSI6NjAwMDAwMDAwMDAwLCJ1cGRhdGUiOjYwMDAwMDAwMDAwMH19",
          "dependencies": [
            "data.rancher2_cluster.local",
            "data.rancher2_cluster.workload1",
            "rancher2_catalog_v2.mapps-helm-git-local",
            "rancher2_catalog_v2.mapps-helm-git-workload1",
            "rancher2_namespace.namespace-wd1",
            "rancher2_project.project-wd1"
          ]
        },
        {
          "index_key": "ch30",
          "schema_version": 0,
          "attributes": {
            "annotations": {
              "objectset.rio.cattle.io/applied": "H4sIAAAAAAAA/6RVwW7jNhD9FWFyLCWLkoM6AnrKFm22aLto0h7a3cOYGkvcUCRBjuwGhv69oOI4cYps06wPBjWi3vC9eTPcw0CMLTJCswe01jGydjamR7f+TIojcRG0KxQyGyq0W+gWGujJDDl6D+LFfW5nKeTd9hYaWGylyH7Stv3umlQg/s/PLA4EDcS+SJmKQIYwUrGVBVPkXPUY0n9dFlv5KrDoUSXE4zrftRImASrQzPlGDxQZBw+NHY0RYHBN5otK9Bh7aGBVygu5/BbPUZ4va3UuabPatBLlxUWl6rJdY9mqzYVK2Q68npEAAS+fUcDM4jfaUCCrKELz1x7Q6z8oRO0sNDBrsDZO3f6atr4jQzy/2aCJJEA5y8EZQwEaDiMJuNU2lfFYjf+p9zibQJX1Sm6qdV6t5SZfUiXzVavqvK5XtDxXVdmuEKZPk4DoSSUlZ5y0OPHdCZUKBKD3jxFZlEVSqKWogvb3xED1MrtMaNlOc59d2S5QjNk32S+dtn9naNsMR3YDslbZZ7fOEg9tOxCg1YzQM/vYLBYBd0WnuR/XY6SQpCLLhXLDwmrVO4Px+vfr7xcDeh/z2fcJajE8qnYo4fbZkScBWzQjzR5KuKhtqsAevEsqrOQkQA/YUYoF8i5qduEuOSCRAAGM3Qwnl0U122eON3swOjLZD484gbzRCi/daBkaKSBS2GpFT9MJ4DufDnxpxsgUrj7ANE1ibuaj3rUAbTcufXeq+JWNjMZkyg3eEBMI2OgQ+R154+4oGaIqqzqXVV6VN2XZLOtG1n9C6qTX7LKOk1Rw9pU/SGJgO1fmLLuhyNmxdz7aj/Ys+9HtcnZpnWfvx8hZp7eUYZbKOTtHH6g6m2EGAiIjj+ls7QOLt7ZyoOjG8HITH/ry0tmN7n5Gf2qyXM3xAX2+LR764kvT7Q0pZot9Pfz1wX6n4PEk+krY1HiLp9j3XhrI8jP49vjibQTWyKo/SfXerf9dAksq9cQ8B96WyBLvXLjVtituVzHdJU+THobZs8T6Pvq6hJ+ejKM0Hh4cnC6zVARqfyBLAe97uxQQx2HANHv20zT9EwAA//+xCw+iGAgAAA",
              "objectset.rio.cattle.io/id": "helm-app",
              "objectset.rio.cattle.io/owner-gvk": "/v1, Kind=Secret",
              "objectset.rio.cattle.io/owner-name": "sh.helm.release.v1.test-chart-ch30.v1",
              "objectset.rio.cattle.io/owner-namespace": "namespace-wd1"
            },
            "chart_name": "ch30",
            "chart_version": "1.0.0",
            "cleanup_on_fail": false,
            "cluster_id": "c-877gr",
            "cluster_name": "workload1",
            "disable_hooks": false,
            "disable_open_api_validation": false,
            "force_upgrade": false,
            "id": "c-877gr.namespace-wd1/test-chart-ch30",
            "labels": {
              "objectset.rio.cattle.io/hash": "8019147a5a1543c51ef8fd1a1992c30dba0dcf9c"
            },
            "name": "test-chart-ch30",
            "namespace": "namespace-wd1",
            "project_id": null,
            "repo_name": "test-repo",
            "timeouts": null,
            "values": null,
            "wait": true
          },
          "sensitive_attributes": [],
          "private": "eyJlMmJmYjczMC1lY2FhLTExZTYtOGY4OC0zNDM2M2JjN2M0YzAiOnsiY3JlYXRlIjo2MDAwMDAwMDAwMDAsImRlbGV0ZSI6NjAwMDAwMDAwMDAwLCJ1cGRhdGUiOjYwMDAwMDAwMDAwMH19",
          "dependencies": [
            "data.rancher2_cluster.local",
            "data.rancher2_cluster.workload1",
            "rancher2_catalog_v2.mapps-helm-git-local",
            "rancher2_catalog_v2.mapps-helm-git-workload1",
            "rancher2_namespace.namespace-wd1",
            "rancher2_project.project-wd1"
          ]
        },
        {
          "index_key": "ch31",
          "schema_version": 0,
          "attributes": {
            "annotations": {
              "objectset.rio.cattle.io/applied": "H4sIAAAAAAAA/6RVTW/jNhD9K8TkWEq2ZOfDAnrKFm22aLto0h7a3cOYHFvcUCRBjuwGhv57QcVx4hTZZrM+GNSIesP35s1wBx0xamSEZgfonGdk413Kj375mRQn4jIaXypktlQaPzEaGmjJdgWGAPLFfX7rKBbrzS00MNlUUvxsnP7+mlQk/t/PHHYEDaS2zJnKSJYwUbmpSqbEhWox5v9ZVW6qV4GlgCojHtbFVlcwSFCRRs43pqPE2AVoXG+tBItLsl9UosXUQgOzM5rRolpqNasJlcazujrVWumLczW7oGVF51rN9WnOtuf1jARIePmMEkYWv9OKIjlFCZq/d4DB/EkxGe+ggVGDpfXq9re89R1Z4vHNCm0iCco7jt5aitBw7EnCrXG5jIdqfKXe/WiC1Xl9gasFFqfTRV3MFc6LxewUi4Wup3O9OJ1NzzQMnwYJKZDKSo44eXHkuyMqNUjAEB4jVTktpyBBU1LRhHtioNpKXGY0sTXciiu3jpSS+E78ujbuH4FOC+zZd8hGic9+KTIP49YgwagRoWUOqZlMIm7LteG2X/aJYpaKHJfKdxNnVOstpus/rn+YdBhCKkbfZ6hJ96javoSbZ0ceJGzQ9jR6KOOicbkCOwg+q3BRDRJMh2vKsUjBJ8M+3mUHZBIggXE9wlXzsh7tM8abHViTmNyHR5xIwRqFl753DE0lIVHcGEVP00ngu5APfGn7xBSvPsAwDHJs5oPeMwnGrXz+7ljxK5cYrRXKd8ESE0hYmZj4HQXr7ygbop7Ws6Kqi3p6M50286qp539B7qTX7HKes1Rw8o0/yGKgHitzIm4osTj0zkf30Z2In/y2YJ/XhXjfJxZrsyGBIpdzdI7ZU/VOoAAJiZH7fDb9wOKtrRwp+T6+3MT7vrz0bmXWv2A4NlmhxniHodiUD33xpen2hhSjxb4d/npvv2PwdBR9JWxuvMlT7HsvdeT4Gbw+vHgbgSWyao9SvffL/5bAkco9Mc6BtyVyxFsfb41bl7cXKd8lT5Puh9mzxOY++rqEn56MozweHhycL7NcBNI/kqOI9709lZD6rsM8e3bDMPwbAAD//+kpWncYCAAA",
              "objectset.rio.cattle.io/id": "helm-app",
              "objectset.rio.cattle.io/owner-gvk": "/v1, Kind=Secret",
              "objectset.rio.cattle.io/owner-name": "sh.helm.release.v1.test-chart-ch31.v1",
              "objectset.rio.cattle.io/owner-namespace": "namespace-wd1"
            },
            "chart_name": "ch31",
            "chart_version": "1.0.0",
            "cleanup_on_fail": false,
            "cluster_id": "c-877gr",
            "cluster_name": "workload1",
            "disable_hooks": false,
            "disable_open_api_validation": false,
            "force_upgrade": false,
            "id": "c-877gr.namespace-wd1/test-chart-ch31",
            "labels": {
              "objectset.rio.cattle.io/hash": "36e3e91bdc32eacda6215ddcd87c38eb1e7dc4d5"
            },
            "name": "test-chart-ch31",
            "namespace": "namespace-wd1",
            "project_id": null,
            "repo_name": "test-repo",
            "timeouts": null,
            "values": null,
            "wait": true
          },
          "sensitive_attributes": [],
          "private": "eyJlMmJmYjczMC1lY2FhLTExZTYtOGY4OC0zNDM2M2JjN2M0YzAiOnsiY3JlYXRlIjo2MDAwMDAwMDAwMDAsImRlbGV0ZSI6NjAwMDAwMDAwMDAwLCJ1cGRhdGUiOjYwMDAwMDAwMDAwMH19",
          "dependencies": [
            "data.rancher2_cluster.local",
            "data.rancher2_cluster.workload1",
            "rancher2_catalog_v2.mapps-helm-git-local",
            "rancher2_catalog_v2.mapps-helm-git-workload1",
            "rancher2_namespace.namespace-wd1",
            "rancher2_project.project-wd1"
          ]
        },
        {
          "index_key": "ch32",
          "schema_version": 0,
          "attributes": {
            "annotations": {
              "objectset.rio.cattle.io/applied": "H4sIAAAAAAAA/6RVTW/jNhD9K8TkWEqWLCeOBfSULdps0XbRpD20u4cxNZa4oUiCHNkNDP33gorz4RTZZrM+GNSIesP35s1wDz0xNsgI9R7QWsfI2tmYHt36MymOxHnQLlfIbCjXbqYbqKEj02foPcgX97mdpZC12xuoYbYtpfhZ2+b7K1KB+H8/s9gT1BC7PGXKAxnCSPm2zJkiZ6rDkP6reb4tXwUWPaqE+LDOdk0JowQVaOJ8rXuKjL2H2g7GSDC4JvNFJTqMHdSAK6LT8pSq5Xx9Xm2W62K1aui83GyK+aJYzYuzVXFWnBcp24HXMxIg4eUzSphY/E4bCmQVRaj/3gN6/SeFqJ2FGiYN1sapm9/S1ndkiKc3GzSRJChnOThjKEDNYSAJN9qmMj5U4yv1HiYTLMsVVkXTZNRsltlisaiy9bKqsrOzsmqqxdmyWBYwfholRE8qKTnhpMWR746oJDHQ+8dImRd5ARIaiipof0cMVFeKi4Qmdpo7cWnbQDGK78Svrbb/CLSNwIFdj6yV+OzWIvHQtgUJWk0IHbOP9WwWcJe3mrthPUQKSSqynCvXz6xWnTMYr/64+mHWo/cxm3yfoGb9o2qHEm6fHXmUsEUz0OShhIvapgrswbukwnk5StA9tpRigbyLml24TQ5IJEACYzvBlYt8Ptlnitd7MDoy2Q+POIG80Qov3GAZ6lJCpLDVip6mk8C3Ph34wgyRKVx+gHEc5dTMD3pXErTduPTdseKXNjIaI5TrvSEmkLDRIfI78sbdUjLEvJhXWTnP5sV1UdSL07oo/4LUSa/ZZR0nqeDkG3+QxMBmqsyJuKbI4qF3PtqP9kT85HYZu7TOxPshsmj1lgSKVM7JOfpA1VmBAiRERh7S2Zp7Fm9t5UDRDeHlJj705YWzG93+gv7YZJma4j36bJvf98WXptsbUkwW+3b4q4P9jsHjUfSVsKnxZk+x77zUk+Vn8M3Di7cRWCOr7ijVe7f+bwksqdQT0xx4WyJLvHPhRts2vzmP6S55mvQwzJ4l1nfR1yX89GQcpfFw7+B0maUiUPMjWQp419uFhDj0PabZsx/H8d8AAAD//0eWyKEYCAAA",
              "objectset.rio.cattle.io/id": "helm-app",
              "objectset.rio.cattle.io/owner-gvk": "/v1, Kind=Secret",
              "objectset.rio.cattle.io/owner-name": "sh.helm.release.v1.test-chart-ch32.v1",
              "objectset.rio.cattle.io/owner-namespace": "namespace-wd1"
            },
            "chart_name": "ch32",
            "chart_version": "1.0.0",
            "cleanup_on_fail": false,
            "cluster_id": "c-877gr",
            "cluster_name": "workload1",
            "disable_hooks": false,
            "disable_open_api_validation": false,
            "force_upgrade": false,
            "id": "c-877gr.namespace-wd1/test-chart-ch32",
            "labels": {
              "objectset.rio.cattle.io/hash": "a9ee515e372b83f7b099de81ff02409206906080"
            },
            "name": "test-chart-ch32",
            "namespace": "namespace-wd1",
            "project_id": null,
            "repo_name": "test-repo",
            "timeouts": null,
            "values": null,
            "wait": true
          },
          "sensitive_attributes": [],
          "private": "eyJlMmJmYjczMC1lY2FhLTExZTYtOGY4OC0zNDM2M2JjN2M0YzAiOnsiY3JlYXRlIjo2MDAwMDAwMDAwMDAsImRlbGV0ZSI6NjAwMDAwMDAwMDAwLCJ1cGRhdGUiOjYwMDAwMDAwMDAwMH19",
          "dependencies": [
            "data.rancher2_cluster.local",
            "data.rancher2_cluster.workload1",
            "rancher2_catalog_v2.mapps-helm-git-local",
            "rancher2_catalog_v2.mapps-helm-git-workload1",
            "rancher2_namespace.namespace-wd1",
            "rancher2_project.project-wd1"
          ]
        },
        {
          "index_key": "ch33",
          "schema_version": 0,
          "attributes": {
            "annotations": {
              "objectset.rio.cattle.io/applied": "H4sIAAAAAAAA/6RVT2/jthP9KsTk+KNky38Sr4DfKVu02aLtokl7aHcPI2okcUORBDmyGxj67gUVx4lTZJtmfTCoEfWG782b4R56YqyREco9oLWOkbWzMT266gspjsR50C5XyGwo126mayihI9Nn6D3IF/e5naWQtdtbKGG2LaT4Udv6/9ekAvG/fmaxJyghdnnKlAcyhJHybZEzRc5UhyH9L5f5tngVWPSoEuJxne3qAkYJKtDE+Ub3FBl7D6UdjJFgsCLzVSU6jB2U8G613iBVVb1Wa7V5d75ZL+qLplg2G6pXdVEUVC3O1fwiZTvwekYCJLx8RgkTi1+poUBWUYTyzz2g179TiNpZKGHSoDJO3f6Str4nQzy9adBEkqCc5eCMoQAlh4Ek3Gqbynisxn/Ue5hMQEWzvigazCpcbrLVeoFZ1dA8u6DFak0bXG3wHMbPo4ToSSUlJ5y0OPHdCZUFSEDvHyNFPs/nIKGmqIL298RAdYW4TGhip7kTV7YNFKP4n/i51fYvgbYWOLDrkbUSX1wlEg9tW5Cg1YTQMftYzmYBd3mruRuqIVJIUpHlXLl+ZrXqnMF4/dv1d7MevY/Z5PsENesfVTuUcPvsyKOELZqBJg8lXNQ2VWAP3iUVNsUoQffYUooF8i5qduEuOSCRAAmM7QRXrPLFZJ8pXu7B6MhkPz7iBPJGK7x0g2UoCwmRwlYreppOAt/5dOBLM0SmcPURxnGUUzMf9V5K0LZx6btTxa9sZDRGKNd7Q0wgodEh8nvyxt1RMsRivlhmxSJbzG/m83K1KlerPyB10mt2WcdJKjj7xh8kMbCeKnMmbiiyOPbOJ/vJnokf3C5jl9aZ+DBEFq3ekkCRyjk5Rx+oOitQgITIyEM6W/3A4q2tHCi6IbzcxIe+vHS20e1P6E9Nlqkp3qPPtvlDX3xtur0hxWSxb4e/PtjvFDyeRF8Jmxpv9hT73ks9WX4GXx9fvI1Ahay6k1QfXPXPElhSqSemOfC2RJZ458Kttm1+u4npLnma9DDMniXW99HXJfz8ZByl8fDg4HSZpSJQ/T1ZCnjf23MJceh7TLNnP47j3wEAAP//BJqODRgIAAA",
              "objectset.rio.cattle.io/id": "helm-app",
              "objectset.rio.cattle.io/owner-gvk": "/v1, Kind=Secret",
              "objectset.rio.cattle.io/owner-name": "sh.helm.release.v1.test-chart-ch33.v1",
              "objectset.rio.cattle.io/owner-namespace": "namespace-wd1"
            },
            "chart_name": "ch33",
            "chart_version": "1.0.0",
            "cleanup_on_fail": false,
            "cluster_id": "c-877gr",
            "cluster_name": "workload1",
            "disable_hooks": false,
            "disable_open_api_validation": false,
            "force_upgrade": false,
            "id": "c-877gr.namespace-wd1/test-chart-ch33",
            "labels": {
              "objectset.rio.cattle.io/hash": "9458aebbd5c5c896852d7f13f8ed4d111eb26c07"
            },
            "name": "test-chart-ch33",
            "namespace": "namespace-wd1",
            "project_id": null,
            "repo_name": "test-repo",
            "timeouts": null,
            "values": null,
            "wait": true
          },
          "sensitive_attributes": [],
          "private": "eyJlMmJmYjczMC1lY2FhLTExZTYtOGY4OC0zNDM2M2JjN2M0YzAiOnsiY3JlYXRlIjo2MDAwMDAwMDAwMDAsImRlbGV0ZSI6NjAwMDAwMDAwMDAwLCJ1cGRhdGUiOjYwMDAwMDAwMDAwMH19",
          "dependencies": [
            "data.rancher2_cluster.local",
            "data.rancher2_cluster.workload1",
            "rancher2_catalog_v2.mapps-helm-git-local",
            "rancher2_catalog_v2.mapps-helm-git-workload1",
            "rancher2_namespace.namespace-wd1",
            "rancher2_project.project-wd1"
          ]
        },
        {
          "index_key": "ch34",
          "schema_version": 0,
          "attributes": {
            "annotations": {
              "objectset.rio.cattle.io/applied": "H4sIAAAAAAAA/6RVTW/jNhD9K8TkWEqW/JH1CugpW7TZou2iSXtodw8jaixxQ5EEObIbGPrvBWXnwymyzWZ9MKgR9YbvzZvhHnpibJARqj2gtY6RtbMxPbr6MymOxHnQLlfIbCjXbqYbqKAj02foPchn97mdpZC12xuoYLYtpfhZ2+b7K1KB+H8/s9gTVBC7PGXKAxnCSPm2zJkiZ6rDkP4Xy3xbvggselQJ8X6d7ZoSRgkq0MT5WvcUGXsPlR2MkWCwJvNFJTqMHVRQKCxUoWhRv1ku1AoLwsXbplZrtZgXZVOr8+VKvVXzlO3I6wkJkPD8GSVMLH6nDQWyiiJUf+8Bvf6TQtTOQgWTBrVx6ua3tPUdGeLpzQZNJAnKWQ7OGApQcRhIwo22qYz31fhKvYfJBPOiWazLssmKollnyzfrTbZW81VWqFXTzM9Xq+XmHMZPo4ToSSUlJ5y0OPHdCZU5SEDvHyJlXuQFSGgoqqD9gRiorhQXCU3sNHfi0raBYhTfiV9bbf8RaBuBA7seWSvx2dUi8dC2BQlaTQgds4/VbBZwl7eau6EeIoUkFVnOletnVqvOGYxXf1z9MOvR+5hNvk9Qs/5BtWMJt0+OPErYohlo8lDCRW1TBfbgXVJhXY4SdI8tpVgg76JmF26TAxIJkMDYTnDlMj/YZ4pXezA6MtkPDziBvNEKL9xgGapSQqSw1Yoep5PAtz4d+MIMkSlcfoBxHOXUzPd6LyRou3Hpu1PFL21kNEYo13tDTCBho0Pkd+SNu6WDIeaLrJxn8+K6KKrlvCqKvyB10kt2WcdJKjj7xh8kMbCZKnMmrimyuO+dj/ajPRM/uV3GLq0z8X6ILFq9JYEilXNyjj5SdVagAAmRkYd0tuaOxWtbOVB0Q3i+iY99eeHsRre/oD81WaameI8+2+Z3ffGl6faKFJPFvh3+6mi/U/B4En0hbGq82WPsg5d6svwEvrl/8ToCNbLqTlK9d/V/S2BJpZ6Y5sDrElninQs32rb5zTqmu+Rx0uMwe5JYH6IvS/jp0ThK4+HOwekyS0Wg5keyFPDQ24WEOPQ9ptmzH8fx3wAAAP//8IOJABgIAAA",
              "objectset.rio.cattle.io/id": "helm-app",
              "objectset.rio.cattle.io/owner-gvk": "/v1, Kind=Secret",
              "objectset.rio.cattle.io/owner-name": "sh.helm.release.v1.test-chart-ch34.v1",
              "objectset.rio.cattle.io/owner-namespace": "namespace-wd1"
            },
            "chart_name": "ch34",
            "chart_version": "1.0.0",
            "cleanup_on_fail": false,
            "cluster_id": "c-877gr",
            "cluster_name": "workload1",
            "disable_hooks": false,
            "disable_open_api_validation": false,
            "force_upgrade": false,
            "id": "c-877gr.namespace-wd1/test-chart-ch34",
            "labels": {
              "objectset.rio.cattle.io/hash": "0ca0c0ce3b743c5a0ea39dbc8c3201dbc645c9c2"
            },
            "name": "test-chart-ch34",
            "namespace": "namespace-wd1",
            "project_id": null,
            "repo_name": "test-repo",
            "timeouts": null,
            "values": null,
            "wait": true
          },
          "sensitive_attributes": [],
          "private": "eyJlMmJmYjczMC1lY2FhLTExZTYtOGY4OC0zNDM2M2JjN2M0YzAiOnsiY3JlYXRlIjo2MDAwMDAwMDAwMDAsImRlbGV0ZSI6NjAwMDAwMDAwMDAwLCJ1cGRhdGUiOjYwMDAwMDAwMDAwMH19",
          "dependencies": [
            "data.rancher2_cluster.local",
            "data.rancher2_cluster.workload1",
            "rancher2_catalog_v2.mapps-helm-git-local",
            "rancher2_catalog_v2.mapps-helm-git-workload1",
            "rancher2_namespace.namespace-wd1",
            "rancher2_project.project-wd1"
          ]
        },
        {
          "index_key": "ch35",
          "schema_version": 0,
          "attributes": {
            "annotations": {
              "objectset.rio.cattle.io/applied": "H4sIAAAAAAAA/6RVT2/jthP9KsTk+KNkSU6ytoDfKVu02aLtokl7aHcPI2pkcUORBDmyGxj67gUV549TZJtmfTCoEfWG782b4R4GYmyREeo9oLWOkbWzMT265gspjsR50C5XyGwo126hW6ihJzNk6D3IF/e5naWQbbY3UMNiW0rxo7bt/69IBeJ//cziQFBD7POUKQ9kCCPl2zJnipypHkP6X57l2/JVYNGjSogP62zXljBJUIFmztd6oMg4eKjtaIwEgw2ZryrRY+yhBlpXVVetV2fNebtalstWrTqkpu0KVEpVTfGOmnVZrFO2A69nJEDCy2eUMLP4lToKZBVFqP/cA3r9O4WonYUaZg0a49TNL2nrezLE85sOTSQJylkOzhgKUHMYScKNtqmMD9X4j3qPswnWq3Ncn1dVtjxbldlpWWHWdKs266ru3Zlaq6qo1jB9niRETyopOeOkxZHvjqhUIAG9f4yUeZEXIKGlqIL2d8RA9aW4SGhip7kXl3YTKEbxP/HzRtu/BNpW4MhuQNZKfHGNSDy03YAErWaEntnHerEIuMs3mvuxGSOFJBVZzpUbFlar3hmMV79dfbcY0PuYzb5PUIvhUbVDCbfPjjxJ2KIZafZQwkVtUwX24F1SYVVOEvSAG0qxQN5FzS7cJgckEiCBcTPDlad5Ndtnjtd7MDoy2Y+POIG80Qov3GgZ6lJCpLDVip6mk8C3Ph34woyRKVx+hGma5NzMD3ovJWjbufTdseKXNjIaI5QbvCEmkNDpEPk9eeNuKRmiKqplVlZZVVwXRX1a1cv1H5A66TW7rOMkFZx84w+SGNjOlTkR1xRZPPTOJ/vJnogf3C5jl9aZ+DBGFhu9JYEilXN2jj5QdVagAAmRkcd0tvaexVtbOVB0Y3i5iQ99eeFspzc/oT82Wabm+IA+2+b3ffG16faGFLPFvh3+6mC/Y/B4FH0lbGq8xVPsOy8NZPkZfPvw4m0EGmTVH6X64Jp/lsCSSj0xz4G3JbLEOxdutN3kN6uY7pKnSQ/D7FlifRd9XcLPT8ZRGg/3Dk6XWSoCtd+TpYB3vV1IiOMwYJo9+2ma/g4AAP//6rkR1hgIAAA",
              "objectset.rio.cattle.io/id": "helm-app",
              "objectset.rio.cattle.io/owner-gvk": "/v1, Kind=Secret",
              "objectset.rio.cattle.io/owner-name": "sh.helm.release.v1.test-chart-ch35.v1",
              "objectset.rio.cattle.io/owner-namespace": "namespace-wd1"
            },
            "chart_name": "ch35",
            "chart_version": "1.0.0",
            "cleanup_on_fail": false,
            "cluster_id": "c-877gr",
            "cluster_name": "workload1",
            "disable_hooks": false,
            "disable_open_api_validation": false,
            "force_upgrade": false,
            "id": "c-877gr.namespace-wd1/test-chart-ch35",
            "labels": {
              "objectset.rio.cattle.io/hash": "e922f2985b6d8313dc8faebdf0accc2b07eb9109"
            },
            "name": "test-chart-ch35",
            "namespace": "namespace-wd1",
            "project_id": null,
            "repo_name": "test-repo",
            "timeouts": null,
            "values": null,
            "wait": true
          },
          "sensitive_attributes": [],
          "private": "eyJlMmJmYjczMC1lY2FhLTExZTYtOGY4OC0zNDM2M2JjN2M0YzAiOnsiY3JlYXRlIjo2MDAwMDAwMDAwMDAsImRlbGV0ZSI6NjAwMDAwMDAwMDAwLCJ1cGRhdGUiOjYwMDAwMDAwMDAwMH19",
          "dependencies": [
            "data.rancher2_cluster.local",
            "data.rancher2_cluster.workload1",
            "rancher2_catalog_v2.mapps-helm-git-local",
            "rancher2_catalog_v2.mapps-helm-git-workload1",
            "rancher2_namespace.namespace-wd1",
            "rancher2_project.project-wd1"
          ]
        },
        {
          "index_key": "ch36",
          "schema_version": 0,
          "attributes": {
            "annotations": {
              "objectset.rio.cattle.io/applied": "H4sIAAAAAAAA/6RVTW/jNhD9K8TkWEqWbCd2BPSULdps0XbRpD20u4cRNZa4oUiCHNkNDP33gorz4RTZZrM+GNSIesP35s1wDz0xNsgI1R7QWsfI2tmYHl39mRRH4jxolytkNpRrN9MNVNCR6TP0HuSL+9zOUsja7Q1UMNuWUvysbfP9FalA/L+fWewJKohdnjLlgQxhpHxb5kyRM9VhSP+Ls3xbvgoselQJ8WGd7ZoSRgkq0MT5WvcUGXsPlR2MkWCwJvNFJTqMHVRAm/WCVudYlM1q1dT1er7A8my1WS8Wqj5t6nqjynpDi5TtwOsZCZDw8hklTCx+pw0FsooiVH/vAb3+k0LUzkIFkwa1cermt7T1HRni6c0GTSQJylkOzhgKUHEYSMKNtqmMD9X4Sr2HyQTzglZnVK+y9elaZcs5LbPzxbLIFuV6qU7pdF6fFTB+GiVETyopOeGkxZHvjqjMQQJ6/xgp8yIvQEJDUQXt74iB6kpxkdDETnMnLm0bKEbxnfi11fYfgbYROLDrkbUSn10tEg9tW5Cg1YTQMftYzWYBd3mruRvqIVJIUpHlXLl+ZrXqnMF49cfVD7MevY/Z5PsENesfVTuUcPvsyKOELZqBJg8lXNQ2VWAP3iUV1uUoQffYUooF8i5qduE2OSCRAAmM7QRXLvP5ZJ8pXu3B6MhkPzziBPJGK7xwg2WoSgmRwlYreppOAt/6dOALM0SmcPkBxnGUUzM/6L2QoO3Gpe+OFb+0kdEYoVzvDTGBhI0Okd+RN+6W7gwxX2TlPJsX10VRLedVcf4XpE56zS7rOEkFJ9/4gyQGNlNlTsQ1RRYPvfPRfrQn4ie3y9ildSbeD5FFq7ckUKRyTs7RB6rOChQgITLykM7W3LN4aysHim4ILzfxoS8vnN3o9hf0xybL1BTv0Wfb/L4vvjTd3pBisti3w18d7HcMHo+ir4RNjTd7in3npZ4sP4NvHl68jUCNrLqjVO9d/d8SWFKpJ6Y58LZElnjnwo22bX6zjukueZr0MMyeJdZ30dcl/PRkHKXxcO/gdJmlIlDzI1kKeNfbhYQ49D2m2bMfx/HfAAAA//8pZuHcGAgAAA",
              "objectset.rio.cattle.io/id": "helm-app",
              "objectset.rio.cattle.io/owner-gvk": "/v1, Kind=Secret",
              "objectset.rio.cattle.io/owner-name": "sh.helm.release.v1.test-chart-ch36.v1",
              "objectset.rio.cattle.io/owner-namespace": "namespace-wd1"
            },
            "chart_name": "ch36",
            "chart_version": "1.0.0",
            "cleanup_on_fail": false,
            "cluster_id": "c-877gr",
            "cluster_name": "workload1",
            "disable_hooks": false,
            "disable_open_api_validation": false,
            "force_upgrade": false,
            "id": "c-877gr.namespace-wd1/test-chart-ch36",
            "labels": {
              "objectset.rio.cattle.io/hash": "ef83e79a01d77dbb823a167f833cb5dbbfc1bfe3"
            },
            "name": "test-chart-ch36",
            "namespace": "namespace-wd1",
            "project_id": null,
            "repo_name": "test-repo",
            "timeouts": null,
            "values": null,
            "wait": true
          },
          "sensitive_attributes": [],
          "private": "eyJlMmJmYjczMC1lY2FhLTExZTYtOGY4OC0zNDM2M2JjN2M0YzAiOnsiY3JlYXRlIjo2MDAwMDAwMDAwMDAsImRlbGV0ZSI6NjAwMDAwMDAwMDAwLCJ1cGRhdGUiOjYwMDAwMDAwMDAwMH19",
          "dependencies": [
            "data.rancher2_cluster.local",
            "data.rancher2_cluster.workload1",
            "rancher2_catalog_v2.mapps-helm-git-local",
            "rancher2_catalog_v2.mapps-helm-git-workload1",
            "rancher2_namespace.namespace-wd1",
            "rancher2_project.project-wd1"
          ]
        },
        {
          "index_key": "ch37",
          "schema_version": 0,
          "attributes": {
            "annotations": {
              "objectset.rio.cattle.io/applied": "H4sIAAAAAAAA/6RVwW7jNhD9FWFyLCVLsuPYAnrKFm22aLto0h7a3cOIGkvcUCRBjuwGhv69oOI4cYpss1kfDGpEveF782a4h54YG2SEag9ojGVkZU2Ij7b+TJIDceaVzSQya8qUnakGKuhI9yk6B+LFfXZnyKft9hYqmG0LkfysTPP9NUlP/L+fGewJKghdFjNlnjRhoGxbZEyBU9mhj//zi2xbvAosOJQR8bhOd00BowDpaeJ8o3oKjL2DygxaC9BYk/6iEh2GDipYLspyvaRFOV83FxdLudg0ayylPK83yxWt1vMmX8oyb2K2A69nJEDAy2cUMLH4nTbkyUgKUP29B3TqT/JBWQMVTBrU2srb3+LWd6SJpzcb1IEESGvYW63JQ8V+IAG3ysQyHqvxlXoPkwnKelVjLc9TWixW6WK+3qR4Tou0zlfzorlYrvNlAeOnUUBwJKOSE05cnPjuhEoJAtC5x0iR5VkOAhoK0it3TwxkVySXES3ZKe6SK9N6CiH5Lvm1VeafBE2T4MC2R1Yy+WzrJPJQpgUBSk4IHbML1WzmcZe1iruhHgL5KBUZzqTtZ0bJzmoM139c/zDr0bmQTr6PULP+UbVDCbfPjjwK2KIeaPJQxEVlYgX24GxUYVWMAlSPLcWYJ2eDYuvvogMiCRDA2E5wxSIrJ/tM8WoPWgUm8+ERx5PTSuKlHQxDVQgI5LdK0tN0AvjOxQNf6iEw+asPMI6jmJr5qPdcgDIbG787VfzKBEatE2l7p4kJBGyUD/yOnLZ3NBkiL+dpUaZlfpPn1WJRFeu/IHbSa3YZy1EqOPvGH0QxsJkqc5bcUODk2DsfzUdzlvxkdynbuE6T90PgpFVbSjCJ5Zycow5UrUkwAQGBkYd4tuaBxVtb2VOwg3+5iQ99eWnNRrW/oDs1WSqneI8u3WYPffGl6faGFJPFvh3++mC/U/BwEn0lbGy82VPsey/1ZPgZfHN88TYCNbLsTlK9t/V/S2BIxp6Y5sDbEhninfW3yrTZ7SrEu+Rp0sMwe5ZY3Udfl/DTk3EUx8ODg+NlFotAzY9kyON9b+cCwtD3GGfPfhzHfwMAAP//RjIGTRgIAAA",
              "objectset.rio.cattle.io/id": "helm-app",
              "objectset.rio.cattle.io/owner-gvk": "/v1, Kind=Secret",
              "objectset.rio.cattle.io/owner-name": "sh.helm.release.v1.test-chart-ch37.v1",
              "objectset.rio.cattle.io/owner-namespace": "namespace-wd1"
            },
            "chart_name": "ch37",
            "chart_version": "1.0.0",
            "cleanup_on_fail": false,
            "cluster_id": "c-877gr",
            "cluster_name": "workload1",
            "disable_hooks": false,
            "disable_open_api_validation": false,
            "force_upgrade": false,
            "id": "c-877gr.namespace-wd1/test-chart-ch37",
            "labels": {
              "objectset.rio.cattle.io/hash": "642296e4239d776c4fd9a2cc5bf68e893d06c20d"
            },
            "name": "test-chart-ch37",
            "namespace": "namespace-wd1",
            "project_id": null,
            "repo_name": "test-repo",
            "timeouts": null,
            "values": null,
            "wait": true
          },
          "sensitive_attributes": [],
          "private": "eyJlMmJmYjczMC1lY2FhLTExZTYtOGY4OC0zNDM2M2JjN2M0YzAiOnsiY3JlYXRlIjo2MDAwMDAwMDAwMDAsImRlbGV0ZSI6NjAwMDAwMDAwMDAwLCJ1cGRhdGUiOjYwMDAwMDAwMDAwMH19",
          "dependencies": [
            "data.rancher2_cluster.local",
            "data.rancher2_cluster.workload1",
            "rancher2_catalog_v2.mapps-helm-git-local",
            "rancher2_catalog_v2.mapps-helm-git-workload1",
            "rancher2_namespace.namespace-wd1",
            "rancher2_project.project-wd1"
          ]
        },
        {
          "index_key": "ch38",
          "schema_version": 0,
          "attributes": {
            "annotations": {
              "objectset.rio.cattle.io/applied": "H4sIAAAAAAAA/6RVwW7jNhD9FWJyLCVbsh07AnrKFm22aLto0h7a3cOYGkvcUCRBjuwGhv69oOI4cYpss1kfDGpEveF782a4h44Ya2SEag9orWNk7WxMj279mRRH4jxolytkNpRrN9E1VNCS6TL0HuSL+9zOUsia7S1UMNkWUvysbf39NalA/L+fWewIKohtnjLlgQxhpHxb5EyRM9ViSP+zVb4tXgUWPaqEeFxnu7qAQYIKNHK+0R1Fxs5DZXtjJBhck/miEi3GFio4p01ZFPPF+eJ8s7iolyXicjGdzmYX88V8c15fTNWqLohStgOvZyRAwstnlDCy+J02FMgqilD9vQf0+k8KUTsLFYwarI1Tt7+lre/IEI9vNmgiSVDOcnDGUICKQ08SbrVNZTxW4yv17kcT0LpW5WpRZrO1Os/mq6LMcL6qs2JRqnVBy+XFEmH4NEiInlRScsRJixPfnVApQQJ6/xgp8mk+BQk1RRW0vycGqi3EZUITO82tuLJNoBjFd+LXRtt/BNpaYM+uQ9ZKfHZrkXho24AErUaEltnHajIJuMsbzW2/7iOFJBVZzpXrJlar1hmM139c/zDp0PuYjb5PUJPuUbVDCbfPjjxI2KLpafRQwkVtUwX24F1SYVUMEnSHDaVYIO+iZhfukgMSCZDA2IxwxTwvR/uM8WoPRkcm++ERJ5A3WuGl6y1DVUiIFLZa0dN0EvjOpwNfmj4yhasPMAyDHJv5qPdMgrYbl747VfzKRkZjhHKdN8QEEjY6RH5H3rg7SoYop+UsK8qsnN5Mp9V8Vs2Xf0HqpNfsso6TVHD2jT9IYmA9VuZM3FBkceydj/ajPRM/uV3GLq0z8b6PLBq9JYEilXN0jj5QdVagAAmRkft0tvqBxVtbOVB0fXi5iQ99eensRje/oD81WabGeIc+2+YPffGl6faGFKPFvh3++mC/U/B4En0lbGq8yVPsey91ZPkZfH188TYCa2TVnqR679b/LYEllXpinANvS2SJdy7catvkt6uY7pKnSQ/D7FlifR99XcJPT8ZRGg8PDk6XWSoC1T+SpYD3vT2VEPuuwzR79sMw/BsAAP//GVhUJBgIAAA",
              "objectset.rio.cattle.io/id": "helm-app",
              "objectset.rio.cattle.io/owner-gvk": "/v1, Kind=Secret",
              "objectset.rio.cattle.io/owner-name": "sh.helm.release.v1.test-chart-ch38.v1",
              "objectset.rio.cattle.io/owner-namespace": "namespace-wd1"
            },
            "chart_name": "ch38",
            "chart_version": "1.0.0",
            "cleanup_on_fail": false,
            "cluster_id": "c-877gr",
            "cluster_name": "workload1",
            "disable_hooks": false,
            "disable_open_api_validation": false,
            "force_upgrade": false,
            "id": "c-877gr.namespace-wd1/test-chart-ch38",
            "labels": {
              "objectset.rio.cattle.io/hash": "6ef21145656f59d72aa7500339454f6d90c8d1ee"
            },
            "name": "test-chart-ch38",
            "namespace": "namespace-wd1",
            "project_id": null,
            "repo_name": "test-repo",
            "timeouts": null,
            "values": null,
            "wait": true
          },
          "sensitive_attributes": [],
          "private": "eyJlMmJmYjczMC1lY2FhLTExZTYtOGY4OC0zNDM2M2JjN2M0YzAiOnsiY3JlYXRlIjo2MDAwMDAwMDAwMDAsImRlbGV0ZSI6NjAwMDAwMDAwMDAwLCJ1cGRhdGUiOjYwMDAwMDAwMDAwMH19",
          "dependencies": [
            "data.rancher2_cluster.local",
            "data.rancher2_cluster.workload1",
            "rancher2_catalog_v2.mapps-helm-git-local",
            "rancher2_catalog_v2.mapps-helm-git-workload1",
            "rancher2_namespace.namespace-wd1",
            "rancher2_project.project-wd1"
          ]
        },
        {
          "index_key": "ch39",
          "schema_version": 0,
          "attributes": {
            "annotations": {
              "objectset.rio.cattle.io/applied": "H4sIAAAAAAAA/6RVwW7jNhD9FWJyLCVbiu3YAnrKFm22aLto0h7a3cOYGlncUCRBjuwGhv69oOI4cYpss1kfDGpEveF782a4h44Ya2SEag9orWNk7WxMj279mRRH4jxolytkNpRrN9E1VNCS6TL0HuSL+9zOUsg221uoYLItpPhZ2/r7a1KB+H8/s9gRVBDbPGXKAxnCSPm2yJkiZ6rFkP7PV/m2eBVY9KgS4nGd7eoCBgkq0Mj5RncUGTsPle2NkWBwTeaLSrQYW6iguChmWGNxvqqxLstmsW4Wy2lTzy4Wy/q8nK/mNF9eqFXKduD1jARIePmMEkYWv1NDgayiCNXfe0Cv/6QQtbNQwajB2jh1+1va+o4M8fimQRNJgnKWgzOGAlQcepJwq20q47EaX6l3P5qgbOp5s75YZNMZUTablYsMV80sK2bFrFmv5qsFzmH4NEiInlRScsRJixPfnVApQQJ6/xgp8mk+BQk1RRW0vycGqi3EZUITO82tuLKbQDGK78SvG23/EWhrgT27Dlkr8dmtReKh7QYkaDUitMw+VpNJwF2+0dz26z5SSFKR5Vy5bmK1ap3BeP3H9Q+TDr2P2ej7BDXpHlU7lHD77MiDhC2ankYPJVzUNlVgD94lFZbFIEF3uKEUC+Rd1OzCXXJAIgESGDcjXDHLy9E+Y7zag9GRyX54xAnkjVZ46XrLUBUSIoWtVvQ0nQS+8+nAl6aPTOHqAwzDIMdmPup9LkHbxqXvThW/spHRGKFc5w0xgYRGh8jvyBt3R6MhpuV5VpRZOb2ZTqtZUZXLvyB10mt2WcdJKjj7xh8kMbAeK3MmbiiyOPbOR/vRnomf3C5jl9aZeN9HFhu9JYEilXN0jj5QdVagAAmRkft0tvqBxVtbOVB0fXi5iQ99eelsoze/oD81WabGeIc+2+YPffGl6faGFKPFvh3++mC/U/B4En0lbGq8yVPsey91ZPkZfH188TYCa2TVnqR679b/LYEllXpinANvS2SJdy7carvJb5cx3SVPkx6G2bPE+j76uoSfnoyjNB4eHJwus1QEqn8kSwHve3sqIfZdh2n27Idh+DcAAP//wYWgRBgIAAA",
              "objectset.rio.cattle.io/id": "helm-app",
              "objectset.rio.cattle.io/owner-gvk": "/v1, Kind=Secret",
              "objectset.rio.cattle.io/owner-name": "sh.helm.release.v1.test-chart-ch39.v1",
              "objectset.rio.cattle.io/owner-namespace": "namespace-wd1"
            },
            "chart_name": "ch39",
            "chart_version": "1.0.0",
            "cleanup_on_fail": false,
            "cluster_id": "c-877gr",
            "cluster_name": "workload1",
            "disable_hooks": false,
            "disable_open_api_validation": false,
            "force_upgrade": false,
            "id": "c-877gr.namespace-wd1/test-chart-ch39",
            "labels": {
              "objectset.rio.cattle.io/hash": "1714ada139dad22f6bf680fd4768d32595e587c9"
            },
            "name": "test-chart-ch39",
            "namespace": "namespace-wd1",
            "project_id": null,
            "repo_name": "test-repo",
            "timeouts": null,
            "values": null,
            "wait": true
          },
          "sensitive_attributes": [],
          "private": "eyJlMmJmYjczMC1lY2FhLTExZTYtOGY4OC0zNDM2M2JjN2M0YzAiOnsiY3JlYXRlIjo2MDAwMDAwMDAwMDAsImRlbGV0ZSI6NjAwMDAwMDAwMDAwLCJ1cGRhdGUiOjYwMDAwMDAwMDAwMH19",
          "dependencies": [
            "data.rancher2_cluster.local",
            "data.rancher2_cluster.workload1",
            "rancher2_catalog_v2.mapps-helm-git-local",
            "rancher2_catalog_v2.mapps-helm-git-workload1",
            "rancher2_namespace.namespace-wd1",
            "rancher2_project.project-wd1"
          ]
        }
      ]
    },
    {
      "mode": "managed",
      "type": "rancher2_app_v2",
      "name": "installed-apps-workload2-default",
      "provider": "provider[\"registry.terraform.io/rancher/rancher2\"]",
      "instances": [
        {
          "index_key": "ch1",
          "schema_version": 0,
          "attributes": {
            "annotations": {
              "objectset.rio.cattle.io/applied": "H4sIAAAAAAAA/6RVUW/bNhD+K8TlcZRs2a7tCNhTOmzpsK1Ysj1s7cOJOktsKJIgT84CQ/99oOwmUbc2NeoHQz5L39333fdRB+iIsUZGKA+A1jpG1s7G9NNVH0hxJM6DdrlCZkO5djNdQwktmS5D70F+9j53bylkzf4OSpjtCyl+1rb+/oZUIH7xMYsdQQmxzVOnPJAhjJTvi5wpcqZaDOm7yPfFV2FFjyoB1rTD3jAMElSgkeyt7igydh5K2xsjwWBF5osStBhbKAFpu7lcbNbbdVFfblf1Wm2r5XKzKuqiWFV0ScVCqe16mbqdCE2nh2P90+EkjIP/TjsKZBVFKP8+AHr9J4WonYUSRtqVcerut3TrazLE4z87NJEkKGc5OGMoQMmhJwl32qbFPep/nsL9uPWiWqzxcvkq2y0vi2xVbbYZ0rrKKtqsXi1wXtByA8P7QUL0pJKCI0y6mBhtwmQBEtD7p0qRz/M5SKgpqqD9kReothBXCU3ca27FtW0CxSi+E7822v4j0NYCe3Ydslbig6tEoqFtAxK0GhFaZh/L2Szgfd5obvuqjxSSUmQ5V66bWa1aZzDe/HHzw6xD72M2Gj1Bzbon0Y6r238y8SBhj6an0ToJFrVN+h/AuyTCthgk6A4bSrVA3kXNLjxACTZxAAmMzQhXrPLF6JqxXh7A6Mhk3z7hBPJGK7xyvWUoCwmRwl4ret5OAj/4NO+V6SNTuH4LwzDIMbyPci8laLtz6bmp4Nc2MhojlOu8ISaQsNMh8mvyxj1Q8sNivlhmxSJbzG/n83K1KVfbvyAF6Gvuso6TVHDxjR9IYmA9LuZC3FJk8Zicd/advRA/ufuMXbrOxJs+smj0ngSKtM3ROPpE1VmBAiRERu7jmMgTi7MTHCi6Pnw+u6c4Xjm7080v6CfmytRY7tBn+/xjHP7/GDsfe/TUt+DenJw2QY2T4ot4KVuz56BHv3RkeYpbP9bPHblCVu2kxxtX/UdmSyr5fYz4uR0s8b0Ld9o2+d02phfD826nE2raUR+LL3V6/+x0SWn/aMj0SkpKU/0jWQp4jOpcQuy7DtNRchiG4d8AAAD//3vejIvXBwAA",
              "objectset.rio.cattle.io/id": "helm-app",
              "objectset.rio.cattle.io/owner-gvk": "/v1, Kind=Secret",
              "objectset.rio.cattle.io/owner-name": "sh.helm.release.v1.test-chart-ch1.v1",
              "objectset.rio.cattle.io/owner-namespace": "default"
            },
            "chart_name": "ch1",
            "chart_version": "1.0.0",
            "cleanup_on_fail": false,
            "cluster_id": "c-s5pvx",
            "cluster_name": "workload2",
            "disable_hooks": false,
            "disable_open_api_validation": false,
            "force_upgrade": false,
            "id": "c-s5pvx.default/test-chart-ch1",
            "labels": {
              "objectset.rio.cattle.io/hash": "ae879276861d984d6c8b33741d114be9e12cc863"
            },
            "name": "test-chart-ch1",
            "namespace": "default",
            "project_id": null,
            "repo_name": "test-repo",
            "timeouts": null,
            "values": null,
            "wait": true
          },
          "sensitive_attributes": [],
          "private": "eyJlMmJmYjczMC1lY2FhLTExZTYtOGY4OC0zNDM2M2JjN2M0YzAiOnsiY3JlYXRlIjo2MDAwMDAwMDAwMDAsImRlbGV0ZSI6NjAwMDAwMDAwMDAwLCJ1cGRhdGUiOjYwMDAwMDAwMDAwMH19",
          "dependencies": [
            "data.rancher2_cluster.local",
            "data.rancher2_cluster.workload1",
            "data.rancher2_cluster.workload2",
            "rancher2_catalog_v2.mapps-helm-git-local",
            "rancher2_catalog_v2.mapps-helm-git-workload1",
            "rancher2_catalog_v2.mapps-helm-git-workload2"
          ]
        },
        {
          "index_key": "ch2",
          "schema_version": 0,
          "attributes": {
            "annotations": {
              "objectset.rio.cattle.io/applied": "H4sIAAAAAAAA/6RVQW/jNhP9K8Tk+FGyZTuxLeA7ZYs2W7RdNGkP7e5hRI0sbiiSIEdOA0P/vaDsTaJtt1ljfTDksfRm3pv3qAN0xFgjI5QHQGsdI2tnY/rpqo+kOBLnQbtcIbOhXLuZrqGElkyXofcgv3ife7AUst3+HkqY7QspftS2/v8tqUD86mMWO4ISYpunTnkgQxgp3xc5U+RMtRjS9yLfF1+FFT2qBFhTg71hGCSoQCPZO91RZOw8lLY3RoLBisx/StBibKEEdUXrumgWlzhf03Z5ua6rTb262lSbZbFCVePlctNUTZO6nQhNp4dj/fPhJIyD/0oNBbKKIpR/HgC9/p1C1M5CCSPtyjh1/0u69Q0Z4vGfBk0kCcpZDs4YClBy6EnCvbZpcU/6n6dwP259u1zNL7drleHV1TZbLZpFtl2st9m6Wl1uqdrSZlnD8GGQED2ppOAIky4mRpswSSqg98+VIp/nc5BQU1RB+yMvUG0hrhOaeNDcihu7CxSj+J/4eaftXwJtLbBn1yFrJT66SiQa2u5AglYjQsvsYzmbBXzId5rbvuojhaQUWc6V62ZWq9YZjLe/3X4369D7mI1GT1Cz7lm04+r2n008SNij6Wm0ToJFbZP+B/AuibApBgm6wx2lWiDvomYXHqEEmziABMbdCFes8sXomrFeHsDoyGTfPeME8kYrvHa9ZSgLCZHCXit62U4CP/o077XpI1O4eQfDMMgxvE9yLyVo27j03FTwGxsZjRHKdd4QE0hodIj8hrxxj5T8sJgvllmxyBbzu/m8XG3LYv0HpAB9zV3WcZIKLr7xA0kMrMfFXIg7iiyekvPevrcX4gf3kLFL15l420cWO70ngSJtczSOPlF1VqAACZGR+zgm8sTi7AQHiq4PX87uKY7XzjZ69xP6ibkyNZY79Nk+/xSHfz/GzscePfUtuLcnp01Q46T4Kl7K1uwl6NEvHVme4tZP9XNHrpBVO+nx1lX/kNmSSn4fI35uB0v84MK9trv8fhPTi+Flt9MJNe2oj8XXOn14cbqktH8yZHolJaWp/p4sBTxGdS4h9l2H6Sg5DMPwdwAAAP//BpYSw9cHAAA",
              "objectset.rio.cattle.io/id": "helm-app",
              "objectset.rio.cattle.io/owner-gvk": "/v1, Kind=Secret",
              "objectset.rio.cattle.io/owner-name": "sh.helm.release.v1.test-chart-ch2.v1",
              "objectset.rio.cattle.io/owner-namespace": "default"
            },
            "chart_name": "ch2",
            "chart_version": "1.0.0",
            "cleanup_on_fail": false,
            "cluster_id": "c-s5pvx",
            "cluster_name": "workload2",
            "disable_hooks": false,
            "disable_open_api_validation": false,
            "force_upgrade": false,
            "id": "c-s5pvx.default/test-chart-ch2",
            "labels": {
              "objectset.rio.cattle.io/hash": "c6e7d1f25a07e9357db8d468b8314acda538fbff"
            },
            "name": "test-chart-ch2",
            "namespace": "default",
            "project_id": null,
            "repo_name": "test-repo",
            "timeouts": null,
            "values": null,
            "wait": true
          },
          "sensitive_attributes": [],
          "private": "eyJlMmJmYjczMC1lY2FhLTExZTYtOGY4OC0zNDM2M2JjN2M0YzAiOnsiY3JlYXRlIjo2MDAwMDAwMDAwMDAsImRlbGV0ZSI6NjAwMDAwMDAwMDAwLCJ1cGRhdGUiOjYwMDAwMDAwMDAwMH19",
          "dependencies": [
            "data.rancher2_cluster.local",
            "data.rancher2_cluster.workload1",
            "data.rancher2_cluster.workload2",
            "rancher2_catalog_v2.mapps-helm-git-local",
            "rancher2_catalog_v2.mapps-helm-git-workload1",
            "rancher2_catalog_v2.mapps-helm-git-workload2"
          ]
        },
        {
          "index_key": "ch3",
          "schema_version": 0,
          "attributes": {
            "annotations": {
              "objectset.rio.cattle.io/applied": "H4sIAAAAAAAA/6RVQW/jNhP9K8Tk+FGyZDuJLeA7ZYs2W7RdNGkP7e5hRI0lbiiSIEdOA0P/vaDsTaJtt9lgfTDksfRm3pv3qAP0xNggI1QHQGsdI2tnY/rp6o+kOBLnQbtcIbOhXLuFbqCCjkyfofcgv3ifu7cUsnZ/BxUs9qUUP2rb/P+GVCB+8TGLPUEFsctTpzyQIYyU78ucKXKmOgzpe5Xvy6/Cih5VAmxoh4NhGCWoQBPZW91TZOw9VHYwRoLBmsx/StBh7KCC8+1mVey2l9ttc4GXNeGqrHdbwuV2uVkVm60qLhpqzjF1OxGaTw/H+ufDSZgG/5V2FMgqilD9eQD0+ncKUTsLFUy0a+PU3S/p1jdkiKd/dmgiSVDOcnDGUICKw0AS7rRNi3vU/3UKD9PWt5uVItpeZBer5TpbL4syq8vzMlufq8vVbrVGtS1h/DBKiJ5UUnCCSRczo82YLEECev9UKfMiL0BCQ1EF7Y+8QHWluEpo4l5zJ65tGyhG8T/xc6vtXwJtI3Bg1yNrJT66WiQa2rYgQasJoWP2sVosAt7nreZuqIdIISlFlnPl+oXVqnMG481vN98tevQ+ZpPRE9SifxLtuLr9ZxOPEvZoBpqsk2BR26T/AbxLImzKUYLusaVUC+Rd1OzCA1RgEweQwNhOcOU6X06umerVAYyOTPbdE04gb7TCKzdYhqqUECnstaLn7STwg0/zXpkhMoXrdzCOo5zC+yj3SoK2O5eemwt+bSOjMUK53htiAgk7HSK/IW/cAyU/LIvlKiuX2bK4LYpqfVmdF39ACtDX3GUdJ6ng7Bs/kMTAZlrMmbilyOIxOe/te3smfnD3Gbt0nYm3Q2TR6j0JFGmbk3H0iaqzAgVIiIw8xCmRJxavTnCg6Ibw5eye4njl7E63P6GfmStTU7lHn+3zT3H492Ps9diTp74F9+bktBlqnBVfxEvZWjwHPfqlJ8tz3Oax/tqRa2TVzXq8dfU/ZLakkt+niL+2gyW+d+FO2za/28T0Ynje7XRCzTvqY/GlTh+enS4p7Z8MmV5JSWlqvidLAY9RLSTEoe8xHSWHcRz/DgAA//+DCZ5M1wcAAA",
              "objectset.rio.cattle.io/id": "helm-app",
              "objectset.rio.cattle.io/owner-gvk": "/v1, Kind=Secret",
              "objectset.rio.cattle.io/owner-name": "sh.helm.release.v1.test-chart-ch3.v1",
              "objectset.rio.cattle.io/owner-namespace": "default"
            },
            "chart_name": "ch3",
            "chart_version": "1.0.0",
            "cleanup_on_fail": false,
            "cluster_id": "c-s5pvx",
            "cluster_name": "workload2",
            "disable_hooks": false,
            "disable_open_api_validation": false,
            "force_upgrade": false,
            "id": "c-s5pvx.default/test-chart-ch3",
            "labels": {
              "objectset.rio.cattle.io/hash": "59830f9799d6a7bea31bf9ea29283089c06ded5a"
            },
            "name": "test-chart-ch3",
            "namespace": "default",
            "project_id": null,
            "repo_name": "test-repo",
            "timeouts": null,
            "values": null,
            "wait": true
          },
          "sensitive_attributes": [],
          "private": "eyJlMmJmYjczMC1lY2FhLTExZTYtOGY4OC0zNDM2M2JjN2M0YzAiOnsiY3JlYXRlIjo2MDAwMDAwMDAwMDAsImRlbGV0ZSI6NjAwMDAwMDAwMDAwLCJ1cGRhdGUiOjYwMDAwMDAwMDAwMH19",
          "dependencies": [
            "data.rancher2_cluster.local",
            "data.rancher2_cluster.workload1",
            "data.rancher2_cluster.workload2",
            "rancher2_catalog_v2.mapps-helm-git-local",
            "rancher2_catalog_v2.mapps-helm-git-workload1",
            "rancher2_catalog_v2.mapps-helm-git-workload2"
          ]
        },
        {
          "index_key": "ch4",
          "schema_version": 0,
          "attributes": {
            "annotations": {
              "objectset.rio.cattle.io/applied": "H4sIAAAAAAAA/6RVUW/bNhD+K8LlcZQsya7jCNhTOmzpsK1Ysj1s7cOJOltsKJIgT84CQ/99IO0mUbc2DeoHQz5L39333fdRBxiIsUNGaA6AxlhGVtaE+NO2H0hyIC68soVEZk2FsgvVQQM96SFH50B89j57Z8jnu/0tNLDYVyL7WZnu+2uSnvjZxwwOBA2EvoidCk+aMFCxrwqmwLns0cfvVbGvvgorOJQRsKMtjpphEiA9JbI3aqDAODhozKi1AI0t6S9K0GPooYHtsqVX2xo357g+r8pN2W435zXWy65dr2RZ10vC5XJ9HrudCM2nh2P90+EEpMF/py15MpICNH8fAJ36k3xQ1kADiXarrbz9Ld76mjRx+meLOpAAaQ17qzV5aNiPJOBWmbi4B/1fpvCYtl7XK7roXnV5Ry3mq2Ul83ZdlzmuaSMvLspqu+5gej8JCI5kVDDBxIuZ0WZMahCAzj1WqqIsShDQUZBeuSMvkH2VXUa07E5xn12ZnacQsu+yX3fK/JOh6TIc2Q7ISmYfbJtFGsrsQICSCaFndqFZLDzeFTvF/diOgXxUigwX0g4Lo2RvNYbrP65/WAzoXMiT0SPUYngU7bi6/ScTTwL2qEdK1omwqEzU/wDORhE21SRADbijWPPkbFBs/T00YCIHEMC4S3DVqqiTa1K9OYBWgcm8fcTx5LSSeGlHw9BUAgL5vZL0tJ0Avndx3ks9BiZ/9RamaRIpvA9yLwUos7XxubngVyYwap1JOzhNTCBgq3zg1+S0vafkh7Je5lWd1+VNWTari2a1/AtigL7mLmM5SgVn3/iBKAZ2aTFn2Q0Fzh6S8868M2fZT/YuZxuv8+zNGDjbqT1lmMVtJuOoE1VrMsxAQGDkMaREnli8OMGegh3957N7iuOlNVu1+wXdzFy5TOUBXb4vPsbh/4+xl2MnT30L7vXJaTPUMCs+ixeztXgKevTLQIbnuN1D/aUjt8iyn/V4Y9v/yGxIRr+niL+0gyG+s/5WmV1xuwnxxfC02+mEmndUx+Jznd4/OV1i2j8aMr6SotLU/UiGPB6jWgoI4zBgPEoO0zT9GwAA//8F6zhC1wcAAA",
              "objectset.rio.cattle.io/id": "helm-app",
              "objectset.rio.cattle.io/owner-gvk": "/v1, Kind=Secret",
              "objectset.rio.cattle.io/owner-name": "sh.helm.release.v1.test-chart-ch4.v1",
              "objectset.rio.cattle.io/owner-namespace": "default"
            },
            "chart_name": "ch4",
            "chart_version": "1.0.0",
            "cleanup_on_fail": false,
            "cluster_id": "c-s5pvx",
            "cluster_name": "workload2",
            "disable_hooks": false,
            "disable_open_api_validation": false,
            "force_upgrade": false,
            "id": "c-s5pvx.default/test-chart-ch4",
            "labels": {
              "objectset.rio.cattle.io/hash": "f3be5f2a87a671080bf872a23db64c0223ea3367"
            },
            "name": "test-chart-ch4",
            "namespace": "default",
            "project_id": null,
            "repo_name": "test-repo",
            "timeouts": null,
            "values": null,
            "wait": true
          },
          "sensitive_attributes": [],
          "private": "eyJlMmJmYjczMC1lY2FhLTExZTYtOGY4OC0zNDM2M2JjN2M0YzAiOnsiY3JlYXRlIjo2MDAwMDAwMDAwMDAsImRlbGV0ZSI6NjAwMDAwMDAwMDAwLCJ1cGRhdGUiOjYwMDAwMDAwMDAwMH19",
          "dependencies": [
            "data.rancher2_cluster.local",
            "data.rancher2_cluster.workload1",
            "data.rancher2_cluster.workload2",
            "rancher2_catalog_v2.mapps-helm-git-local",
            "rancher2_catalog_v2.mapps-helm-git-workload1",
            "rancher2_catalog_v2.mapps-helm-git-workload2"
          ]
        },
        {
          "index_key": "ch5",
          "schema_version": 0,
          "attributes": {
            "annotations": {
              "objectset.rio.cattle.io/applied": "H4sIAAAAAAAA/6RVQW/jNhP9K8Tk+FGy5NixI+A7ZYs2W7RdNGkP7e5hRI0sbiiSIEdOA0P/vaDsTaJtt9lgfTDksfRm3pv3qAP0xNggI1QHQGsdI2tnY/rp6o+kOBLnQbtcIbOhXLuFbqCCjkyfofcgv3ifu7cUst3+DipY7EspftS2+f8NqUD84mMWe4IKYpenTnkgQxgp35c5U+RMdRjS9zrfl1+FFT2qBNhQi4NhGCWoQBPZW91TZOw9VHYwRoLBmsx/StBh7KCCTb0t121JBdHl5XZTtNv18rJZnjfN6gK3qthi0V60F3XqdiI0nx6O9c+HkzAN/iu1FMgqilD9eQD0+ncKUTsLFUy0a+PU3S/p1jdkiKd/WjSRJChnOThjKEDFYSAJd9qmxT3q/zqFh2nrl3iB6w1tMyxwk62KNWb1dl1nG2rbDarVdrMsYfwwSoieVFJwgkkXM6PNmCxBAnr/VCnzIi9AQkNRBe2PvEB1pbhKaOJecyeu7S5QjOJ/4uedtn8JtI3AgV2PrJX46GqRaGi7AwlaTQgds4/VYhHwPt9p7oZ6iBSSUmQ5V65fWK06ZzDe/Hbz3aJH72M2GT1BLfon0Y6r23828Shhj2agyToJFrVN+h/AuyTCthwl6B53lGqBvIuaXXiACmziABIYdxNcucqXk2umenUAoyOTffeEE8gbrfDKDZahKiVECnut6Hk7Cfzg07xXZohM4fodjOMop/A+yn0uQdvWpefmgl/byGiMUK73hphAQqtD5DfkjXug5IdlsTzPymW2LG6Lolqtq9XFH5AC9DV3WcdJKjj7xg8kMbCZFnMmbimyeEzOe/venokf3H3GLl1n4u0QWez0ngSKtM3JOPpE1VmBAiRERh7ilMgTi1cnOFB0Q/hydk9xvHK21buf0M/Mlamp3KPP9vmnOPz7MfZ67MlT34J7c3LaDDXOii/ipWwtnoMe/dKT5Tlu81h/7cg1supmPd66+h8yW1LJ71PEX9vBEt+7cKftLr/bxvRieN7tdELNO+pj8aVOH56dLintnwyZXklJaWq+J0sBj1EtJMSh7zEdJYdxHP8OAAD//2NXeOrXBwAA",
              "objectset.rio.cattle.io/id": "helm-app",
              "objectset.rio.cattle.io/owner-gvk": "/v1, Kind=Secret",
              "objectset.rio.cattle.io/owner-name": "sh.helm.release.v1.test-chart-ch5.v1",
              "objectset.rio.cattle.io/owner-namespace": "default"
            },
            "chart_name": "ch5",
            "chart_version": "1.0.0",
            "cleanup_on_fail": false,
            "cluster_id": "c-s5pvx",
            "cluster_name": "workload2",
            "disable_hooks": false,
            "disable_open_api_validation": false,
            "force_upgrade": false,
            "id": "c-s5pvx.default/test-chart-ch5",
            "labels": {
              "objectset.rio.cattle.io/hash": "7b815f1e0ee99870f8529d23dd46a8c08a0f6f6b"
            },
            "name": "test-chart-ch5",
            "namespace": "default",
            "project_id": null,
            "repo_name": "test-repo",
            "timeouts": null,
            "values": null,
            "wait": true
          },
          "sensitive_attributes": [],
          "private": "eyJlMmJmYjczMC1lY2FhLTExZTYtOGY4OC0zNDM2M2JjN2M0YzAiOnsiY3JlYXRlIjo2MDAwMDAwMDAwMDAsImRlbGV0ZSI6NjAwMDAwMDAwMDAwLCJ1cGRhdGUiOjYwMDAwMDAwMDAwMH19",
          "dependencies": [
            "data.rancher2_cluster.local",
            "data.rancher2_cluster.workload1",
            "data.rancher2_cluster.workload2",
            "rancher2_catalog_v2.mapps-helm-git-local",
            "rancher2_catalog_v2.mapps-helm-git-workload1",
            "rancher2_catalog_v2.mapps-helm-git-workload2"
          ]
        },
        {
          "index_key": "ch6",
          "schema_version": 0,
          "attributes": {
            "annotations": {
              "objectset.rio.cattle.io/applied": "H4sIAAAAAAAA/6RVwW7bRhD9FWJ87JIiaUqhCfTkFK1TtA1qt4c2OQyXI3Hj5e5idyjXEPjvxVKKbaZNHCM6CNSIfDPvzXvLAwzE2CEjNAdAYywjK2tC/GnbDyQ5EGde2Uwis6ZM2ZXqoIGe9JCicyA+e5+9M+TT3f4WGljtC5H8rEz3/TVJT/zsYwYHggZCn8VOmSdNGCjbFxlT4FT26OP3JtsXX4UVHMoI2NEWR80wCZCeZrI3aqDAODhozKi1AI0t6S9K0GPooYG6XNf1di23La2rtVyXdV11RZnXVJXVWnbndLHJt3Ueu50ILaeHY/3T4QTMg/9OW/JkJAVo/j4AOvUn+aCsgQZm2q228va3eOtr0sTzP1vUgQRIa9hbrclDw34kAbfKxMU96P8yhcd564RI9avNOm27tkorkhfpxaaW6aZ6VZVVIdfneQvT+0lAcCSjgjNMvFgYbcGkBAHo3GOlyPIsBwEdBemVO/IC2RfJZURL7hT3yZXZeQoh+S75dafMPwmaLsGR7YCsZPLBtkmkocwOBCg5I/TMLjSrlce7bKe4H9sxkI9KkeFM2mFllOytxnD9x/UPqwGdC+ls9Ai1Gh5FO65u/8nEk4A96pFm60RYVCbqfwBnowh1MQlQA+4o1jw5GxRbfw8NmMgBBDDuZriiysrZNXO9OYBWgcm8fcTx5LSSeGlHw9AUAgL5vZL0tJ0Avndx3ks9BiZ/9RamaRJzeB/kPhegzNbG55aCX5nAqHUi7eA0MYGArfKBX5PT9p6iH8q8PE+LMi3zmzxvqropN39BDNDX3GUsR6ng7Bs/EMXAbl7MWXJDgZOH5Lwz78xZ8pO9S9nG6zR5MwZOdmpPCSZxm7Nx1ImqNQkmICAw8hjmRJ5YvDjBnoId/eeze4rjpTVbtfsF3cJcqZzLA7p0n32Mw/8fYy/Hnj31LbjXJ6ctUMOi+CxezNbqKejRLwMZXuJ2D/WXjtwiy37R441t/yOzIRn9Pkf8pR0M8Z31t8rssts6xBfD026nE2rZUR2Lz3V6/+R0iWn/aMj4SopKU/cjGfJ4jGouIIzDgPEoOUzT9G8AAAD//0PSVcLXBwAA",
              "objectset.rio.cattle.io/id": "helm-app",
              "objectset.rio.cattle.io/owner-gvk": "/v1, Kind=Secret",
              "objectset.rio.cattle.io/owner-name": "sh.helm.release.v1.test-chart-ch6.v1",
              "objectset.rio.cattle.io/owner-namespace": "default"
            },
            "chart_name": "ch6",
            "chart_version": "1.0.0",
            "cleanup_on_fail": false,
            "cluster_id": "c-s5pvx",
            "cluster_name": "workload2",
            "disable_hooks": false,
            "disable_open_api_validation": false,
            "force_upgrade": false,
            "id": "c-s5pvx.default/test-chart-ch6",
            "labels": {
              "objectset.rio.cattle.io/hash": "82588f5cfbe545c52884d1208e4245cd3e960f80"
            },
            "name": "test-chart-ch6",
            "namespace": "default",
            "project_id": null,
            "repo_name": "test-repo",
            "timeouts": null,
            "values": null,
            "wait": true
          },
          "sensitive_attributes": [],
          "private": "eyJlMmJmYjczMC1lY2FhLTExZTYtOGY4OC0zNDM2M2JjN2M0YzAiOnsiY3JlYXRlIjo2MDAwMDAwMDAwMDAsImRlbGV0ZSI6NjAwMDAwMDAwMDAwLCJ1cGRhdGUiOjYwMDAwMDAwMDAwMH19",
          "dependencies": [
            "data.rancher2_cluster.local",
            "data.rancher2_cluster.workload1",
            "data.rancher2_cluster.workload2",
            "rancher2_catalog_v2.mapps-helm-git-local",
            "rancher2_catalog_v2.mapps-helm-git-workload1",
            "rancher2_catalog_v2.mapps-helm-git-workload2"
          ]
        },
        {
          "index_key": "ch7",
          "schema_version": 0,
          "attributes": {
            "annotations": {
              "objectset.rio.cattle.io/applied": "H4sIAAAAAAAA/6RVQW/jNhP9K8Tk+FGyZDtOIuA7ZYs2W7RdNGkP7e5hTI0kbiiSIEdOA0P/vaDsTaJtt1ljfTDksfRm3pv3qD30xFgjI1R7QGsdI2tnY/rpth9JcSTOg3a5QmZDuXYLXUMFHZk+Q+9BfvE+92ApZO3uHipY7EopftS2/v8tqUD86mMWe4IKYpenTnkgQxgp35U5U+RMdRjS90W+K78KK3pUCbCmBgfDMEpQgSayd7qnyNh7qOxgjASDWzL/KUGHsYMKlvVFfXl5uW2KTbFarur1VbEpa1SlurparjZ1uanPNyWWqduR0Hx6ONQ/H07CNPiv1FAgqyhC9ece0OvfKUTtLFQw0d4ap+5/Sbe+IUM8/dOgiSRBOcvBGUMBKg4DSbjXNi3uSf/TFB6mra+3dHG+rldZXRQqWy/Py+xqq5qs2Gw2TdMURd3UMH4YJURPKik4waSLmdFmTJYgAb1/rpR5kRcgoaaogvYHXqC6UlwnNPGguRM3tg0Uo/if+LnV9i+BthY4sOuRtRIf3VYkGtq2IEGrCaFj9rFaLAI+5K3mbtgOkUJSiiznyvULq1XnDMbb326/W/TofcwmoyeoRf8s2mF1u88mHiXs0Aw0WSfBorZJ/z14l0S4LEcJuseWUi2Qd1GzC49QgU0cQAJjO8GV63w5uWaqV3swOjLZd884gbzRCq/dYBmqUkKksNOKXraTwI8+zXtthsgUbt7BOI5yCu+T3CsJ2jYuPTcX/MZGRmOEcr03xAQSGh0ivyFv3CMlPyyL5Sorl9myuCuKan1VlcUfkAL0NXdZx0kqOPvGDyQxsJ4WcybuKLJ4Ss57+96eiR/cQ8YuXWfi7RBZtHpHAkXa5mQcfaTqrEABEiIjD3FK5JHFyQkOFN0QvpzdYxyvnW10+xP6mbkyNZV79Nku/xSHfz/GTseePPUtuLdHp81Q46z4Kl7K1uIl6MEvPVme49ZP9VNH3iKrbtbjrdv+Q2ZLKvl9ivipHSzxgwv32rb5/WVML4aX3Y4n1LyjPhRf6/ThxemS0v7JkOmVlJSm+nuyFPAQ1UJCHPoe01GyH8fx7wAAAP//D+15PdcHAAA",
              "objectset.rio.cattle.io/id": "helm-app",
              "objectset.rio.cattle.io/owner-gvk": "/v1, Kind=Secret",
              "objectset.rio.cattle.io/owner-name": "sh.helm.release.v1.test-chart-ch7.v1",
              "objectset.rio.cattle.io/owner-namespace": "default"
            },
            "chart_name": "ch7",
            "chart_version": "1.0.0",
            "cleanup_on_fail": false,
            "cluster_id": "c-s5pvx",
            "cluster_name": "workload2",
            "disable_hooks": false,
            "disable_open_api_validation": false,
            "force_upgrade": false,
            "id": "c-s5pvx.default/test-chart-ch7",
            "labels": {
              "objectset.rio.cattle.io/hash": "2d7d888bf060323d49061dac1c99236d16d561a1"
            },
            "name": "test-chart-ch7",
            "namespace": "default",
            "project_id": null,
            "repo_name": "test-repo",
            "timeouts": null,
            "values": null,
            "wait": true
          },
          "sensitive_attributes": [],
          "private": "eyJlMmJmYjczMC1lY2FhLTExZTYtOGY4OC0zNDM2M2JjN2M0YzAiOnsiY3JlYXRlIjo2MDAwMDAwMDAwMDAsImRlbGV0ZSI6NjAwMDAwMDAwMDAwLCJ1cGRhdGUiOjYwMDAwMDAwMDAwMH19",
          "dependencies": [
            "data.rancher2_cluster.local",
            "data.rancher2_cluster.workload1",
            "data.rancher2_cluster.workload2",
            "rancher2_catalog_v2.mapps-helm-git-local",
            "rancher2_catalog_v2.mapps-helm-git-workload1",
            "rancher2_catalog_v2.mapps-helm-git-workload2"
          ]
        },
        {
          "index_key": "ch8",
          "schema_version": 0,
          "attributes": {
            "annotations": {
              "objectset.rio.cattle.io/applied": "H4sIAAAAAAAA/6RVTXPbNhD9K5jNsSBFUh+VOdOT02mdTttM7fbQJocluBIRgwAGWMr1aPjfO6AU20ybOp7ooKFW5Nt9b98Dj9ATY4uMUB8BrXWMrJ2N6adrPpDiSJwH7XKFzIZy7Ra6hRo6Mn2G3oP87H3uzlLI9odbqGFxKKX4Sdv2u2tSgfjZxyz2BDXELk+d8kCGMFJ+KHOmyJnqMKTvbX4ovwgrelQJsKUdDoZhlKACTWRvdE+RsfdQ28EYCQYbMv8rQYexgxo2Le6adtuWqIqi/JaoXDebi81mu6ma9mJdVbt1e1E1bep2JjSfHk71T4eTMA3+G+0okFUUof7rCOj1HxSidhZqmGg3xqnbX9Otr8kQT//s0ESSoJzl4IyhADWHgSTcapsW96D/yxQepq1foKqWu2qdLWmzzFbr9Tbb7lbLjGi9VqvVsi3WKxjfjxKiJ5UUnGDSxcxoMyYVSEDvHytlXuQFSGgpqqD9iReorhSXCU3cae7Eld0HilF8I37Za/u3QNsKHNj1yFqJD64RiYa2e5Cg1YTQMftYLxYB7/K95m5ohkghKUWWc+X6hdWqcwbj9e/X3y969D5mk9ET1KJ/FO20usMnE48SDmgGmqyTYFHbpP8RvEsibMtRgu5xT6kWyLuo2YV7qMEmDiCBcT/Blau8mlwz1esjGB2Z7NtHnEDeaIWXbrAMdSkhUjhoRU/bSeB7n+a9NENkCldvYRxHOYX3Qe6lBG13Lj03F/zKRkZjhHK9N8QEEnY6RH5N3rh7Sn6oimqZlVVWFTdFUa+2dXHxJ6QAfcld1nGSCl595QeSGNhOi3klbiiyeEjOO/vOvhI/uruMXbrOxJshstjrAwkUaZuTcfSZqrMCBUiIjDzEKZFnFi9OcKDohvD57J7jeOnsTu9/Rj8zV6amco8+O+Qf4/Dfx9jLsSdPfQ3u9dlpM9Q4Kz6Ll7K1eAp68ktPlue47UP9pSM3yKqb9Xjjmn/JbEklv08Rf2kHS3znwq22+/x2G9OL4Wm38wk176hPxec6vX9yuqS0fzRkeiUlpan9gSwFPEW1kBCHvsd0lBzHcfwnAAD//4Yr71LXBwAA",
              "objectset.rio.cattle.io/id": "helm-app",
              "objectset.rio.cattle.io/owner-gvk": "/v1, Kind=Secret",
              "objectset.rio.cattle.io/owner-name": "sh.helm.release.v1.test-chart-ch8.v1",
              "objectset.rio.cattle.io/owner-namespace": "default"
            },
            "chart_name": "ch8",
            "chart_version": "1.0.0",
            "cleanup_on_fail": false,
            "cluster_id": "c-s5pvx",
            "cluster_name": "workload2",
            "disable_hooks": false,
            "disable_open_api_validation": false,
            "force_upgrade": false,
            "id": "c-s5pvx.default/test-chart-ch8",
            "labels": {
              "objectset.rio.cattle.io/hash": "6dafbd8d1ac0017ee15b6966862bd9522f5d92bd"
            },
            "name": "test-chart-ch8",
            "namespace": "default",
            "project_id": null,
            "repo_name": "test-repo",
            "timeouts": null,
            "values": null,
            "wait": true
          },
          "sensitive_attributes": [],
          "private": "eyJlMmJmYjczMC1lY2FhLTExZTYtOGY4OC0zNDM2M2JjN2M0YzAiOnsiY3JlYXRlIjo2MDAwMDAwMDAwMDAsImRlbGV0ZSI6NjAwMDAwMDAwMDAwLCJ1cGRhdGUiOjYwMDAwMDAwMDAwMH19",
          "dependencies": [
            "data.rancher2_cluster.local",
            "data.rancher2_cluster.workload1",
            "data.rancher2_cluster.workload2",
            "rancher2_catalog_v2.mapps-helm-git-local",
            "rancher2_catalog_v2.mapps-helm-git-workload1",
            "rancher2_catalog_v2.mapps-helm-git-workload2"
          ]
        },
        {
          "index_key": "ch9",
          "schema_version": 0,
          "attributes": {
            "annotations": {
              "objectset.rio.cattle.io/applied": "H4sIAAAAAAAA/6RVUW/bNhD+K8TlcZQsyU7jCNhTOmzpsK1Ysj1s7cOJPktsKJIgT84CQ/99oOwmUbc2NeoHQz5L39333fdRe+iJcYOMUO8BrXWMrJ2N6adrPpDiSJwH7XKFzIZy7RZ6AzV0ZPoMvQf52fvcvaWQtbs7qGGxK6X4WdvN9zekAvGLj1nsCWqIXZ465YEMYaR8V+ZMkTPVYUjfl/mu/Cqs6FElwA1tcTAMowQVaCJ7q3uKjL2H2g7GSDDYkPmiBB3GDmo43xSrsiwvL7cVna+bYkkX5xfn1erVZbVd4gVeFFg1zRJTtyOh+fRwqH86nIRp8N9pS4Gsogj133tAr/+kELWzUMNEuzFO3f2Wbn1Nhnj6Z4smkgTlLAdnDAWoOQwk4U7btLhH/U9TeJi2vn1VVMV5VWYXl5XKVthQtl6uqgzL9basllW5VAjj+1FC9KSSghNMupgZbcakAgno/VOlzIu8AAkbiipof+AFqivFVUIT95o7cW3bQDGK78Svrbb/CLQbgQO7Hlkr8cE1ItHQtgUJWk0IHbOP9WIR8D5vNXdDM0QKSSmynCvXL6xWnTMYb/64+WHRo/cxm4yeoBb9k2iH1e0+mXiUsEMz0GSdBIvaJv334F0SYV2OEnSPLaVaIO+iZhceoAabOIAExnaCK1d5Nblmqtd7MDoy2bdPOIG80Qqv3GAZ6lJCpLDTip63k8APPs17ZYbIFK7fwjiOcgrvo9xLCdpuXXpuLvi1jYzGCOV6b4gJJGx1iPyavHEPlPxQFdUyK6usKm6Lol6t6+X6L0gB+pq7rOMkFZx94weSGLiZFnMmbimyeEzOO/vOnomf3H3GLl1n4s0QWbR6RwJF2uZkHH2k6qxAARIiIw9xSuSRxckJDhTdED6f3WMcr5zd6vYX9DNzZWoq9+izXf4xDv9/jJ2OPXnqW3Bvjk6bocZZ8UW8lK3Fc9CDX3qyPMfdPNZPHblBVt2sxxvX/EdmSyr5fYr4qR0s8b0Ld9q2+d06phfD827HE2reUR+KL3V6/+x0SWn/aMj0SkpK0+ZHshTwENVCQhz6HtNRsh/H8d8AAAD//1amWc/XBwAA",
              "objectset.rio.cattle.io/id": "helm-app",
              "objectset.rio.cattle.io/owner-gvk": "/v1, Kind=Secret",
              "objectset.rio.cattle.io/owner-name": "sh.helm.release.v1.test-chart-ch9.v1",
              "objectset.rio.cattle.io/owner-namespace": "default"
            },
            "chart_name": "ch9",
            "chart_version": "1.0.0",
            "cleanup_on_fail": false,
            "cluster_id": "c-s5pvx",
            "cluster_name": "workload2",
            "disable_hooks": false,
            "disable_open_api_validation": false,
            "force_upgrade": false,
            "id": "c-s5pvx.default/test-chart-ch9",
            "labels": {
              "objectset.rio.cattle.io/hash": "5d0411199f2e58b03e757524692f3a7a70a2bb3a"
            },
            "name": "test-chart-ch9",
            "namespace": "default",
            "project_id": null,
            "repo_name": "test-repo",
            "timeouts": null,
            "values": null,
            "wait": true
          },
          "sensitive_attributes": [],
          "private": "eyJlMmJmYjczMC1lY2FhLTExZTYtOGY4OC0zNDM2M2JjN2M0YzAiOnsiY3JlYXRlIjo2MDAwMDAwMDAwMDAsImRlbGV0ZSI6NjAwMDAwMDAwMDAwLCJ1cGRhdGUiOjYwMDAwMDAwMDAwMH19",
          "dependencies": [
            "data.rancher2_cluster.local",
            "data.rancher2_cluster.workload1",
            "data.rancher2_cluster.workload2",
            "rancher2_catalog_v2.mapps-helm-git-local",
            "rancher2_catalog_v2.mapps-helm-git-workload1",
            "rancher2_catalog_v2.mapps-helm-git-workload2"
          ]
        }
      ]
    },
    {
      "mode": "managed",
      "type": "rancher2_app_v2",
      "name": "installed-apps-workload2-project",
      "provider": "provider[\"registry.terraform.io/rancher/rancher2\"]",
      "instances": [
        {
          "index_key": "ch10",
          "schema_version": 0,
          "attributes": {
            "annotations": {
              "objectset.rio.cattle.io/applied": "H4sIAAAAAAAA/6RVQW/jNhP9K8Tk+FGyZHsdR8B3yhZttmi7aNIe2t3DiBpL3FAkQY7sBob+e0HFceIU2aZZHwxqRL3he/NmuIeeGBtkhGoPaK1jZO1sTI+u/kKKI3EetMsVMhvKtZvpBiroyPQZeg/yxX1uZylk7fYWKphtSyl+1Lb5/zWpQPyvn1nsCSqIXZ4y5YEMYaR8W+ZMkTPVYUj/ZZFvy1eBRY8qIR7X2a6ZwyhBBZo43+ieImPvobKDMRIM1mS+qkSHsYMKls3qYnM+fzcv6mJ1Xi8vmlJt1GqxXl0U53VRrxf4DnFRpGwHXs9IgISXzyhhYvErbSiQVRSh+nMP6PXvFKJ2FiqYNKiNU7e/pK3vyRBPbzZoIklQznJwxlCAisNAEm61TWU8VuM/6j1MJlDNsixWyzJT64XKlg3Ns3o5r7PNalXO1xcXxWKxhvHzKCF6UknJCSctTnx3QiURRu8fI2Ve5EmhhqIK2t8TA9WV4jKhiZ3mTlzZNlCM4n/i51bbvwTaRuDArkfWSnxxtUg8tG1BglYTQsfsYzWbBdzlreZuqIdIIUlFlnPl+pnVqnMG4/Vv19/NevQ+ZpPvE9Ssf1TtUMLtsyOPErZoBpo8lHBR21SBPXiXVFiXowTdY0spFsi7qNmFu+SARAIkMLYTXLnMJ7Pex6s9GB2Z7MdHnEDeaIWXbrAMVSkhUthqRU/TSeA7nw58aYbIFK4+wjiOcmrmo94LCdpuXPruVPErGxmNEcr13hATSNjoEPk9eePuKBliXswXWTnP5sVNUVTL82pZ/AGpk16zyzpOUsHZN/4giYHNVJkzcUORxbF3PtlP9kz84HYZu7TOxIchsmj1lgSKVM7JOfpA1VmBAiRERh7S2ZoHFm9t5UDRDeHlJj705aWzG93+hP7UZJma4j36bJs/9MXXptsbUkwW+3b464P9TsHjSfSVsKnxZk+x773Uk+Vn8M3xxdsI1MiqO0n1wdX/LIEllXpimgNvS2SJdy7catvmt+uY7pKnSQ/D7FlifR99XcLPT8ZRGg8PDk6XWSoCNd+TpYD3vV1IiEPfY5o9+3Ec/w4AAP//7GjfnhgIAAA",
              "objectset.rio.cattle.io/id": "helm-app",
              "objectset.rio.cattle.io/owner-gvk": "/v1, Kind=Secret",
              "objectset.rio.cattle.io/owner-name": "sh.helm.release.v1.test-chart-ch10.v1",
              "objectset.rio.cattle.io/owner-namespace": "namespace-wd2"
            },
            "chart_name": "ch10",
            "chart_version": "1.0.0",
            "cleanup_on_fail": false,
            "cluster_id": "c-s5pvx",
            "cluster_name": "workload2",
            "disable_hooks": false,
            "disable_open_api_validation": false,
            "force_upgrade": false,
            "id": "c-s5pvx.namespace-wd2/test-chart-ch10",
            "labels": {
              "objectset.rio.cattle.io/hash": "4d69f72520b067b49d1cfc6386907b0b83a5aa30"
            },
            "name": "test-chart-ch10",
            "namespace": "namespace-wd2",
            "project_id": null,
            "repo_name": "test-repo",
            "timeouts": null,
            "values": null,
            "wait": true
          },
          "sensitive_attributes": [],
          "private": "eyJlMmJmYjczMC1lY2FhLTExZTYtOGY4OC0zNDM2M2JjN2M0YzAiOnsiY3JlYXRlIjo2MDAwMDAwMDAwMDAsImRlbGV0ZSI6NjAwMDAwMDAwMDAwLCJ1cGRhdGUiOjYwMDAwMDAwMDAwMH19",
          "dependencies": [
            "data.rancher2_cluster.local",
            "data.rancher2_cluster.workload1",
            "data.rancher2_cluster.workload2",
            "rancher2_catalog_v2.mapps-helm-git-local",
            "rancher2_catalog_v2.mapps-helm-git-workload1",
            "rancher2_catalog_v2.mapps-helm-git-workload2",
            "rancher2_namespace.namespace-wd2",
            "rancher2_project.project-wd2"
          ]
        },
        {
          "index_key": "ch11",
          "schema_version": 0,
          "attributes": {
            "annotations": {
              "objectset.rio.cattle.io/applied": "H4sIAAAAAAAA/6RVQW/jNhP9K8Tk+FGyZMfrRMB3yhZttmi7aNIe2t3DmBpJ3FAkQY7sBob+e0HZceIU2aZZHwxqRL3he/NmuIOeGGtkhGoHaK1jZO1sTI9u/YUUR+I8aJcrZDaUazfTNVTQkekz9B7ki/vc1lLI2s0dVDDblFL8qG39/xtSgfhfP7PYE1QQuzxlygMZwkj5psyZImeqw5D+yzLflK8Cix5VQjyus209h1GCCjRxvtU9RcbeQ2UHYyQYXJP5qhIdxg4qKM5VcanelYuyvlQrRWrZFKpp1mvVqOVi9Q6XF6vzVVGnbAdez0iAhJfPKGFi8Ss1FMgqilD9uQP0+ncKUTsLFUwarI1Td7+kre/JEE9vGjSRJChnOThjKEDFYSAJd9qmMh6r8R/1HiYTFEuFWDQqI7pcZudYN9nlZbPMarVQqphfrFYFwfh5lBA9qaTkhJMWJ747oZIIo/ePkTIv8gIk1BRV0H5PDFRXiquEJraaO3Ft20Axiv+Jn1tt/xJoa4EDux5ZK/HFrUXioW0LErSaEDpmH6vZLOA2bzV3w3qIFJJUZDlXrp9ZrTpnMN78dvPdrEfvYzb5PkHN+kfVDiXcPDvyKGGDZqDJQwkXtU0V2IF3SYWLcpSge2wpxQJ5FzW7cJ8ckEiABMZ2givP88ms+3i1A6Mjk/34iBPIG63wyg2WoSolRAobrehpOgl879OBr8wQmcL1RxjHUU7NfNR7IUHbxqXvThW/tpHRGKFc7w0xgYRGh8jvyRt3T8kQ82K+yMp5Ni9ui6I6X1WL1R+QOuk1u6zjJBWcfeMPkhhYT5U5E7cUWRx755P9ZM/ED26bsUvrTHwYIotWb0igSOWcnKMPVJ0VKEBCZOQhna1+YPHWVg4U3RBebuJDX1452+j2J/SnJsvUFO/RZ5v8oS++Nt3ekGKy2LfD3xzsdwoeT6KvhE2NN3uKvfdST5afwdfHF28jsEZW3UmqD279zxJYUqknpjnwtkSWeOvCnbZtfncR013yNOlhmD1LrPfR1yX8/GQcpfHw4OB0maUiUP09WQq47+1CQhz6HtPs2Y3j+HcAAAD//2cUbIYYCAAA",
              "objectset.rio.cattle.io/id": "helm-app",
              "objectset.rio.cattle.io/owner-gvk": "/v1, Kind=Secret",
              "objectset.rio.cattle.io/owner-name": "sh.helm.release.v1.test-chart-ch11.v1",
              "objectset.rio.cattle.io/owner-namespace": "namespace-wd2"
            },
            "chart_name": "ch11",
            "chart_version": "1.0.0",
            "cleanup_on_fail": false,
            "cluster_id": "c-s5pvx",
            "cluster_name": "workload2",
            "disable_hooks": false,
            "disable_open_api_validation": false,
            "force_upgrade": false,
            "id": "c-s5pvx.namespace-wd2/test-chart-ch11",
            "labels": {
              "objectset.rio.cattle.io/hash": "04c09c6131d9c7cec5f0cffbbcfc5376a587470d"
            },
            "name": "test-chart-ch11",
            "namespace": "namespace-wd2",
            "project_id": null,
            "repo_name": "test-repo",
            "timeouts": null,
            "values": null,
            "wait": true
          },
          "sensitive_attributes": [],
          "private": "eyJlMmJmYjczMC1lY2FhLTExZTYtOGY4OC0zNDM2M2JjN2M0YzAiOnsiY3JlYXRlIjo2MDAwMDAwMDAwMDAsImRlbGV0ZSI6NjAwMDAwMDAwMDAwLCJ1cGRhdGUiOjYwMDAwMDAwMDAwMH19",
          "dependencies": [
            "data.rancher2_cluster.local",
            "data.rancher2_cluster.workload1",
            "data.rancher2_cluster.workload2",
            "rancher2_catalog_v2.mapps-helm-git-local",
            "rancher2_catalog_v2.mapps-helm-git-workload1",
            "rancher2_catalog_v2.mapps-helm-git-workload2",
            "rancher2_namespace.namespace-wd2",
            "rancher2_project.project-wd2"
          ]
        },
        {
          "index_key": "ch12",
          "schema_version": 0,
          "attributes": {
            "annotations": {
              "objectset.rio.cattle.io/applied": "H4sIAAAAAAAA/6RVwW7jNhD9FWJyLCVLspM4AnrKFm22aLto0h7a3cOIGlvcUCRBjuwGhv69oOI4cYpss9kcAnkkveF7895oBz0xtsgI9Q7QWsfI2tmYfrrmMymOxHnQLlfIbCjXbqZbqKEj02foPcgXn3NbSyFbb26hhtmmlOJnbdvvr0kF4v99zWJPUEPs8tQpD2QII+WbMmeKnKkOQ/pfVvmmfBVY9KgS4uE627YVjBJUoInzje4pMvYeajsYI8FgQ+aLSnQYO6ihKuZ4ek7lOa1OqzmeLU/PL06L5fyiWJxfzFdn8+aMquVimbrteT0jARJePqOEicXvtKJAVlGE+u8doNd/UojaWahh0qAxTt3+lh59R4Z4urNCE0mCcpaDM4YC1BwGknCrbRrjYRpfqfcwmWBVUFEsqjZr1NkyW8yrJmtKnGcXRVusFFYtLU9h/DRKiJ5UUnLCSRdHvjuikgij94+VMi/yAiS0FFXQ/p4YqK4UlwlNbDV34squA8UovhO/rrX9R6BtBQ7semStxGfXiMRD2zVI0GpC6Jh9rGezgNt8rbkbmiFSSFKR5Vy5fma16pzBeP3H9Q+zHr2P2eT7BDXrH1Xbj3Dz7MijhA2agSYPJVzUNk1gB94lFZblKEH3uKZUC+Rd1OzCXXJAIgESGNcTXLnIJ7Pe1+sdGB2Z7IdHnEDeaIWXbrAMdSkhUthoRU/bSeA7nw58aYbIFK4+wDiOcgrzQe+5BG1XLr13rPiVjYzGCOV6b4gJJKx0iPyOvHF31E5JqOZZWWVVcVMU9eKiLuZ/QUrSa56yjpNUcPKNf5DEwHaazIm4ocjikJ2P9qM9ET+5bcYuXWfi/RBZrPWGBIo0zsk5ek/VWYECJERGHtLZ2gcWb41yoOiG8HKI97m8dHal17+gPzZZpqZ6jz7b5A+5+NJ2e0OLyWLfDn+9t98xeDyqvhI2BW/2FPveSz1ZfgbfHm68jUCDrLqjVu9d898RWFIpE9MeeFsjS7x14VbbdX67jOlb8rTpfpk9a6zvq69r+OnJOkrr4cHB6WOWhkDtj2Qp4H22Cwlx6HtMu2c3juO/AQAA///V12vcGAgAAA",
              "objectset.rio.cattle.io/id": "helm-app",
              "objectset.rio.cattle.io/owner-gvk": "/v1, Kind=Secret",
              "objectset.rio.cattle.io/owner-name": "sh.helm.release.v1.test-chart-ch12.v1",
              "objectset.rio.cattle.io/owner-namespace": "namespace-wd2"
            },
            "chart_name": "ch12",
            "chart_version": "1.0.0",
            "cleanup_on_fail": false,
            "cluster_id": "c-s5pvx",
            "cluster_name": "workload2",
            "disable_hooks": false,
            "disable_open_api_validation": false,
            "force_upgrade": false,
            "id": "c-s5pvx.namespace-wd2/test-chart-ch12",
            "labels": {
              "objectset.rio.cattle.io/hash": "203a57e17ef523a685795083904793f63b6e2848"
            },
            "name": "test-chart-ch12",
            "namespace": "namespace-wd2",
            "project_id": null,
            "repo_name": "test-repo",
            "timeouts": null,
            "values": null,
            "wait": true
          },
          "sensitive_attributes": [],
          "private": "eyJlMmJmYjczMC1lY2FhLTExZTYtOGY4OC0zNDM2M2JjN2M0YzAiOnsiY3JlYXRlIjo2MDAwMDAwMDAwMDAsImRlbGV0ZSI6NjAwMDAwMDAwMDAwLCJ1cGRhdGUiOjYwMDAwMDAwMDAwMH19",
          "dependencies": [
            "data.rancher2_cluster.local",
            "data.rancher2_cluster.workload1",
            "data.rancher2_cluster.workload2",
            "rancher2_catalog_v2.mapps-helm-git-local",
            "rancher2_catalog_v2.mapps-helm-git-workload1",
            "rancher2_catalog_v2.mapps-helm-git-workload2",
            "rancher2_namespace.namespace-wd2",
            "rancher2_project.project-wd2"
          ]
        },
        {
          "index_key": "ch13",
          "schema_version": 0,
          "attributes": {
            "annotations": {
              "objectset.rio.cattle.io/applied": "H4sIAAAAAAAA/6RVQW/jNhP9K8Tk+FGyJCsbQ8B3yhZttmi7aNIe2t3DiBpb3FAkQY7sBob+e0HFceIU2aZZHwxqRL3he/NmuIeBGDtkhGYPaK1jZO1sTI+u/UKKI3EetMsVMhvKtVvoDhroyQwZeg/yxX1uZylkm+0tNLDYllL8qG33/2tSgfhfP7M4EDQQ+zxlygMZwkj5tsyZImeqx5D+y2W+LV8FFj2qhHhcZ7uugkmCCjRzvtEDRcbBQ2NHYyQYbMl8VYkeYw8N4LLqzotV2+JFXVWrc6yLujhfrS+WVVVV9ZKwfYeFKlO2A69nJEDCy2eUMLP4ldYUyCqK0Py5B/T6dwpROwsNzBq0xqnbX9LW92SI5zdrNJEkKGc5OGMoQMNhJAm32qYyHqvxH/UeZxOsi4uq6uoiU616l9XUtllLF1VWr5blslZ1hZ2C6fMkIXpSSckZJy1OfHdCJRFG7x8jZV7kBUjoKKqg/T0xUH0pLhOa2GnuxZXdBIpR/E/8vNH2L4G2EziyG5C1El9cKxIPbTcgQasZoWf2sVksAu7yjeZ+bMdIIUlFlnPlhoXVqncG4/Vv198tBvQ+ZrPvE9RieFTtUMLtsyNPErZoRpo9lHBR21SBPXiXVFiVkwQ94IZSLJB3UbMLd8kBiQRIYNzMcGWdz2a9jzd7MDoy2Y+POIG80Qov3WgZmlJCpLDVip6mk8B3Ph340oyRKVx9hGma5NzMR72XErRdu/TdqeJXNjIaI5QbvCEmkLDWIfJ78sbdUTJEVVTLrKyyqrgpiqY+b5bnf0DqpNfsso6TVHD2jT9IYmA3V+ZM3FBkceydT/aTPRM/uF3GLq0z8WGMLDZ6SwJFKufsHH2g6qxAARIiI4/pbN0Di7e2cqDoxvByEx/68tLZtd78hP7UZJma4wP6bJs/9MXXptsbUswW+3b464P9TsHjSfSVsKnxFk+x7700kOVn8N3xxdsItMiqP0n1wbX/LIEllXpingNvS2SJdy7carvJb1cx3SVPkx6G2bPE+j76uoSfn4yjNB4eHJwus1QE6r4nSwHve7uQEMdhwDR79tM0/R0AAP//PzJXxxgIAAA",
              "objectset.rio.cattle.io/id": "helm-app",
              "objectset.rio.cattle.io/owner-gvk": "/v1, Kind=Secret",
              "objectset.rio.cattle.io/owner-name": "sh.helm.release.v1.test-chart-ch13.v1",
              "objectset.rio.cattle.io/owner-namespace": "namespace-wd2"
            },
            "chart_name": "ch13",
            "chart_version": "1.0.0",
            "cleanup_on_fail": false,
            "cluster_id": "c-s5pvx",
            "cluster_name": "workload2",
            "disable_hooks": false,
            "disable_open_api_validation": false,
            "force_upgrade": false,
            "id": "c-s5pvx.namespace-wd2/test-chart-ch13",
            "labels": {
              "objectset.rio.cattle.io/hash": "a32d508bba742285a404058f73222243eab6a0c1"
            },
            "name": "test-chart-ch13",
            "namespace": "namespace-wd2",
            "project_id": null,
            "repo_name": "test-repo",
            "timeouts": null,
            "values": null,
            "wait": true
          },
          "sensitive_attributes": [],
          "private": "eyJlMmJmYjczMC1lY2FhLTExZTYtOGY4OC0zNDM2M2JjN2M0YzAiOnsiY3JlYXRlIjo2MDAwMDAwMDAwMDAsImRlbGV0ZSI6NjAwMDAwMDAwMDAwLCJ1cGRhdGUiOjYwMDAwMDAwMDAwMH19",
          "dependencies": [
            "data.rancher2_cluster.local",
            "data.rancher2_cluster.workload1",
            "data.rancher2_cluster.workload2",
            "rancher2_catalog_v2.mapps-helm-git-local",
            "rancher2_catalog_v2.mapps-helm-git-workload1",
            "rancher2_catalog_v2.mapps-helm-git-workload2",
            "rancher2_namespace.namespace-wd2",
            "rancher2_project.project-wd2"
          ]
        },
        {
          "index_key": "ch14",
          "schema_version": 0,
          "attributes": {
            "annotations": {
              "objectset.rio.cattle.io/applied": "H4sIAAAAAAAA/6RVwW7jNhD9FWJyLCVLtpM4AnrKFm22aLto0h7a3cOIGkvcUCRBjuwGhv69oOI4cYpss1kfDGpEveF782a4g54YG2SEagdorWNk7WxMj67+TIojcR60yxUyG8q1m+kGKujI9Bl6D/LFfW5rKWTt5hYqmG1KKX7Wtvn+mlQg/t/PLPYEFcQuT5nyQIYwUr4pc6bImeowpP9ymW/KV4FFjyohHtbZtpnDKEEFmjjf6J4iY++hsoMxEgzWZL6oRIexgwpw3cxV0yyLcl2gahbL0wt1SnV5rtblitTZWdkQEq5Stj2vZyRAwstnlDCx+J3WFMgqilD9vQP0+k8KUTsLFUwa1Map29/S1ndkiKc3azSRJChnOThjKEDFYSAJt9qmMh6q8ZV6D5MJLlar8wbri6xo1vNsebo6zXC1WmbnWBYXq9MF1ucFjJ9GCdGTSkpOOGlx5LsjKokwev8YKfMiL0BCQ1EF7e+JgepKcZnQxFZzJ65sGyhG8Z34tdX2H4G2ETiw65G1Ep9dLRIPbVuQoNWE0DH7WM1mAbd5q7kb6iFSSFKR5Vy5fma16pzBeP3H9Q+zHr2P2eT7BDXrH1Xbl3Dz7MijhA2agSYPJVzUNlVgB94lFVblKEH32FKKBfIuanbhLjkgkQAJjO0EVy7zyaz38WoHRkcm++ERJ5A3WuGlGyxDVUqIFDZa0dN0EvjOpwNfmiEyhasPMI6jnJr5oPdCgrZrl747VvzKRkZjhHK9N8QEEtY6RH5H3rg7SoaYF/NFVs6zeXFTFNXyrFos/oLUSa/ZZR0nqeDkG3+QxMBmqsyJuKHI4tA7H+1HeyJ+ctuMXVpn4v0QWbR6QwJFKufkHL2n6qxAARIiIw/pbM0Di7e2cqDohvByE+/78tLZtW5/QX9sskxN8R59tskf+uJL0+0NKSaLfTv89d5+x+DxKPpK2NR4s6fY917qyfIz+Obw4m0EamTVHaV67+r/lsCSSj0xzYG3JbLEWxdutW3z21VMd8nTpPth9iyxvo++LuGnJ+MojYcHB6fLLBWBmh/JUsD73i4kxKHvMc2e3TiO/wYAAP//l8GwXRgIAAA",
              "objectset.rio.cattle.io/id": "helm-app",
              "objectset.rio.cattle.io/owner-gvk": "/v1, Kind=Secret",
              "objectset.rio.cattle.io/owner-name": "sh.helm.release.v1.test-chart-ch14.v1",
              "objectset.rio.cattle.io/owner-namespace": "namespace-wd2"
            },
            "chart_name": "ch14",
            "chart_version": "1.0.0",
            "cleanup_on_fail": false,
            "cluster_id": "c-s5pvx",
            "cluster_name": "workload2",
            "disable_hooks": false,
            "disable_open_api_validation": false,
            "force_upgrade": false,
            "id": "c-s5pvx.namespace-wd2/test-chart-ch14",
            "labels": {
              "objectset.rio.cattle.io/hash": "afd2cdd401f0acd3459c5eb17cf18ec661deaea8"
            },
            "name": "test-chart-ch14",
            "namespace": "namespace-wd2",
            "project_id": null,
            "repo_name": "test-repo",
            "timeouts": null,
            "values": null,
            "wait": true
          },
          "sensitive_attributes": [],
          "private": "eyJlMmJmYjczMC1lY2FhLTExZTYtOGY4OC0zNDM2M2JjN2M0YzAiOnsiY3JlYXRlIjo2MDAwMDAwMDAwMDAsImRlbGV0ZSI6NjAwMDAwMDAwMDAwLCJ1cGRhdGUiOjYwMDAwMDAwMDAwMH19",
          "dependencies": [
            "data.rancher2_cluster.local",
            "data.rancher2_cluster.workload1",
            "data.rancher2_cluster.workload2",
            "rancher2_catalog_v2.mapps-helm-git-local",
            "rancher2_catalog_v2.mapps-helm-git-workload1",
            "rancher2_catalog_v2.mapps-helm-git-workload2",
            "rancher2_namespace.namespace-wd2",
            "rancher2_project.project-wd2"
          ]
        },
        {
          "index_key": "ch15",
          "schema_version": 0,
          "attributes": {
            "annotations": {
              "objectset.rio.cattle.io/applied": "H4sIAAAAAAAA/6RVT2/jthP9KsTk+KNkS84fr4DfKVu02aLtokl7aHcPI2okcUORBDmyGxj67gUVx4lTZJtmcwjkkfSG7817ox0MxNggI1Q7QGsdI2tnY/rp6i+kOBLnQbtcIbOhXLuFbqCCnsyQofcgX3zObS2FrNvcQgWLTSHFj9o2/78mFYj/9TWLA0EFsc9TpzyQIYyUb4qcKXKmegzpf3GWb4pXgUWPKiEerrNtU8IkQQWaOd/ogSLj4KGyozESDNZkvqpEj7GHCsrlGa5O16uL5buiqJvy/BzPGrWu10XT4LIum/ZstSxbTN32vJ6RAAkvn1HCzOJXaimQVRSh+nMH6PXvFKJ2FiqYNaiNU7e/pEffkyGe77RoIklQznJwxlCAisNIEm61TWM8TOM/6j3OJrhQxUXZnp1mal1SdtqeX2TrlVpnTfmuoKYuidYtTJ8nCdGTSkrOOOniyHdHVBJh9P6xUuTLfAkSGooqaH9PDFRfiMuEJraae3Flu0Axiv+Jnztt/xJoG4EjuwFZK/HF1SLx0LYDCVrNCD2zj9ViEXCbd5r7sR4jhSQVWc6VGxZWq94ZjNe/XX+3GND7mM2+T1CL4VG1/Qg3z448SdigGWn2UMJFbdMEduBdUmFdTBL0gB2lWiDvomYX7pIDEgmQwNjNcMVpPpv1vl7twOjIZD8+4gTyRiu8dKNlqAoJkcJGK3raTgLf+XTgSzNGpnD1EaZpknOYD3qvJGjbuvTeseJXNjIaI5QbvCEmkNDqEPk9eePuqJmTUK6yoszK5c1yWZ2eV6uLPyAl6TVPWcdJKjj5xj9IYmAzT+ZE3FBkccjOJ/vJnogf3DZjl64z8WGMLDq9IYEijXN2jt5TdVagAAmRkcd0tuaBxVujHCi6Mbwc4n0uL51tdfcT+mOTZWquD+izTf6Qi69ttze0mC327fDXe/sdg8ej6ithU/AWT7HvvTSQ5WfwzeHG2wjUyKo/avXB1f8cgSWVMjHvgbc1ssRbF2617fLbdUzfkqdN98vsWWN9X31dw89P1lFaDw8OTh+zNARqvidLAe+zvZQQx2HAtHt20zT9HQAA//926ONYGAgAAA",
              "objectset.rio.cattle.io/id": "helm-app",
              "objectset.rio.cattle.io/owner-gvk": "/v1, Kind=Secret",
              "objectset.rio.cattle.io/owner-name": "sh.helm.release.v1.test-chart-ch15.v1",
              "objectset.rio.cattle.io/owner-namespace": "namespace-wd2"
            },
            "chart_name": "ch15",
            "chart_version": "1.0.0",
            "cleanup_on_fail": false,
            "cluster_id": "c-s5pvx",
            "cluster_name": "workload2",
            "disable_hooks": false,
            "disable_open_api_validation": false,
            "force_upgrade": false,
            "id": "c-s5pvx.namespace-wd2/test-chart-ch15",
            "labels": {
              "objectset.rio.cattle.io/hash": "205a348370911bd266a5dc8b81dda0b2df5302fa"
            },
            "name": "test-chart-ch15",
            "namespace": "namespace-wd2",
            "project_id": null,
            "repo_name": "test-repo",
            "timeouts": null,
            "values": null,
            "wait": true
          },
          "sensitive_attributes": [],
          "private": "eyJlMmJmYjczMC1lY2FhLTExZTYtOGY4OC0zNDM2M2JjN2M0YzAiOnsiY3JlYXRlIjo2MDAwMDAwMDAwMDAsImRlbGV0ZSI6NjAwMDAwMDAwMDAwLCJ1cGRhdGUiOjYwMDAwMDAwMDAwMH19",
          "dependencies": [
            "data.rancher2_cluster.local",
            "data.rancher2_cluster.workload1",
            "data.rancher2_cluster.workload2",
            "rancher2_catalog_v2.mapps-helm-git-local",
            "rancher2_catalog_v2.mapps-helm-git-workload1",
            "rancher2_catalog_v2.mapps-helm-git-workload2",
            "rancher2_namespace.namespace-wd2",
            "rancher2_project.project-wd2"
          ]
        },
        {
          "index_key": "ch16",
          "schema_version": 0,
          "attributes": {
            "annotations": {
              "objectset.rio.cattle.io/applied": "H4sIAAAAAAAA/6RVwW7jNhD9FWJyLCVbkpM4AnrKFm22aLto0h7a3cOYGkvcUCRBjuwGhv69oOI4cYpss1kfBHpEveF782a4g54YG2SEegdorWNk7WxMf93qMymOxHnQLlfIbCjXbqYbqKEj02foPcgX97mtpZC1m1uoYbYppPhZ2+b7a1KB+H8/s9gT1BC7PGXKAxnCSPmmyJkiZ6rDkJ7FWb4pXgUWPaqEeFhn26aEUYIKNHG+0T1Fxt5DbQdjJBhckfmiEh3GDmoo1+cXqlosiZpFdVqps6acl6eL9Jwvz4mwUqo4b1Yp257XMxIg4eUzSphY/E5rCmQVRaj/3gF6/SeFqJ2FGiYNVsap29/S1ndkiKc3azSRJChnOThjKEDNYSAJt9qmMh6q8ZV6D5MJTqsK1XmzytTyvMoWF4qyi7M1ZQXN11WB5fKsOIXx0yghelJJyQknLY58d0QlEUbvHyNFPs/nIKGhqIL298RAdYW4TGhiq7kTV7YNFKP4TvzaavuPQNsIHNj1yFqJz24lEg9tW5Cg1YTQMftYz2YBt3mruRtWQ6SQpCLLuXL9zGrVOYPx+o/rH2Y9eh+zyfcJatY/qrYv4ebZkUcJGzQDTR5KuKhtqsAOvEsqLItRgu6xpRQL5F3U7MJdckAiARIY2wmuWOSTWe/j9Q6Mjkz2wyNOIG+0wks3WIa6kBApbLSip+kk8J1PB740Q2QKVx9gHEc5NfNB70qCtmuXvjtW/MpGRmOEcr03xAQS1jpEfkfeuDtKhijnZZUVZVbOb+bzenFWl6d/Qeqk1+yyjpNUcPKNP0hiYDNV5kTcUGRx6J2P9qM9ET+5bcYurTPxfogsWr0hgSKVc3KO3lN1VqAACZGRh3S25oHFW1s5UHRDeLmJ93156exat7+gPzZZpqZ4jz7b5A998aXp9oYUk8W+Hf56b79j8HgUfSVsarzZU+x7L/Vk+Rl8c3jxNgIrZNUdpXrvVv8tgSWVemKaA29LZIm3Ltxq2+a3y5jukqdJ98PsWWJ9H31dwk9PxlEaDw8OTpdZKgI1P5KlgPe9PZcQh77HNHt24zj+GwAA//9fKBhMGAgAAA",
              "objectset.rio.cattle.io/id": "helm-app",
              "objectset.rio.cattle.io/owner-gvk": "/v1, Kind=Secret",
              "objectset.rio.cattle.io/owner-name": "sh.helm.release.v1.test-chart-ch16.v1",
              "objectset.rio.cattle.io/owner-namespace": "namespace-wd2"
            },
            "chart_name": "ch16",
            "chart_version": "1.0.0",
            "cleanup_on_fail": false,
            "cluster_id": "c-s5pvx",
            "cluster_name": "workload2",
            "disable_hooks": false,
            "disable_open_api_validation": false,
            "force_upgrade": false,
            "id": "c-s5pvx.namespace-wd2/test-chart-ch16",
            "labels": {
              "objectset.rio.cattle.io/hash": "2f79c348eed4353c6d20254d202087eea3cc17db"
            },
            "name": "test-chart-ch16",
            "namespace": "namespace-wd2",
            "project_id": null,
            "repo_name": "test-repo",
            "timeouts": null,
            "values": null,
            "wait": true
          },
          "sensitive_attributes": [],
          "private": "eyJlMmJmYjczMC1lY2FhLTExZTYtOGY4OC0zNDM2M2JjN2M0YzAiOnsiY3JlYXRlIjo2MDAwMDAwMDAwMDAsImRlbGV0ZSI6NjAwMDAwMDAwMDAwLCJ1cGRhdGUiOjYwMDAwMDAwMDAwMH19",
          "dependencies": [
            "data.rancher2_cluster.local",
            "data.rancher2_cluster.workload1",
            "data.rancher2_cluster.workload2",
            "rancher2_catalog_v2.mapps-helm-git-local",
            "rancher2_catalog_v2.mapps-helm-git-workload1",
            "rancher2_catalog_v2.mapps-helm-git-workload2",
            "rancher2_namespace.namespace-wd2",
            "rancher2_project.project-wd2"
          ]
        },
        {
          "index_key": "ch17",
          "schema_version": 0,
          "attributes": {
            "annotations": {
              "objectset.rio.cattle.io/applied": "H4sIAAAAAAAA/6RVTW/jNhD9K8TkWEqWFCdOBPSULdps0XbRpD20u4cRNbK4oUiCHNkNDP33gorz4RTZZrM2YNAj6g3fmzfDHQzE2CIj1DtAax0ja2dj+uuaz6Q4EudBu1whs6Fcu4VuoYaezJCh9yBf3Oe2lkK23txADYtNKcXP2rbfX5EKxP/7msWBoIbY5ylTHsgQRso3Zc4UOVM9hvRbrvJN+Sqw6FElxId1tm0rmCSoQDPnaz1QZBw81HY0RoLBhswXlegx9lBDedYoqrrVSrXd6aqrVp0qiqI7bZdltTpvqtOirarzpkjZ9ryekQAJL59Rwszid+ookFUUof57B+j1nxSidhZqmDVojFM3v6Wt78gQz086NJEkKGc5OGMoQM1hJAk32qYyPlTjK/UeZxOsqC3TN+uOl5Qt8bzJzov2LDspSZ2smpOmUGcwfZokRE8qKTnjpMWB7w6oJMLo/WOkzIu8AAktRRW0vyMGqi/FRUITW829uLTrQDGK78Sva23/EWhbgSO7AVkr8dk1IvHQdg0StJoRemYf68Ui4DZfa+7HZowUklRkOVduWFitemcwXv1x9cNiQO9jNvs+QS2GR9X2Jdw8O/IkYYNmpNlDCRe1TRXYgXdJhbNykqAHXFOKBfIuanbhNjkgkQAJjOsZrlzms1nv4vUOjI5M9sMjTiBvtMILN1qGupQQKWy0oqfpJPCtTwe+MGNkCpcfYJomOTfzg97HErTtXHrvUPFLGxmNEcoN3hATSOh0iPyOvHG3lAxRFdVxVlZZVVwXRb08rZenf0HqpNfsso6TVHD0jR9IYmA7V+ZIXFNk8dA7H+1HeyR+ctuMXVpn4v0YWaz1hgSKVM7ZOXpP1VmBAiRERh7T2dp7Fm9t5UDRjeHlJt735YWznV7/gv7QZJma4wP6bJPf98WXptsbUswW+3b4q739DsHjQfSVsKnxFk+x77w0kOVn8O3Dg7cRaJBVf5DqvWv+WwJLKvXEPAfelsgSb1240Xad35zFdJc8TbofZs8S67vo6xJ+ejKO0ni4d3C6zFIRqP2RLAW86+1CQhyHAdPs2U3T9G8AAAD//6XMPRQYCAAA",
              "objectset.rio.cattle.io/id": "helm-app",
              "objectset.rio.cattle.io/owner-gvk": "/v1, Kind=Secret",
              "objectset.rio.cattle.io/owner-name": "sh.helm.release.v1.test-chart-ch17.v1",
              "objectset.rio.cattle.io/owner-namespace": "namespace-wd2"
            },
            "chart_name": "ch17",
            "chart_version": "1.0.0",
            "cleanup_on_fail": false,
            "cluster_id": "c-s5pvx",
            "cluster_name": "workload2",
            "disable_hooks": false,
            "disable_open_api_validation": false,
            "force_upgrade": false,
            "id": "c-s5pvx.namespace-wd2/test-chart-ch17",
            "labels": {
              "objectset.rio.cattle.io/hash": "18bce2f77cdf67f27fc000f6d41279b260d229b0"
            },
            "name": "test-chart-ch17",
            "namespace": "namespace-wd2",
            "project_id": null,
            "repo_name": "test-repo",
            "timeouts": null,
            "values": null,
            "wait": true
          },
          "sensitive_attributes": [],
          "private": "eyJlMmJmYjczMC1lY2FhLTExZTYtOGY4OC0zNDM2M2JjN2M0YzAiOnsiY3JlYXRlIjo2MDAwMDAwMDAwMDAsImRlbGV0ZSI6NjAwMDAwMDAwMDAwLCJ1cGRhdGUiOjYwMDAwMDAwMDAwMH19",
          "dependencies": [
            "data.rancher2_cluster.local",
            "data.rancher2_cluster.workload1",
            "data.rancher2_cluster.workload2",
            "rancher2_catalog_v2.mapps-helm-git-local",
            "rancher2_catalog_v2.mapps-helm-git-workload1",
            "rancher2_catalog_v2.mapps-helm-git-workload2",
            "rancher2_namespace.namespace-wd2",
            "rancher2_project.project-wd2"
          ]
        },
        {
          "index_key": "ch18",
          "schema_version": 0,
          "attributes": {
            "annotations": {
              "objectset.rio.cattle.io/applied": "H4sIAAAAAAAA/6RVQW/jNhP9K8Tk+FGyZCvrWMB3yhZttmi7aNIe2t3DmBpL3FAkQY7sBob+e0HFceIU2aZZHwxqRL3he/NmuIeeGBtkhHoPaK1jZO1sTI9u/YUUR+I8aJcrZDaUazfTDdTQkekz9B7ki/vczlLI2u0t1DDbllL8qG3z/2tSgfhfP7PYE9QQuzxlygMZwkj5tsyZImeqw5D+y4t8W74KLHpUCfG4znbNHEYJKtDE+Ub3FBl7D7UdjJFgcE3mq0p0GDuo4aKqimJRzOfL+fxiuaHVO1zhSi1X64pWK7Waq2K1aIplynbg9YwESHj5jBImFr/ShgJZRRHqP/eAXv9OIWpnoYZJg7Vx6vaXtPU9GeLpzQZNJAnKWQ7OGApQcxhIwq22qYzHavxHvYfJBOdrqtabpso2i6bKqqZsstV5hdlSNe+oWjXl+aaA8fMoIXpSSckJJy1OfHdCJRFG7x8jZV7kBUhoKKqg/T0xUF0pLhOa2GnuxJVtA8Uo/id+brX9S6BtBA7semStxBe3FomHti1I0GpC6Jh9rGezgLu81dwN6yFSSFKR5Vy5fma16pzBeP3b9XezHr2P2eT7BDXrH1U7lHD77MijhC2agSYPJVzUNlVgD94lFS7KUYLusaUUC+Rd1OzCXXJAIgESGNsJrqzyyaz38XoPRkcm+/ERJ5A3WuGlGyxDXUqIFLZa0dN0EvjOpwNfmiEyhauPMI6jnJr5qPdCgrYbl747VfzKRkZjhHK9N8QEEjY6RH5P3rg7SoaYF/NFVs6zeXFTFHV1Xi+Wf0DqpNfsso6TVHD2jT9IYmAzVeZM3FBkceydT/aTPRM/uF3GLq0z8WGILFq9JYEilXNyjj5QdVagAAmRkYd0tuaBxVtbOVB0Q3i5iQ99eensRrc/oT81WaameI8+2+YPffG16faGFJPFvh3++mC/U/B4En0lbGq82VPsey/1ZPkZfHN88TYCa2TVnaT64Nb/LIEllXpimgNvS2SJdy7catvmtxcx3SVPkx6G2bPE+j76uoSfn4yjNB4eHJwus1QEar4nSwHve7uQEIe+xzR79uM4/h0AAP//BKiWQxgIAAA",
              "objectset.rio.cattle.io/id": "helm-app",
              "objectset.rio.cattle.io/owner-gvk": "/v1, Kind=Secret",
              "objectset.rio.cattle.io/owner-name": "sh.helm.release.v1.test-chart-ch18.v1",
              "objectset.rio.cattle.io/owner-namespace": "namespace-wd2"
            },
            "chart_name": "ch18",
            "chart_version": "1.0.0",
            "cleanup_on_fail": false,
            "cluster_id": "c-s5pvx",
            "cluster_name": "workload2",
            "disable_hooks": false,
            "disable_open_api_validation": false,
            "force_upgrade": false,
            "id": "c-s5pvx.namespace-wd2/test-chart-ch18",
            "labels": {
              "objectset.rio.cattle.io/hash": "84400302272287fe96a9a9c79b4e99c92c093d07"
            },
            "name": "test-chart-ch18",
            "namespace": "namespace-wd2",
            "project_id": null,
            "repo_name": "test-repo",
            "timeouts": null,
            "values": null,
            "wait": true
          },
          "sensitive_attributes": [],
          "private": "eyJlMmJmYjczMC1lY2FhLTExZTYtOGY4OC0zNDM2M2JjN2M0YzAiOnsiY3JlYXRlIjo2MDAwMDAwMDAwMDAsImRlbGV0ZSI6NjAwMDAwMDAwMDAwLCJ1cGRhdGUiOjYwMDAwMDAwMDAwMH19",
          "dependencies": [
            "data.rancher2_cluster.local",
            "data.rancher2_cluster.workload1",
            "data.rancher2_cluster.workload2",
            "rancher2_catalog_v2.mapps-helm-git-local",
            "rancher2_catalog_v2.mapps-helm-git-workload1",
            "rancher2_catalog_v2.mapps-helm-git-workload2",
            "rancher2_namespace.namespace-wd2",
            "rancher2_project.project-wd2"
          ]
        },
        {
          "index_key": "ch19",
          "schema_version": 0,
          "attributes": {
            "annotations": {
              "objectset.rio.cattle.io/applied": "H4sIAAAAAAAA/6RV3W7jNhN9FWJy+VGy5J91LOC7yhZttmi7aNJetLsXI2oscUORBDmyGxh694KK8+MU2aZZXxjUiDrDc+bM8AA9MTbICNUB0FrHyNrZmB5d/YUUR+I8aJcrZDaUazfTDVTQkekz9B7ki/vc3lLI2t0NVDDblVL8qG3z/ytSgfhfP7PYE1QQuzxlygMZwkj5rsyZImeqw5D+y02+K18FFj2qhPiwzvbNHEYJKtDE+Vr3FBl7D5UdjJFgsCbzVSU6jB1UsDxflps1FedlUc+bed2smrJY4GazqUt6V5wXdb3A1Xadsh15PSMBEl4+o4SJxa+0pUBWUYTqzwOg179TiNpZqGDSoDZO3fyStr4nQzy92aKJJEE5y8EZQwEqDgNJuNE2lfGhGv9R72EywXqzwDWty2y+2GK2XJV1Vq+2y2z+brluqNjWy1UN4+dRQvSkkpITTlqc+O6ESiKM3j9GyrzIC5DQUFRB+ztioLpSXCQ0sdfciUvbBopR/E/83Gr7l0DbCBzY9chaiS+uFomHti1I0GpC6Jh9rGazgPu81dwN9RApJKnIcq5cP7Nadc5gvPrt6rtZj97HbPJ9gpr1j6odS7h7duRRwg7NQJOHEi5qmypwAO+SCuflKEH32FKKBfIuanbhNjkgkQAJjO0EVy7zyax38eoARkcm+/ERJ5A3WuGFGyxDVUqIFHZa0dN0EvjWpwNfmCEyhcuPMI6jnJr5Qe+FBG23Ln13qviljYzGCOV6b4gJJGx1iPyevHG3lAwxL+aLrJxn8+K6KKrlqpqv/4DUSa/ZZR0nqeDsG3+QxMBmqsyZuKbI4qF3PtlP9kz84PYZu7TOxIchsmj1jgSKVM7JOfpI1VmBAiRERh7S2Zp7Fm9t5UDRDeHlJj725YWzW93+hP7UZJma4j36bJff98XXptsbUkwW+3b4q6P9TsHjSfSVsKnxZk+x77zUk+Vn8M3Di7cRqJFVd5Lqg6v/WQJLKvXENAfelsgS71240bbNb85jukueJj0Os2eJ9V30dQk/PxlHaTzcOzhdZqkI1HxPlgLe9XYhIQ59j2n2HMZx/DsAAP//ju62cRgIAAA",
              "objectset.rio.cattle.io/id": "helm-app",
              "objectset.rio.cattle.io/owner-gvk": "/v1, Kind=Secret",
              "objectset.rio.cattle.io/owner-name": "sh.helm.release.v1.test-chart-ch19.v1",
              "objectset.rio.cattle.io/owner-namespace": "namespace-wd2"
            },
            "chart_name": "ch19",
            "chart_version": "1.0.0",
            "cleanup_on_fail": false,
            "cluster_id": "c-s5pvx",
            "cluster_name": "workload2",
            "disable_hooks": false,
            "disable_open_api_validation": false,
            "force_upgrade": false,
            "id": "c-s5pvx.namespace-wd2/test-chart-ch19",
            "labels": {
              "objectset.rio.cattle.io/hash": "484197e0810b2d2bd5d103a999b1e6080bb3a5f7"
            },
            "name": "test-chart-ch19",
            "namespace": "namespace-wd2",
            "project_id": null,
            "repo_name": "test-repo",
            "timeouts": null,
            "values": null,
            "wait": true
          },
          "sensitive_attributes": [],
          "private": "eyJlMmJmYjczMC1lY2FhLTExZTYtOGY4OC0zNDM2M2JjN2M0YzAiOnsiY3JlYXRlIjo2MDAwMDAwMDAwMDAsImRlbGV0ZSI6NjAwMDAwMDAwMDAwLCJ1cGRhdGUiOjYwMDAwMDAwMDAwMH19",
          "dependencies": [
            "data.rancher2_cluster.local",
            "data.rancher2_cluster.workload1",
            "data.rancher2_cluster.workload2",
            "rancher2_catalog_v2.mapps-helm-git-local",
            "rancher2_catalog_v2.mapps-helm-git-workload1",
            "rancher2_catalog_v2.mapps-helm-git-workload2",
            "rancher2_namespace.namespace-wd2",
            "rancher2_project.project-wd2"
          ]
        },
        {
          "index_key": "ch20",
          "schema_version": 0,
          "attributes": {
            "annotations": {
              "objectset.rio.cattle.io/applied": "H4sIAAAAAAAA/6RVwW7jNhD9FWJyLCVLdmLHAnrKFm22aLto0h7a3cOYGkvcUCRBjuwGhv69oOw4cYpss1kfDGpEveF782a4g44Ya2SEagdorWNk7WxMj271mRRH4jxolytkNpRrN9E1VNCS6TL0HuSL+9zWUsiazR1UMNmUUvysbf39DalA/L+fWewIKohtnjLlgQxhpHxT5kyRM9ViSP/TIt+UrwKLHlVCPK6zbT2FQYIKNHK+1R1Fxs5DZXtjJBhckfmiEi3GFipYFPN6tphjvaS6LGucLedUTi9nC5zjkvC8mM9wVS4vUrYDr2ckQMLLZ5Qwsvid1hTIKopQ/b0D9PpPClE7CxWMGqyMU3e/pa3vyBCPb9ZoIklQznJwxlCAikNPEu60TWU8VuMr9e5HE5Baoyou59lsoabZOeIiWxa0yC6wuFivy+VlQTMYPg0SoieVlBxx0uLEdydUEmH0/jFS5kWeFKopqqD9nhiothRXCU1sNbfi2jaBYhTfiV8bbf8RaGuBPbsOWSvx2a1E4qFtAxK0GhFaZh+rySTgNm80t/2qjxSSVGQ5V66bWK1aZzDe/HHzw6RD72M2+j5BTbpH1Q4l3Dw78iBhg6an0UMJF7VNFdiBd0mFy3KQoDtsKMUCeRc1u3CfHJBIgATGZoQrz/PRrPt4tQOjI5P98IgTyBut8Mr1lqEqJUQKG63oaToJfO/Tga9MH5nC9QcYhkGOzXzUeyZB27VL350qfm0jozFCuc4bYgIJax0ivyNv3D0lQ0yL6Swrp9m0uC2K6vyimpZ/Qeqk1+yyjpNUcPaNP0hiYD1W5kzcUmRx7J2P9qM9Ez+5bcYurTPxvo8sGr0hgSKVc3SOPlB1VqAACZGR+3S2+oHFW1s5UHR9eLmJD3155exaN7+gPzVZpsZ4hz7b5A998aXp9oYUo8W+Hf7mYL9T8HgSfSVsarzJU+y9lzqy/Ay+Pr54G4EVsmpPUr13q/+WwJJKPTHOgbclssRbF+60bfK7y5jukqdJD8PsWWK9j74u4acn4yiNhwcHp8ssFYHqH8lSwH1vFxJi33WYZs9uGIZ/AwAA///iZ1RQGAgAAA",
              "objectset.rio.cattle.io/id": "helm-app",
              "objectset.rio.cattle.io/owner-gvk": "/v1, Kind=Secret",
              "objectset.rio.cattle.io/owner-name": "sh.helm.release.v1.test-chart-ch20.v1",
              "objectset.rio.cattle.io/owner-namespace": "namespace-wd2"
            },
            "chart_name": "ch20",
            "chart_version": "1.0.0",
            "cleanup_on_fail": false,
            "cluster_id": "c-s5pvx",
            "cluster_name": "workload2",
            "disable_hooks": false,
            "disable_open_api_validation": false,
            "force_upgrade": false,
            "id": "c-s5pvx.namespace-wd2/test-chart-ch20",
            "labels": {
              "objectset.rio.cattle.io/hash": "706d376ad9ed11da396e12837a6a9ea4063ab195"
            },
            "name": "test-chart-ch20",
            "namespace": "namespace-wd2",
            "project_id": null,
            "repo_name": "test-repo",
            "timeouts": null,
            "values": null,
            "wait": true
          },
          "sensitive_attributes": [],
          "private": "eyJlMmJmYjczMC1lY2FhLTExZTYtOGY4OC0zNDM2M2JjN2M0YzAiOnsiY3JlYXRlIjo2MDAwMDAwMDAwMDAsImRlbGV0ZSI6NjAwMDAwMDAwMDAwLCJ1cGRhdGUiOjYwMDAwMDAwMDAwMH19",
          "dependencies": [
            "data.rancher2_cluster.local",
            "data.rancher2_cluster.workload1",
            "data.rancher2_cluster.workload2",
            "rancher2_catalog_v2.mapps-helm-git-local",
            "rancher2_catalog_v2.mapps-helm-git-workload1",
            "rancher2_catalog_v2.mapps-helm-git-workload2",
            "rancher2_namespace.namespace-wd2",
            "rancher2_project.project-wd2"
          ]
        },
        {
          "index_key": "ch21",
          "schema_version": 0,
          "attributes": {
            "annotations": {
              "objectset.rio.cattle.io/applied": "H4sIAAAAAAAA/6RVTW/jNhD9K8TkWEqWlNR2BPSULdps0XbRpD20u4cRNZa4oUiCHNkNDP33gorz4RTZplkfDGpEveF782a4h4EYW2SEeg9orWNk7WxMj675TIojcR60yxUyG8q1W+gWaujJDBl6D/LFfW5nKWTd9gZqWGxLKX7Stv3uilQg/s/PLA4ENcQ+T5nyQIYwUr4tc6bImeoxpP+qzLflq8CiR5UQH9bZrq1gkqACzZyv9UCRcfBQ29EYCQYbMl9UosfYQw1UtG2Ly6ZcFqvzdrOq1sWy2GBbnJ821UqtWyqoLKvTlO3A6xkJkPDyGSXMLH6jDQWyiiLUf+0Bvf6DQtTOQg2zBo1x6ubXtPUdGeL5zQZNJAnKWQ7OGApQcxhJwo22qYwP1fifeo+zCdRy861qFWZrtW6yM0UqW6tqla2qqjqntlB0voLp0yQhelJJyRknLY58d0QlEUbvHyNlXuQFSGgpqqD9HTFQfSkuEprYae7Fpe0CxSi+Eb902v4t0LYCR3YDslbis2tE4qFtBxK0mhF6Zh/rxSLgLu8092MzRgpJKrKcKzcsrFa9Mxivfr/6fjGg9zGbfZ+gFsOjaocSbp8deZKwRTPS7KGEi9qmCuzBu6TCupwk6AE7SrFA3kXNLtwmByQSIIGxm+HKs3w261283oPRkcl+eMQJ5I1WeOFGy1CXEiKFrVb0NJ0EvvXpwBdmjEzh8gNM0yTnZn7Q+1SCthuXvjtW/NJGRmOEcoM3xAQSNjpEfkfeuFtKhqiK6jQrq6wqrouiPlvWZ8s/IXXSa3ZZx0kqOPnKHyQxsJ0rcyKuKbJ46J2P9qM9ET+6XcYurTPxfowsOr0lgSKVc3aOPlB1VqAACZGRx3S29p7FW1s5UHRjeLmJD3154exGdz+jPzZZpub4gD7b5vd98aXp9oYUs8W+Hv7qYL9j8HgUfSVsarzFU+w7Lw1k+Rl8+/DibQQaZNUfpXrvmn+XwJJKPTHPgbclssQ7F2607fKbdUx3ydOkh2H2LLG+i74u4acn4yiNh3sHp8ssFYHaH8hSwLveLiTEcRgwzZ79NE3/BAAA//9yXr5kGAgAAA",
              "objectset.rio.cattle.io/id": "helm-app",
              "objectset.rio.cattle.io/owner-gvk": "/v1, Kind=Secret",
              "objectset.rio.cattle.io/owner-name": "sh.helm.release.v1.test-chart-ch21.v1",
              "objectset.rio.cattle.io/owner-namespace": "namespace-wd2"
            },
            "chart_name": "ch21",
            "chart_version": "1.0.0",
            "cleanup_on_fail": false,
            "cluster_id": "c-s5pvx",
            "cluster_name": "workload2",
            "disable_hooks": false,
            "disable_open_api_validation": false,
            "force_upgrade": false,
            "id": "c-s5pvx.namespace-wd2/test-chart-ch21",
            "labels": {
              "objectset.rio.cattle.io/hash": "e0ddda6b16079df728060fad093b27c8de0e1123"
            },
            "name": "test-chart-ch21",
            "namespace": "namespace-wd2",
            "project_id": null,
            "repo_name": "test-repo",
            "timeouts": null,
            "values": null,
            "wait": true
          },
          "sensitive_attributes": [],
          "private": "eyJlMmJmYjczMC1lY2FhLTExZTYtOGY4OC0zNDM2M2JjN2M0YzAiOnsiY3JlYXRlIjo2MDAwMDAwMDAwMDAsImRlbGV0ZSI6NjAwMDAwMDAwMDAwLCJ1cGRhdGUiOjYwMDAwMDAwMDAwMH19",
          "dependencies": [
            "data.rancher2_cluster.local",
            "data.rancher2_cluster.workload1",
            "data.rancher2_cluster.workload2",
            "rancher2_catalog_v2.mapps-helm-git-local",
            "rancher2_catalog_v2.mapps-helm-git-workload1",
            "rancher2_catalog_v2.mapps-helm-git-workload2",
            "rancher2_namespace.namespace-wd2",
            "rancher2_project.project-wd2"
          ]
        },
        {
          "index_key": "ch22",
          "schema_version": 0,
          "attributes": {
            "annotations": {
              "objectset.rio.cattle.io/applied": "H4sIAAAAAAAA/6RVUW/bNhD+K8TlcZQsyW4aC9hTOmzpsK1Ysj1s7cOZOktsKJIgT/YCQ/99oOw4cYZ0aeoHgzpR3/H77rvjDnpibJAR6h2gtY6RtbMxPbrVZ1IcifOgXa6Q2VCu3Uw3UENHps/Qe5DP7nNbSyFrN7dQw2xTSvGzts3316QC8f9+ZrEnqCF2ecqUBzKEkfJNmTNFzlSHIf1XVb4pXwQWPaqEeFxn26aCUYIKNHG+0T1Fxt5DbQdjJBhckfmiEh3GDmoomoXC+bKcL4oS38wXTVEWa6zwHIuLxZzW52o+L5Zvi5TtwOsJCZDw/BklTCx+pzUFsooi1H/vAL3+k0LUzkINkwYr49Ttb2nrOzLE05s1mkgSlLMcnDEUoOYwkIRbbVMZj9X4Sr2HyQRquTpvGiyyYo5VtqjKdYYX9CZblMVqWVWL8+rtEsZPo4ToSSUlJ5y0OPHdCZVEGL1/iJR5kRcgoaGogvZ7YqC6UlwmNLHV3Ikr2waKUXwnfm21/UegbQQO7HpkrcRntxKJh7YtSNBqQuiYfaxns4DbvNXcDashUkhSkeVcuX5mteqcwXj9x/UPsx69j9nk+wQ16x9UO5Rw8+TIo4QNmoEmDyVc1DZVYAfeJRUuylGC7rGlFAvkXdTswl1yQCIBEhjbCa5c5JNZ9/F6B0ZHJvvhASeQN1rhpRssQ11KiBQ2WtHjdBL4zqcDX5ohMoWrDzCOo5ya+aj3XIK2a5e+O1X8ykZGY4RyvTfEBBLWOkR+R964O0qGqIpqnpVVVhU3RVEvzuty+RekTnrJLus4SQVn3/iDJAY2U2XOxA1FFsfe+Wg/2jPxk9tm7NI6E++HyKLVGxIoUjkn5+gDVWcFCpAQGXlIZ2vuWby2lQNFN4Tnm/jQl5fOrnX7C/pTk2Vqivfos01+3xdfmm6vSDFZ7Nvhrw/2OwWPJ9EXwqbGmz3G3nupJ8tP4Jvji9cRWCGr7iTVe7f6bwksqdQT0xx4XSJLvHXhVts2v72I6S55nPQwzJ4k1vvoyxJ+ejSO0ni4d3C6zFIRqPmRLAXc93YhIQ59j2n27MZx/DcAAP//IqBZURgIAAA",
              "objectset.rio.cattle.io/id": "helm-app",
              "objectset.rio.cattle.io/owner-gvk": "/v1, Kind=Secret",
              "objectset.rio.cattle.io/owner-name": "sh.helm.release.v1.test-chart-ch22.v1",
              "objectset.rio.cattle.io/owner-namespace": "namespace-wd2"
            },
            "chart_name": "ch22",
            "chart_version": "1.0.0",
            "cleanup_on_fail": false,
            "cluster_id": "c-s5pvx",
            "cluster_name": "workload2",
            "disable_hooks": false,
            "disable_open_api_validation": false,
            "force_upgrade": false,
            "id": "c-s5pvx.namespace-wd2/test-chart-ch22",
            "labels": {
              "objectset.rio.cattle.io/hash": "0d4ca3913401a534d010fa2a6a0843ef6c330970"
            },
            "name": "test-chart-ch22",
            "namespace": "namespace-wd2",
            "project_id": null,
            "repo_name": "test-repo",
            "timeouts": null,
            "values": null,
            "wait": true
          },
          "sensitive_attributes": [],
          "private": "eyJlMmJmYjczMC1lY2FhLTExZTYtOGY4OC0zNDM2M2JjN2M0YzAiOnsiY3JlYXRlIjo2MDAwMDAwMDAwMDAsImRlbGV0ZSI6NjAwMDAwMDAwMDAwLCJ1cGRhdGUiOjYwMDAwMDAwMDAwMH19",
          "dependencies": [
            "data.rancher2_cluster.local",
            "data.rancher2_cluster.workload1",
            "data.rancher2_cluster.workload2",
            "rancher2_catalog_v2.mapps-helm-git-local",
            "rancher2_catalog_v2.mapps-helm-git-workload1",
            "rancher2_catalog_v2.mapps-helm-git-workload2",
            "rancher2_namespace.namespace-wd2",
            "rancher2_project.project-wd2"
          ]
        },
        {
          "index_key": "ch23",
          "schema_version": 0,
          "attributes": {
            "annotations": {
              "objectset.rio.cattle.io/applied": "H4sIAAAAAAAA/6RVTW/jNhD9K8TkWEqWZDdxBPSULdps0XbRpD20u4cxNZK4oUiCHNkNDP33gorz4RTZplkfDGpEveF782a4h4EYG2SEeg9orWNk7WxMj27zmRRH4jxolytkNpRrt9AN1NCTGTL0HuSL+9zOUsi67Q3UsNiWUvykbfPdFalA/J+fWRwIaoh9njLlgQxhpHxb5kyRM9VjSP/VMt+WrwKLHlVCfFhnu6aCSYIKNHO+1gNFxsFDbUdjJBjckPmiEj3GHmpoqhJXuC6XxSk2Z03ZYrle40pVS2obPKOz9uy8KlSTsh14PSMBEl4+o4SZxW/UUiCrKEL91x7Q6z8oRO0s1DBrsDFO3fyatr4jQzy/adFEkqCc5eCMoQA1h5Ek3GibyvhQjf+p9ziboD0/x+W3m7OspaLNVrShbF2cr7PqtFBlscLl6fIcpk+ThOhJJSVnnLQ48t0RlUQYvX+MlHmRFyChoaiC9nfEQPWluEhoYqe5F5e2CxSj+Eb80mn7t0DbCBzZDchaic9uIxIPbTuQoNWM0DP7WC8WAXd5p7kfN2OkkKQiy7lyw8Jq1TuD8er3q+8XA3ofs9n3CWoxPKp2KOH22ZEnCVs0I80eSriobarAHrxLKqzLSYIesKMUC+Rd1OzCbXJAIgESGLsZrlzls1nv4vUejI5M9sMjTiBvtMILN1qGupQQKWy1oqfpJPCtTwe+MGNkCpcfYJomOTfzg95LCdq2Ln13rPiljYzGCOUGb4gJJLQ6RH5H3rhbSoaoimqZlVVWFddFUa/WdbH+E1InvWaXdZykgpOv/EESA5u5MifimiKLh975aD/aE/Gj22Xs0joT78fIotNbEihSOWfn6ANVZwUKkBAZeUxna+5ZvLWVA0U3hpeb+NCXF862uvsZ/bHJMjXHB/TZNr/viy9NtzekmC329fBXB/sdg8ej6CthU+MtnmLfeWkgy8/gm4cXbyOwQVb9Uar3bvPvElhSqSfmOfC2RJZ458KNtl1+s47pLnma9DDMniXWd9HXJfz0ZByl8XDv4HSZpSJQ8wNZCnjX24WEOA4Dptmzn6bpnwAAAP//BUwHTxgIAAA",
              "objectset.rio.cattle.io/id": "helm-app",
              "objectset.rio.cattle.io/owner-gvk": "/v1, Kind=Secret",
              "objectset.rio.cattle.io/owner-name": "sh.helm.release.v1.test-chart-ch23.v1",
              "objectset.rio.cattle.io/owner-namespace": "namespace-wd2"
            },
            "chart_name": "ch23",
            "chart_version": "1.0.0",
            "cleanup_on_fail": false,
            "cluster_id": "c-s5pvx",
            "cluster_name": "workload2",
            "disable_hooks": false,
            "disable_open_api_validation": false,
            "force_upgrade": false,
            "id": "c-s5pvx.namespace-wd2/test-chart-ch23",
            "labels": {
              "objectset.rio.cattle.io/hash": "d21a4a81306ad7d1fa188a4c23efda7e7f7920cd"
            },
            "name": "test-chart-ch23",
            "namespace": "namespace-wd2",
            "project_id": null,
            "repo_name": "test-repo",
            "timeouts": null,
            "values": null,
            "wait": true
          },
          "sensitive_attributes": [],
          "private": "eyJlMmJmYjczMC1lY2FhLTExZTYtOGY4OC0zNDM2M2JjN2M0YzAiOnsiY3JlYXRlIjo2MDAwMDAwMDAwMDAsImRlbGV0ZSI6NjAwMDAwMDAwMDAwLCJ1cGRhdGUiOjYwMDAwMDAwMDAwMH19",
          "dependencies": [
            "data.rancher2_cluster.local",
            "data.rancher2_cluster.workload1",
            "data.rancher2_cluster.workload2",
            "rancher2_catalog_v2.mapps-helm-git-local",
            "rancher2_catalog_v2.mapps-helm-git-workload1",
            "rancher2_catalog_v2.mapps-helm-git-workload2",
            "rancher2_namespace.namespace-wd2",
            "rancher2_project.project-wd2"
          ]
        },
        {
          "index_key": "ch24",
          "schema_version": 0,
          "attributes": {
            "annotations": {
              "objectset.rio.cattle.io/applied": "H4sIAAAAAAAA/6RVT2/jthP9KsTk+KNkSVHWjoDfKVu02aLtokl7aHcPY2oscUORBDmyGxj67gUV549TZJtmfTCoEfWG782b4R4GYmyREZo9oLWOkbWzMT269RdSHInzoF2ukNlQrt1Ct9BAT2bI0HuQL+5zO0sh67Y30MBiW0rxo7bt/69IBeJ//cziQNBA7POUKQ9kCCPl2zJnipypHkP6r+p8W74KLHpUCfFhne3aCiYJKtDM+VoPFBkHD40djZFgcE3mq0r0GHtoQFUtrtZUtxtVLmlDq2Wl6rpc0XJ5dr5GVZ6XRVmdvkvZDryekQAJL59RwsziV9pQIKsoQvPnHtDr3ylE7Sw0MGuwNk7d/JK2vidDPL/ZoIkkQTnLwRlDARoOI0m40TaV8aEa/1HvcTZBrc6XuFmeZtVqU2f16uwsw7ZeZeers1V99q4oqs0pTJ8nCdGTSkrOOGlx5LsjKokwev8YKfMiL0BCS1EF7e+IgepLcZHQxE5zLy5tFyhG8T/xc6ftXwJtK3BkNyBrJb64tUg8tO1AglYzQs/sY7NYBNzlneZ+XI+RQpKKLOfKDQurVe8Mxqvfrr5bDOh9zGbfJ6jF8KjaoYTbZ0eeJGzRjDR7KOGitqkCe/AuqbAqJwl6wI5SLJB3UbMLt8kBiQRIYOxmuLLOZ7PexZs9GB2Z7MdHnEDeaIUXbrQMTSkhUthqRU/TSeBbnw58YcbIFC4/wjRNcm7mB71PJWi7cem7Y8UvbWQ0Rig3eENMIGGjQ+T35I27pWSIqqhOs7LKquK6KJp62RTlH5A66TW7rOMkFZx84w+SGNjOlTkR1xRZPPTOJ/vJnogf3C5jl9aZ+DBGFp3ekkCRyjk7Rx+oOitQgITIyGM6W3vP4q2tHCi6MbzcxIe+vHB2o7uf0B+bLFNzfECfbfP7vvjadHtDitli3w5/dbDfMXg8ir4SNjXe4in2nZcGsvwMvn148TYCa2TVH6X64Nb/LIEllXpingNvS2SJdy7caNvlN6uY7pKnSQ/D7FlifRd9XcLPT8ZRGg/3Dk6XWSoCtd+TpYB3vV1IiOMwYJo9+2ma/g4AAP//VDP1DxgIAAA",
              "objectset.rio.cattle.io/id": "helm-app",
              "objectset.rio.cattle.io/owner-gvk": "/v1, Kind=Secret",
              "objectset.rio.cattle.io/owner-name": "sh.helm.release.v1.test-chart-ch24.v1",
              "objectset.rio.cattle.io/owner-namespace": "namespace-wd2"
            },
            "chart_name": "ch24",
            "chart_version": "1.0.0",
            "cleanup_on_fail": false,
            "cluster_id": "c-s5pvx",
            "cluster_name": "workload2",
            "disable_hooks": false,
            "disable_open_api_validation": false,
            "force_upgrade": false,
            "id": "c-s5pvx.namespace-wd2/test-chart-ch24",
            "labels": {
              "objectset.rio.cattle.io/hash": "c2da8be4dfc17efe872c4418e7759bac19101236"
            },
            "name": "test-chart-ch24",
            "namespace": "namespace-wd2",
            "project_id": null,
            "repo_name": "test-repo",
            "timeouts": null,
            "values": null,
            "wait": true
          },
          "sensitive_attributes": [],
          "private": "eyJlMmJmYjczMC1lY2FhLTExZTYtOGY4OC0zNDM2M2JjN2M0YzAiOnsiY3JlYXRlIjo2MDAwMDAwMDAwMDAsImRlbGV0ZSI6NjAwMDAwMDAwMDAwLCJ1cGRhdGUiOjYwMDAwMDAwMDAwMH19",
          "dependencies": [
            "data.rancher2_cluster.local",
            "data.rancher2_cluster.workload1",
            "data.rancher2_cluster.workload2",
            "rancher2_catalog_v2.mapps-helm-git-local",
            "rancher2_catalog_v2.mapps-helm-git-workload1",
            "rancher2_catalog_v2.mapps-helm-git-workload2",
            "rancher2_namespace.namespace-wd2",
            "rancher2_project.project-wd2"
          ]
        },
        {
          "index_key": "ch25",
          "schema_version": 0,
          "attributes": {
            "annotations": {
              "objectset.rio.cattle.io/applied": "H4sIAAAAAAAA/6RVwW7jNhD9FWJyLCVLjuM4AnrKFm22aLto0h7a3cOIGkvcUCRBjuwGhv69oOI4cYpss1kfDGpEveF782a4g54YG2SEagdorWNk7WxMj67+TIojcR60yxUyG8q1m+kGKujI9Bl6D/LFfW5rKWTt5hYqmG1KKX7Wtvn+mlQg/t/PLPYEFcQuT5nyQIYwUr4pc6bImeowpP/5Wb4pXwUWPaqEeFhn22YOowQVaOJ8o3uKjL2Hyg7GSDBYk/miEh3GDio4Xa7PaTlvVg1e4LJe4llzURZzqhdntFw168XyXBWrRZOy7Xk9IwESXj6jhInF77SmQFZRhOrvHaDXf1KI2lmoYNKgNk7d/pa2viNDPL1Zo4kkQTnLwRlDASoOA0m41TaV8VCNr9R7mExA5WqxqukiO1uu1tliVV5kF+enmClqzhbU1OfF+RrGT6OE6EklJSectDjy3RGVRBi9f4yUeZEXIKGhqIL298RAdaW4TGhiq7kTV7YNFKP4TvzaavuPQNsIHNj1yFqJz64WiYe2LUjQakLomH2sZrOA27zV3A31ECkkqchyrlw/s1p1zmC8/uP6h1mP3sds8n2CmvWPqu1LuHl25FHCBs1Ak4cSLmqbKrAD75IKq3KUoHtsKcUCeRc1u3CXHJBIgATGdoIrF/lk1vt4tQOjI5P98IgTyBut8NINlqEqJUQKG63oaToJfOfTgS/NEJnC1QcYx1FOzXzQ+1SCtmuXvjtW/MpGRmOEcr03xAQS1jpEfkfeuDtKhpgX89OsnGfz4qYoqsWyOl38BamTXrPLOk5Swck3/iCJgc1UmRNxQ5HFoXc+2o/2RPzkthm7tM7E+yGyaPWGBIpUzsk5ek/VWYECJERGHtLZmgcWb23lQNEN4eUm3vflpbNr3f6C/thkmZriPfpskz/0xZem2xtSTBb7dvjrvf2OweNR9JWwqfFmT7HvvdST5WfwzeHF2wjUyKo7SvXe1f8tgSWVemKaA29LZIm3Ltxq2+a3q5jukqdJ98PsWWJ9H31dwk9PxlEaDw8OTpdZKgI1P5KlgPe9XUiIQ99jmj27cRz/DQAA///VoLrJGAgAAA",
              "objectset.rio.cattle.io/id": "helm-app",
              "objectset.rio.cattle.io/owner-gvk": "/v1, Kind=Secret",
              "objectset.rio.cattle.io/owner-name": "sh.helm.release.v1.test-chart-ch25.v1",
              "objectset.rio.cattle.io/owner-namespace": "namespace-wd2"
            },
            "chart_name": "ch25",
            "chart_version": "1.0.0",
            "cleanup_on_fail": false,
            "cluster_id": "c-s5pvx",
            "cluster_name": "workload2",
            "disable_hooks": false,
            "disable_open_api_validation": false,
            "force_upgrade": false,
            "id": "c-s5pvx.namespace-wd2/test-chart-ch25",
            "labels": {
              "objectset.rio.cattle.io/hash": "36f7e62d8da9a6b6a5d9102eb45e68df467c084d"
            },
            "name": "test-chart-ch25",
            "namespace": "namespace-wd2",
            "project_id": null,
            "repo_name": "test-repo",
            "timeouts": null,
            "values": null,
            "wait": true
          },
          "sensitive_attributes": [],
          "private": "eyJlMmJmYjczMC1lY2FhLTExZTYtOGY4OC0zNDM2M2JjN2M0YzAiOnsiY3JlYXRlIjo2MDAwMDAwMDAwMDAsImRlbGV0ZSI6NjAwMDAwMDAwMDAwLCJ1cGRhdGUiOjYwMDAwMDAwMDAwMH19",
          "dependencies": [
            "data.rancher2_cluster.local",
            "data.rancher2_cluster.workload1",
            "data.rancher2_cluster.workload2",
            "rancher2_catalog_v2.mapps-helm-git-local",
            "rancher2_catalog_v2.mapps-helm-git-workload1",
            "rancher2_catalog_v2.mapps-helm-git-workload2",
            "rancher2_namespace.namespace-wd2",
            "rancher2_project.project-wd2"
          ]
        },
        {
          "index_key": "ch26",
          "schema_version": 0,
          "attributes": {
            "annotations": {
              "objectset.rio.cattle.io/applied": "H4sIAAAAAAAA/6RVwW7jNhD9FWJyLCVblmEnAnrKFm22aLto0h7a3cOIGkvcUCRBjuwGhv69oOI4cYpss1kfDGpEveF782a4h54YG2SEag9orWNk7WxMj67+TIojcR60yxUyG8q1m+kGKujI9Bl6D/LFfW5nKWTt9hYqmG0LKX7Wtvn+mlQg/t/PLPYEFcQuT5nyQIYwUr4tcqbImeowpP/FKt8WrwKLHlVCPK6zXbOAUYIKNHG+0T1Fxt5DZQdjJBisyXxRiQ5jBxXUuFotCyLEZV2W5xfLmhblqixwXRfzkpb1ulyuNrhJ2Q68npEACS+fUcLE4nfaUCCrKEL19x7Q6z8pRO0sVDBpUBunbn9LW9+RIZ7ebNBEkqCc5eCMoQAVh4Ek3GqbynisxlfqPUwmuDiv54tV02Sb9bzJlo1aZBcFYqZqWqzUqsH1+hzGT6OE6EklJSectDjx3QmVRBi9f4wU+Tyfg4SGogra3xMD1RXiMqGJneZOXNk2UIziO/Frq+0/Am0jcGDXI2slPrtaJB7atiBBqwmhY/axms0C7vJWczfUQ6SQpCLLuXL9zGrVOYPx+o/rH2Y9eh+zyfcJatY/qnYo4fbZkUcJWzQDTR5KuKhtqsAevEsqnBejBN1jSykWyLuo2YW75IBEAiQwthNcscwns97Hqz0YHZnsh0ecQN5ohZdusAxVISFS2GpFT9NJ4DufDnxphsgUrj7AOI5yauaj3qUEbTcufXeq+JWNjMYI5XpviAkkbHSI/I68cXeUDLGYL8qsWGSL+c18Xi3XVVn+BamTXrPLOk5Swdk3/iCJgc1UmTNxQ5HFsXc+2o/2TPzkdhm7tM7E+yGyaPWWBIpUzsk5+kDVWYECJERGHtLZmgcWb23lQNEN4eUmPvTlpbMb3f6C/tRkmZriPfpsmz/0xZem2xtSTBb7dvjrg/1OweNJ9JWwqfFmT7HvvdST5WfwzfHF2wjUyKo7SfXe1f8tgSWVemKaA29LZIl3Ltxq2+a35zHdJU+THobZs8T6Pvq6hJ+ejKM0Hh4cnC6zVARqfiRLAe97ey4hDn2Pafbsx3H8NwAA//+/KgTkGAgAAA",
              "objectset.rio.cattle.io/id": "helm-app",
              "objectset.rio.cattle.io/owner-gvk": "/v1, Kind=Secret",
              "objectset.rio.cattle.io/owner-name": "sh.helm.release.v1.test-chart-ch26.v1",
              "objectset.rio.cattle.io/owner-namespace": "namespace-wd2"
            },
            "chart_name": "ch26",
            "chart_version": "1.0.0",
            "cleanup_on_fail": false,
            "cluster_id": "c-s5pvx",
            "cluster_name": "workload2",
            "disable_hooks": false,
            "disable_open_api_validation": false,
            "force_upgrade": false,
            "id": "c-s5pvx.namespace-wd2/test-chart-ch26",
            "labels": {
              "objectset.rio.cattle.io/hash": "ba6641eeaa4b33894be23631a7b103e4b7346faf"
            },
            "name": "test-chart-ch26",
            "namespace": "namespace-wd2",
            "project_id": null,
            "repo_name": "test-repo",
            "timeouts": null,
            "values": null,
            "wait": true
          },
          "sensitive_attributes": [],
          "private": "eyJlMmJmYjczMC1lY2FhLTExZTYtOGY4OC0zNDM2M2JjN2M0YzAiOnsiY3JlYXRlIjo2MDAwMDAwMDAwMDAsImRlbGV0ZSI6NjAwMDAwMDAwMDAwLCJ1cGRhdGUiOjYwMDAwMDAwMDAwMH19",
          "dependencies": [
            "data.rancher2_cluster.local",
            "data.rancher2_cluster.workload1",
            "data.rancher2_cluster.workload2",
            "rancher2_catalog_v2.mapps-helm-git-local",
            "rancher2_catalog_v2.mapps-helm-git-workload1",
            "rancher2_catalog_v2.mapps-helm-git-workload2",
            "rancher2_namespace.namespace-wd2",
            "rancher2_project.project-wd2"
          ]
        },
        {
          "index_key": "ch27",
          "schema_version": 0,
          "attributes": {
            "annotations": {
              "objectset.rio.cattle.io/applied": "H4sIAAAAAAAA/6RVQW/jNhP9K8Tk+FGy5MixV8B3yhZttmi7aNIe2t3DmBpZ3FAkQY7sBob+e0HFceIU2aZZHwxqRL3he/NmuIeeGBtkhHoPaK1jZO1sTI9u/YUUR+I8aJcrZDaUazfTDdTQkekz9B7ki/vczlLINttbqGG2LaX4Udvm/9ekAvG/fmaxJ6ghdnnKlAcyhJHybZkzRc5UhyH9z5f5tnwVWPSoEuJxne2aOYwSVKCJ843uKTL2Hmo7GCPB4JrMV5XoMHZQw7t3VUHtxbJaV0XVVudYFsVqdd42uFDUqnlVVc0Cl4uU7cDrGQmQ8PIZJUwsfqWWAllFEeo/94Be/04hamehhkmDtXHq9pe09T0Z4ulNiyaSBOUsB2cMBag5DCThVttUxmM1/qPew2SCtlk1q3a5yNrlRZtV1FC2qso2m9PForrAZbOu1jB+HiVETyopOeGkxYnvTqgkwuj9Y6TMi7wACQ1FFbS/JwaqK8VlQhM7zZ24sptAMYr/iZ832v4l0DYCB3Y9slbii1uLxEPbDUjQakLomH2sZ7OAu3yjuRvWQ6SQpCLLuXL9zGrVOYPx+rfr72Y9eh+zyfcJatY/qnYo4fbZkUcJWzQDTR5KuKhtqsAevEsqrMpRgu5xQykWyLuo2YW75IBEAiQwbia4ssons97H6z0YHZnsx0ecQN5ohZdusAx1KSFS2GpFT9NJ4DufDnxphsgUrj7COI5yauaj3ucStG1d+u5U8SsbGY0RyvXeEBNIaHWI/J68cXeUDDEv5udZOc/mxU1R1NWqPl/8AamTXrPLOk5Swdk3/iCJgc1UmTNxQ5HFsXc+2U/2TPzgdhm7tM7EhyGy2OgtCRSpnJNz9IGqswIFSIiMPKSzNQ8s3trKgaIbwstNfOjLS2dbvfkJ/anJMjXFe/TZNn/oi69NtzekmCz27fDXB/udgseT6CthU+PNnmLfe6kny8/gm+OLtxFYI6vuJNUHt/5nCSyp1BPTHHhbIku8c+FW201+u4rpLnma9DDMniXW99HXJfz8ZByl8fDg4HSZpSJQ8z1ZCnjf24WEOPQ9ptmzH8fx7wAAAP//81xmlRgIAAA",
              "objectset.rio.cattle.io/id": "helm-app",
              "objectset.rio.cattle.io/owner-gvk": "/v1, Kind=Secret",
              "objectset.rio.cattle.io/owner-name": "sh.helm.release.v1.test-chart-ch27.v1",
              "objectset.rio.cattle.io/owner-namespace": "namespace-wd2"
            },
            "chart_name": "ch27",
            "chart_version": "1.0.0",
            "cleanup_on_fail": false,
            "cluster_id": "c-s5pvx",
            "cluster_name": "workload2",
            "disable_hooks": false,
            "disable_open_api_validation": false,
            "force_upgrade": false,
            "id": "c-s5pvx.namespace-wd2/test-chart-ch27",
            "labels": {
              "objectset.rio.cattle.io/hash": "9940ef674b404f43a100883fda5cefc2444d5a75"
            },
            "name": "test-chart-ch27",
            "namespace": "namespace-wd2",
            "project_id": null,
            "repo_name": "test-repo",
            "timeouts": null,
            "values": null,
            "wait": true
          },
          "sensitive_attributes": [],
          "private": "eyJlMmJmYjczMC1lY2FhLTExZTYtOGY4OC0zNDM2M2JjN2M0YzAiOnsiY3JlYXRlIjo2MDAwMDAwMDAwMDAsImRlbGV0ZSI6NjAwMDAwMDAwMDAwLCJ1cGRhdGUiOjYwMDAwMDAwMDAwMH19",
          "dependencies": [
            "data.rancher2_cluster.local",
            "data.rancher2_cluster.workload1",
            "data.rancher2_cluster.workload2",
            "rancher2_catalog_v2.mapps-helm-git-local",
            "rancher2_catalog_v2.mapps-helm-git-workload1",
            "rancher2_catalog_v2.mapps-helm-git-workload2",
            "rancher2_namespace.namespace-wd2",
            "rancher2_project.project-wd2"
          ]
        },
        {
          "index_key": "ch28",
          "schema_version": 0,
          "attributes": {
            "annotations": {
              "objectset.rio.cattle.io/applied": "H4sIAAAAAAAA/6RVT2/jthP9KsTk+KNky3FirYDfKVu02aLtokl7aHcPI2okcUORBDmyGxj67gUV549TZJtmfTCoEfWG782b4R4GYmyQEao9oLWOkbWzMT26+gspjsR50C5XyGwo126hG6igJzNk6D3IF/e5naWQddsbqGCxLaT4Udvm/1ekAvG/fmZxIKgg9nnKlAcyhJHybZEzRc5UjyH9r8p8W7wKLHpUCfFhne2aFUwSVKCZ87UeKDIOHio7GiPBYE3mq0r0GHuooF62JZ6pdlO0NS4LpQq1oSWtSrXGssBNXb9bvducnadsB17PSICEl88oYWbxK7UUyCqKUP25B/T6dwpROwsVzBrUxqmbX9LW92SI5zctmkgSlLMcnDEUoOIwkoQbbVMZH6rxH/UeZxOUTbFZU62ylWrPs7U6pawuztus2WzK8pSoXp+fwfR5khA9qaTkjJMWR747opIIo/ePkSJf5kuQ0FBUQfs7YqD6QlwkNLHT3ItL2wWKUfxP/Nxp+5dA2wgc2Q3IWokvrhaJh7YdSNBqRuiZfawWi4C7vNPcj/UYKSSpyHKu3LCwWvXOYLz67eq7xYDex2z2fYJaDI+qHUq4fXbkScIWzUizhxIuapsqsAfvkgplMUnQA3aUYoG8i5pduE0OSCRAAmM3wxXrfDbrXbzag9GRyX58xAnkjVZ44UbLUBUSIoWtVvQ0nQS+9enAF2aMTOHyI0zTJOdmftD7VIK2rUvfHSt+aSOjMUK5wRtiAgmtDpHfkzfulpIhVsvVaVasstXyerms1mW1Ov8DUie9Zpd1nKSCk2/8QRIDm7kyJ+KaIouH3vlkP9kT8YPbZezSOhMfxsii01sSKFI5Z+foA1VnBQqQEBl5TGdr7lm8tZUDRTeGl5v40JcXzra6+wn9sckyNccH9Nk2v++Lr023N6SYLfbt8FcH+x2Dx6PoK2FT4y2eYt95aSDLz+CbhxdvI1Ajq/4o1QdX/7MEllTqiXkOvC2RJd65cKNtl9+UMd0lT5MehtmzxPou+rqEn5+MozQe7h2cLrNUBGq+J0sB73p7KSGOw4Bp9uynafo7AAD//+bt0pgYCAAA",
              "objectset.rio.cattle.io/id": "helm-app",
              "objectset.rio.cattle.io/owner-gvk": "/v1, Kind=Secret",
              "objectset.rio.cattle.io/owner-name": "sh.helm.release.v1.test-chart-ch28.v1",
              "objectset.rio.cattle.io/owner-namespace": "namespace-wd2"
            },
            "chart_name": "ch28",
            "chart_version": "1.0.0",
            "cleanup_on_fail": false,
            "cluster_id": "c-s5pvx",
            "cluster_name": "workload2",
            "disable_hooks": false,
            "disable_open_api_validation": false,
            "force_upgrade": false,
            "id": "c-s5pvx.namespace-wd2/test-chart-ch28",
            "labels": {
              "objectset.rio.cattle.io/hash": "b0f8a5cf71fba01cc1c7e0e28c4a81a7bb929756"
            },
            "name": "test-chart-ch28",
            "namespace": "namespace-wd2",
            "project_id": null,
            "repo_name": "test-repo",
            "timeouts": null,
            "values": null,
            "wait": true
          },
          "sensitive_attributes": [],
          "private": "eyJlMmJmYjczMC1lY2FhLTExZTYtOGY4OC0zNDM2M2JjN2M0YzAiOnsiY3JlYXRlIjo2MDAwMDAwMDAwMDAsImRlbGV0ZSI6NjAwMDAwMDAwMDAwLCJ1cGRhdGUiOjYwMDAwMDAwMDAwMH19",
          "dependencies": [
            "data.rancher2_cluster.local",
            "data.rancher2_cluster.workload1",
            "data.rancher2_cluster.workload2",
            "rancher2_catalog_v2.mapps-helm-git-local",
            "rancher2_catalog_v2.mapps-helm-git-workload1",
            "rancher2_catalog_v2.mapps-helm-git-workload2",
            "rancher2_namespace.namespace-wd2",
            "rancher2_project.project-wd2"
          ]
        },
        {
          "index_key": "ch29",
          "schema_version": 0,
          "attributes": {
            "annotations": {
              "objectset.rio.cattle.io/applied": "H4sIAAAAAAAA/6RVUW/bNhD+K8TlcZQs2W5qC9hTOmzpsK1Ysj1s7cOJOktsKJIgT/YCQ/99oOI4cYZ0aeoHgzpR3/H77rvjHnpibJARqj2gtY6RtbMxPbr6MymOxHnQLlfIbCjXbqYbqKAj02foPchn97mdpZC12xuoYLYtpfhZ2+b7K1KB+H8/s9gTVBC7PGXKAxnCSPm2zJkiZ6rDkP7n63xbvggselQJ8bjOds0cRgkq0MT5WvcUGXsPlR2MkWCwJvNFJTqMHVSg1mperKnZqCUW5apQhPP1eVO/LQlX5+f1osTmfF6vU7YDryckQMLzZ5QwsfidNhTIKopQ/b0H9PpPClE7CxVMGtTGqZvf0tZ3ZIinNxs0kSQoZzk4YyhAxWEgCTfapjIeq/GVeg+TCd4U61W5XCwztVBltjxfNRk2i7fZm/VytV6usNks5zB+GiVETyopOeGkxYnvTqgkwuj9Q6TMi7wACQ1FFbS/IwaqK8VFQhM7zZ24tG2gGMV34tdW238E2kbgwK5H1kp8drVIPLRtQYJWE0LH7GM1mwXc5a3mbqiHSCFJRZZz5fqZ1apzBuPVH1c/zHr0PmaT7xPUrH9Q7VDC7ZMjjxK2aAaaPJRwUdtUgT14l1RYlaME3WNLKRbIu6jZhdvkgEQCJDC2E1y5zCez3sWrPRgdmeyHB5xA3miFF26wDFUpIVLYakWP00ngW58OfGGGyBQuP8A4jnJq5qPeCwnablz67lTxSxsZjRHK9d4QE0jY6BD5HXnjbikZYl7MF1k5z+bFdVFUy3W1WP0FqZNesss6TlLB2Tf+IImBzVSZM3FNkcWxdz7aj/ZM/OR2Gbu0zsT7IbJo9ZYEilTOyTn6QNVZgQIkREYe0tmaexavbeVA0Q3h+SY+9OWFsxvd/oL+1GSZmuI9+myb3/fFl6bbK1JMFvt2+KuD/U7B40n0hbCp8WaPse+81JPlJ/DN8cXrCNTIqjtJ9d7V/y2BJZV6YpoDr0tkiXcu3Gjb5jermO6Sx0kPw+xJYn0XfVnCT4/GURoP9w5Ol1kqAjU/kqWAd71dSIhD32OaPftxHP8NAAD//7h41cAYCAAA",
              "objectset.rio.cattle.io/id": "helm-app",
              "objectset.rio.cattle.io/owner-gvk": "/v1, Kind=Secret",
              "objectset.rio.cattle.io/owner-name": "sh.helm.release.v1.test-chart-ch29.v1",
              "objectset.rio.cattle.io/owner-namespace": "namespace-wd2"
            },
            "chart_name": "ch29",
            "chart_version": "1.0.0",
            "cleanup_on_fail": false,
            "cluster_id": "c-s5pvx",
            "cluster_name": "workload2",
            "disable_hooks": false,
            "disable_open_api_validation": false,
            "force_upgrade": false,
            "id": "c-s5pvx.namespace-wd2/test-chart-ch29",
            "labels": {
              "objectset.rio.cattle.io/hash": "c9c209edfc4a0180cea296db71ea866b31ad62b9"
            },
            "name": "test-chart-ch29",
            "namespace": "namespace-wd2",
            "project_id": null,
            "repo_name": "test-repo",
            "timeouts": null,
            "values": null,
            "wait": true
          },
          "sensitive_attributes": [],
          "private": "eyJlMmJmYjczMC1lY2FhLTExZTYtOGY4OC0zNDM2M2JjN2M0YzAiOnsiY3JlYXRlIjo2MDAwMDAwMDAwMDAsImRlbGV0ZSI6NjAwMDAwMDAwMDAwLCJ1cGRhdGUiOjYwMDAwMDAwMDAwMH19",
          "dependencies": [
            "data.rancher2_cluster.local",
            "data.rancher2_cluster.workload1",
            "data.rancher2_cluster.workload2",
            "rancher2_catalog_v2.mapps-helm-git-local",
            "rancher2_catalog_v2.mapps-helm-git-workload1",
            "rancher2_catalog_v2.mapps-helm-git-workload2",
            "rancher2_namespace.namespace-wd2",
            "rancher2_project.project-wd2"
          ]
        },
        {
          "index_key": "ch30",
          "schema_version": 0,
          "attributes": {
            "annotations": {
              "objectset.rio.cattle.io/applied": "H4sIAAAAAAAA/6RVwW7jNhD9FWJyLCVLtpM4AnrKFm22aLto0h7a3cOYGkncUCRBjuwGhv69oOI4cYpss1kfDGpEveF782a4g54Ya2SEagdorWNk7WxMj279mRRH4jxolytkNpRrN9M1VNCR6TP0HuSL+9zWUsjazS1UMNuUUvysbf39NalA/L+fWewJKohdnjLlgQxhpHxT5kyRM9VhSP+LIt+UrwKLHlVCPKyzbT2HUYIKNHG+0T1Fxt5DZQdjJBhck/miEh3GDipAdbFYrc4bVEtVL+fUYIOL1cVZvSzW9VlZrxUtz5YFpmx7Xs9IgISXzyhhYvE7NRTIKopQ/b0D9PpPClE7CxVMGqyNU7e/pa3vyBBPbxo0kSQoZzk4YyhAxWEgCbfapjIeqvGVeg+TCerFSp03Z0V2vlrNs+UCT7N1U66yRTlfXRQXjSoXCxg/jRKiJ5WUnHDS4sh3R1QSYfT+MVLmRZ4UqimqoP09MVBdKS4Tmthq7sSVbQPFKL4Tv7ba/iPQ1gIHdj2yVuKzW4vEQ9sWJGg1IXTMPlazWcBt3mruhvUQKSSpyHKuXD+zWnXOYLz+4/qHWY/ex2zyfYKa9Y+q7Uu4eXbkUcIGzUCThxIuapsqsAPvkgqrcpSge2wpxQJ5FzW7cJcckEiABMZ2giuX+WTW+3i1A6Mjk/3wiBPIG63w0g2WoSolRAobrehpOgl859OBL80QmcLVBxjHUU7NfNB7IUHbxqXvjhW/spHRGKFc7w0xgYRGh8jvyBt3R8kQ82K+yMp5Ni9uiqJanlan539B6qTX7LKOk1Rw8o0/SGJgPVXmRNxQZHHonY/2oz0RP7ltxi6tM/F+iCxavSGBIpVzco7eU3VWoAAJkZGHdLb6gcVbWzlQdEN4uYn3fXnpbKPbX9AfmyxTU7xHn23yh7740nR7Q4rJYt8Of7233zF4PIq+EjY13uwp9r2XerL8DL4+vHgbgTWy6o5SvXfr/5bAkko9Mc2BtyWyxFsXbrVt89tVTHfJ06T7YfYssb6Pvi7hpyfjKI2HBwenyywVgeofyVLA+94uJMSh7zHNnt04jv8GAAD//8t0HH4YCAAA",
              "objectset.rio.cattle.io/id": "helm-app",
              "objectset.rio.cattle.io/owner-gvk": "/v1, Kind=Secret",
              "objectset.rio.cattle.io/owner-name": "sh.helm.release.v1.test-chart-ch30.v1",
              "objectset.rio.cattle.io/owner-namespace": "namespace-wd2"
            },
            "chart_name": "ch30",
            "chart_version": "1.0.0",
            "cleanup_on_fail": false,
            "cluster_id": "c-s5pvx",
            "cluster_name": "workload2",
            "disable_hooks": false,
            "disable_open_api_validation": false,
            "force_upgrade": false,
            "id": "c-s5pvx.namespace-wd2/test-chart-ch30",
            "labels": {
              "objectset.rio.cattle.io/hash": "ac93887fac4cd42efafa3896d40bd61dbce4640a"
            },
            "name": "test-chart-ch30",
            "namespace": "namespace-wd2",
            "project_id": null,
            "repo_name": "test-repo",
            "timeouts": null,
            "values": null,
            "wait": true
          },
          "sensitive_attributes": [],
          "private": "eyJlMmJmYjczMC1lY2FhLTExZTYtOGY4OC0zNDM2M2JjN2M0YzAiOnsiY3JlYXRlIjo2MDAwMDAwMDAwMDAsImRlbGV0ZSI6NjAwMDAwMDAwMDAwLCJ1cGRhdGUiOjYwMDAwMDAwMDAwMH19",
          "dependencies": [
            "data.rancher2_cluster.local",
            "data.rancher2_cluster.workload1",
            "data.rancher2_cluster.workload2",
            "rancher2_catalog_v2.mapps-helm-git-local",
            "rancher2_catalog_v2.mapps-helm-git-workload1",
            "rancher2_catalog_v2.mapps-helm-git-workload2",
            "rancher2_namespace.namespace-wd2",
            "rancher2_project.project-wd2"
          ]
        },
        {
          "index_key": "ch31",
          "schema_version": 0,
          "attributes": {
            "annotations": {
              "objectset.rio.cattle.io/applied": "H4sIAAAAAAAA/6RVTW/jNhD9K8TkWEqWHDuOBfSULdps0XbRpD20u4cRNZa4oUiCHNkNDP33gorz4RTZZrM+GNSIesP35s1wDz0xNsgI1R7QWsfI2tmYHl39mRRH4jxolytkNpRrN9MNVNCR6TP0HuSL+9zOUsja7Q1UMNuWUvysbfP9FalA/L+fWewJKohdnjLlgQxhpHxb5kyRM9VhSP+nZb4tXwUWPaqE+LDOds0cRgkq0MT5WvcUGXsPlR2MkWCwJvNFJTqMHVRAWJ+Wy4bmOF+UirDZ0LKcz8+Wzbqu17RenBdnzWJZp2wHXs9IgISXzyhhYvE7bSiQVRSh+nsP6PWfFKJ2FiqYNKiNUze/pa3vyBBPbzZoIklQznJwxlCAisNAEm60TWV8qMZX6j1MJqAVrpfnDWWb0wazxapYZOt1obJ6havibDUvcaVg/DRKiJ5UUnLCSYsj3x1RSYTR+8dImRd5ARIaiipof0cMVFeKi4Qmdpo7cWnbQDGK78Svrbb/CLSNwIFdj6yV+OxqkXho24IErSaEjtnHajYLuMtbzd1QD5FCkoos58r1M6tV5wzGqz+ufpj16H3MJt8nqFn/qNqhhNtnRx4lbNEMNHko4aK2qQJ78C6pcF6OEnSPLaVYIO+iZhdukwMSCZDA2E5w5SKfzHoXr/ZgdGSyHx5xAnmjFV64wTJUpYRIYasVPU0ngW99OvCFGSJTuPwA4zjKqZkf9D6VoO3Gpe+OFb+0kdEYoVzvDTGBhI0Okd+RN+6WkiHmxfw0K+fZvLguimqxrJarvyB10mt2WcdJKjj5xh8kMbCZKnMirimyeOidj/ajPRE/uV3GLq0z8X6ILFq9JYEilXNyjj5QdVagAAmRkYd0tuaexVtbOVB0Q3i5iQ99eeHsRre/oD82WaameI8+2+b3ffGl6faGFJPFvh3+6mC/Y/B4FH0lbGq82VPsOy/1ZPkZfPPw4m0EamTVHaV67+r/lsCSSj0xzYG3JbLEOxdutG3zm/OY7pKnSQ/D7FlifRd9XcJPT8ZRGg/3Dk6XWSoCNT+SpYB3vV1IiEPfY5o9+3Ec/w0AAP//k8Lf3xgIAAA",
              "objectset.rio.cattle.io/id": "helm-app",
              "objectset.rio.cattle.io/owner-gvk": "/v1, Kind=Secret",
              "objectset.rio.cattle.io/owner-name": "sh.helm.release.v1.test-chart-ch31.v1",
              "objectset.rio.cattle.io/owner-namespace": "namespace-wd2"
            },
            "chart_name": "ch31",
            "chart_version": "1.0.0",
            "cleanup_on_fail": false,
            "cluster_id": "c-s5pvx",
            "cluster_name": "workload2",
            "disable_hooks": false,
            "disable_open_api_validation": false,
            "force_upgrade": false,
            "id": "c-s5pvx.namespace-wd2/test-chart-ch31",
            "labels": {
              "objectset.rio.cattle.io/hash": "eab315de2a241ceadfe512265d9bb9e94806d45b"
            },
            "name": "test-chart-ch31",
            "namespace": "namespace-wd2",
            "project_id": null,
            "repo_name": "test-repo",
            "timeouts": null,
            "values": null,
            "wait": true
          },
          "sensitive_attributes": [],
          "private": "eyJlMmJmYjczMC1lY2FhLTExZTYtOGY4OC0zNDM2M2JjN2M0YzAiOnsiY3JlYXRlIjo2MDAwMDAwMDAwMDAsImRlbGV0ZSI6NjAwMDAwMDAwMDAwLCJ1cGRhdGUiOjYwMDAwMDAwMDAwMH19",
          "dependencies": [
            "data.rancher2_cluster.local",
            "data.rancher2_cluster.workload1",
            "data.rancher2_cluster.workload2",
            "rancher2_catalog_v2.mapps-helm-git-local",
            "rancher2_catalog_v2.mapps-helm-git-workload1",
            "rancher2_catalog_v2.mapps-helm-git-workload2",
            "rancher2_namespace.namespace-wd2",
            "rancher2_project.project-wd2"
          ]
        },
        {
          "index_key": "ch32",
          "schema_version": 0,
          "attributes": {
            "annotations": {
              "objectset.rio.cattle.io/applied": "H4sIAAAAAAAA/6RVQW/jNhP9K8Tk+FGyZTsbW8B3yhZttmi7aNIe2t3DiBpJ3FAkQY7sBob+e0HFceIU2aZZHwxqRL3he/NmuIeeGGtkhHIPaK1jZO1sTI+u+kKKI3EetMsVMhvKtZvpGkroyPQZeg/yxX1uZylk7fYWSphtCyl+1Lb+/zWpQPyvn1nsCUqIXZ4y5YEMYaR8W+RMkTPVYUj/y0W+LV4FFj2qhHhcZ7t6AaMEFWjifKN7ioy9h9IOxkgwWJH5qhIdxg5KOC+adVWt1s26WqkF1etmflFvqkIViqrzYlNv5udItErZDryekQAJL59RwsTiV2ookFUUofxzD+j17xSidhZKmDSojFO3v6St78kQT28aNJEkKGc5OGMoQMlhIAm32qYyHqvxH/UeJhPUFw1eLGmdbZa0ylZI59lGbS6yd0pVFwqb5t1mAePnUUL0pJKSE05anPjuhEoijN4/Rop8ns9BQk1RBe3viYHqCnGZ0MROcyeubBsoRvE/8XOr7V8CbS1wYNcjayW+uEokHtq2IEGrCaFj9rGczQLu8lZzN1RDpJCkIsu5cv3MatU5g/H6t+vvZj16H7PJ9wlq1j+qdijh9tmRRwlbNANNHkq4qG2qwB68Syqsi1GC7rGlFAvkXdTswl1yQCIBEhjbCa5Y5ZNZ7+PlHoyOTPbjI04gb7TCSzdYhrKQEClstaKn6STwnU8HvjRDZApXH2EcRzk181HvpQRtG5e+O1X8ykZGY4RyvTfEBBIaHSK/J2/cHSVDLOaLZVYsssX8Zj4vV5tytfwDUie9Zpd1nKSCs2/8QRID66kyZ+KGIotj73yyn+yZ+MHtMnZpnYkPQ2TR6i0JFKmck3P0gaqzAgVIiIw8pLPVDyze2sqBohvCy0186MtLZxvd/oT+1GSZmuI9+mybP/TF16bbG1JMFvt2+OuD/U7B40n0lbCp8WZPse+91JPlZ/D18cXbCFTIqjtJ9cFV/yyBJZV6YpoDb0tkiXcu3Grb5rfrmO6Sp0kPw+xZYn0ffV3Cz0/GURoPDw5Ol1kqAtXfk6WA9709lxCHvsc0e/bjOP4dAAD//4casbYYCAAA",
              "objectset.rio.cattle.io/id": "helm-app",
              "objectset.rio.cattle.io/owner-gvk": "/v1, Kind=Secret",
              "objectset.rio.cattle.io/owner-name": "sh.helm.release.v1.test-chart-ch32.v1",
              "objectset.rio.cattle.io/owner-namespace": "namespace-wd2"
            },
            "chart_name": "ch32",
            "chart_version": "1.0.0",
            "cleanup_on_fail": false,
            "cluster_id": "c-s5pvx",
            "cluster_name": "workload2",
            "disable_hooks": false,
            "disable_open_api_validation": false,
            "force_upgrade": false,
            "id": "c-s5pvx.namespace-wd2/test-chart-ch32",
            "labels": {
              "objectset.rio.cattle.io/hash": "51f8bb48f8b4c2ed8f07d9b1c1ceb519d905aee4"
            },
            "name": "test-chart-ch32",
            "namespace": "namespace-wd2",
            "project_id": null,
            "repo_name": "test-repo",
            "timeouts": null,
            "values": null,
            "wait": true
          },
          "sensitive_attributes": [],
          "private": "eyJlMmJmYjczMC1lY2FhLTExZTYtOGY4OC0zNDM2M2JjN2M0YzAiOnsiY3JlYXRlIjo2MDAwMDAwMDAwMDAsImRlbGV0ZSI6NjAwMDAwMDAwMDAwLCJ1cGRhdGUiOjYwMDAwMDAwMDAwMH19",
          "dependencies": [
            "data.rancher2_cluster.local",
            "data.rancher2_cluster.workload1",
            "data.rancher2_cluster.workload2",
            "rancher2_catalog_v2.mapps-helm-git-local",
            "rancher2_catalog_v2.mapps-helm-git-workload1",
            "rancher2_catalog_v2.mapps-helm-git-workload2",
            "rancher2_namespace.namespace-wd2",
            "rancher2_project.project-wd2"
          ]
        },
        {
          "index_key": "ch33",
          "schema_version": 0,
          "attributes": {
            "annotations": {
              "objectset.rio.cattle.io/applied": "H4sIAAAAAAAA/6RVT2/jthP9KsTk+KNkS7Zjr4DfKVu02aLtokl7aHcPI2oscUORBDmyGxj67gUV549TZJtmfTCoEfWG782b4QF6YmyQEaoDoLWOkbWzMT26+gspjsR50C5XyGwo126mG6igI9Nn6D3IF/e5vaWQtbsbqGC2K6T4Udvm/1ekAvG/fmaxJ6ggdnnKlAcyhJHyXZEzRc5UhyH9Lxb5rngVWPSoEuLDOts3JYwSVKCJ87XuKTL2Hio7GCPBYE3mq0p0GDuoYPluvdy8W683S7UqsSjW6/miXlC9WG1JrdYb2pTF+QZXKduR1zMSIOHlM0qYWPxKWwpkFUWo/jwAev07haidhQomDWrj1M0vaet7MsTTmy2aSBKUsxycMRSg4jCQhBttUxkfqvEf9R4mE2xKrM+b1TJDtayz5WI7zzZ1obKtKqmpl/NtrWoYP48SoieVlJxw0uLEdydUEmH0/jFS5PN8DhIaiipof0cMVFeIi4Qm9po7cWnbQDGK/4mfW23/EmgbgQO7Hlkr8cXVIvHQtgUJWk0IHbOP1WwWcJ+3mruhHiKFJBVZzpXrZ1arzhmMV79dfTfr0fuYTb5PULP+UbVjCXfPjjxK2KEZaPJQwkVtUwUO4F1SYVOMEnSPLaVYIO+iZhdukwMSCZDA2E5wxTKfzHoXrw5gdGSyHx9xAnmjFV64wTJUhYRIYacVPU0ngW99OvCFGSJTuPwI4zjKqZkf9F5I0Hbr0nenil/ayGiMUK73hphAwlaHyO/JG3dLyRDlvFxkRZmV8+v5vFquqvL8D0id9Jpd1nGSCs6+8QdJDGymypyJa4osHnrnk/1kz8QPbp+xS+tMfBgii1bvSKBI5Zyco49UnRUoQEJk5CGdrbln8dZWDhTdEF5u4mNfXji71e1P6E9Nlqkp3qPPdvl9X3xtur0hxWSxb4e/OtrvFDyeRF8Jmxpv9hT7zks9WX4G3zy8eBuBGll1J6k+uPqfJbCkUk9Mc+BtiSzx3oUbbdv8ZhPTXfI06XGYPUus76KvS/j5yThK4+HewekyS0Wg5nuyFPCut+cS4tD3mGbPYRzHvwMAAP//c17QmRgIAAA",
              "objectset.rio.cattle.io/id": "helm-app",
              "objectset.rio.cattle.io/owner-gvk": "/v1, Kind=Secret",
              "objectset.rio.cattle.io/owner-name": "sh.helm.release.v1.test-chart-ch33.v1",
              "objectset.rio.cattle.io/owner-namespace": "namespace-wd2"
            },
            "chart_name": "ch33",
            "chart_version": "1.0.0",
            "cleanup_on_fail": false,
            "cluster_id": "c-s5pvx",
            "cluster_name": "workload2",
            "disable_hooks": false,
            "disable_open_api_validation": false,
            "force_upgrade": false,
            "id": "c-s5pvx.namespace-wd2/test-chart-ch33",
            "labels": {
              "objectset.rio.cattle.io/hash": "4974897784c52a117703b3eb35fec578e82168a5"
            },
            "name": "test-chart-ch33",
            "namespace": "namespace-wd2",
            "project_id": null,
            "repo_name": "test-repo",
            "timeouts": null,
            "values": null,
            "wait": true
          },
          "sensitive_attributes": [],
          "private": "eyJlMmJmYjczMC1lY2FhLTExZTYtOGY4OC0zNDM2M2JjN2M0YzAiOnsiY3JlYXRlIjo2MDAwMDAwMDAwMDAsImRlbGV0ZSI6NjAwMDAwMDAwMDAwLCJ1cGRhdGUiOjYwMDAwMDAwMDAwMH19",
          "dependencies": [
            "data.rancher2_cluster.local",
            "data.rancher2_cluster.workload1",
            "data.rancher2_cluster.workload2",
            "rancher2_catalog_v2.mapps-helm-git-local",
            "rancher2_catalog_v2.mapps-helm-git-workload1",
            "rancher2_catalog_v2.mapps-helm-git-workload2",
            "rancher2_namespace.namespace-wd2",
            "rancher2_project.project-wd2"
          ]
        },
        {
          "index_key": "ch34",
          "schema_version": 0,
          "attributes": {
            "annotations": {
              "objectset.rio.cattle.io/applied": "H4sIAAAAAAAA/6RVwW7jNhD9FWJyLCVLthLbAnrKFm22aLto0h7a3cOIHlvcUCRBjuwGhv69oOI4cYpss1kfDGpEveF782a4h44YV8gI9R7QWsfI2tmYHl3zmRRH4jxolytkNpRrN9ErqKEl02XoPcgX97mdpZBttrdQw2RbSvGztqvvr0kF4v/9zGJHUENs85QpD2QII+XbMmeKnKkWQ/qfVfm2fBVY9KgS4nGd7VZTGCSoQCPnG91RZOw81LY3RoLBhswXlWgxtlBDM5tdFERUqllV4vTifHG+PlfL5fJCzefl+eKirIp50VDKduD1jARIePmMEkYWv9OaAllFEeq/94Be/0khamehhlGDxjh1+1va+o4M8fhmjSaSBOUsB2cMBag59CThVttUxmM1vlLvfjRBMT2fz5tqmTXL6SKrZutZ1jQ0zZr5eo7VYk4XFcLwaZAQPamk5IiTFie+O6GSCKP3j5EyL/ICJKwoqqD9PTFQbSkuE5rYaW7Fld0EilF8J37daPuPQLsS2LPrkLUSn10jEg9tNyBBqxGhZfaxnkwC7vKN5rZv+kghSUWWc+W6idWqdQbj9R/XP0w69D5mo+8T1KR7VO1Qwu2zIw8Stmh6Gj2UcFHbVIE9eJdUWJSDBN3hhlIskHdRswt3yQGJBEhg3IxwZZWPZr2P13swOjLZD484gbzRCi9dbxnqUkKksNWKnqaTwHc+HfjS9JEpXH2AYRjk2MxHvWcStF279N2p4lc2MhojlOu8ISaQsNYh8jvyxt1RMsS0mM6ycppNi5uiqKtlXVV/Qeqk1+yyjpNUcPaNP0hi4GqszJm4ocji2Dsf7Ud7Jn5yu4xdWmfifR9ZbPSWBIpUztE5+kDVWYECJERG7tPZVg8s3trKgaLrw8tNfOjLS2fXevML+lOTZWqMd+izbf7QF1+abm9IMVrs2+GvD/Y7BY8n0VfCpsabPMW+91JHlp/Br44v3kagQVbtSar3rvlvCSyp1BPjHHhbIku8c+FW201+u4jpLnma9DDMniXW99HXJfz0ZByl8fDg4HSZpSLQ6keyFPC+twsJse86TLNnPwzDvwEAAP//2eMYRxgIAAA",
              "objectset.rio.cattle.io/id": "helm-app",
              "objectset.rio.cattle.io/owner-gvk": "/v1, Kind=Secret",
              "objectset.rio.cattle.io/owner-name": "sh.helm.release.v1.test-chart-ch34.v1",
              "objectset.rio.cattle.io/owner-namespace": "namespace-wd2"
            },
            "chart_name": "ch34",
            "chart_version": "1.0.0",
            "cleanup_on_fail": false,
            "cluster_id": "c-s5pvx",
            "cluster_name": "workload2",
            "disable_hooks": false,
            "disable_open_api_validation": false,
            "force_upgrade": false,
            "id": "c-s5pvx.namespace-wd2/test-chart-ch34",
            "labels": {
              "objectset.rio.cattle.io/hash": "b3360eee1c341a26585f5c9996c77158614070be"
            },
            "name": "test-chart-ch34",
            "namespace": "namespace-wd2",
            "project_id": null,
            "repo_name": "test-repo",
            "timeouts": null,
            "values": null,
            "wait": true
          },
          "sensitive_attributes": [],
          "private": "eyJlMmJmYjczMC1lY2FhLTExZTYtOGY4OC0zNDM2M2JjN2M0YzAiOnsiY3JlYXRlIjo2MDAwMDAwMDAwMDAsImRlbGV0ZSI6NjAwMDAwMDAwMDAwLCJ1cGRhdGUiOjYwMDAwMDAwMDAwMH19",
          "dependencies": [
            "data.rancher2_cluster.local",
            "data.rancher2_cluster.workload1",
            "data.rancher2_cluster.workload2",
            "rancher2_catalog_v2.mapps-helm-git-local",
            "rancher2_catalog_v2.mapps-helm-git-workload1",
            "rancher2_catalog_v2.mapps-helm-git-workload2",
            "rancher2_namespace.namespace-wd2",
            "rancher2_project.project-wd2"
          ]
        },
        {
          "index_key": "ch35",
          "schema_version": 0,
          "attributes": {
            "annotations": {
              "objectset.rio.cattle.io/applied": "H4sIAAAAAAAA/6RVwW7jNhD9FWFyLCVLsh07AnrKFm22aLto0h7a3cOIGkvcUCRBjuwGhv69oOI4cYpss1kfDGpEveF782a4h54YG2SEag9ojGVkZU2Ij7b+TJIDceaVzSQya8qUnakGKuhI9yk6B+LFfXZnyKft9hYqmG0LkfysTPP9NUlP/L+fGewJKghdFjNlnjRhoGxbZEyBU9mhj//zZbYtXgUWHMqIeFynu6aEUYD0NHG+UT0Fxt5BZQatBWisSX9RiQ5DBxXIeb6Qm/Miz8/Xi3NcFOvzsqR5vVzJedksizpfnK9WVMdsB17PSICAl88oYGLxO23Ik5EUoPp7D+jUn+SDsgYqmDSotZW3v8Wt70gTT282qAMJkNawt1qTh4r9QAJulYllPFbjK/UeJhPky0Iu1vNFumwuynRRby5SLFebNN9QIy9WF+sl1jB+GgUERzIqOeHExYnvTqhEwujcY6TI8iwHAQ0F6ZW7JwayK5LLiJbsFHfJlWk9hZB8l/zaKvNPgqZJcGDbIyuZfLZ1Enko04IAJSeEjtmFajbzuMtaxd1QD4F8lIoMZ9L2M6NkZzWG6z+uf5j16FxIJ99HqFn/qNqhhNtnRx4FbFEPNHko4qIysQJ7cDaqsC5GAarHlmLMk7NBsfV30QGRBAhgbCe4YpFNZr2PV3vQKjCZD484npxWEi/tYBiqQkAgv1WSnqYTwHcuHvhSD4HJX32AcRzF1MxHvecClNnY+N2p4lcmMGqdSNs7TUwgYKN84HfktL2jaIgyL+dpUaZlfpPn1WJVFeVfEDvpNbuM5SgVnH3jD6IY2EyVOUtuKHBy7J2P5qM5S36yu5RtXKfJ+yFw0qotJZjEck7OUQeq1iSYgIDAyEM8W/PA4q2t7CnYwb/cxIe+vLRmo9pf0J2aLJVTvEeXbrOHvvjSdHtDisli3w5/fbDfKXg4ib4SNjbe7Cn2vZd6MvwMvjm+eBuBGll2J6ne2/q/JTAkY09Mc+BtiQzxzvpbZdrsdh3iXfI06WGYPUus7qOvS/jpyTiK4+HBwfEyi0Wg5kcy5PG+t3MBYeh7jLNnP47jvwEAAP//bi65ZxgIAAA",
              "objectset.rio.cattle.io/id": "helm-app",
              "objectset.rio.cattle.io/owner-gvk": "/v1, Kind=Secret",
              "objectset.rio.cattle.io/owner-name": "sh.helm.release.v1.test-chart-ch35.v1",
              "objectset.rio.cattle.io/owner-namespace": "namespace-wd2"
            },
            "chart_name": "ch35",
            "chart_version": "1.0.0",
            "cleanup_on_fail": false,
            "cluster_id": "c-s5pvx",
            "cluster_name": "workload2",
            "disable_hooks": false,
            "disable_open_api_validation": false,
            "force_upgrade": false,
            "id": "c-s5pvx.namespace-wd2/test-chart-ch35",
            "labels": {
              "objectset.rio.cattle.io/hash": "c304cf61006846a418622e3b57c32d51b04677eb"
            },
            "name": "test-chart-ch35",
            "namespace": "namespace-wd2",
            "project_id": null,
            "repo_name": "test-repo",
            "timeouts": null,
            "values": null,
            "wait": true
          },
          "sensitive_attributes": [],
          "private": "eyJlMmJmYjczMC1lY2FhLTExZTYtOGY4OC0zNDM2M2JjN2M0YzAiOnsiY3JlYXRlIjo2MDAwMDAwMDAwMDAsImRlbGV0ZSI6NjAwMDAwMDAwMDAwLCJ1cGRhdGUiOjYwMDAwMDAwMDAwMH19",
          "dependencies": [
            "data.rancher2_cluster.local",
            "data.rancher2_cluster.workload1",
            "data.rancher2_cluster.workload2",
            "rancher2_catalog_v2.mapps-helm-git-local",
            "rancher2_catalog_v2.mapps-helm-git-workload1",
            "rancher2_catalog_v2.mapps-helm-git-workload2",
            "rancher2_namespace.namespace-wd2",
            "rancher2_project.project-wd2"
          ]
        },
        {
          "index_key": "ch36",
          "schema_version": 0,
          "attributes": {
            "annotations": {
              "objectset.rio.cattle.io/applied": "H4sIAAAAAAAA/6RVTW/jNhD9K8TkWEq2/BHHAnrKFm22aLto0h7a3cOIHkncUCRBjuwGhv57QcVx4hTZZrM+GNSIesP35s1wDx0xbpARyj2gtY6RtbMxPbrqMymOxHnQLlfIbCjXbqI3UEJLpsvQe5Av7nM7SyFrtrdQwmRbSPGztpvvr0kF4v/9zGJHUEJs85QpD2QII+XbImeKnKkWQ/qfn+fb4lVg0aNKiMd1ttvMYJCgAo2cb3RHkbHzUNreGAkGKzJfVKLF2EIJaqWmswXOl3W1Wq+LYjVbn89X9Xq5vKin6zlRXa+Xs+UyZTvwekYCJLx8Rgkji9+ppkBWUYTy7z2g139SiNpZKGHUoDJO3f6Wtr4jQzy+qdFEkqCc5eCMoQAlh54k3Gqbynisxlfq3Y8mOKeCLmi9yqaLep4tFvUyq5Aow9W6UqqmdVUXMHwaJERPKik54qTFie9OqCTC6P1jpMin+RQkbCiqoP09MVBtIS4TmthpbsWVbQLFKL4Tvzba/iPQbgT27DpkrcRnV4nEQ9sGJGg1IrTMPpaTScBd3mhu+6qPFJJUZDlXrptYrVpnMF7/cf3DpEPvYzb6PkFNukfVDiXcPjvyIGGLpqfRQwkXtU0V2IN3SYWLYpCgO2woxQJ5FzW7cJcckEiABMZmhCsW+WjW+3i5B6Mjk/3wiBPIG63w0vWWoSwkRApbrehpOgl859OBL00fmcLVBxiGQY7NfNR7LkHb2qXvThW/spHRGKFc5w0xgYRah8jvyBt3R8kQs+lsnhWzbDa9mU7LxbJcLP6C1Emv2WUdJ6ng7Bt/kMTAzViZM3FDkcWxdz7aj/ZM/OR2Gbu0zsT7PrJo9JYEilTO0Tn6QNVZgQIkREbu09k2Dyze2sqBouvDy0186MtLZ2vd/IL+1GSZGuMd+mybP/TFl6bbG1KMFvt2+OuD/U7B40n0lbCp8SZPse+91JHlZ/Cb44u3EaiQVXuS6r2r/lsCSyr1xDgH3pbIEu9cuNW2yW8vYrpLniY9DLNnifV99HUJPz0ZR2k8PDg4XWapCLT5kSwFvO/tqYTYdx2m2bMfhuHfAAAA//91JXqmGAgAAA",
              "objectset.rio.cattle.io/id": "helm-app",
              "objectset.rio.cattle.io/owner-gvk": "/v1, Kind=Secret",
              "objectset.rio.cattle.io/owner-name": "sh.helm.release.v1.test-chart-ch36.v1",
              "objectset.rio.cattle.io/owner-namespace": "namespace-wd2"
            },
            "chart_name": "ch36",
            "chart_version": "1.0.0",
            "cleanup_on_fail": false,
            "cluster_id": "c-s5pvx",
            "cluster_name": "workload2",
            "disable_hooks": false,
            "disable_open_api_validation": false,
            "force_upgrade": false,
            "id": "c-s5pvx.namespace-wd2/test-chart-ch36",
            "labels": {
              "objectset.rio.cattle.io/hash": "c7c024a35fb79911729637f9558f093eeff95255"
            },
            "name": "test-chart-ch36",
            "namespace": "namespace-wd2",
            "project_id": null,
            "repo_name": "test-repo",
            "timeouts": null,
            "values": null,
            "wait": true
          },
          "sensitive_attributes": [],
          "private": "eyJlMmJmYjczMC1lY2FhLTExZTYtOGY4OC0zNDM2M2JjN2M0YzAiOnsiY3JlYXRlIjo2MDAwMDAwMDAwMDAsImRlbGV0ZSI6NjAwMDAwMDAwMDAwLCJ1cGRhdGUiOjYwMDAwMDAwMDAwMH19",
          "dependencies": [
            "data.rancher2_cluster.local",
            "data.rancher2_cluster.workload1",
            "data.rancher2_cluster.workload2",
            "rancher2_catalog_v2.mapps-helm-git-local",
            "rancher2_catalog_v2.mapps-helm-git-workload1",
            "rancher2_catalog_v2.mapps-helm-git-workload2",
            "rancher2_namespace.namespace-wd2",
            "rancher2_project.project-wd2"
          ]
        },
        {
          "index_key": "ch37",
          "schema_version": 0,
          "attributes": {
            "annotations": {
              "objectset.rio.cattle.io/applied": "H4sIAAAAAAAA/6RVwW7jNhD9FWJyLCVLluPYAnrKFm22aLto0h7a3QNFjSSuKZIgR3YDQ/9eUHacOEW22awPBjWi3vC9eTPcQ48kakECyj0IYywJUtaE+GirzygpIKVe2VQKIo2psjNVQwkd6j4RzgF/cZ/dGfRJu91ACbNtztnPytTf36L0SP/7mRE9QgmhS2Om1KNGETDd5ilhoER2wsf/4ird5q8CC07IiHhaJ7t6DiMH6XHifKd6DCR6B6UZtOagRYX6i0p0InRQglzJ1XydF8vFurnMZDYviqpZrZayWK1FsVpn2SLDxWUWsx15PSMBHF4+I4eJxe/YoEcjMUD59x6EU3+iD8oaKGHSoNJWbn6LW9+hRpreNEIH5CCtIW+1Rg8l+QE5bJSJZTxV4yv1HiYTzC+bZpkVV0mV5UWywMU8Wa0XVXK1rqrlct00l+sljJ9GDsGhjEpOOHFx5rszKpGwcO4xkqdZmgGHGoP0yh2Igexydh3R2E5Rx25M6zEE9h37tVXmHyZMzcRAthekJPtsKxZ5KNMCByUnhI7IhXI282KXtoq6oRoC+igVGkql7WdGyc5qEW7/uP1h1gvnQjL5PkLN+kfVjiXcPjvyyGEr9ICThyKuUCZWYA/ORhVW+chB9aLFGPPobFBk/X10QCQBHEi0E1y+SCezHuLlHrQKhObDI45Hp5UU13YwBGXOIaDfKolP03GgexcPfK2HQOhvPsA4jnxq5pPeBQdlGhu/O1f8xgQSWjNpe6eREDg0ygd6h07be5wMkc2LJJ8n8+wuy8rFslxc/QWxk16zy1iKUsHFN/4giiHqqTIX7A4DsVPvfDQfzQX7ye4SsnGdsPdDINaqLTLBYjkn56gjVWuYYMAhkKAhnq1+YPHWVvYY7OBfbuJjX15b06j2F+HOTZbIKd4Ll2zTh7740nR7Q4rJYt8Of3u03zl4OIu+EjY23uwp9sFLPRp6Bl+fXryNQCVIdmep3tvqvyUwKGNPTHPgbYkM0s76jTJtulmFeJc8TXocZs8Sq0P0dQk/PRlHcTw8ODheZrEIWP+IBr049HbGIQx9L+Ls2Y/j+G8AAAD//1cy5dkYCAAA",
              "objectset.rio.cattle.io/id": "helm-app",
              "objectset.rio.cattle.io/owner-gvk": "/v1, Kind=Secret",
              "objectset.rio.cattle.io/owner-name": "sh.helm.release.v1.test-chart-ch37.v1",
              "objectset.rio.cattle.io/owner-namespace": "namespace-wd2"
            },
            "chart_name": "ch37",
            "chart_version": "1.0.0",
            "cleanup_on_fail": false,
            "cluster_id": "c-s5pvx",
            "cluster_name": "workload2",
            "disable_hooks": false,
            "disable_open_api_validation": false,
            "force_upgrade": false,
            "id": "c-s5pvx.namespace-wd2/test-chart-ch37",
            "labels": {
              "objectset.rio.cattle.io/hash": "c8c82913649f50c0233bf886c389a3890040e450"
            },
            "name": "test-chart-ch37",
            "namespace": "namespace-wd2",
            "project_id": null,
            "repo_name": "test-repo",
            "timeouts": null,
            "values": null,
            "wait": true
          },
          "sensitive_attributes": [],
          "private": "eyJlMmJmYjczMC1lY2FhLTExZTYtOGY4OC0zNDM2M2JjN2M0YzAiOnsiY3JlYXRlIjo2MDAwMDAwMDAwMDAsImRlbGV0ZSI6NjAwMDAwMDAwMDAwLCJ1cGRhdGUiOjYwMDAwMDAwMDAwMH19",
          "dependencies": [
            "data.rancher2_cluster.local",
            "data.rancher2_cluster.workload1",
            "data.rancher2_cluster.workload2",
            "rancher2_catalog_v2.mapps-helm-git-local",
            "rancher2_catalog_v2.mapps-helm-git-workload1",
            "rancher2_catalog_v2.mapps-helm-git-workload2",
            "rancher2_namespace.namespace-wd2",
            "rancher2_project.project-wd2"
          ]
        },
        {
          "index_key": "ch38",
          "schema_version": 0,
          "attributes": {
            "annotations": {
              "objectset.rio.cattle.io/applied": "H4sIAAAAAAAA/6RVT2/jthP9KsTk+KNkybE3joDfKVu02aLtokl7aHcPY3IscUORBDmyGxj67gUV549TZJtmfTCoEfWG782b4R56YtTICM0e0DnPyMa7lB/9+gspTsRlNL5UyGypNH5mNDTQke0LDAHki/v8zlEs2u0NNDDb1lL8aJz+/xWpSPyvnznsCRpIXZkzlZEsYaJyW5dMiQvVYcz/p6tyW78KLAVUGfFhXez0HEYJKtLE+dr0lBj7AI0brJVgcU32q0p0mDpoQJ+fEi42601VrWiJ75akzxbntNBqMz+vF4t5hQtcnqmc7cDrGQmQ8PIZJUwsfqUNRXKKEjR/7gGD+Z1iMt5BA5MGa+vVzS9563uyxNObDdpEEpR3HL21FKHhOJCEG+NyGR+q8R/1HiYTLPWclDpfFat3el4sVrUuVhp1oXR1Wi0XmzPaaBg/jxJSIJWVnHDy4sh3R1QyYQzhMVKXVVmBBE1JRRPuiIHqanGR0cTOcCcuXRspJfE/8XNr3F8CnRY4sO+RjRJf/FpkHsa1IMGoCaFjDqmZzSLuytZwN6yHRDFLRY5L5fuZM6rzFtPVb1ffzXoMIRWT7zPUrH9U7VDC7bMjjxK2aAeaPJRx0bhcgT0En1VY1aME02NLORYp+GTYx9vsgEwCJDC2E1y9KCez3sWbPViTmNzHR5xIwRqFF35wDE0tIVHcGkVP00ng25APfGGHxBQvP8I4jnJq5ge9TyUYt/H5u2PFL11itFYo3wdLTCBhY2Li9xSsv6VsiHk1Py3qeTGvrquqWSybevkH5E56zS7nOUsFJ9/4gywG6qkyJ+KaEouH3vnkPrkT8YPfFezzuhAfhsSiNVsSKHI5J+eYA1XvBAqQkBh5yGfT9yze2sqRkh/iy0186MsL7zam/QnDsckKNcV7DMW2vO+Lr023N6SYLPbt8FcH+x2Dp6PoK2Fz482eYt95qSfHz+D1w4u3EVgjq+4o1Qe//mcJHKncE9MceFsiR7zz8ca4trxZpXyXPE16GGbPEpu76OsSfn4yjvJ4uHdwvsxyEUh/T44i3vV2JSENfY959uzHcfw7AAD//8QPR8YYCAAA",
              "objectset.rio.cattle.io/id": "helm-app",
              "objectset.rio.cattle.io/owner-gvk": "/v1, Kind=Secret",
              "objectset.rio.cattle.io/owner-name": "sh.helm.release.v1.test-chart-ch38.v1",
              "objectset.rio.cattle.io/owner-namespace": "namespace-wd2"
            },
            "chart_name": "ch38",
            "chart_version": "1.0.0",
            "cleanup_on_fail": false,
            "cluster_id": "c-s5pvx",
            "cluster_name": "workload2",
            "disable_hooks": false,
            "disable_open_api_validation": false,
            "force_upgrade": false,
            "id": "c-s5pvx.namespace-wd2/test-chart-ch38",
            "labels": {
              "objectset.rio.cattle.io/hash": "d93ea4fbf008e5a65ed749e4dcf2914420a4a57c"
            },
            "name": "test-chart-ch38",
            "namespace": "namespace-wd2",
            "project_id": null,
            "repo_name": "test-repo",
            "timeouts": null,
            "values": null,
            "wait": true
          },
          "sensitive_attributes": [],
          "private": "eyJlMmJmYjczMC1lY2FhLTExZTYtOGY4OC0zNDM2M2JjN2M0YzAiOnsiY3JlYXRlIjo2MDAwMDAwMDAwMDAsImRlbGV0ZSI6NjAwMDAwMDAwMDAwLCJ1cGRhdGUiOjYwMDAwMDAwMDAwMH19",
          "dependencies": [
            "data.rancher2_cluster.local",
            "data.rancher2_cluster.workload1",
            "data.rancher2_cluster.workload2",
            "rancher2_catalog_v2.mapps-helm-git-local",
            "rancher2_catalog_v2.mapps-helm-git-workload1",
            "rancher2_catalog_v2.mapps-helm-git-workload2",
            "rancher2_namespace.namespace-wd2",
            "rancher2_project.project-wd2"
          ]
        },
        {
          "index_key": "ch39",
          "schema_version": 0,
          "attributes": {
            "annotations": {
              "objectset.rio.cattle.io/applied": "H4sIAAAAAAAA/6RVTW/jNhD9K8LkWEqW/CkL6ClbtNmi7aJJe2h3D2NqLHFDkQQ5shsY+u8FFceJU2SbzfpgUCPqDd+bN8MDdMRYIyNUB0BjLCMra0J8tJvPJDkQZ17ZTCKzpkzZiaqhgpZ0l6JzIF7cZ/eGfNrsbqGCya4Qyc/K1N9fk/TE//uZwY6ggtBmMVPmSRMGynZFxhQ4lS36+D9bZ7viVWDBoYyIp3W6r6cwCJCeRs43qqPA2DmoTK+1AI0b0l9UosXQQgUlLebT+WIzm07lYrnKN7SlxXxFcoWUL+t8JtdrrPN1zHbk9YwECHj5jAJGFr/TljwZSQGqvw+ATv1JPihroIJRg4228va3uPUdaeLxzRZ1IAHSGvZWa/JQse9JwK0ysYynanyl3v1ogrIosVwvVylOl5t0jstVusaiTBfrLS7Kcl6W0xUMnwYBwZGMSo44cXHmuzMqkTA69xgpsjzLQUBNQXrl7omBbIvkMqIle8VtcmUaTyEk3yW/Nsr8k6CpE+zZdshKJp/tJok8lGlAgJIjQsvsQjWZeNxnjeK23/SBfJSKDGfSdhOjZGs1hus/rn+YdOhcSEffR6hJ96jasYS7Z0ceBOxQ9zR6KOKiMrECB3A2qlAWgwDVYUMx5snZoNj6u+iASAIEMDYjXDHPRrPex6sDaBWYzIdHHE9OK4mXtjcMVSEgkN8pSU/TCeA7Fw98qfvA5K8+wDAMYmzmk94zAcpsbfzuXPErExi1TqTtnCYmELBVPvA7ctreUTTENJ/O0mKaTvObPK/mi2q2/AtiJ71ml7EcpYKLb/xBFAPrsTIXyQ0FTk6989F8NBfJT3afso3rNHnfB04ataMEk1jO0TnqSNWaBBMQEBi5j2erH1i8tZU9Bdv7l5v42JeX1mxV8wu6c5Olcox36NJd9tAXX5pub0gxWuzb4a+P9jsHD2fRV8LGxps8xb73UkeGn8HXpxdvI7BBlu1Zqvd2898SGJKxJ8Y58LZEhnhv/a0yTXZbhniXPE16HGbPEqv76OsSfnoyjuJ4eHBwvMxiEaj+kQx5vO/tXEDouw7j7DkMw/BvAAAA///xR1u9GAgAAA",
              "objectset.rio.cattle.io/id": "helm-app",
              "objectset.rio.cattle.io/owner-gvk": "/v1, Kind=Secret",
              "objectset.rio.cattle.io/owner-name": "sh.helm.release.v1.test-chart-ch39.v1",
              "objectset.rio.cattle.io/owner-namespace": "namespace-wd2"
            },
            "chart_name": "ch39",
            "chart_version": "1.0.0",
            "cleanup_on_fail": false,
            "cluster_id": "c-s5pvx",
            "cluster_name": "workload2",
            "disable_hooks": false,
            "disable_open_api_validation": false,
            "force_upgrade": false,
            "id": "c-s5pvx.namespace-wd2/test-chart-ch39",
            "labels": {
              "objectset.rio.cattle.io/hash": "8e54245b322c5670befe547ec7ae06d03c99ad09"
            },
            "name": "test-chart-ch39",
            "namespace": "namespace-wd2",
            "project_id": null,
            "repo_name": "test-repo",
            "timeouts": null,
            "values": null,
            "wait": true
          },
          "sensitive_attributes": [],
          "private": "eyJlMmJmYjczMC1lY2FhLTExZTYtOGY4OC0zNDM2M2JjN2M0YzAiOnsiY3JlYXRlIjo2MDAwMDAwMDAwMDAsImRlbGV0ZSI6NjAwMDAwMDAwMDAwLCJ1cGRhdGUiOjYwMDAwMDAwMDAwMH19",
          "dependencies": [
            "data.rancher2_cluster.local",
            "data.rancher2_cluster.workload1",
            "data.rancher2_cluster.workload2",
            "rancher2_catalog_v2.mapps-helm-git-local",
            "rancher2_catalog_v2.mapps-helm-git-workload1",
            "rancher2_catalog_v2.mapps-helm-git-workload2",
            "rancher2_namespace.namespace-wd2",
            "rancher2_project.project-wd2"
          ]
        }
      ]
    },
    {
      "mode": "managed",
      "type": "rancher2_catalog_v2",
      "name": "mapps-helm-git-local",
      "provider": "provider[\"registry.terraform.io/rancher/rancher2\"]",
      "instances": [
        {
          "schema_version": 0,
          "attributes": {
            "annotations": {},
            "ca_bundle": "",
            "cluster_id": "local",
            "enabled": true,
            "git_branch": "master",
            "git_repo": "https://github.com/nicholasSUSE/mapps-helm-test",
            "id": "local.test-repo",
            "insecure": false,
            "labels": {},
            "name": "test-repo",
            "resource_version": "36455",
            "secret_name": null,
            "secret_namespace": null,
            "service_account": "",
            "service_account_namespace": "",
            "timeouts": null,
            "url": ""
          },
          "sensitive_attributes": [],
          "private": "eyJlMmJmYjczMC1lY2FhLTExZTYtOGY4OC0zNDM2M2JjN2M0YzAiOnsiY3JlYXRlIjo2MDAwMDAwMDAwMDAsImRlbGV0ZSI6NjAwMDAwMDAwMDAwLCJ1cGRhdGUiOjYwMDAwMDAwMDAwMH19",
          "dependencies": [
            "data.rancher2_cluster.local"
          ]
        }
      ]
    },
    {
      "mode": "managed",
      "type": "rancher2_catalog_v2",
      "name": "mapps-helm-git-workload1",
      "provider": "provider[\"registry.terraform.io/rancher/rancher2\"]",
      "instances": [
        {
          "schema_version": 0,
          "attributes": {
            "annotations": {},
            "ca_bundle": "",
            "cluster_id": "c-877gr",
            "enabled": true,
            "git_branch": "master",
            "git_repo": "https://github.com/nicholasSUSE/mapps-helm-test",
            "id": "c-877gr.test-repo",
            "insecure": false,
            "labels": {},
            "name": "test-repo",
            "resource_version": "21685",
            "secret_name": null,
            "secret_namespace": null,
            "service_account": "",
            "service_account_namespace": "",
            "timeouts": null,
            "url": ""
          },
          "sensitive_attributes": [],
          "private": "eyJlMmJmYjczMC1lY2FhLTExZTYtOGY4OC0zNDM2M2JjN2M0YzAiOnsiY3JlYXRlIjo2MDAwMDAwMDAwMDAsImRlbGV0ZSI6NjAwMDAwMDAwMDAwLCJ1cGRhdGUiOjYwMDAwMDAwMDAwMH19",
          "dependencies": [
            "data.rancher2_cluster.local",
            "data.rancher2_cluster.workload1",
            "rancher2_catalog_v2.mapps-helm-git-local"
          ]
        }
      ]
    },
    {
      "mode": "managed",
      "type": "rancher2_catalog_v2",
      "name": "mapps-helm-git-workload2",
      "provider": "provider[\"registry.terraform.io/rancher/rancher2\"]",
      "instances": [
        {
          "schema_version": 0,
          "attributes": {
            "annotations": {},
            "ca_bundle": "",
            "cluster_id": "c-s5pvx",
            "enabled": true,
            "git_branch": "master",
            "git_repo": "https://github.com/nicholasSUSE/mapps-helm-test",
            "id": "c-s5pvx.test-repo",
            "insecure": false,
            "labels": {},
            "name": "test-repo",
            "resource_version": "20829",
            "secret_name": null,
            "secret_namespace": null,
            "service_account": "",
            "service_account_namespace": "",
            "timeouts": null,
            "url": ""
          },
          "sensitive_attributes": [],
          "private": "eyJlMmJmYjczMC1lY2FhLTExZTYtOGY4OC0zNDM2M2JjN2M0YzAiOnsiY3JlYXRlIjo2MDAwMDAwMDAwMDAsImRlbGV0ZSI6NjAwMDAwMDAwMDAwLCJ1cGRhdGUiOjYwMDAwMDAwMDAwMH19",
          "dependencies": [
            "data.rancher2_cluster.local",
            "data.rancher2_cluster.workload1",
            "data.rancher2_cluster.workload2",
            "rancher2_catalog_v2.mapps-helm-git-local",
            "rancher2_catalog_v2.mapps-helm-git-workload1"
          ]
        }
      ]
    },
    {
      "mode": "managed",
      "type": "rancher2_cluster_role_template_binding",
      "name": "role-cluster-binding-wd1",
      "provider": "provider[\"registry.terraform.io/rancher/rancher2\"]",
      "instances": [
        {
          "schema_version": 0,
          "attributes": {
            "annotations": {
              "lifecycle.cattle.io/create.mgmt-auth-crtb-controller": "true"
            },
            "cluster_id": "c-877gr",
            "group_id": "",
            "group_principal_id": "",
            "id": "c-877gr:role-cluster-binding-wd1",
            "labels": {
              "auth.management.cattle.io/crb-rb-labels-updated": "true",
              "cattle.io/creator": "norman"
            },
            "name": "role-cluster-binding-wd1",
            "role_template_id": "rt-6trml",
            "timeouts": null,
            "user_id": "u-jzcrb",
            "user_principal_id": "local://u-jzcrb"
          },
          "sensitive_attributes": [],
          "private": "eyJlMmJmYjczMC1lY2FhLTExZTYtOGY4OC0zNDM2M2JjN2M0YzAiOnsiY3JlYXRlIjo2MDAwMDAwMDAwMDAsImRlbGV0ZSI6NjAwMDAwMDAwMDAwLCJ1cGRhdGUiOjYwMDAwMDAwMDAwMH19",
          "dependencies": [
            "data.rancher2_cluster.workload1",
            "rancher2_role_template.cluster-user",
            "rancher2_user.user-1"
          ]
        }
      ]
    },
    {
      "mode": "managed",
      "type": "rancher2_cluster_role_template_binding",
      "name": "role-cluster-binding-wd2",
      "provider": "provider[\"registry.terraform.io/rancher/rancher2\"]",
      "instances": [
        {
          "schema_version": 0,
          "attributes": {
            "annotations": {
              "lifecycle.cattle.io/create.mgmt-auth-crtb-controller": "true"
            },
            "cluster_id": "c-s5pvx",
            "group_id": "",
            "group_principal_id": "",
            "id": "c-s5pvx:role-cluster-binding-wd2",
            "labels": {
              "auth.management.cattle.io/crb-rb-labels-updated": "true",
              "cattle.io/creator": "norman"
            },
            "name": "role-cluster-binding-wd2",
            "role_template_id": "rt-6trml",
            "timeouts": null,
            "user_id": "u-jzcrb",
            "user_principal_id": "local://u-jzcrb"
          },
          "sensitive_attributes": [],
          "private": "eyJlMmJmYjczMC1lY2FhLTExZTYtOGY4OC0zNDM2M2JjN2M0YzAiOnsiY3JlYXRlIjo2MDAwMDAwMDAwMDAsImRlbGV0ZSI6NjAwMDAwMDAwMDAwLCJ1cGRhdGUiOjYwMDAwMDAwMDAwMH19",
          "dependencies": [
            "data.rancher2_cluster.workload2",
            "rancher2_role_template.cluster-user",
            "rancher2_user.user-1"
          ]
        }
      ]
    },
    {
      "mode": "managed",
      "type": "rancher2_namespace",
      "name": "namespace-local",
      "provider": "provider[\"registry.terraform.io/rancher/rancher2\"]",
      "instances": [
        {
          "schema_version": 0,
          "attributes": {
            "annotations": {
              "cattle.io/status": "{\"Conditions\":[{\"Type\":\"InitialRolesPopulated\",\"Status\":\"True\",\"Message\":\"\",\"LastUpdateTime\":\"2023-12-19T21:39:51-03:00\"},{\"Type\":\"ResourceQuotaInit\",\"Status\":\"True\",\"Message\":\"\",\"LastUpdateTime\":\"2023-12-19T21:39:50-03:00\"}]}",
              "lifecycle.cattle.io/create.namespace-auth": "true"
            },
            "container_resource_limit": [],
            "description": "local user namespace",
            "id": "namespace-local",
            "labels": {
              "cattle.io/creator": "norman",
              "field.cattle.io/projectId": "p-s7jcc",
              "kubernetes.io/metadata.name": "namespace-local"
            },
            "name": "namespace-local",
            "project_id": "local:p-s7jcc",
            "resource_quota": [],
            "timeouts": null,
            "wait_for_cluster": false
          },
          "sensitive_attributes": [],
          "private": "eyJlMmJmYjczMC1lY2FhLTExZTYtOGY4OC0zNDM2M2JjN2M0YzAiOnsiY3JlYXRlIjo2MDAwMDAwMDAwMDAsImRlbGV0ZSI6NjAwMDAwMDAwMDAwLCJ1cGRhdGUiOjYwMDAwMDAwMDAwMH19",
          "dependencies": [
            "data.rancher2_cluster.local",
            "rancher2_project.project-local"
          ]
        }
      ]
    },
    {
      "mode": "managed",
      "type": "rancher2_namespace",
      "name": "namespace-wd1",
      "provider": "provider[\"registry.terraform.io/rancher/rancher2\"]",
      "instances": [
        {
          "schema_version": 0,
          "attributes": {
            "annotations": {
              "cattle.io/status": "{\"Conditions\":[{\"Type\":\"InitialRolesPopulated\",\"Status\":\"Unknown\",\"Message\":\"Populating initial roles\",\"LastUpdateTime\":\"\"},{\"Type\":\"ResourceQuotaInit\",\"Status\":\"True\",\"Message\":\"\",\"LastUpdateTime\":\"2023-12-19T21:39:51-03:00\"}]}",
              "lifecycle.cattle.io/create.namespace-auth": "true"
            },
            "container_resource_limit": [],
            "description": "namespace workload1",
            "id": "namespace-wd1",
            "labels": {
              "cattle.io/creator": "norman",
              "field.cattle.io/projectId": "p-snl64",
              "kubernetes.io/metadata.name": "namespace-wd1"
            },
            "name": "namespace-wd1",
            "project_id": "c-877gr:p-snl64",
            "resource_quota": [],
            "timeouts": null,
            "wait_for_cluster": false
          },
          "sensitive_attributes": [],
          "private": "eyJlMmJmYjczMC1lY2FhLTExZTYtOGY4OC0zNDM2M2JjN2M0YzAiOnsiY3JlYXRlIjo2MDAwMDAwMDAwMDAsImRlbGV0ZSI6NjAwMDAwMDAwMDAwLCJ1cGRhdGUiOjYwMDAwMDAwMDAwMH19",
          "dependencies": [
            "data.rancher2_cluster.workload1",
            "rancher2_project.project-wd1"
          ]
        }
      ]
    },
    {
      "mode": "managed",
      "type": "rancher2_namespace",
      "name": "namespace-wd2",
      "provider": "provider[\"registry.terraform.io/rancher/rancher2\"]",
      "instances": [
        {
          "schema_version": 0,
          "attributes": {
            "annotations": {
              "cattle.io/status": "{\"Conditions\":[{\"Type\":\"InitialRolesPopulated\",\"Status\":\"Unknown\",\"Message\":\"Populating initial roles\",\"LastUpdateTime\":\"\"},{\"Type\":\"ResourceQuotaInit\",\"Status\":\"True\",\"Message\":\"\",\"LastUpdateTime\":\"2023-12-19T21:39:51-03:00\"}]}"
            },
            "container_resource_limit": [],
            "description": "namespace workload2",
            "id": "namespace-wd2",
            "labels": {
              "cattle.io/creator": "norman",
              "field.cattle.io/projectId": "p-qsp22",
              "kubernetes.io/metadata.name": "namespace-wd2"
            },
            "name": "namespace-wd2",
            "project_id": "c-s5pvx:p-qsp22",
            "resource_quota": [],
            "timeouts": null,
            "wait_for_cluster": false
          },
          "sensitive_attributes": [],
          "private": "eyJlMmJmYjczMC1lY2FhLTExZTYtOGY4OC0zNDM2M2JjN2M0YzAiOnsiY3JlYXRlIjo2MDAwMDAwMDAwMDAsImRlbGV0ZSI6NjAwMDAwMDAwMDAwLCJ1cGRhdGUiOjYwMDAwMDAwMDAwMH19",
          "dependencies": [
            "data.rancher2_cluster.workload2",
            "rancher2_project.project-wd2"
          ]
        }
      ]
    },
    {
      "mode": "managed",
      "type": "rancher2_project",
      "name": "project-local",
      "provider": "provider[\"registry.terraform.io/rancher/rancher2\"]",
      "instances": [
        {
          "schema_version": 0,
          "attributes": {
            "annotations": {
              "authz.management.cattle.io/creator-role-bindings": "{\"created\":[\"project-owner\"],\"required\":[\"project-owner\"]}",
              "field.cattle.io/overwriteAppAnswers": "{\"answers\":{\"exporter-kubelets.https\":\"true\",\"exporter-node.enabled\":\"true\",\"exporter-node.ports.metrics.port\":\"9796\",\"exporter-node.resources.limits.cpu\":\"200m\",\"exporter-node.resources.limits.memory\":\"200Mi\",\"grafana.persistence.enabled\":\"false\",\"grafana.persistence.size\":\"10Gi\",\"grafana.persistence.storageClass\":\"default\",\"operator.resources.limits.memory\":\"500Mi\",\"prometheus.persistence.enabled\":\"false\",\"prometheus.persistence.size\":\"50Gi\",\"prometheus.persistence.storageClass\":\"default\",\"prometheus.persistent.useReleaseName\":\"true\",\"prometheus.resources.core.limits.cpu\":\"1000m\",\"prometheus.resources.core.limits.memory\":\"1500Mi\",\"prometheus.resources.core.requests.cpu\":\"750m\",\"prometheus.resources.core.requests.memory\":\"750Mi\",\"prometheus.retention\":\"12h\"}}",
              "lifecycle.cattle.io/create.mgmt-project-rbac-remove": "true",
              "lifecycle.cattle.io/create.project-namespace-auth_local": "true"
            },
            "cluster_id": "local",
            "container_resource_limit": [],
            "description": "",
            "enable_project_monitoring": true,
            "id": "local:p-s7jcc",
            "labels": {
              "cattle.io/creator": "norman"
            },
            "name": "project-local",
            "pod_security_policy_template_id": "",
            "project_monitoring_input": [
              {
                "answers": {
                  "exporter-kubelets.https": "true",
                  "exporter-node.enabled": "true",
                  "exporter-node.ports.metrics.port": "9796",
                  "exporter-node.resources.limits.cpu": "200m",
                  "exporter-node.resources.limits.memory": "200Mi",
                  "grafana.persistence.enabled": "false",
                  "grafana.persistence.size": "10Gi",
                  "grafana.persistence.storageClass": "default",
                  "operator.resources.limits.memory": "500Mi",
                  "prometheus.persistence.enabled": "false",
                  "prometheus.persistence.size": "50Gi",
                  "prometheus.persistence.storageClass": "default",
                  "prometheus.persistent.useReleaseName": "true",
                  "prometheus.resources.core.limits.cpu": "1000m",
                  "prometheus.resources.core.limits.memory": "1500Mi",
                  "prometheus.resources.core.requests.cpu": "750m",
                  "prometheus.resources.core.requests.memory": "750Mi",
                  "prometheus.retention": "12h"
                },
                "version": ""
              }
            ],
            "resource_quota": [],
            "timeouts": null,
            "wait_for_cluster": false
          },
          "sensitive_attributes": [],
          "private": "eyJlMmJmYjczMC1lY2FhLTExZTYtOGY4OC0zNDM2M2JjN2M0YzAiOnsiY3JlYXRlIjo2MDAwMDAwMDAwMDAsImRlbGV0ZSI6NjAwMDAwMDAwMDAwLCJ1cGRhdGUiOjYwMDAwMDAwMDAwMH19",
          "dependencies": [
            "data.rancher2_cluster.local"
          ]
        }
      ]
    },
    {
      "mode": "managed",
      "type": "rancher2_project",
      "name": "project-wd1",
      "provider": "provider[\"registry.terraform.io/rancher/rancher2\"]",
      "instances": [
        {
          "schema_version": 0,
          "attributes": {
            "annotations": {
              "authz.management.cattle.io/creator-role-bindings": "{\"created\":[\"project-owner\"],\"required\":[\"project-owner\"]}",
              "field.cattle.io/overwriteAppAnswers": "{\"answers\":{\"exporter-kubelets.https\":\"true\",\"exporter-node.enabled\":\"true\",\"exporter-node.ports.metrics.port\":\"9796\",\"exporter-node.resources.limits.cpu\":\"200m\",\"exporter-node.resources.limits.memory\":\"200Mi\",\"grafana.persistence.enabled\":\"false\",\"grafana.persistence.size\":\"10Gi\",\"grafana.persistence.storageClass\":\"default\",\"operator.resources.limits.memory\":\"500Mi\",\"prometheus.persistence.enabled\":\"false\",\"prometheus.persistence.size\":\"50Gi\",\"prometheus.persistence.storageClass\":\"default\",\"prometheus.persistent.useReleaseName\":\"true\",\"prometheus.resources.core.limits.cpu\":\"1000m\",\"prometheus.resources.core.limits.memory\":\"1500Mi\",\"prometheus.resources.core.requests.cpu\":\"750m\",\"prometheus.resources.core.requests.memory\":\"750Mi\",\"prometheus.retention\":\"12h\"}}",
              "lifecycle.cattle.io/create.mgmt-project-rbac-remove": "true",
              "lifecycle.cattle.io/create.project-namespace-auth_c-877gr": "true"
            },
            "cluster_id": "c-877gr",
            "container_resource_limit": [],
            "description": "",
            "enable_project_monitoring": true,
            "id": "c-877gr:p-snl64",
            "labels": {
              "cattle.io/creator": "norman"
            },
            "name": "project-wd1",
            "pod_security_policy_template_id": "",
            "project_monitoring_input": [
              {
                "answers": {
                  "exporter-kubelets.https": "true",
                  "exporter-node.enabled": "true",
                  "exporter-node.ports.metrics.port": "9796",
                  "exporter-node.resources.limits.cpu": "200m",
                  "exporter-node.resources.limits.memory": "200Mi",
                  "grafana.persistence.enabled": "false",
                  "grafana.persistence.size": "10Gi",
                  "grafana.persistence.storageClass": "default",
                  "operator.resources.limits.memory": "500Mi",
                  "prometheus.persistence.enabled": "false",
                  "prometheus.persistence.size": "50Gi",
                  "prometheus.persistence.storageClass": "default",
                  "prometheus.persistent.useReleaseName": "true",
                  "prometheus.resources.core.limits.cpu": "1000m",
                  "prometheus.resources.core.limits.memory": "1500Mi",
                  "prometheus.resources.core.requests.cpu": "750m",
                  "prometheus.resources.core.requests.memory": "750Mi",
                  "prometheus.retention": "12h"
                },
                "version": ""
              }
            ],
            "resource_quota": [],
            "timeouts": null,
            "wait_for_cluster": false
          },
          "sensitive_attributes": [],
          "private": "eyJlMmJmYjczMC1lY2FhLTExZTYtOGY4OC0zNDM2M2JjN2M0YzAiOnsiY3JlYXRlIjo2MDAwMDAwMDAwMDAsImRlbGV0ZSI6NjAwMDAwMDAwMDAwLCJ1cGRhdGUiOjYwMDAwMDAwMDAwMH19",
          "dependencies": [
            "data.rancher2_cluster.workload1"
          ]
        }
      ]
    },
    {
      "mode": "managed",
      "type": "rancher2_project",
      "name": "project-wd2",
      "provider": "provider[\"registry.terraform.io/rancher/rancher2\"]",
      "instances": [
        {
          "schema_version": 0,
          "attributes": {
            "annotations": {
              "authz.management.cattle.io/creator-role-bindings": "{\"created\":[\"project-owner\"],\"required\":[\"project-owner\"]}",
              "field.cattle.io/overwriteAppAnswers": "{\"answers\":{\"exporter-kubelets.https\":\"true\",\"exporter-node.enabled\":\"true\",\"exporter-node.ports.metrics.port\":\"9796\",\"exporter-node.resources.limits.cpu\":\"200m\",\"exporter-node.resources.limits.memory\":\"200Mi\",\"grafana.persistence.enabled\":\"false\",\"grafana.persistence.size\":\"10Gi\",\"grafana.persistence.storageClass\":\"default\",\"operator.resources.limits.memory\":\"500Mi\",\"prometheus.persistence.enabled\":\"false\",\"prometheus.persistence.size\":\"50Gi\",\"prometheus.persistence.storageClass\":\"default\",\"prometheus.persistent.useReleaseName\":\"true\",\"prometheus.resources.core.limits.cpu\":\"1000m\",\"prometheus.resources.core.limits.memory\":\"1500Mi\",\"prometheus.resources.core.requests.cpu\":\"750m\",\"prometheus.resources.core.requests.memory\":\"750Mi\",\"prometheus.retention\":\"12h\"}}",
              "lifecycle.cattle.io/create.mgmt-project-rbac-remove": "true",
              "lifecycle.cattle.io/create.project-namespace-auth_c-s5pvx": "true"
            },
            "cluster_id": "c-s5pvx",
            "container_resource_limit": [],
            "description": "",
            "enable_project_monitoring": true,
            "id": "c-s5pvx:p-qsp22",
            "labels": {
              "cattle.io/creator": "norman"
            },
            "name": "project-wd2",
            "pod_security_policy_template_id": "",
            "project_monitoring_input": [
              {
                "answers": {
                  "exporter-kubelets.https": "true",
                  "exporter-node.enabled": "true",
                  "exporter-node.ports.metrics.port": "9796",
                  "exporter-node.resources.limits.cpu": "200m",
                  "exporter-node.resources.limits.memory": "200Mi",
                  "grafana.persistence.enabled": "false",
                  "grafana.persistence.size": "10Gi",
                  "grafana.persistence.storageClass": "default",
                  "operator.resources.limits.memory": "500Mi",
                  "prometheus.persistence.enabled": "false",
                  "prometheus.persistence.size": "50Gi",
                  "prometheus.persistence.storageClass": "default",
                  "prometheus.persistent.useReleaseName": "true",
                  "prometheus.resources.core.limits.cpu": "1000m",
                  "prometheus.resources.core.limits.memory": "1500Mi",
                  "prometheus.resources.core.requests.cpu": "750m",
                  "prometheus.resources.core.requests.memory": "750Mi",
                  "prometheus.retention": "12h"
                },
                "version": ""
              }
            ],
            "resource_quota": [],
            "timeouts": null,
            "wait_for_cluster": false
          },
          "sensitive_attributes": [],
          "private": "eyJlMmJmYjczMC1lY2FhLTExZTYtOGY4OC0zNDM2M2JjN2M0YzAiOnsiY3JlYXRlIjo2MDAwMDAwMDAwMDAsImRlbGV0ZSI6NjAwMDAwMDAwMDAwLCJ1cGRhdGUiOjYwMDAwMDAwMDAwMH19",
          "dependencies": [
            "data.rancher2_cluster.workload2"
          ]
        }
      ]
    },
    {
      "mode": "managed",
      "type": "rancher2_project_role_template_binding",
      "name": "project-binding-wd1",
      "provider": "provider[\"registry.terraform.io/rancher/rancher2\"]",
      "instances": [
        {
          "schema_version": 0,
          "attributes": {
            "annotations": {
              "lifecycle.cattle.io/create.mgmt-auth-prtb-controller": "true"
            },
            "group_id": "",
            "group_principal_id": "",
            "id": "p-snl64:project-binding-wd1",
            "labels": {
              "auth.management.cattle.io/crb-rb-labels-updated": "true",
              "cattle.io/creator": "norman"
            },
            "name": "project-binding-wd1",
            "project_id": "c-877gr:p-snl64",
            "role_template_id": "rt-nn46r",
            "timeouts": null,
            "user_id": "u-jzcrb",
            "user_principal_id": "local://u-jzcrb"
          },
          "sensitive_attributes": [],
          "private": "eyJlMmJmYjczMC1lY2FhLTExZTYtOGY4OC0zNDM2M2JjN2M0YzAiOnsiY3JlYXRlIjo2MDAwMDAwMDAwMDAsImRlbGV0ZSI6NjAwMDAwMDAwMDAwLCJ1cGRhdGUiOjYwMDAwMDAwMDAwMH19",
          "dependencies": [
            "data.rancher2_cluster.workload1",
            "rancher2_project.project-wd1",
            "rancher2_role_template.project-contributor",
            "rancher2_user.user-1"
          ]
        }
      ]
    },
    {
      "mode": "managed",
      "type": "rancher2_project_role_template_binding",
      "name": "project-binding-wd2",
      "provider": "provider[\"registry.terraform.io/rancher/rancher2\"]",
      "instances": [
        {
          "schema_version": 0,
          "attributes": {
            "annotations": {
              "lifecycle.cattle.io/create.mgmt-auth-prtb-controller": "true"
            },
            "group_id": "",
            "group_principal_id": "",
            "id": "p-qsp22:project-binding-wd2",
            "labels": {
              "auth.management.cattle.io/crb-rb-labels-updated": "true",
              "cattle.io/creator": "norman"
            },
            "name": "project-binding-wd2",
            "project_id": "c-s5pvx:p-qsp22",
            "role_template_id": "rt-nn46r",
            "timeouts": null,
            "user_id": "u-jzcrb",
            "user_principal_id": "local://u-jzcrb"
          },
          "sensitive_attributes": [],
          "private": "eyJlMmJmYjczMC1lY2FhLTExZTYtOGY4OC0zNDM2M2JjN2M0YzAiOnsiY3JlYXRlIjo2MDAwMDAwMDAwMDAsImRlbGV0ZSI6NjAwMDAwMDAwMDAwLCJ1cGRhdGUiOjYwMDAwMDAwMDAwMH19",
          "dependencies": [
            "data.rancher2_cluster.workload2",
            "rancher2_project.project-wd2",
            "rancher2_role_template.project-contributor",
            "rancher2_user.user-1"
          ]
        }
      ]
    },
    {
      "mode": "managed",
      "type": "rancher2_role_template",
      "name": "cluster-user",
      "provider": "provider[\"registry.terraform.io/rancher/rancher2\"]",
      "instances": [
        {
          "schema_version": 0,
          "attributes": {
            "administrative": false,
            "annotations": {
              "cleanup.cattle.io/rtUpgradeCluster": "true",
              "lifecycle.cattle.io/create.mgmt-auth-roletemplate-lifecycle": "true"
            },
            "builtin": false,
            "context": "cluster",
            "default_role": false,
            "description": "Project Contributor - (Create,Delete,Get,List,Patch,Watch) apps-operations",
            "external": false,
            "hidden": false,
            "id": "rt-6trml",
            "labels": {
              "cattle.io/creator": "norman"
            },
            "locked": false,
            "name": "cluster-user",
            "role_template_ids": [],
            "rules": [
              {
                "api_groups": [
                  "catalog.cattle.io"
                ],
                "non_resource_urls": null,
                "resource_names": null,
                "resources": [
                  "apps"
                ],
                "verbs": [
                  "get"
                ]
              }
            ],
            "timeouts": null
          },
          "sensitive_attributes": [],
          "private": "eyJlMmJmYjczMC1lY2FhLTExZTYtOGY4OC0zNDM2M2JjN2M0YzAiOnsiY3JlYXRlIjo2MDAwMDAwMDAwMDAsImRlbGV0ZSI6NjAwMDAwMDAwMDAwLCJ1cGRhdGUiOjYwMDAwMDAwMDAwMH19"
        }
      ]
    },
    {
      "mode": "managed",
      "type": "rancher2_role_template",
      "name": "project-contributor",
      "provider": "provider[\"registry.terraform.io/rancher/rancher2\"]",
      "instances": [
        {
          "schema_version": 0,
          "attributes": {
            "administrative": false,
            "annotations": {
              "cleanup.cattle.io/rtUpgradeCluster": "true"
            },
            "builtin": false,
            "context": "project",
            "default_role": false,
            "description": "Project Contributor - (Create,Delete,Get,List,Patch,Watch) apps-operations",
            "external": false,
            "hidden": false,
            "id": "rt-nn46r",
            "labels": {
              "cattle.io/creator": "norman"
            },
            "locked": false,
            "name": "project-contributor",
            "role_template_ids": [],
            "rules": [
              {
                "api_groups": [
                  "catalog.cattle.io"
                ],
                "non_resource_urls": null,
                "resource_names": null,
                "resources": [
                  "apps",
                  "operations",
                  "clusterrepos",
                  "releases"
                ],
                "verbs": [
                  "get",
                  "list",
                  "watch"
                ]
              }
            ],
            "timeouts": null
          },
          "sensitive_attributes": [],
          "private": "eyJlMmJmYjczMC1lY2FhLTExZTYtOGY4OC0zNDM2M2JjN2M0YzAiOnsiY3JlYXRlIjo2MDAwMDAwMDAwMDAsImRlbGV0ZSI6NjAwMDAwMDAwMDAwLCJ1cGRhdGUiOjYwMDAwMDAwMDAwMH19"
        }
      ]
    },
    {
      "mode": "managed",
      "type": "rancher2_user",
      "name": "user-1",
      "provider": "provider[\"registry.terraform.io/rancher/rancher2\"]",
      "instances": [
        {
          "schema_version": 0,
          "attributes": {
            "annotations": {
              "lifecycle.cattle.io/create.mgmt-auth-users-controller": "true"
            },
            "enabled": true,
            "id": "u-jzcrb",
            "labels": {
              "cattle.io/creator": "norman"
            },
            "name": "user-1",
            "password": "142857.Estevao",
            "principal_ids": [
              "local://u-jzcrb"
            ],
            "timeouts": null,
            "username": "user-1"
          },
          "sensitive_attributes": [],
          "private": "eyJlMmJmYjczMC1lY2FhLTExZTYtOGY4OC0zNDM2M2JjN2M0YzAiOnsiY3JlYXRlIjozMDAwMDAwMDAwMDAsImRlbGV0ZSI6MzAwMDAwMDAwMDAwLCJ1cGRhdGUiOjMwMDAwMDAwMDAwMH19"
        }
      ]
    }
  ],
  "check_results": null
}
